{
  "version": 4,
  "terraform_version": "1.9.6",
  "serial": 218,
  "lineage": "3b47772d-0f33-a762-bdfb-699e3e523d9b",
  "outputs": {
    "private-subnet-id": {
      "value": "subnet-0ad34d2da0dd5ad5a",
      "type": "string"
    },
    "public-subnet-id": {
      "value": "subnet-0d23cc34e92ecc6ea",
      "type": "string"
    },
    "vpc_id": {
      "value": "vpc-0923e240ffe91605e",
      "type": "string"
    }
  },
  "resources": [
    {
      "mode": "managed",
      "type": "aws_eip",
      "name": "dpt12-eip",
      "provider": "provider[\"registry.terraform.io/hashicorp/aws\"]",
      "instances": [
        {
          "schema_version": 0,
          "attributes": {
            "address": null,
            "allocation_id": "eipalloc-0076124bb8404bf83",
            "arn": "arn:aws:ec2:us-east-1:471112568850:elastic-ip/eipalloc-0076124bb8404bf83",
            "associate_with_private_ip": null,
            "association_id": "",
            "carrier_ip": "",
            "customer_owned_ip": "",
            "customer_owned_ipv4_pool": "",
            "domain": "vpc",
            "id": "eipalloc-0076124bb8404bf83",
            "instance": "",
            "ipam_pool_id": null,
            "network_border_group": "us-east-1",
            "network_interface": "",
            "private_dns": null,
            "private_ip": "",
            "ptr_record": "",
            "public_dns": "ec2-3-233-160-2.compute-1.amazonaws.com",
            "public_ip": "3.233.160.2",
            "public_ipv4_pool": "amazon",
            "tags": null,
            "tags_all": {},
            "timeouts": null,
            "vpc": true
          },
          "sensitive_attributes": [],
          "private": "eyJlMmJmYjczMC1lY2FhLTExZTYtOGY4OC0zNDM2M2JjN2M0YzAiOnsiZGVsZXRlIjoxODAwMDAwMDAwMDAsInJlYWQiOjkwMDAwMDAwMDAwMCwidXBkYXRlIjozMDAwMDAwMDAwMDB9fQ=="
        }
      ]
    },
    {
      "mode": "managed",
      "type": "aws_instance",
      "name": "AWSB56-ublic-Linux2",
      "provider": "provider[\"registry.terraform.io/hashicorp/aws\"]",
      "instances": [
        {
          "schema_version": 1,
          "attributes": {
            "ami": "ami-084568db4383264d4",
            "arn": "arn:aws:ec2:us-east-1:471112568850:instance/i-0658772812f078566",
            "associate_public_ip_address": true,
            "availability_zone": "us-east-1a",
            "capacity_reservation_specification": [
              {
                "capacity_reservation_preference": "open",
                "capacity_reservation_target": []
              }
            ],
            "cpu_core_count": 2,
            "cpu_options": [
              {
                "amd_sev_snp": "",
                "core_count": 2,
                "threads_per_core": 1
              }
            ],
            "cpu_threads_per_core": 1,
            "credit_specification": [
              {
                "cpu_credits": "standard"
              }
            ],
            "disable_api_stop": false,
            "disable_api_termination": false,
            "ebs_block_device": [],
            "ebs_optimized": false,
            "enable_primary_ipv6": null,
            "enclave_options": [
              {
                "enabled": false
              }
            ],
            "ephemeral_block_device": [],
            "get_password_data": false,
            "hibernation": false,
            "host_id": "",
            "host_resource_group_arn": null,
            "iam_instance_profile": "",
            "id": "i-0658772812f078566",
            "instance_initiated_shutdown_behavior": "stop",
            "instance_lifecycle": "",
            "instance_market_options": [],
            "instance_state": "running",
            "instance_type": "t2.medium",
            "ipv6_address_count": 0,
            "ipv6_addresses": [],
            "key_name": "AWSB56Key-kp",
            "launch_template": [],
            "maintenance_options": [
              {
                "auto_recovery": "default"
              }
            ],
            "metadata_options": [
              {
                "http_endpoint": "enabled",
                "http_protocol_ipv6": "disabled",
                "http_put_response_hop_limit": 2,
                "http_tokens": "required",
                "instance_metadata_tags": "disabled"
              }
            ],
            "monitoring": false,
            "network_interface": [],
            "outpost_arn": "",
            "password_data": "",
            "placement_group": "",
            "placement_partition_number": 0,
            "primary_network_interface_id": "eni-0892df57982d675e1",
            "private_dns": "ip-192-168-1-100.ec2.internal",
            "private_dns_name_options": [
              {
                "enable_resource_name_dns_a_record": false,
                "enable_resource_name_dns_aaaa_record": false,
                "hostname_type": "ip-name"
              }
            ],
            "private_ip": "192.168.1.100",
            "public_dns": "ec2-3-87-187-74.compute-1.amazonaws.com",
            "public_ip": "3.87.187.74",
            "root_block_device": [
              {
                "delete_on_termination": true,
                "device_name": "/dev/sda1",
                "encrypted": false,
                "iops": 3000,
                "kms_key_id": "",
                "tags": {},
                "tags_all": {},
                "throughput": 125,
                "volume_id": "vol-0dedb575ee5b7cd20",
                "volume_size": 8,
                "volume_type": "gp3"
              }
            ],
            "secondary_private_ips": [],
            "security_groups": [],
            "source_dest_check": true,
            "spot_instance_request_id": "",
            "subnet_id": "subnet-0d23cc34e92ecc6ea",
            "tags": {
              "Name": "K8s-worker1"
            },
            "tags_all": {
              "Name": "K8s-worker1"
            },
            "tenancy": "default",
            "timeouts": null,
            "user_data": null,
            "user_data_base64": null,
            "user_data_replace_on_change": false,
            "volume_tags": null,
            "vpc_security_group_ids": [
              "sg-007a823c317607ccc"
            ]
          },
          "sensitive_attributes": [],
          "private": "eyJlMmJmYjczMC1lY2FhLTExZTYtOGY4OC0zNDM2M2JjN2M0YzAiOnsiY3JlYXRlIjo2MDAwMDAwMDAwMDAsImRlbGV0ZSI6MTIwMDAwMDAwMDAwMCwicmVhZCI6OTAwMDAwMDAwMDAwLCJ1cGRhdGUiOjYwMDAwMDAwMDAwMH0sInNjaGVtYV92ZXJzaW9uIjoiMSJ9",
          "dependencies": [
            "aws_key_pair.AWSB56Key-kp",
            "aws_security_group.dpt12_sg",
            "aws_subnet.public-subnet",
            "aws_vpc.dpt12-vpc",
            "tls_private_key.AWSB56Key"
          ]
        }
      ]
    },
    {
      "mode": "managed",
      "type": "aws_instance",
      "name": "AWSB56-ublic-Linux3",
      "provider": "provider[\"registry.terraform.io/hashicorp/aws\"]",
      "instances": [
        {
          "schema_version": 1,
          "attributes": {
            "ami": "ami-084568db4383264d4",
            "arn": "arn:aws:ec2:us-east-1:471112568850:instance/i-0ac648ee29a763742",
            "associate_public_ip_address": true,
            "availability_zone": "us-east-1a",
            "capacity_reservation_specification": [
              {
                "capacity_reservation_preference": "open",
                "capacity_reservation_target": []
              }
            ],
            "cpu_core_count": 2,
            "cpu_options": [
              {
                "amd_sev_snp": "",
                "core_count": 2,
                "threads_per_core": 1
              }
            ],
            "cpu_threads_per_core": 1,
            "credit_specification": [
              {
                "cpu_credits": "standard"
              }
            ],
            "disable_api_stop": false,
            "disable_api_termination": false,
            "ebs_block_device": [],
            "ebs_optimized": false,
            "enable_primary_ipv6": null,
            "enclave_options": [
              {
                "enabled": false
              }
            ],
            "ephemeral_block_device": [],
            "get_password_data": false,
            "hibernation": false,
            "host_id": "",
            "host_resource_group_arn": null,
            "iam_instance_profile": "",
            "id": "i-0ac648ee29a763742",
            "instance_initiated_shutdown_behavior": "stop",
            "instance_lifecycle": "",
            "instance_market_options": [],
            "instance_state": "running",
            "instance_type": "t2.medium",
            "ipv6_address_count": 0,
            "ipv6_addresses": [],
            "key_name": "AWSB56Key-kp",
            "launch_template": [],
            "maintenance_options": [
              {
                "auto_recovery": "default"
              }
            ],
            "metadata_options": [
              {
                "http_endpoint": "enabled",
                "http_protocol_ipv6": "disabled",
                "http_put_response_hop_limit": 2,
                "http_tokens": "required",
                "instance_metadata_tags": "disabled"
              }
            ],
            "monitoring": false,
            "network_interface": [],
            "outpost_arn": "",
            "password_data": "",
            "placement_group": "",
            "placement_partition_number": 0,
            "primary_network_interface_id": "eni-05d3f14d1e9014a5e",
            "private_dns": "ip-192-168-1-161.ec2.internal",
            "private_dns_name_options": [
              {
                "enable_resource_name_dns_a_record": false,
                "enable_resource_name_dns_aaaa_record": false,
                "hostname_type": "ip-name"
              }
            ],
            "private_ip": "192.168.1.161",
            "public_dns": "ec2-174-129-63-83.compute-1.amazonaws.com",
            "public_ip": "174.129.63.83",
            "root_block_device": [
              {
                "delete_on_termination": true,
                "device_name": "/dev/sda1",
                "encrypted": false,
                "iops": 3000,
                "kms_key_id": "",
                "tags": {},
                "tags_all": {},
                "throughput": 125,
                "volume_id": "vol-0aca057b90aa2b71c",
                "volume_size": 8,
                "volume_type": "gp3"
              }
            ],
            "secondary_private_ips": [],
            "security_groups": [],
            "source_dest_check": true,
            "spot_instance_request_id": "",
            "subnet_id": "subnet-0d23cc34e92ecc6ea",
            "tags": {
              "Name": "K8s-worker2"
            },
            "tags_all": {
              "Name": "K8s-worker2"
            },
            "tenancy": "default",
            "timeouts": null,
            "user_data": null,
            "user_data_base64": null,
            "user_data_replace_on_change": false,
            "volume_tags": null,
            "vpc_security_group_ids": [
              "sg-007a823c317607ccc"
            ]
          },
          "sensitive_attributes": [],
          "private": "eyJlMmJmYjczMC1lY2FhLTExZTYtOGY4OC0zNDM2M2JjN2M0YzAiOnsiY3JlYXRlIjo2MDAwMDAwMDAwMDAsImRlbGV0ZSI6MTIwMDAwMDAwMDAwMCwicmVhZCI6OTAwMDAwMDAwMDAwLCJ1cGRhdGUiOjYwMDAwMDAwMDAwMH0sInNjaGVtYV92ZXJzaW9uIjoiMSJ9",
          "dependencies": [
            "aws_key_pair.AWSB56Key-kp",
            "aws_security_group.dpt12_sg",
            "aws_subnet.public-subnet",
            "aws_vpc.dpt12-vpc",
            "tls_private_key.AWSB56Key"
          ]
        }
      ]
    },
    {
      "mode": "managed",
      "type": "aws_instance",
      "name": "AWSB56-ubuntu-Linux",
      "provider": "provider[\"registry.terraform.io/hashicorp/aws\"]",
      "instances": [
        {
          "schema_version": 1,
          "attributes": {
            "ami": "ami-084568db4383264d4",
            "arn": "arn:aws:ec2:us-east-1:471112568850:instance/i-093766998e2230671",
            "associate_public_ip_address": true,
            "availability_zone": "us-east-1a",
            "capacity_reservation_specification": [
              {
                "capacity_reservation_preference": "open",
                "capacity_reservation_target": []
              }
            ],
            "cpu_core_count": 2,
            "cpu_options": [
              {
                "amd_sev_snp": "",
                "core_count": 2,
                "threads_per_core": 1
              }
            ],
            "cpu_threads_per_core": 1,
            "credit_specification": [
              {
                "cpu_credits": "standard"
              }
            ],
            "disable_api_stop": false,
            "disable_api_termination": false,
            "ebs_block_device": [],
            "ebs_optimized": false,
            "enable_primary_ipv6": null,
            "enclave_options": [
              {
                "enabled": false
              }
            ],
            "ephemeral_block_device": [],
            "get_password_data": false,
            "hibernation": false,
            "host_id": "",
            "host_resource_group_arn": null,
            "iam_instance_profile": "",
            "id": "i-093766998e2230671",
            "instance_initiated_shutdown_behavior": "stop",
            "instance_lifecycle": "",
            "instance_market_options": [],
            "instance_state": "running",
            "instance_type": "t2.medium",
            "ipv6_address_count": 0,
            "ipv6_addresses": [],
            "key_name": "AWSB56Key-kp",
            "launch_template": [],
            "maintenance_options": [
              {
                "auto_recovery": "default"
              }
            ],
            "metadata_options": [
              {
                "http_endpoint": "enabled",
                "http_protocol_ipv6": "disabled",
                "http_put_response_hop_limit": 2,
                "http_tokens": "required",
                "instance_metadata_tags": "disabled"
              }
            ],
            "monitoring": false,
            "network_interface": [],
            "outpost_arn": "",
            "password_data": "",
            "placement_group": "",
            "placement_partition_number": 0,
            "primary_network_interface_id": "eni-07f5f132ca2af183d",
            "private_dns": "ip-192-168-1-122.ec2.internal",
            "private_dns_name_options": [
              {
                "enable_resource_name_dns_a_record": false,
                "enable_resource_name_dns_aaaa_record": false,
                "hostname_type": "ip-name"
              }
            ],
            "private_ip": "192.168.1.122",
            "public_dns": "ec2-18-206-140-111.compute-1.amazonaws.com",
            "public_ip": "18.206.140.111",
            "root_block_device": [
              {
                "delete_on_termination": true,
                "device_name": "/dev/sda1",
                "encrypted": false,
                "iops": 3000,
                "kms_key_id": "",
                "tags": {},
                "tags_all": {},
                "throughput": 125,
                "volume_id": "vol-04da176642b4767fe",
                "volume_size": 8,
                "volume_type": "gp3"
              }
            ],
            "secondary_private_ips": [],
            "security_groups": [],
            "source_dest_check": true,
            "spot_instance_request_id": "",
            "subnet_id": "subnet-0d23cc34e92ecc6ea",
            "tags": {
              "Name": "K8s-Control"
            },
            "tags_all": {
              "Name": "K8s-Control"
            },
            "tenancy": "default",
            "timeouts": null,
            "user_data": null,
            "user_data_base64": null,
            "user_data_replace_on_change": false,
            "volume_tags": null,
            "vpc_security_group_ids": [
              "sg-007a823c317607ccc"
            ]
          },
          "sensitive_attributes": [],
          "private": "eyJlMmJmYjczMC1lY2FhLTExZTYtOGY4OC0zNDM2M2JjN2M0YzAiOnsiY3JlYXRlIjo2MDAwMDAwMDAwMDAsImRlbGV0ZSI6MTIwMDAwMDAwMDAwMCwicmVhZCI6OTAwMDAwMDAwMDAwLCJ1cGRhdGUiOjYwMDAwMDAwMDAwMH0sInNjaGVtYV92ZXJzaW9uIjoiMSJ9",
          "dependencies": [
            "aws_key_pair.AWSB56Key-kp",
            "aws_security_group.dpt12_sg",
            "aws_subnet.public-subnet",
            "aws_vpc.dpt12-vpc",
            "tls_private_key.AWSB56Key"
          ]
        }
      ]
    },
    {
      "mode": "managed",
      "type": "aws_internet_gateway",
      "name": "dpt12-igw",
      "provider": "provider[\"registry.terraform.io/hashicorp/aws\"]",
      "instances": [
        {
          "schema_version": 0,
          "attributes": {
            "arn": "arn:aws:ec2:us-east-1:471112568850:internet-gateway/igw-0e597d1258f566478",
            "id": "igw-0e597d1258f566478",
            "owner_id": "471112568850",
            "tags": {
              "name": "dpt12-internet gateway"
            },
            "tags_all": {
              "name": "dpt12-internet gateway"
            },
            "timeouts": null,
            "vpc_id": "vpc-0923e240ffe91605e"
          },
          "sensitive_attributes": [],
          "private": "eyJlMmJmYjczMC1lY2FhLTExZTYtOGY4OC0zNDM2M2JjN2M0YzAiOnsiY3JlYXRlIjoxMjAwMDAwMDAwMDAwLCJkZWxldGUiOjEyMDAwMDAwMDAwMDAsInVwZGF0ZSI6MTIwMDAwMDAwMDAwMH19",
          "dependencies": [
            "aws_vpc.dpt12-vpc"
          ]
        }
      ]
    },
    {
      "mode": "managed",
      "type": "aws_key_pair",
      "name": "AWSB56Key-kp",
      "provider": "provider[\"registry.terraform.io/hashicorp/aws\"]",
      "instances": [
        {
          "schema_version": 1,
          "attributes": {
            "arn": "arn:aws:ec2:us-east-1:471112568850:key-pair/AWSB56Key-kp",
            "fingerprint": "f0:e1:7e:61:5b:e3:3c:c5:49:d9:dc:c6:b3:80:96:f3",
            "id": "AWSB56Key-kp",
            "key_name": "AWSB56Key-kp",
            "key_name_prefix": "",
            "key_pair_id": "key-029fdd456abda6c3c",
            "key_type": "rsa",
            "public_key": "ssh-rsa AAAAB3NzaC1yc2EAAAADAQABAAACAQCgeLJPMFQF/rJiz7+xiH3WPA26lkhoZnNXjego+b2DrFXzT2H8NMFbxV7zx+UBTPEfY0/d9MpwTSwfox2VWsC1y2ly+y7lYtZOQnSOtUc/otxWbcHhUxuMdsX5ZGwd/HtMjiJ+xtX/zOXEn9fsDkyGL+4WvXWFYnjVlDvQwoWfTTDKvtecanlrXco6pjaJTG5pipAHRR4mrzVKpBiKPJLw1NA6fQYOUrgClpsm1tWm8kyl166n9OLlg4X2IvsAV4H0P+R5gTOK5PmSvkCiCNxJOjd073LUrdWY5kDeF74CYMOTxEE+fXGKmidx24jly5OtRrXNL+v/97B3VvwMBtWBja2xJCiisD1ioDQ59i9WOz8LJBVnNjQW+YjM+JlYb6XH5JggoWZ2LeDZvgjDvX7jous6ncC+BA8a2IQc3jviZ/Zv7kiAPu4wv+4j4OvIBov27xj1DIi0Lfn1acsZs7nNKN6An1WMhSpDTk484NhqlbGLe0Z0YqL16VFLTEdNzrwYl8W8W8ZjLRqHCknL4oZtJMQNLcOPifhWwTv8O4DI0FuUeG7h5AmdenSOgnDs7nBKb7W+p4tEWkbyMRPB6jzSH3qKLPscJNE+aXI8hVaR2xpCzdWgZHK1Zo3590wYq7ni3payMGfvjbsy1ptPj0JYAIClbzSVizlqgMrEy1jFSQ==",
            "tags": null,
            "tags_all": {}
          },
          "sensitive_attributes": [],
          "private": "eyJzY2hlbWFfdmVyc2lvbiI6IjEifQ==",
          "dependencies": [
            "tls_private_key.AWSB56Key"
          ]
        }
      ]
    },
    {
      "mode": "managed",
      "type": "aws_nat_gateway",
      "name": "dpt12-ngw",
      "provider": "provider[\"registry.terraform.io/hashicorp/aws\"]",
      "instances": [
        {
          "schema_version": 0,
          "attributes": {
            "allocation_id": "eipalloc-0076124bb8404bf83",
            "association_id": "eipassoc-038c1b0a37e31dfc6",
            "connectivity_type": "public",
            "id": "nat-0bf29a50fee271644",
            "network_interface_id": "eni-0eca232bc490928f8",
            "private_ip": "192.168.1.203",
            "public_ip": "3.233.160.2",
            "secondary_allocation_ids": null,
            "secondary_private_ip_address_count": 0,
            "secondary_private_ip_addresses": [],
            "subnet_id": "subnet-0d23cc34e92ecc6ea",
            "tags": {
              "name": "dpt12 NAT Gateway"
            },
            "tags_all": {
              "name": "dpt12 NAT Gateway"
            },
            "timeouts": null
          },
          "sensitive_attributes": [],
          "private": "eyJlMmJmYjczMC1lY2FhLTExZTYtOGY4OC0zNDM2M2JjN2M0YzAiOnsiY3JlYXRlIjo2MDAwMDAwMDAwMDAsImRlbGV0ZSI6MTgwMDAwMDAwMDAwMCwidXBkYXRlIjo2MDAwMDAwMDAwMDB9fQ==",
          "dependencies": [
            "aws_eip.dpt12-eip",
            "aws_subnet.public-subnet",
            "aws_vpc.dpt12-vpc"
          ]
        }
      ]
    },
    {
      "mode": "managed",
      "type": "aws_route_table",
      "name": "private-rt",
      "provider": "provider[\"registry.terraform.io/hashicorp/aws\"]",
      "instances": [
        {
          "schema_version": 0,
          "attributes": {
            "arn": "arn:aws:ec2:us-east-1:471112568850:route-table/rtb-04fdae6c6cf6a5924",
            "id": "rtb-04fdae6c6cf6a5924",
            "owner_id": "471112568850",
            "propagating_vgws": [],
            "route": [
              {
                "carrier_gateway_id": "",
                "cidr_block": "0.0.0.0/0",
                "core_network_arn": "",
                "destination_prefix_list_id": "",
                "egress_only_gateway_id": "",
                "gateway_id": "nat-0bf29a50fee271644",
                "ipv6_cidr_block": "",
                "local_gateway_id": "",
                "nat_gateway_id": "",
                "network_interface_id": "",
                "transit_gateway_id": "",
                "vpc_endpoint_id": "",
                "vpc_peering_connection_id": ""
              }
            ],
            "tags": {
              "Name": "private RT"
            },
            "tags_all": {
              "Name": "private RT"
            },
            "timeouts": null,
            "vpc_id": "vpc-0923e240ffe91605e"
          },
          "sensitive_attributes": [],
          "private": "eyJlMmJmYjczMC1lY2FhLTExZTYtOGY4OC0zNDM2M2JjN2M0YzAiOnsiY3JlYXRlIjozMDAwMDAwMDAwMDAsImRlbGV0ZSI6MzAwMDAwMDAwMDAwLCJ1cGRhdGUiOjEyMDAwMDAwMDAwMH19",
          "dependencies": [
            "aws_eip.dpt12-eip",
            "aws_nat_gateway.dpt12-ngw",
            "aws_subnet.public-subnet",
            "aws_vpc.dpt12-vpc"
          ]
        }
      ]
    },
    {
      "mode": "managed",
      "type": "aws_route_table",
      "name": "public-rt",
      "provider": "provider[\"registry.terraform.io/hashicorp/aws\"]",
      "instances": [
        {
          "schema_version": 0,
          "attributes": {
            "arn": "arn:aws:ec2:us-east-1:471112568850:route-table/rtb-056b4a305bc678512",
            "id": "rtb-056b4a305bc678512",
            "owner_id": "471112568850",
            "propagating_vgws": [],
            "route": [
              {
                "carrier_gateway_id": "",
                "cidr_block": "0.0.0.0/0",
                "core_network_arn": "",
                "destination_prefix_list_id": "",
                "egress_only_gateway_id": "",
                "gateway_id": "igw-0e597d1258f566478",
                "ipv6_cidr_block": "",
                "local_gateway_id": "",
                "nat_gateway_id": "",
                "network_interface_id": "",
                "transit_gateway_id": "",
                "vpc_endpoint_id": "",
                "vpc_peering_connection_id": ""
              }
            ],
            "tags": {
              "Name": "public RT"
            },
            "tags_all": {
              "Name": "public RT"
            },
            "timeouts": null,
            "vpc_id": "vpc-0923e240ffe91605e"
          },
          "sensitive_attributes": [],
          "private": "eyJlMmJmYjczMC1lY2FhLTExZTYtOGY4OC0zNDM2M2JjN2M0YzAiOnsiY3JlYXRlIjozMDAwMDAwMDAwMDAsImRlbGV0ZSI6MzAwMDAwMDAwMDAwLCJ1cGRhdGUiOjEyMDAwMDAwMDAwMH19",
          "dependencies": [
            "aws_internet_gateway.dpt12-igw",
            "aws_vpc.dpt12-vpc"
          ]
        }
      ]
    },
    {
      "mode": "managed",
      "type": "aws_route_table_association",
      "name": "dpt12-private-rt-association",
      "provider": "provider[\"registry.terraform.io/hashicorp/aws\"]",
      "instances": [
        {
          "schema_version": 0,
          "attributes": {
            "gateway_id": "",
            "id": "rtbassoc-0c292c0bbe6cffe20",
            "route_table_id": "rtb-04fdae6c6cf6a5924",
            "subnet_id": "subnet-0ad34d2da0dd5ad5a",
            "timeouts": null
          },
          "sensitive_attributes": [],
          "private": "eyJlMmJmYjczMC1lY2FhLTExZTYtOGY4OC0zNDM2M2JjN2M0YzAiOnsiY3JlYXRlIjozMDAwMDAwMDAwMDAsImRlbGV0ZSI6MzAwMDAwMDAwMDAwLCJ1cGRhdGUiOjEyMDAwMDAwMDAwMH19",
          "dependencies": [
            "aws_eip.dpt12-eip",
            "aws_nat_gateway.dpt12-ngw",
            "aws_route_table.private-rt",
            "aws_subnet.private-subnet",
            "aws_subnet.public-subnet",
            "aws_vpc.dpt12-vpc"
          ]
        }
      ]
    },
    {
      "mode": "managed",
      "type": "aws_route_table_association",
      "name": "dpt12-public-rt-association",
      "provider": "provider[\"registry.terraform.io/hashicorp/aws\"]",
      "instances": [
        {
          "schema_version": 0,
          "attributes": {
            "gateway_id": "",
            "id": "rtbassoc-04c264643e8eb9385",
            "route_table_id": "rtb-056b4a305bc678512",
            "subnet_id": "subnet-0d23cc34e92ecc6ea",
            "timeouts": null
          },
          "sensitive_attributes": [],
          "private": "eyJlMmJmYjczMC1lY2FhLTExZTYtOGY4OC0zNDM2M2JjN2M0YzAiOnsiY3JlYXRlIjozMDAwMDAwMDAwMDAsImRlbGV0ZSI6MzAwMDAwMDAwMDAwLCJ1cGRhdGUiOjEyMDAwMDAwMDAwMH19",
          "dependencies": [
            "aws_internet_gateway.dpt12-igw",
            "aws_route_table.public-rt",
            "aws_subnet.public-subnet",
            "aws_vpc.dpt12-vpc"
          ]
        }
      ]
    },
    {
      "mode": "managed",
      "type": "aws_security_group",
      "name": "dpt12_sg",
      "provider": "provider[\"registry.terraform.io/hashicorp/aws\"]",
      "instances": [
        {
          "schema_version": 1,
          "attributes": {
            "arn": "arn:aws:ec2:us-east-1:471112568850:security-group/sg-007a823c317607ccc",
            "description": "dpt06-sg",
            "egress": [],
            "id": "sg-007a823c317607ccc",
            "ingress": [],
            "name": "dpt06-sg",
            "name_prefix": "",
            "owner_id": "471112568850",
            "revoke_rules_on_delete": false,
            "tags": {
              "Name": "DPT12-SG"
            },
            "tags_all": {
              "Name": "DPT12-SG"
            },
            "timeouts": null,
            "vpc_id": "vpc-0923e240ffe91605e"
          },
          "sensitive_attributes": [],
          "private": "eyJlMmJmYjczMC1lY2FhLTExZTYtOGY4OC0zNDM2M2JjN2M0YzAiOnsiY3JlYXRlIjo2MDAwMDAwMDAwMDAsImRlbGV0ZSI6OTAwMDAwMDAwMDAwfSwic2NoZW1hX3ZlcnNpb24iOiIxIn0=",
          "dependencies": [
            "aws_vpc.dpt12-vpc"
          ]
        }
      ]
    },
    {
      "mode": "managed",
      "type": "aws_security_group_rule",
      "name": "dpt12_sg_rule1",
      "provider": "provider[\"registry.terraform.io/hashicorp/aws\"]",
      "instances": [
        {
          "schema_version": 2,
          "attributes": {
            "cidr_blocks": [
              "0.0.0.0/0"
            ],
            "description": "Allow inbound SSH access",
            "from_port": 22,
            "id": "sgrule-1857711507",
            "ipv6_cidr_blocks": null,
            "prefix_list_ids": null,
            "protocol": "tcp",
            "security_group_id": "sg-007a823c317607ccc",
            "security_group_rule_id": "sgr-068e97631526597ba",
            "self": false,
            "source_security_group_id": null,
            "timeouts": null,
            "to_port": 22,
            "type": "ingress"
          },
          "sensitive_attributes": [],
          "private": "eyJlMmJmYjczMC1lY2FhLTExZTYtOGY4OC0zNDM2M2JjN2M0YzAiOnsiY3JlYXRlIjozMDAwMDAwMDAwMDB9LCJzY2hlbWFfdmVyc2lvbiI6IjIifQ==",
          "dependencies": [
            "aws_security_group.dpt12_sg",
            "aws_vpc.dpt12-vpc"
          ]
        }
      ]
    },
    {
      "mode": "managed",
      "type": "aws_security_group_rule",
      "name": "dpt12_sg_rule2",
      "provider": "provider[\"registry.terraform.io/hashicorp/aws\"]",
      "instances": [
        {
          "schema_version": 2,
          "attributes": {
            "cidr_blocks": [
              "0.0.0.0/0"
            ],
            "description": "Allow inbound HTTP access",
            "from_port": 80,
            "id": "sgrule-667930584",
            "ipv6_cidr_blocks": null,
            "prefix_list_ids": null,
            "protocol": "tcp",
            "security_group_id": "sg-007a823c317607ccc",
            "security_group_rule_id": "sgr-0432e19233e6335a2",
            "self": false,
            "source_security_group_id": null,
            "timeouts": null,
            "to_port": 80,
            "type": "ingress"
          },
          "sensitive_attributes": [],
          "private": "eyJlMmJmYjczMC1lY2FhLTExZTYtOGY4OC0zNDM2M2JjN2M0YzAiOnsiY3JlYXRlIjozMDAwMDAwMDAwMDB9LCJzY2hlbWFfdmVyc2lvbiI6IjIifQ==",
          "dependencies": [
            "aws_security_group.dpt12_sg",
            "aws_vpc.dpt12-vpc"
          ]
        }
      ]
    },
    {
      "mode": "managed",
      "type": "aws_security_group_rule",
      "name": "dpt12_sg_rule3",
      "provider": "provider[\"registry.terraform.io/hashicorp/aws\"]",
      "instances": [
        {
          "schema_version": 2,
          "attributes": {
            "cidr_blocks": [
              "0.0.0.0/0"
            ],
            "description": "Allow inbound HTTPs access",
            "from_port": 443,
            "id": "sgrule-468069109",
            "ipv6_cidr_blocks": null,
            "prefix_list_ids": null,
            "protocol": "tcp",
            "security_group_id": "sg-007a823c317607ccc",
            "security_group_rule_id": "sgr-06a440d0eb33a635b",
            "self": false,
            "source_security_group_id": null,
            "timeouts": null,
            "to_port": 443,
            "type": "ingress"
          },
          "sensitive_attributes": [],
          "private": "eyJlMmJmYjczMC1lY2FhLTExZTYtOGY4OC0zNDM2M2JjN2M0YzAiOnsiY3JlYXRlIjozMDAwMDAwMDAwMDB9LCJzY2hlbWFfdmVyc2lvbiI6IjIifQ==",
          "dependencies": [
            "aws_security_group.dpt12_sg",
            "aws_vpc.dpt12-vpc"
          ]
        }
      ]
    },
    {
      "mode": "managed",
      "type": "aws_security_group_rule",
      "name": "dpt12_sg_rule4",
      "provider": "provider[\"registry.terraform.io/hashicorp/aws\"]",
      "instances": [
        {
          "schema_version": 2,
          "attributes": {
            "cidr_blocks": [
              "0.0.0.0/0"
            ],
            "description": "Allow inbound RDP access",
            "from_port": 3389,
            "id": "sgrule-1641481283",
            "ipv6_cidr_blocks": null,
            "prefix_list_ids": null,
            "protocol": "tcp",
            "security_group_id": "sg-007a823c317607ccc",
            "security_group_rule_id": "sgr-0395d7acb900e75de",
            "self": false,
            "source_security_group_id": null,
            "timeouts": null,
            "to_port": 3389,
            "type": "ingress"
          },
          "sensitive_attributes": [],
          "private": "eyJlMmJmYjczMC1lY2FhLTExZTYtOGY4OC0zNDM2M2JjN2M0YzAiOnsiY3JlYXRlIjozMDAwMDAwMDAwMDB9LCJzY2hlbWFfdmVyc2lvbiI6IjIifQ==",
          "dependencies": [
            "aws_security_group.dpt12_sg",
            "aws_vpc.dpt12-vpc"
          ]
        }
      ]
    },
    {
      "mode": "managed",
      "type": "aws_security_group_rule",
      "name": "dpt12_sg_rule5",
      "provider": "provider[\"registry.terraform.io/hashicorp/aws\"]",
      "instances": [
        {
          "schema_version": 2,
          "attributes": {
            "cidr_blocks": [
              "0.0.0.0/0"
            ],
            "description": "Allow inbounoutboubd all access",
            "from_port": 0,
            "id": "sgrule-2051065425",
            "ipv6_cidr_blocks": null,
            "prefix_list_ids": null,
            "protocol": "-1",
            "security_group_id": "sg-007a823c317607ccc",
            "security_group_rule_id": "sgr-09d7cdebb9b2e28ff",
            "self": false,
            "source_security_group_id": null,
            "timeouts": null,
            "to_port": 0,
            "type": "egress"
          },
          "sensitive_attributes": [],
          "private": "eyJlMmJmYjczMC1lY2FhLTExZTYtOGY4OC0zNDM2M2JjN2M0YzAiOnsiY3JlYXRlIjozMDAwMDAwMDAwMDB9LCJzY2hlbWFfdmVyc2lvbiI6IjIifQ==",
          "dependencies": [
            "aws_security_group.dpt12_sg",
            "aws_vpc.dpt12-vpc"
          ]
        }
      ]
    },
    {
      "mode": "managed",
      "type": "aws_security_group_rule",
      "name": "dpt12_sg_rule6",
      "provider": "provider[\"registry.terraform.io/hashicorp/aws\"]",
      "instances": [
        {
          "schema_version": 2,
          "attributes": {
            "cidr_blocks": [
              "0.0.0.0/0"
            ],
            "description": "Allow inbound ICMP access",
            "from_port": -1,
            "id": "sgrule-1122827464",
            "ipv6_cidr_blocks": null,
            "prefix_list_ids": null,
            "protocol": "icmp",
            "security_group_id": "sg-007a823c317607ccc",
            "security_group_rule_id": "sgr-0e46fa8e441215009",
            "self": false,
            "source_security_group_id": null,
            "timeouts": null,
            "to_port": -1,
            "type": "ingress"
          },
          "sensitive_attributes": [],
          "private": "eyJlMmJmYjczMC1lY2FhLTExZTYtOGY4OC0zNDM2M2JjN2M0YzAiOnsiY3JlYXRlIjozMDAwMDAwMDAwMDB9LCJzY2hlbWFfdmVyc2lvbiI6IjIifQ==",
          "dependencies": [
            "aws_security_group.dpt12_sg",
            "aws_vpc.dpt12-vpc"
          ]
        }
      ]
    },
    {
      "mode": "managed",
      "type": "aws_subnet",
      "name": "private-subnet",
      "provider": "provider[\"registry.terraform.io/hashicorp/aws\"]",
      "instances": [
        {
          "schema_version": 1,
          "attributes": {
            "arn": "arn:aws:ec2:us-east-1:471112568850:subnet/subnet-0ad34d2da0dd5ad5a",
            "assign_ipv6_address_on_creation": false,
            "availability_zone": "us-east-1b",
            "availability_zone_id": "use1-az4",
            "cidr_block": "192.168.2.0/24",
            "customer_owned_ipv4_pool": "",
            "enable_dns64": false,
            "enable_lni_at_device_index": 0,
            "enable_resource_name_dns_a_record_on_launch": false,
            "enable_resource_name_dns_aaaa_record_on_launch": false,
            "id": "subnet-0ad34d2da0dd5ad5a",
            "ipv6_cidr_block": "",
            "ipv6_cidr_block_association_id": "",
            "ipv6_native": false,
            "map_customer_owned_ip_on_launch": false,
            "map_public_ip_on_launch": false,
            "outpost_arn": "",
            "owner_id": "471112568850",
            "private_dns_hostname_type_on_launch": "ip-name",
            "tags": {
              "Name": "private-subnet"
            },
            "tags_all": {
              "Name": "private-subnet"
            },
            "timeouts": null,
            "vpc_id": "vpc-0923e240ffe91605e"
          },
          "sensitive_attributes": [],
          "private": "eyJlMmJmYjczMC1lY2FhLTExZTYtOGY4OC0zNDM2M2JjN2M0YzAiOnsiY3JlYXRlIjo2MDAwMDAwMDAwMDAsImRlbGV0ZSI6MTIwMDAwMDAwMDAwMH0sInNjaGVtYV92ZXJzaW9uIjoiMSJ9",
          "dependencies": [
            "aws_vpc.dpt12-vpc"
          ]
        }
      ]
    },
    {
      "mode": "managed",
      "type": "aws_subnet",
      "name": "public-subnet",
      "provider": "provider[\"registry.terraform.io/hashicorp/aws\"]",
      "instances": [
        {
          "schema_version": 1,
          "attributes": {
            "arn": "arn:aws:ec2:us-east-1:471112568850:subnet/subnet-0d23cc34e92ecc6ea",
            "assign_ipv6_address_on_creation": false,
            "availability_zone": "us-east-1a",
            "availability_zone_id": "use1-az2",
            "cidr_block": "192.168.1.0/24",
            "customer_owned_ipv4_pool": "",
            "enable_dns64": false,
            "enable_lni_at_device_index": 0,
            "enable_resource_name_dns_a_record_on_launch": false,
            "enable_resource_name_dns_aaaa_record_on_launch": false,
            "id": "subnet-0d23cc34e92ecc6ea",
            "ipv6_cidr_block": "",
            "ipv6_cidr_block_association_id": "",
            "ipv6_native": false,
            "map_customer_owned_ip_on_launch": false,
            "map_public_ip_on_launch": true,
            "outpost_arn": "",
            "owner_id": "471112568850",
            "private_dns_hostname_type_on_launch": "ip-name",
            "tags": {
              "Name": "public-subnet"
            },
            "tags_all": {
              "Name": "public-subnet"
            },
            "timeouts": null,
            "vpc_id": "vpc-0923e240ffe91605e"
          },
          "sensitive_attributes": [],
          "private": "eyJlMmJmYjczMC1lY2FhLTExZTYtOGY4OC0zNDM2M2JjN2M0YzAiOnsiY3JlYXRlIjo2MDAwMDAwMDAwMDAsImRlbGV0ZSI6MTIwMDAwMDAwMDAwMH0sInNjaGVtYV92ZXJzaW9uIjoiMSJ9",
          "dependencies": [
            "aws_vpc.dpt12-vpc"
          ]
        }
      ]
    },
    {
      "mode": "managed",
      "type": "aws_vpc",
      "name": "dpt12-vpc",
      "provider": "provider[\"registry.terraform.io/hashicorp/aws\"]",
      "instances": [
        {
          "schema_version": 1,
          "attributes": {
            "arn": "arn:aws:ec2:us-east-1:471112568850:vpc/vpc-0923e240ffe91605e",
            "assign_generated_ipv6_cidr_block": false,
            "cidr_block": "192.168.0.0/16",
            "default_network_acl_id": "acl-018a5bdbec2d1e7d9",
            "default_route_table_id": "rtb-08649c425a9521d61",
            "default_security_group_id": "sg-003abbbbc7e24ace8",
            "dhcp_options_id": "dopt-0b4539e06b8b8009a",
            "enable_dns_hostnames": true,
            "enable_dns_support": true,
            "enable_network_address_usage_metrics": false,
            "id": "vpc-0923e240ffe91605e",
            "instance_tenancy": "default",
            "ipv4_ipam_pool_id": null,
            "ipv4_netmask_length": null,
            "ipv6_association_id": "",
            "ipv6_cidr_block": "",
            "ipv6_cidr_block_network_border_group": "",
            "ipv6_ipam_pool_id": "",
            "ipv6_netmask_length": 0,
            "main_route_table_id": "rtb-08649c425a9521d61",
            "owner_id": "471112568850",
            "tags": {
              "Name": "dpt12-vpc"
            },
            "tags_all": {
              "Name": "dpt12-vpc"
            }
          },
          "sensitive_attributes": [],
          "private": "eyJzY2hlbWFfdmVyc2lvbiI6IjEifQ=="
        }
      ]
    },
    {
      "mode": "managed",
      "type": "local_file",
      "name": "ssh_key",
      "provider": "provider[\"registry.terraform.io/hashicorp/local\"]",
      "instances": [
        {
          "schema_version": 0,
          "attributes": {
            "content": "-----BEGIN RSA PRIVATE KEY-----\nMIIJKAIBAAKCAgEAoHiyTzBUBf6yYs+/sYh91jwNupZIaGZzV43oKPm9g6xV809h\n/DTBW8Ve88flAUzxH2NP3fTKcE0sH6MdlVrAtctpcvsu5WLWTkJ0jrVHP6LcVm3B\n4VMbjHbF+WRsHfx7TI4ifsbV/8zlxJ/X7A5Mhi/uFr11hWJ41ZQ70MKFn00wyr7X\nnGp5a13KOqY2iUxuaYqQB0UeJq81SqQYijyS8NTQOn0GDlK4ApabJtbVpvJMpdeu\np/Ti5YOF9iL7AFeB9D/keYEziuT5kr5AogjcSTo3dO9y1K3VmOZA3he+AmDDk8RB\nPn1xiponcduI5cuTrUa1zS/r//ewd1b8DAbVgY2tsSQoorA9YqA0OfYvVjs/CyQV\nZzY0FvmIzPiZWG+lx+SYIKFmdi3g2b4Iw71+46LrOp3AvgQPGtiEHN474mf2b+5I\ngD7uML/uI+DryAaL9u8Y9QyItC359WnLGbO5zSjegJ9VjIUqQ05OPODYapWxi3tG\ndGKi9elRS0xHTc68GJfFvFvGYy0ahwpJy+KGbSTEDS3Dj4n4VsE7/DuAyNBblHhu\n4eQJnXp0joJw7O5wSm+1vqeLRFpG8jETweo80h96iiz7HCTRPmlyPIVWkdsaQs3V\noGRytWaN+fdMGKu54t6WsjBn7427MtabT49CWACApW80lYs5aoDKxMtYxUkCAwEA\nAQKCAgBN5+rhSRwxwOJH2IY/IX2+KW+c22MR1FNA+XLxmbVpHJypwCtY7x/EdwDP\nJ4fFZt5VF7jpj/NMLBs0zNMK9IFEgRmTqeCtmptiaR7/PYD2oxGHoEeVJezk97DL\nj/ZxZGdT1llm5Q913brbB6MjRhnet5xGS/qnJBR31Dxp8FZA7Y+3jolMteB2wJTy\nfklRxNqBwLSF4wdtTnh34UzMp/XKl/bzvkjXYU9WalmutHQLVeziQuDXR6t0M7Mw\nuPDUzKcZtn8sgg5M6zdDB7yHLfgMUQglbC56lF5zma16ZVpo+yNYNNpcBTi/SnHF\n9Af1UC1E3WRb1l0j6tMwTPmWuSajtx4itJEWvUldaOubwqOLmrUesiimiXl1WTMW\nuij5ObhmhSGLgBGBRSruBkGPOzu0sCskCGY2ZiLtPRbcPdSu/BlCkiLAwk4AYOB4\n7tV6spbRJE+t/Wh47cDw3nuIBksOnlN8M8WrUVdKYvZRUrv7Jm1vC4PGG8CZD258\np/xC0BARIyzx1rVQxm/S+PYlENMTlk2j67tgRhkamJN93aY6YN4cE7I3e+5DiXu5\nLKId+5QpHVTlQ0EW2XaThQ+BapuaFCmXalKi8vympia/EhIbBdwtraGAiOaIpSgN\nzNt3HZFvBysl2hw0M+2BVO0K5UEqKDn4dGyQGoNEhwrO/DezgQKCAQEAzLjXigoy\nt2DQe20sSYKymQSeYK8uiolhh/0oUy7ObXF1sET6YuUc5YqxAK2e+9Ix/iTIW+ao\nmkV5qYwt7oxnI6MwjFp6UTHA1K6EN1mZwfTsR99eqmDZrEFA2SWJrjWE1LFskoJq\nJKefXYrtTnF+S3xPv7ScydJeRFzC6NHMiiGEvJ35sUfEfMyEl+22IOZ7Gc6C137F\nAiw9TD0Bp0n0HLBFpBQl6MGTT5LzBCMpC/JqeuwKYXBIW062nBjuUHit3yw9lwit\nlVhjSpWArBzPX6LnALmiVuKaT2wbcGMs+6ePLrV8IS9U418QgAUFX8roymyYrqZ4\nxLU3JLijj+bhkQKCAQEAyKptAePV9+lNVwRHMYcWJHzC0CpgqINI47TztEuwBTuR\nkg1iqCAPyvxxzdRecrg1WY/7Mi8wHXoC5OVmlT2n8rqFVNYYXJJkKilYhm5GcAa7\nATR3vlXLJzJlcfbMkbfFCfeFEgP07tsA/6aDCKTQWdAArOUtgg4U3T2fPlG755vl\nP2JDStelJtFTQzmn54U2m53YVxAZBgczKqZv20SMkYzWjywlfN1OOxNoLEvkv0HO\nRnBTBT5gwHLexixD9ln8KvhxjL//TZ5irm6fT5ChuizdQUrVv0x9o/KwEe092Gjt\n7JwQRfc6UDsWSjWUAVSJGaSGzphkFi9fBdrm2aHMOQKCAQBSq54Wl1GtrcHi5c5J\njSbUFgJi5rszpJCnGrsLBE7F8VhmKyS1hPHrW9toe7RE2rfnejESs42IZt/fcMUn\nnLkVshOryem1GhNVj3fC5kLqCR7VU0VmJiAgqGUoizkTCXevcEp4y4NTdAEuBCka\nUUh/8R4/Ow9JjNMWZiMrY3Vmnmx8woqPZXzaLLiqpYqztH8nh7ZckUu7OeQzAjvF\ns16Jq0EkJiK84Fa9foj2NcCgm28WXnU+rdn6TUn+tS6ffmwwQCxK7m0ybvQBrWe9\nmRDA/Qaty0jcLzvDMNPPyazjnuF6Kj2LJRLxknUWTXDDIyxoefwaIw2H2en/wTQD\nq2eRAoIBAQDA5dPUNUjDAKswMxSdL9bBTI2ZvqMcWtf+zTxY3UlgPls5o1Rreia0\nYuijjLseXKYsapR3MZV3QIr3ru5mGNcSJut1GjphAvj27rgCwo9DsbSi++UAO0kH\nbRLH8w/EJHxtkFuDbfpOgoj7OP5NmOIQ9Dsx+T0+AHteEpa6OagAhYRi4fr+Pz6r\nih4YSZx2m0BbZ+lICFmFyfYN0eFFTygx4sl+6FlBJxzE/Wru6iYDFSdN3zxvlf88\nATDWIEdU0jvustW1D/xEiTUjqYPL4KUXa3lmAqJnOwisSeen0//XwUa2ZW/fUkHk\nTmim/cpBXRpOZDKS9zt/eBpIbp3sJ/VBAoIBAHhnExHc8xoWv7v6lS/8S7qoBWf2\nzECNaM4Z8ybYENOyE1G6rtL9kSf7dNjjPh0zlwqGE6FPXvRDZ6izhsBwQKMaLizu\nJxk70ZL/KOs6UTga498wjWn9gSzOrA36BPmHPrwQAe6ABI3gnedD0QyJq2rTjJxk\nTasc/Qs5F1UHf3/05NehDfYaKklzPr7uKazOLhTdWk6SOKF6vBtg3O1E7qdzQzFV\nN3pKc6f0YbpxCsWECw5NwgwiyTG04XAoLpJGFAZKviEpTg1jPR12+niHgcI0fnwe\nd3zdlhYZjbSwuFcLpOdVjU/dWyG917g72rue4ejd8kwWsJhCIX6Sj4stB/A=\n-----END RSA PRIVATE KEY-----\n",
            "content_base64": null,
            "content_base64sha256": "+GHF+kLwrr6MWz8ifHgFDl5WQz9Y6T8O7oWjNbIW74Y=",
            "content_base64sha512": "FopB64MiM3qvp+pQvYrzrXp8Naf9YwD92TvIZtsU0nze0cr6eoQ7NwRRqrLmmmdRLxumtP6iJiwb0jUJTTundQ==",
            "content_md5": "764491f3f95cc58e6fdda88d9405caff",
            "content_sha1": "529068cd1d66b1696143fcd775c9dca460244870",
            "content_sha256": "f861c5fa42f0aebe8c5b3f227c78050e5e56433f58e93f0eee85a335b216ef86",
            "content_sha512": "168a41eb8322337aafa7ea50bd8af3ad7a7c35a7fd6300fdd93bc866db14d27cded1cafa7a843b370451aab2e69a67512f1ba6b4fea2262c1bd235094d3ba775",
            "directory_permission": "0777",
            "file_permission": "0777",
            "filename": "AWSB56Key-kp.pem",
            "id": "529068cd1d66b1696143fcd775c9dca460244870",
            "sensitive_content": null,
            "source": null
          },
          "sensitive_attributes": [
            [
              {
                "type": "get_attr",
                "value": "sensitive_content"
              }
            ],
            [
              {
                "type": "get_attr",
                "value": "content"
              }
            ]
          ],
          "dependencies": [
            "aws_key_pair.AWSB56Key-kp",
            "tls_private_key.AWSB56Key"
          ]
        }
      ]
    },
    {
      "mode": "managed",
      "type": "tls_private_key",
      "name": "AWSB56Key",
      "provider": "provider[\"registry.terraform.io/hashicorp/tls\"]",
      "instances": [
        {
          "schema_version": 1,
          "attributes": {
            "algorithm": "RSA",
            "ecdsa_curve": "P224",
            "id": "8a21e7b7f79f5f74c5d8033744a544151b3abe94",
            "private_key_openssh": "-----BEGIN OPENSSH PRIVATE KEY-----\nb3BlbnNzaC1rZXktdjEAAAAABG5vbmUAAAAEbm9uZQAAAAAAAAABAAACFwAAAAdz\nc2gtcnNhAAAAAwEAAQAAAgEAoHiyTzBUBf6yYs+/sYh91jwNupZIaGZzV43oKPm9\ng6xV809h/DTBW8Ve88flAUzxH2NP3fTKcE0sH6MdlVrAtctpcvsu5WLWTkJ0jrVH\nP6LcVm3B4VMbjHbF+WRsHfx7TI4ifsbV/8zlxJ/X7A5Mhi/uFr11hWJ41ZQ70MKF\nn00wyr7XnGp5a13KOqY2iUxuaYqQB0UeJq81SqQYijyS8NTQOn0GDlK4ApabJtbV\npvJMpdeup/Ti5YOF9iL7AFeB9D/keYEziuT5kr5AogjcSTo3dO9y1K3VmOZA3he+\nAmDDk8RBPn1xiponcduI5cuTrUa1zS/r//ewd1b8DAbVgY2tsSQoorA9YqA0OfYv\nVjs/CyQVZzY0FvmIzPiZWG+lx+SYIKFmdi3g2b4Iw71+46LrOp3AvgQPGtiEHN47\n4mf2b+5IgD7uML/uI+DryAaL9u8Y9QyItC359WnLGbO5zSjegJ9VjIUqQ05OPODY\napWxi3tGdGKi9elRS0xHTc68GJfFvFvGYy0ahwpJy+KGbSTEDS3Dj4n4VsE7/DuA\nyNBblHhu4eQJnXp0joJw7O5wSm+1vqeLRFpG8jETweo80h96iiz7HCTRPmlyPIVW\nkdsaQs3VoGRytWaN+fdMGKu54t6WsjBn7427MtabT49CWACApW80lYs5aoDKxMtY\nxUkAAAc4bVPmdG1T5nQAAAAHc3NoLXJzYQAAAgEAoHiyTzBUBf6yYs+/sYh91jwN\nupZIaGZzV43oKPm9g6xV809h/DTBW8Ve88flAUzxH2NP3fTKcE0sH6MdlVrAtctp\ncvsu5WLWTkJ0jrVHP6LcVm3B4VMbjHbF+WRsHfx7TI4ifsbV/8zlxJ/X7A5Mhi/u\nFr11hWJ41ZQ70MKFn00wyr7XnGp5a13KOqY2iUxuaYqQB0UeJq81SqQYijyS8NTQ\nOn0GDlK4ApabJtbVpvJMpdeup/Ti5YOF9iL7AFeB9D/keYEziuT5kr5AogjcSTo3\ndO9y1K3VmOZA3he+AmDDk8RBPn1xiponcduI5cuTrUa1zS/r//ewd1b8DAbVgY2t\nsSQoorA9YqA0OfYvVjs/CyQVZzY0FvmIzPiZWG+lx+SYIKFmdi3g2b4Iw71+46Lr\nOp3AvgQPGtiEHN474mf2b+5IgD7uML/uI+DryAaL9u8Y9QyItC359WnLGbO5zSje\ngJ9VjIUqQ05OPODYapWxi3tGdGKi9elRS0xHTc68GJfFvFvGYy0ahwpJy+KGbSTE\nDS3Dj4n4VsE7/DuAyNBblHhu4eQJnXp0joJw7O5wSm+1vqeLRFpG8jETweo80h96\niiz7HCTRPmlyPIVWkdsaQs3VoGRytWaN+fdMGKu54t6WsjBn7427MtabT49CWACA\npW80lYs5aoDKxMtYxUkAAAADAQABAAACAE3n6uFJHDHA4kfYhj8hfb4pb5zbYxHU\nU0D5cvGZtWkcnKnAK1jvH8R3AM8nh8Vm3lUXuOmP80wsGzTM0wr0gUSBGZOp4K2a\nm2JpHv89gPajEYegR5Ul7OT3sMuP9nFkZ1PWWWblD3XdutsHoyNGGd63nEZL+qck\nFHfUPGnwVkDtj7eOiUy14HbAlPJ+SVHE2oHAtIXjB21OeHfhTMyn9cqX9vO+SNdh\nT1ZqWa60dAtV7OJC4NdHq3QzszC48NTMpxm2fyyCDkzrN0MHvIct+AxRCCVsLnqU\nXnOZrXplWmj7I1g02lwFOL9KccX0B/VQLUTdZFvWXSPq0zBM+Za5JqO3HiK0kRa9\nSV1o65vCo4uatR6yKKaJeXVZMxa6KPk5uGaFIYuAEYFFKu4GQY87O7SwKyQIZjZm\nIu09Ftw91K78GUKSIsDCTgBg4Hju1XqyltEkT639aHjtwPDee4gGSw6eU3wzxatR\nV0pi9lFSu/smbW8Lg8YbwJkPbnyn/ELQEBEjLPHWtVDGb9L49iUQ0xOWTaPru2BG\nGRqYk33dpjpg3hwTsjd77kOJe7ksoh37lCkdVOVDQRbZdpOFD4Fqm5oUKZdqUqLy\n/KamJr8SEhsF3C2toYCI5oilKA3M23cdkW8HKyXaHDQz7YFU7QrlQSooOfh0bJAa\ng0SHCs78N7OBAAABAHhnExHc8xoWv7v6lS/8S7qoBWf2zECNaM4Z8ybYENOyE1G6\nrtL9kSf7dNjjPh0zlwqGE6FPXvRDZ6izhsBwQKMaLizuJxk70ZL/KOs6UTga498w\njWn9gSzOrA36BPmHPrwQAe6ABI3gnedD0QyJq2rTjJxkTasc/Qs5F1UHf3/05Neh\nDfYaKklzPr7uKazOLhTdWk6SOKF6vBtg3O1E7qdzQzFVN3pKc6f0YbpxCsWECw5N\nwgwiyTG04XAoLpJGFAZKviEpTg1jPR12+niHgcI0fnwed3zdlhYZjbSwuFcLpOdV\njU/dWyG917g72rue4ejd8kwWsJhCIX6Sj4stB/AAAAEBAMy414oKMrdg0HttLEmC\nspkEnmCvLoqJYYf9KFMuzm1xdbBE+mLlHOWKsQCtnvvSMf4kyFvmqJpFeamMLe6M\nZyOjMIxaelExwNSuhDdZmcH07EffXqpg2axBQNklia41hNSxbJKCaiSnn12K7U5x\nfkt8T7+0nMnSXkRcwujRzIohhLyd+bFHxHzMhJfttiDmexnOgtd+xQIsPUw9AadJ\n9BywRaQUJejBk0+S8wQjKQvyanrsCmFwSFtOtpwY7lB4rd8sPZcIrZVYY0qVgKwc\nz1+i5wC5olbimk9sG3BjLPunjy61fCEvVONfEIAFBV/K6MpsmK6meMS1NyS4o4/m\n4ZEAAAEBAMiqbQHj1ffpTVcERzGHFiR8wtAqYKiDSOO087RLsAU7kZINYqggD8r8\ncc3UXnK4NVmP+zIvMB16AuTlZpU9p/K6hVTWGFySZCopWIZuRnAGuwE0d75Vyycy\nZXH2zJG3xQn3hRID9O7bAP+mgwik0FnQAKzlLYIOFN09nz5Ru+eb5T9iQ0rXpSbR\nU0M5p+eFNpud2FcQGQYHMyqmb9tEjJGM1o8sJXzdTjsTaCxL5L9BzkZwUwU+YMBy\n3sYsQ/ZZ/Cr4cYy//02eYq5un0+Qobos3UFK1b9MfaPysBHtPdho7eycEEX3OlA7\nFko1lAFUiRmkhs6YZBYvXwXa5tmhzDkAAAAAAQID\n-----END OPENSSH PRIVATE KEY-----\n",
            "private_key_pem": "-----BEGIN RSA PRIVATE KEY-----\nMIIJKAIBAAKCAgEAoHiyTzBUBf6yYs+/sYh91jwNupZIaGZzV43oKPm9g6xV809h\n/DTBW8Ve88flAUzxH2NP3fTKcE0sH6MdlVrAtctpcvsu5WLWTkJ0jrVHP6LcVm3B\n4VMbjHbF+WRsHfx7TI4ifsbV/8zlxJ/X7A5Mhi/uFr11hWJ41ZQ70MKFn00wyr7X\nnGp5a13KOqY2iUxuaYqQB0UeJq81SqQYijyS8NTQOn0GDlK4ApabJtbVpvJMpdeu\np/Ti5YOF9iL7AFeB9D/keYEziuT5kr5AogjcSTo3dO9y1K3VmOZA3he+AmDDk8RB\nPn1xiponcduI5cuTrUa1zS/r//ewd1b8DAbVgY2tsSQoorA9YqA0OfYvVjs/CyQV\nZzY0FvmIzPiZWG+lx+SYIKFmdi3g2b4Iw71+46LrOp3AvgQPGtiEHN474mf2b+5I\ngD7uML/uI+DryAaL9u8Y9QyItC359WnLGbO5zSjegJ9VjIUqQ05OPODYapWxi3tG\ndGKi9elRS0xHTc68GJfFvFvGYy0ahwpJy+KGbSTEDS3Dj4n4VsE7/DuAyNBblHhu\n4eQJnXp0joJw7O5wSm+1vqeLRFpG8jETweo80h96iiz7HCTRPmlyPIVWkdsaQs3V\noGRytWaN+fdMGKu54t6WsjBn7427MtabT49CWACApW80lYs5aoDKxMtYxUkCAwEA\nAQKCAgBN5+rhSRwxwOJH2IY/IX2+KW+c22MR1FNA+XLxmbVpHJypwCtY7x/EdwDP\nJ4fFZt5VF7jpj/NMLBs0zNMK9IFEgRmTqeCtmptiaR7/PYD2oxGHoEeVJezk97DL\nj/ZxZGdT1llm5Q913brbB6MjRhnet5xGS/qnJBR31Dxp8FZA7Y+3jolMteB2wJTy\nfklRxNqBwLSF4wdtTnh34UzMp/XKl/bzvkjXYU9WalmutHQLVeziQuDXR6t0M7Mw\nuPDUzKcZtn8sgg5M6zdDB7yHLfgMUQglbC56lF5zma16ZVpo+yNYNNpcBTi/SnHF\n9Af1UC1E3WRb1l0j6tMwTPmWuSajtx4itJEWvUldaOubwqOLmrUesiimiXl1WTMW\nuij5ObhmhSGLgBGBRSruBkGPOzu0sCskCGY2ZiLtPRbcPdSu/BlCkiLAwk4AYOB4\n7tV6spbRJE+t/Wh47cDw3nuIBksOnlN8M8WrUVdKYvZRUrv7Jm1vC4PGG8CZD258\np/xC0BARIyzx1rVQxm/S+PYlENMTlk2j67tgRhkamJN93aY6YN4cE7I3e+5DiXu5\nLKId+5QpHVTlQ0EW2XaThQ+BapuaFCmXalKi8vympia/EhIbBdwtraGAiOaIpSgN\nzNt3HZFvBysl2hw0M+2BVO0K5UEqKDn4dGyQGoNEhwrO/DezgQKCAQEAzLjXigoy\nt2DQe20sSYKymQSeYK8uiolhh/0oUy7ObXF1sET6YuUc5YqxAK2e+9Ix/iTIW+ao\nmkV5qYwt7oxnI6MwjFp6UTHA1K6EN1mZwfTsR99eqmDZrEFA2SWJrjWE1LFskoJq\nJKefXYrtTnF+S3xPv7ScydJeRFzC6NHMiiGEvJ35sUfEfMyEl+22IOZ7Gc6C137F\nAiw9TD0Bp0n0HLBFpBQl6MGTT5LzBCMpC/JqeuwKYXBIW062nBjuUHit3yw9lwit\nlVhjSpWArBzPX6LnALmiVuKaT2wbcGMs+6ePLrV8IS9U418QgAUFX8roymyYrqZ4\nxLU3JLijj+bhkQKCAQEAyKptAePV9+lNVwRHMYcWJHzC0CpgqINI47TztEuwBTuR\nkg1iqCAPyvxxzdRecrg1WY/7Mi8wHXoC5OVmlT2n8rqFVNYYXJJkKilYhm5GcAa7\nATR3vlXLJzJlcfbMkbfFCfeFEgP07tsA/6aDCKTQWdAArOUtgg4U3T2fPlG755vl\nP2JDStelJtFTQzmn54U2m53YVxAZBgczKqZv20SMkYzWjywlfN1OOxNoLEvkv0HO\nRnBTBT5gwHLexixD9ln8KvhxjL//TZ5irm6fT5ChuizdQUrVv0x9o/KwEe092Gjt\n7JwQRfc6UDsWSjWUAVSJGaSGzphkFi9fBdrm2aHMOQKCAQBSq54Wl1GtrcHi5c5J\njSbUFgJi5rszpJCnGrsLBE7F8VhmKyS1hPHrW9toe7RE2rfnejESs42IZt/fcMUn\nnLkVshOryem1GhNVj3fC5kLqCR7VU0VmJiAgqGUoizkTCXevcEp4y4NTdAEuBCka\nUUh/8R4/Ow9JjNMWZiMrY3Vmnmx8woqPZXzaLLiqpYqztH8nh7ZckUu7OeQzAjvF\ns16Jq0EkJiK84Fa9foj2NcCgm28WXnU+rdn6TUn+tS6ffmwwQCxK7m0ybvQBrWe9\nmRDA/Qaty0jcLzvDMNPPyazjnuF6Kj2LJRLxknUWTXDDIyxoefwaIw2H2en/wTQD\nq2eRAoIBAQDA5dPUNUjDAKswMxSdL9bBTI2ZvqMcWtf+zTxY3UlgPls5o1Rreia0\nYuijjLseXKYsapR3MZV3QIr3ru5mGNcSJut1GjphAvj27rgCwo9DsbSi++UAO0kH\nbRLH8w/EJHxtkFuDbfpOgoj7OP5NmOIQ9Dsx+T0+AHteEpa6OagAhYRi4fr+Pz6r\nih4YSZx2m0BbZ+lICFmFyfYN0eFFTygx4sl+6FlBJxzE/Wru6iYDFSdN3zxvlf88\nATDWIEdU0jvustW1D/xEiTUjqYPL4KUXa3lmAqJnOwisSeen0//XwUa2ZW/fUkHk\nTmim/cpBXRpOZDKS9zt/eBpIbp3sJ/VBAoIBAHhnExHc8xoWv7v6lS/8S7qoBWf2\nzECNaM4Z8ybYENOyE1G6rtL9kSf7dNjjPh0zlwqGE6FPXvRDZ6izhsBwQKMaLizu\nJxk70ZL/KOs6UTga498wjWn9gSzOrA36BPmHPrwQAe6ABI3gnedD0QyJq2rTjJxk\nTasc/Qs5F1UHf3/05NehDfYaKklzPr7uKazOLhTdWk6SOKF6vBtg3O1E7qdzQzFV\nN3pKc6f0YbpxCsWECw5NwgwiyTG04XAoLpJGFAZKviEpTg1jPR12+niHgcI0fnwe\nd3zdlhYZjbSwuFcLpOdVjU/dWyG917g72rue4ejd8kwWsJhCIX6Sj4stB/A=\n-----END RSA PRIVATE KEY-----\n",
            "private_key_pem_pkcs8": "-----BEGIN PRIVATE KEY-----\nMIIJQgIBADANBgkqhkiG9w0BAQEFAASCCSwwggkoAgEAAoICAQCgeLJPMFQF/rJi\nz7+xiH3WPA26lkhoZnNXjego+b2DrFXzT2H8NMFbxV7zx+UBTPEfY0/d9MpwTSwf\nox2VWsC1y2ly+y7lYtZOQnSOtUc/otxWbcHhUxuMdsX5ZGwd/HtMjiJ+xtX/zOXE\nn9fsDkyGL+4WvXWFYnjVlDvQwoWfTTDKvtecanlrXco6pjaJTG5pipAHRR4mrzVK\npBiKPJLw1NA6fQYOUrgClpsm1tWm8kyl166n9OLlg4X2IvsAV4H0P+R5gTOK5PmS\nvkCiCNxJOjd073LUrdWY5kDeF74CYMOTxEE+fXGKmidx24jly5OtRrXNL+v/97B3\nVvwMBtWBja2xJCiisD1ioDQ59i9WOz8LJBVnNjQW+YjM+JlYb6XH5JggoWZ2LeDZ\nvgjDvX7jous6ncC+BA8a2IQc3jviZ/Zv7kiAPu4wv+4j4OvIBov27xj1DIi0Lfn1\nacsZs7nNKN6An1WMhSpDTk484NhqlbGLe0Z0YqL16VFLTEdNzrwYl8W8W8ZjLRqH\nCknL4oZtJMQNLcOPifhWwTv8O4DI0FuUeG7h5AmdenSOgnDs7nBKb7W+p4tEWkby\nMRPB6jzSH3qKLPscJNE+aXI8hVaR2xpCzdWgZHK1Zo3590wYq7ni3payMGfvjbsy\n1ptPj0JYAIClbzSVizlqgMrEy1jFSQIDAQABAoICAE3n6uFJHDHA4kfYhj8hfb4p\nb5zbYxHUU0D5cvGZtWkcnKnAK1jvH8R3AM8nh8Vm3lUXuOmP80wsGzTM0wr0gUSB\nGZOp4K2am2JpHv89gPajEYegR5Ul7OT3sMuP9nFkZ1PWWWblD3XdutsHoyNGGd63\nnEZL+qckFHfUPGnwVkDtj7eOiUy14HbAlPJ+SVHE2oHAtIXjB21OeHfhTMyn9cqX\n9vO+SNdhT1ZqWa60dAtV7OJC4NdHq3QzszC48NTMpxm2fyyCDkzrN0MHvIct+AxR\nCCVsLnqUXnOZrXplWmj7I1g02lwFOL9KccX0B/VQLUTdZFvWXSPq0zBM+Za5JqO3\nHiK0kRa9SV1o65vCo4uatR6yKKaJeXVZMxa6KPk5uGaFIYuAEYFFKu4GQY87O7Sw\nKyQIZjZmIu09Ftw91K78GUKSIsDCTgBg4Hju1XqyltEkT639aHjtwPDee4gGSw6e\nU3wzxatRV0pi9lFSu/smbW8Lg8YbwJkPbnyn/ELQEBEjLPHWtVDGb9L49iUQ0xOW\nTaPru2BGGRqYk33dpjpg3hwTsjd77kOJe7ksoh37lCkdVOVDQRbZdpOFD4Fqm5oU\nKZdqUqLy/KamJr8SEhsF3C2toYCI5oilKA3M23cdkW8HKyXaHDQz7YFU7QrlQSoo\nOfh0bJAag0SHCs78N7OBAoIBAQDMuNeKCjK3YNB7bSxJgrKZBJ5gry6KiWGH/ShT\nLs5tcXWwRPpi5RzlirEArZ770jH+JMhb5qiaRXmpjC3ujGcjozCMWnpRMcDUroQ3\nWZnB9OxH316qYNmsQUDZJYmuNYTUsWySgmokp59diu1OcX5LfE+/tJzJ0l5EXMLo\n0cyKIYS8nfmxR8R8zISX7bYg5nsZzoLXfsUCLD1MPQGnSfQcsEWkFCXowZNPkvME\nIykL8mp67AphcEhbTracGO5QeK3fLD2XCK2VWGNKlYCsHM9foucAuaJW4ppPbBtw\nYyz7p48utXwhL1TjXxCABQVfyujKbJiupnjEtTckuKOP5uGRAoIBAQDIqm0B49X3\n6U1XBEcxhxYkfMLQKmCog0jjtPO0S7AFO5GSDWKoIA/K/HHN1F5yuDVZj/syLzAd\negLk5WaVPafyuoVU1hhckmQqKViGbkZwBrsBNHe+VcsnMmVx9syRt8UJ94USA/Tu\n2wD/poMIpNBZ0ACs5S2CDhTdPZ8+Ubvnm+U/YkNK16Um0VNDOafnhTabndhXEBkG\nBzMqpm/bRIyRjNaPLCV83U47E2gsS+S/Qc5GcFMFPmDAct7GLEP2Wfwq+HGMv/9N\nnmKubp9PkKG6LN1BStW/TH2j8rAR7T3YaO3snBBF9zpQOxZKNZQBVIkZpIbOmGQW\nL18F2ubZocw5AoIBAFKrnhaXUa2tweLlzkmNJtQWAmLmuzOkkKcauwsETsXxWGYr\nJLWE8etb22h7tETat+d6MRKzjYhm399wxSecuRWyE6vJ6bUaE1WPd8LmQuoJHtVT\nRWYmICCoZSiLORMJd69wSnjLg1N0AS4EKRpRSH/xHj87D0mM0xZmIytjdWaebHzC\nio9lfNosuKqlirO0fyeHtlyRS7s55DMCO8WzXomrQSQmIrzgVr1+iPY1wKCbbxZe\ndT6t2fpNSf61Lp9+bDBALErubTJu9AGtZ72ZEMD9Bq3LSNwvO8Mw08/JrOOe4Xoq\nPYslEvGSdRZNcMMjLGh5/BojDYfZ6f/BNAOrZ5ECggEBAMDl09Q1SMMAqzAzFJ0v\n1sFMjZm+oxxa1/7NPFjdSWA+WzmjVGt6JrRi6KOMux5cpixqlHcxlXdAiveu7mYY\n1xIm63UaOmEC+PbuuALCj0OxtKL75QA7SQdtEsfzD8QkfG2QW4Nt+k6CiPs4/k2Y\n4hD0OzH5PT4Ae14Slro5qACFhGLh+v4/PquKHhhJnHabQFtn6UgIWYXJ9g3R4UVP\nKDHiyX7oWUEnHMT9au7qJgMVJ03fPG+V/zwBMNYgR1TSO+6y1bUP/ESJNSOpg8vg\npRdreWYComc7CKxJ56fT/9fBRrZlb99SQeROaKb9ykFdGk5kMpL3O394Gkhunewn\n9UECggEAeGcTEdzzGha/u/qVL/xLuqgFZ/bMQI1ozhnzJtgQ07ITUbqu0v2RJ/t0\n2OM+HTOXCoYToU9e9ENnqLOGwHBAoxouLO4nGTvRkv8o6zpROBrj3zCNaf2BLM6s\nDfoE+Yc+vBAB7oAEjeCd50PRDImratOMnGRNqxz9CzkXVQd/f/Tk16EN9hoqSXM+\nvu4prM4uFN1aTpI4oXq8G2Dc7UTup3NDMVU3ekpzp/RhunEKxYQLDk3CDCLJMbTh\ncCgukkYUBkq+ISlODWM9HXb6eIeBwjR+fB53fN2WFhmNtLC4Vwuk51WNT91bIb3X\nuDvau57h6N3yTBawmEIhfpKPiy0H8A==\n-----END PRIVATE KEY-----\n",
            "public_key_fingerprint_md5": "42:21:22:58:c7:9d:59:7e:e8:a1:45:28:6c:f5:e7:77",
            "public_key_fingerprint_sha256": "SHA256:5D+5yz3gW/SrS8H8ZQpqXbl1vbcPFzpiEuOooHjfvGo",
            "public_key_openssh": "ssh-rsa AAAAB3NzaC1yc2EAAAADAQABAAACAQCgeLJPMFQF/rJiz7+xiH3WPA26lkhoZnNXjego+b2DrFXzT2H8NMFbxV7zx+UBTPEfY0/d9MpwTSwfox2VWsC1y2ly+y7lYtZOQnSOtUc/otxWbcHhUxuMdsX5ZGwd/HtMjiJ+xtX/zOXEn9fsDkyGL+4WvXWFYnjVlDvQwoWfTTDKvtecanlrXco6pjaJTG5pipAHRR4mrzVKpBiKPJLw1NA6fQYOUrgClpsm1tWm8kyl166n9OLlg4X2IvsAV4H0P+R5gTOK5PmSvkCiCNxJOjd073LUrdWY5kDeF74CYMOTxEE+fXGKmidx24jly5OtRrXNL+v/97B3VvwMBtWBja2xJCiisD1ioDQ59i9WOz8LJBVnNjQW+YjM+JlYb6XH5JggoWZ2LeDZvgjDvX7jous6ncC+BA8a2IQc3jviZ/Zv7kiAPu4wv+4j4OvIBov27xj1DIi0Lfn1acsZs7nNKN6An1WMhSpDTk484NhqlbGLe0Z0YqL16VFLTEdNzrwYl8W8W8ZjLRqHCknL4oZtJMQNLcOPifhWwTv8O4DI0FuUeG7h5AmdenSOgnDs7nBKb7W+p4tEWkbyMRPB6jzSH3qKLPscJNE+aXI8hVaR2xpCzdWgZHK1Zo3590wYq7ni3payMGfvjbsy1ptPj0JYAIClbzSVizlqgMrEy1jFSQ==\n",
            "public_key_pem": "-----BEGIN PUBLIC KEY-----\nMIICIjANBgkqhkiG9w0BAQEFAAOCAg8AMIICCgKCAgEAoHiyTzBUBf6yYs+/sYh9\n1jwNupZIaGZzV43oKPm9g6xV809h/DTBW8Ve88flAUzxH2NP3fTKcE0sH6MdlVrA\ntctpcvsu5WLWTkJ0jrVHP6LcVm3B4VMbjHbF+WRsHfx7TI4ifsbV/8zlxJ/X7A5M\nhi/uFr11hWJ41ZQ70MKFn00wyr7XnGp5a13KOqY2iUxuaYqQB0UeJq81SqQYijyS\n8NTQOn0GDlK4ApabJtbVpvJMpdeup/Ti5YOF9iL7AFeB9D/keYEziuT5kr5Aogjc\nSTo3dO9y1K3VmOZA3he+AmDDk8RBPn1xiponcduI5cuTrUa1zS/r//ewd1b8DAbV\ngY2tsSQoorA9YqA0OfYvVjs/CyQVZzY0FvmIzPiZWG+lx+SYIKFmdi3g2b4Iw71+\n46LrOp3AvgQPGtiEHN474mf2b+5IgD7uML/uI+DryAaL9u8Y9QyItC359WnLGbO5\nzSjegJ9VjIUqQ05OPODYapWxi3tGdGKi9elRS0xHTc68GJfFvFvGYy0ahwpJy+KG\nbSTEDS3Dj4n4VsE7/DuAyNBblHhu4eQJnXp0joJw7O5wSm+1vqeLRFpG8jETweo8\n0h96iiz7HCTRPmlyPIVWkdsaQs3VoGRytWaN+fdMGKu54t6WsjBn7427MtabT49C\nWACApW80lYs5aoDKxMtYxUkCAwEAAQ==\n-----END PUBLIC KEY-----\n",
            "rsa_bits": 4096
          },
          "sensitive_attributes": [
            [
              {
                "type": "get_attr",
                "value": "private_key_pem"
              }
            ],
            [
              {
                "type": "get_attr",
                "value": "private_key_openssh"
              }
            ],
            [
              {
                "type": "get_attr",
                "value": "private_key_pem_pkcs8"
              }
            ]
          ]
        }
      ]
    }
  ],
  "check_results": null
}
