{
  "version": 4,
  "terraform_version": "1.9.6",
  "serial": 30,
  "lineage": "7347a322-d7dc-27ba-7797-9debe03597ba",
  "outputs": {
    "private-subnet-id": {
      "value": "subnet-0a6da36d1eec81eca",
      "type": "string"
    },
    "public-subnet-id": {
      "value": "subnet-0eea85d7626b7acfb",
      "type": "string"
    },
    "vpc_id": {
      "value": "vpc-01913a357672e1261",
      "type": "string"
    }
  },
  "resources": [
    {
      "mode": "data",
      "type": "aws_ami",
      "name": "amzn_linux_2023_latest",
      "provider": "provider[\"registry.terraform.io/hashicorp/aws\"]",
      "instances": [
        {
          "schema_version": 0,
          "attributes": {
            "architecture": "x86_64",
            "arn": "arn:aws:ec2:us-east-1::image/ami-06b21ccaeff8cd686",
            "block_device_mappings": [
              {
                "device_name": "/dev/xvda",
                "ebs": {
                  "delete_on_termination": "true",
                  "encrypted": "false",
                  "iops": "3000",
                  "snapshot_id": "snap-0bc7570a5fd2d61bc",
                  "throughput": "125",
                  "volume_size": "8",
                  "volume_type": "gp3"
                },
                "no_device": "",
                "virtual_name": ""
              }
            ],
            "boot_mode": "uefi-preferred",
            "creation_date": "2024-10-11T16:52:35.000Z",
            "deprecation_time": "2025-01-09T16:53:00.000Z",
            "description": "Amazon Linux 2023 AMI 2023.6.20241010.0 x86_64 HVM kernel-6.1",
            "ena_support": true,
            "executable_users": null,
            "filter": [
              {
                "name": "architecture",
                "values": [
                  "x86_64"
                ]
              },
              {
                "name": "name",
                "values": [
                  "al2023-ami-2023*"
                ]
              },
              {
                "name": "root-device-type",
                "values": [
                  "ebs"
                ]
              },
              {
                "name": "virtualization-type",
                "values": [
                  "hvm"
                ]
              }
            ],
            "hypervisor": "xen",
            "id": "ami-06b21ccaeff8cd686",
            "image_id": "ami-06b21ccaeff8cd686",
            "image_location": "amazon/al2023-ami-2023.6.20241010.0-kernel-6.1-x86_64",
            "image_owner_alias": "amazon",
            "image_type": "machine",
            "imds_support": "v2.0",
            "include_deprecated": false,
            "kernel_id": "",
            "most_recent": true,
            "name": "al2023-ami-2023.6.20241010.0-kernel-6.1-x86_64",
            "name_regex": null,
            "owner_id": "137112412989",
            "owners": [
              "amazon"
            ],
            "platform": "",
            "platform_details": "Linux/UNIX",
            "product_codes": [],
            "public": true,
            "ramdisk_id": "",
            "root_device_name": "/dev/xvda",
            "root_device_type": "ebs",
            "root_snapshot_id": "snap-0bc7570a5fd2d61bc",
            "sriov_net_support": "simple",
            "state": "available",
            "state_reason": {
              "code": "UNSET",
              "message": "UNSET"
            },
            "tags": {},
            "timeouts": null,
            "tpm_support": "",
            "usage_operation": "RunInstances",
            "virtualization_type": "hvm"
          },
          "sensitive_attributes": []
        }
      ]
    },
    {
      "mode": "managed",
      "type": "aws_eip",
      "name": "dpt12-eip",
      "provider": "provider[\"registry.terraform.io/hashicorp/aws\"]",
      "instances": [
        {
          "schema_version": 0,
          "attributes": {
            "address": null,
            "allocation_id": "eipalloc-0f982b93851e10403",
            "arn": "arn:aws:ec2:us-east-1:337636137060:elastic-ip/eipalloc-0f982b93851e10403",
            "associate_with_private_ip": null,
            "association_id": "eipassoc-0b076000a4970e6aa",
            "carrier_ip": "",
            "customer_owned_ip": "",
            "customer_owned_ipv4_pool": "",
            "domain": "vpc",
            "id": "eipalloc-0f982b93851e10403",
            "instance": "",
            "ipam_pool_id": null,
            "network_border_group": "us-east-1",
            "network_interface": "eni-00c9d80c2fd7ca899",
            "private_dns": "ip-192-168-1-207.ec2.internal",
            "private_ip": "192.168.1.207",
            "ptr_record": "",
            "public_dns": "ec2-44-195-76-122.compute-1.amazonaws.com",
            "public_ip": "44.195.76.122",
            "public_ipv4_pool": "amazon",
            "tags": {},
            "tags_all": {},
            "timeouts": null,
            "vpc": true
          },
          "sensitive_attributes": [],
          "private": "eyJlMmJmYjczMC1lY2FhLTExZTYtOGY4OC0zNDM2M2JjN2M0YzAiOnsiZGVsZXRlIjoxODAwMDAwMDAwMDAsInJlYWQiOjkwMDAwMDAwMDAwMCwidXBkYXRlIjozMDAwMDAwMDAwMDB9fQ=="
        }
      ]
    },
    {
      "mode": "managed",
      "type": "aws_instance",
      "name": "AWSB56-ublic-Linux",
      "provider": "provider[\"registry.terraform.io/hashicorp/aws\"]",
      "instances": [
        {
          "schema_version": 1,
          "attributes": {
            "ami": "ami-06b21ccaeff8cd686",
            "arn": "arn:aws:ec2:us-east-1:337636137060:instance/i-00700c28bb82df18d",
            "associate_public_ip_address": true,
            "availability_zone": "us-east-1a",
            "capacity_reservation_specification": [
              {
                "capacity_reservation_preference": "open",
                "capacity_reservation_target": []
              }
            ],
            "cpu_core_count": 1,
            "cpu_options": [
              {
                "amd_sev_snp": "",
                "core_count": 1,
                "threads_per_core": 1
              }
            ],
            "cpu_threads_per_core": 1,
            "credit_specification": [
              {
                "cpu_credits": "standard"
              }
            ],
            "disable_api_stop": false,
            "disable_api_termination": false,
            "ebs_block_device": [],
            "ebs_optimized": false,
            "enclave_options": [
              {
                "enabled": false
              }
            ],
            "ephemeral_block_device": [],
            "get_password_data": false,
            "hibernation": false,
            "host_id": "",
            "host_resource_group_arn": null,
            "iam_instance_profile": "",
            "id": "i-00700c28bb82df18d",
            "instance_initiated_shutdown_behavior": "stop",
            "instance_lifecycle": "",
            "instance_market_options": [],
            "instance_state": "running",
            "instance_type": "t2.micro",
            "ipv6_address_count": 0,
            "ipv6_addresses": [],
            "key_name": "AWSB56Key-kp",
            "launch_template": [],
            "maintenance_options": [
              {
                "auto_recovery": "default"
              }
            ],
            "metadata_options": [
              {
                "http_endpoint": "enabled",
                "http_protocol_ipv6": "disabled",
                "http_put_response_hop_limit": 2,
                "http_tokens": "required",
                "instance_metadata_tags": "disabled"
              }
            ],
            "monitoring": false,
            "network_interface": [],
            "outpost_arn": "",
            "password_data": "",
            "placement_group": "",
            "placement_partition_number": 0,
            "primary_network_interface_id": "eni-04a9687f97de277b5",
            "private_dns": "ip-192-168-1-238.ec2.internal",
            "private_dns_name_options": [
              {
                "enable_resource_name_dns_a_record": false,
                "enable_resource_name_dns_aaaa_record": false,
                "hostname_type": "ip-name"
              }
            ],
            "private_ip": "192.168.1.238",
            "public_dns": "ec2-34-201-140-149.compute-1.amazonaws.com",
            "public_ip": "34.201.140.149",
            "root_block_device": [
              {
                "delete_on_termination": true,
                "device_name": "/dev/xvda",
                "encrypted": false,
                "iops": 3000,
                "kms_key_id": "",
                "tags": {},
                "tags_all": {},
                "throughput": 125,
                "volume_id": "vol-0f5fcf950694237cc",
                "volume_size": 8,
                "volume_type": "gp3"
              }
            ],
            "secondary_private_ips": [],
            "security_groups": [],
            "source_dest_check": true,
            "spot_instance_request_id": "",
            "subnet_id": "subnet-0eea85d7626b7acfb",
            "tags": {
              "Name": "DPT12_EC2_public"
            },
            "tags_all": {
              "Name": "DPT12_EC2_public"
            },
            "tenancy": "default",
            "timeouts": null,
            "user_data": "e32b703a09f48808d10844277e594259112d9895",
            "user_data_base64": null,
            "user_data_replace_on_change": false,
            "volume_tags": null,
            "vpc_security_group_ids": [
              "sg-0639731139300b004"
            ]
          },
          "sensitive_attributes": [],
          "private": "eyJlMmJmYjczMC1lY2FhLTExZTYtOGY4OC0zNDM2M2JjN2M0YzAiOnsiY3JlYXRlIjo2MDAwMDAwMDAwMDAsImRlbGV0ZSI6MTIwMDAwMDAwMDAwMCwicmVhZCI6OTAwMDAwMDAwMDAwLCJ1cGRhdGUiOjYwMDAwMDAwMDAwMH0sInNjaGVtYV92ZXJzaW9uIjoiMSJ9",
          "dependencies": [
            "aws_key_pair.AWSB56Key-kp",
            "aws_security_group.dpt12_sg",
            "aws_subnet.firewall-subnet",
            "aws_vpc.dpt12-vpc",
            "data.aws_ami.amzn_linux_2023_latest",
            "tls_private_key.AWSB56Key"
          ]
        }
      ]
    },
    {
      "mode": "managed",
      "type": "aws_internet_gateway",
      "name": "dpt12-igw",
      "provider": "provider[\"registry.terraform.io/hashicorp/aws\"]",
      "instances": [
        {
          "schema_version": 0,
          "attributes": {
            "arn": "arn:aws:ec2:us-east-1:337636137060:internet-gateway/igw-0bb76ec7609ee9b85",
            "id": "igw-0bb76ec7609ee9b85",
            "owner_id": "337636137060",
            "tags": {
              "name": "dpt12-internet gateway"
            },
            "tags_all": {
              "name": "dpt12-internet gateway"
            },
            "timeouts": null,
            "vpc_id": "vpc-01913a357672e1261"
          },
          "sensitive_attributes": [],
          "private": "eyJlMmJmYjczMC1lY2FhLTExZTYtOGY4OC0zNDM2M2JjN2M0YzAiOnsiY3JlYXRlIjoxMjAwMDAwMDAwMDAwLCJkZWxldGUiOjEyMDAwMDAwMDAwMDAsInVwZGF0ZSI6MTIwMDAwMDAwMDAwMH19",
          "dependencies": [
            "aws_vpc.dpt12-vpc"
          ]
        }
      ]
    },
    {
      "mode": "managed",
      "type": "aws_key_pair",
      "name": "AWSB56Key-kp",
      "provider": "provider[\"registry.terraform.io/hashicorp/aws\"]",
      "instances": [
        {
          "schema_version": 1,
          "attributes": {
            "arn": "arn:aws:ec2:us-east-1:337636137060:key-pair/AWSB56Key-kp",
            "fingerprint": "3e:07:b7:9a:41:8c:66:2c:a7:b2:bd:ce:35:fd:1a:6c",
            "id": "AWSB56Key-kp",
            "key_name": "AWSB56Key-kp",
            "key_name_prefix": "",
            "key_pair_id": "key-0f9f26a90d6bd01d2",
            "key_type": "rsa",
            "public_key": "ssh-rsa AAAAB3NzaC1yc2EAAAADAQABAAACAQDn/6jzy1GosC+xvmHojSsHpN57v3F9N6Wq0v6P3gH7NRqbqtDpxKYgFBDpZZF+VLsP6hoQFN216wUtrLD58HHv8UMMtt5eEMM6WURRmwdNPSXNkpuh5imhcxm9v0p/K74tZF1y0LtHK6eb3RO1SpfrRnNb4yKrX++p5pWLGXp30COvv2ejND+7eKEoO7Dd6pcQKeRQm3E7OLBZw8UShB16QBv2SD8+urCYF9iLkHuX/Vy1mLKAAF7fE/bqCI2VfIEJ679ZBqa3jiNPqoPln6J9sjRzWhz0aKCXHhOWTNZIIMJuHnwDh9c1Qw/kRPNLfNoB8tmnPCxyWJBPWiPghqR+oYpkhoqeOLaTsJb9B18tET8xagWgmfO9y21UYqRZjjldPTozMDUCh+NSo0xCiHJ3C/Prgfx5lGUQMBq8xu11b0qt+rnODHE3cIUXr787nhWiwphW6kT9repK79IX18jMqXJKgrbCOInFxpUQ4IP1PkP5P/DPuPuJkpPt3Cx17VdACs+boWSgGVpZJhU6Bw9is+X+1pfsJSS4eewpDpFtZhmmaDb8VLFcYIZIOU83jr3oPW+yVxdk64MVZ4FpewPKo9x+T2ROQjAwKpAFkOK8Qy0IYv88bNuMMeWDMjYVxnP2JtuZNTefTwEx56UlyQJR2SwZPTMdq36mdLILIWM2tQ==",
            "tags": {},
            "tags_all": {}
          },
          "sensitive_attributes": [],
          "private": "eyJzY2hlbWFfdmVyc2lvbiI6IjEifQ==",
          "dependencies": [
            "tls_private_key.AWSB56Key"
          ]
        }
      ]
    },
    {
      "mode": "managed",
      "type": "aws_nat_gateway",
      "name": "dpt12-ngw",
      "provider": "provider[\"registry.terraform.io/hashicorp/aws\"]",
      "instances": [
        {
          "schema_version": 0,
          "attributes": {
            "allocation_id": "eipalloc-0f982b93851e10403",
            "association_id": "eipassoc-0b076000a4970e6aa",
            "connectivity_type": "public",
            "id": "nat-068c5c0b1a6b59712",
            "network_interface_id": "eni-00c9d80c2fd7ca899",
            "private_ip": "192.168.1.207",
            "public_ip": "44.195.76.122",
            "secondary_allocation_ids": [],
            "secondary_private_ip_address_count": 0,
            "secondary_private_ip_addresses": [],
            "subnet_id": "subnet-0eea85d7626b7acfb",
            "tags": {
              "name": "dpt12 NAT Gateway"
            },
            "tags_all": {
              "name": "dpt12 NAT Gateway"
            },
            "timeouts": null
          },
          "sensitive_attributes": [],
          "private": "eyJlMmJmYjczMC1lY2FhLTExZTYtOGY4OC0zNDM2M2JjN2M0YzAiOnsiY3JlYXRlIjo2MDAwMDAwMDAwMDAsImRlbGV0ZSI6MTgwMDAwMDAwMDAwMCwidXBkYXRlIjo2MDAwMDAwMDAwMDB9fQ==",
          "dependencies": [
            "aws_eip.dpt12-eip",
            "aws_subnet.firewall-subnet",
            "aws_vpc.dpt12-vpc"
          ]
        }
      ]
    },
    {
      "mode": "managed",
      "type": "aws_route_table",
      "name": "private-rt",
      "provider": "provider[\"registry.terraform.io/hashicorp/aws\"]",
      "instances": [
        {
          "schema_version": 0,
          "attributes": {
            "arn": "arn:aws:ec2:us-east-1:337636137060:route-table/rtb-0b97c5e7c58e764c8",
            "id": "rtb-0b97c5e7c58e764c8",
            "owner_id": "337636137060",
            "propagating_vgws": [],
            "route": [
              {
                "carrier_gateway_id": "",
                "cidr_block": "0.0.0.0/0",
                "core_network_arn": "",
                "destination_prefix_list_id": "",
                "egress_only_gateway_id": "",
                "gateway_id": "nat-068c5c0b1a6b59712",
                "ipv6_cidr_block": "",
                "local_gateway_id": "",
                "nat_gateway_id": "",
                "network_interface_id": "",
                "transit_gateway_id": "",
                "vpc_endpoint_id": "",
                "vpc_peering_connection_id": ""
              }
            ],
            "tags": {
              "Name": "private RT"
            },
            "tags_all": {
              "Name": "private RT"
            },
            "timeouts": null,
            "vpc_id": "vpc-01913a357672e1261"
          },
          "sensitive_attributes": [],
          "private": "eyJlMmJmYjczMC1lY2FhLTExZTYtOGY4OC0zNDM2M2JjN2M0YzAiOnsiY3JlYXRlIjozMDAwMDAwMDAwMDAsImRlbGV0ZSI6MzAwMDAwMDAwMDAwLCJ1cGRhdGUiOjEyMDAwMDAwMDAwMH19",
          "dependencies": [
            "aws_eip.dpt12-eip",
            "aws_nat_gateway.dpt12-ngw",
            "aws_subnet.firewall-subnet",
            "aws_vpc.dpt12-vpc"
          ]
        }
      ]
    },
    {
      "mode": "managed",
      "type": "aws_route_table",
      "name": "public-rt",
      "provider": "provider[\"registry.terraform.io/hashicorp/aws\"]",
      "instances": [
        {
          "schema_version": 0,
          "attributes": {
            "arn": "arn:aws:ec2:us-east-1:337636137060:route-table/rtb-001ac25ec3e84857f",
            "id": "rtb-001ac25ec3e84857f",
            "owner_id": "337636137060",
            "propagating_vgws": [],
            "route": [
              {
                "carrier_gateway_id": "",
                "cidr_block": "0.0.0.0/0",
                "core_network_arn": "",
                "destination_prefix_list_id": "",
                "egress_only_gateway_id": "",
                "gateway_id": "igw-0bb76ec7609ee9b85",
                "ipv6_cidr_block": "",
                "local_gateway_id": "",
                "nat_gateway_id": "",
                "network_interface_id": "",
                "transit_gateway_id": "",
                "vpc_endpoint_id": "",
                "vpc_peering_connection_id": ""
              }
            ],
            "tags": {
              "Name": "public RT"
            },
            "tags_all": {
              "Name": "public RT"
            },
            "timeouts": null,
            "vpc_id": "vpc-01913a357672e1261"
          },
          "sensitive_attributes": [],
          "private": "eyJlMmJmYjczMC1lY2FhLTExZTYtOGY4OC0zNDM2M2JjN2M0YzAiOnsiY3JlYXRlIjozMDAwMDAwMDAwMDAsImRlbGV0ZSI6MzAwMDAwMDAwMDAwLCJ1cGRhdGUiOjEyMDAwMDAwMDAwMH19",
          "dependencies": [
            "aws_internet_gateway.dpt12-igw",
            "aws_vpc.dpt12-vpc"
          ]
        }
      ]
    },
    {
      "mode": "managed",
      "type": "aws_route_table_association",
      "name": "dpt12-public-rt-association",
      "provider": "provider[\"registry.terraform.io/hashicorp/aws\"]",
      "instances": [
        {
          "schema_version": 0,
          "attributes": {
            "gateway_id": "",
            "id": "rtbassoc-06b8a3a9ec433b617",
            "route_table_id": "rtb-001ac25ec3e84857f",
            "subnet_id": "subnet-0eea85d7626b7acfb",
            "timeouts": null
          },
          "sensitive_attributes": [],
          "private": "eyJlMmJmYjczMC1lY2FhLTExZTYtOGY4OC0zNDM2M2JjN2M0YzAiOnsiY3JlYXRlIjozMDAwMDAwMDAwMDAsImRlbGV0ZSI6MzAwMDAwMDAwMDAwLCJ1cGRhdGUiOjEyMDAwMDAwMDAwMH19",
          "dependencies": [
            "aws_internet_gateway.dpt12-igw",
            "aws_route_table.public-rt",
            "aws_subnet.firewall-subnet",
            "aws_vpc.dpt12-vpc"
          ]
        }
      ]
    },
    {
      "mode": "managed",
      "type": "aws_security_group",
      "name": "dpt12_sg",
      "provider": "provider[\"registry.terraform.io/hashicorp/aws\"]",
      "instances": [
        {
          "schema_version": 1,
          "attributes": {
            "arn": "arn:aws:ec2:us-east-1:337636137060:security-group/sg-0639731139300b004",
            "description": "dpt06-sg",
            "egress": [],
            "id": "sg-0639731139300b004",
            "ingress": [
              {
                "cidr_blocks": [
                  "0.0.0.0/0"
                ],
                "description": "Allow inbound HTTP access",
                "from_port": 80,
                "ipv6_cidr_blocks": [],
                "prefix_list_ids": [],
                "protocol": "tcp",
                "security_groups": [],
                "self": false,
                "to_port": 80
              },
              {
                "cidr_blocks": [
                  "0.0.0.0/0"
                ],
                "description": "Allow inbound HTTPs access",
                "from_port": 443,
                "ipv6_cidr_blocks": [],
                "prefix_list_ids": [],
                "protocol": "tcp",
                "security_groups": [],
                "self": false,
                "to_port": 443
              },
              {
                "cidr_blocks": [
                  "0.0.0.0/0"
                ],
                "description": "Allow inbound ICMP access",
                "from_port": -1,
                "ipv6_cidr_blocks": [],
                "prefix_list_ids": [],
                "protocol": "icmp",
                "security_groups": [],
                "self": false,
                "to_port": -1
              },
              {
                "cidr_blocks": [
                  "0.0.0.0/0"
                ],
                "description": "Allow inbound RDP access",
                "from_port": 3389,
                "ipv6_cidr_blocks": [],
                "prefix_list_ids": [],
                "protocol": "tcp",
                "security_groups": [],
                "self": false,
                "to_port": 3389
              },
              {
                "cidr_blocks": [
                  "0.0.0.0/0"
                ],
                "description": "Allow inbound SSH access",
                "from_port": 22,
                "ipv6_cidr_blocks": [],
                "prefix_list_ids": [],
                "protocol": "tcp",
                "security_groups": [],
                "self": false,
                "to_port": 22
              }
            ],
            "name": "dpt06-sg",
            "name_prefix": "",
            "owner_id": "337636137060",
            "revoke_rules_on_delete": false,
            "tags": {
              "Name": "DPT12-SG"
            },
            "tags_all": {
              "Name": "DPT12-SG"
            },
            "timeouts": null,
            "vpc_id": "vpc-01913a357672e1261"
          },
          "sensitive_attributes": [],
          "private": "eyJlMmJmYjczMC1lY2FhLTExZTYtOGY4OC0zNDM2M2JjN2M0YzAiOnsiY3JlYXRlIjo2MDAwMDAwMDAwMDAsImRlbGV0ZSI6OTAwMDAwMDAwMDAwfSwic2NoZW1hX3ZlcnNpb24iOiIxIn0=",
          "dependencies": [
            "aws_vpc.dpt12-vpc"
          ]
        }
      ]
    },
    {
      "mode": "managed",
      "type": "aws_security_group_rule",
      "name": "dpt12_sg_rule1",
      "provider": "provider[\"registry.terraform.io/hashicorp/aws\"]",
      "instances": [
        {
          "schema_version": 2,
          "attributes": {
            "cidr_blocks": [
              "0.0.0.0/0"
            ],
            "description": "Allow inbound SSH access",
            "from_port": 22,
            "id": "sgrule-357903287",
            "ipv6_cidr_blocks": null,
            "prefix_list_ids": null,
            "protocol": "tcp",
            "security_group_id": "sg-0639731139300b004",
            "security_group_rule_id": "sgr-09523c5147e6b344a",
            "self": false,
            "source_security_group_id": null,
            "timeouts": null,
            "to_port": 22,
            "type": "ingress"
          },
          "sensitive_attributes": [],
          "private": "eyJlMmJmYjczMC1lY2FhLTExZTYtOGY4OC0zNDM2M2JjN2M0YzAiOnsiY3JlYXRlIjozMDAwMDAwMDAwMDB9LCJzY2hlbWFfdmVyc2lvbiI6IjIifQ==",
          "dependencies": [
            "aws_security_group.dpt12_sg",
            "aws_vpc.dpt12-vpc"
          ]
        }
      ]
    },
    {
      "mode": "managed",
      "type": "aws_security_group_rule",
      "name": "dpt12_sg_rule2",
      "provider": "provider[\"registry.terraform.io/hashicorp/aws\"]",
      "instances": [
        {
          "schema_version": 2,
          "attributes": {
            "cidr_blocks": [
              "0.0.0.0/0"
            ],
            "description": "Allow inbound HTTP access",
            "from_port": 80,
            "id": "sgrule-1545636348",
            "ipv6_cidr_blocks": null,
            "prefix_list_ids": null,
            "protocol": "tcp",
            "security_group_id": "sg-0639731139300b004",
            "security_group_rule_id": "sgr-023e329f33f98101a",
            "self": false,
            "source_security_group_id": null,
            "timeouts": null,
            "to_port": 80,
            "type": "ingress"
          },
          "sensitive_attributes": [],
          "private": "eyJlMmJmYjczMC1lY2FhLTExZTYtOGY4OC0zNDM2M2JjN2M0YzAiOnsiY3JlYXRlIjozMDAwMDAwMDAwMDB9LCJzY2hlbWFfdmVyc2lvbiI6IjIifQ==",
          "dependencies": [
            "aws_security_group.dpt12_sg",
            "aws_vpc.dpt12-vpc"
          ]
        }
      ]
    },
    {
      "mode": "managed",
      "type": "aws_security_group_rule",
      "name": "dpt12_sg_rule3",
      "provider": "provider[\"registry.terraform.io/hashicorp/aws\"]",
      "instances": [
        {
          "schema_version": 2,
          "attributes": {
            "cidr_blocks": [
              "0.0.0.0/0"
            ],
            "description": "Allow inbound HTTPs access",
            "from_port": 443,
            "id": "sgrule-1974555673",
            "ipv6_cidr_blocks": null,
            "prefix_list_ids": null,
            "protocol": "tcp",
            "security_group_id": "sg-0639731139300b004",
            "security_group_rule_id": "sgr-0fa3b865a0185f3b5",
            "self": false,
            "source_security_group_id": null,
            "timeouts": null,
            "to_port": 443,
            "type": "ingress"
          },
          "sensitive_attributes": [],
          "private": "eyJlMmJmYjczMC1lY2FhLTExZTYtOGY4OC0zNDM2M2JjN2M0YzAiOnsiY3JlYXRlIjozMDAwMDAwMDAwMDB9LCJzY2hlbWFfdmVyc2lvbiI6IjIifQ==",
          "dependencies": [
            "aws_security_group.dpt12_sg",
            "aws_vpc.dpt12-vpc"
          ]
        }
      ]
    },
    {
      "mode": "managed",
      "type": "aws_security_group_rule",
      "name": "dpt12_sg_rule4",
      "provider": "provider[\"registry.terraform.io/hashicorp/aws\"]",
      "instances": [
        {
          "schema_version": 2,
          "attributes": {
            "cidr_blocks": [
              "0.0.0.0/0"
            ],
            "description": "Allow inbound RDP access",
            "from_port": 3389,
            "id": "sgrule-614566607",
            "ipv6_cidr_blocks": null,
            "prefix_list_ids": null,
            "protocol": "tcp",
            "security_group_id": "sg-0639731139300b004",
            "security_group_rule_id": "sgr-0da7341311e0c8a21",
            "self": false,
            "source_security_group_id": null,
            "timeouts": null,
            "to_port": 3389,
            "type": "ingress"
          },
          "sensitive_attributes": [],
          "private": "eyJlMmJmYjczMC1lY2FhLTExZTYtOGY4OC0zNDM2M2JjN2M0YzAiOnsiY3JlYXRlIjozMDAwMDAwMDAwMDB9LCJzY2hlbWFfdmVyc2lvbiI6IjIifQ==",
          "dependencies": [
            "aws_security_group.dpt12_sg",
            "aws_vpc.dpt12-vpc"
          ]
        }
      ]
    },
    {
      "mode": "managed",
      "type": "aws_security_group_rule",
      "name": "dpt12_sg_rule5",
      "provider": "provider[\"registry.terraform.io/hashicorp/aws\"]",
      "instances": [
        {
          "schema_version": 2,
          "attributes": {
            "cidr_blocks": [
              "0.0.0.0/0"
            ],
            "description": "Allow inbounoutboubd all access",
            "from_port": 0,
            "id": "sgrule-1186134890",
            "ipv6_cidr_blocks": null,
            "prefix_list_ids": null,
            "protocol": "-1",
            "security_group_id": "sg-0639731139300b004",
            "security_group_rule_id": "",
            "self": false,
            "source_security_group_id": null,
            "timeouts": null,
            "to_port": 0,
            "type": "egress"
          },
          "sensitive_attributes": [],
          "private": "eyJlMmJmYjczMC1lY2FhLTExZTYtOGY4OC0zNDM2M2JjN2M0YzAiOnsiY3JlYXRlIjozMDAwMDAwMDAwMDB9LCJzY2hlbWFfdmVyc2lvbiI6IjIifQ==",
          "dependencies": [
            "aws_security_group.dpt12_sg",
            "aws_vpc.dpt12-vpc"
          ]
        }
      ]
    },
    {
      "mode": "managed",
      "type": "aws_security_group_rule",
      "name": "dpt12_sg_rule6",
      "provider": "provider[\"registry.terraform.io/hashicorp/aws\"]",
      "instances": [
        {
          "schema_version": 2,
          "attributes": {
            "cidr_blocks": [
              "0.0.0.0/0"
            ],
            "description": "Allow inbound ICMP access",
            "from_port": -1,
            "id": "sgrule-1391813073",
            "ipv6_cidr_blocks": null,
            "prefix_list_ids": null,
            "protocol": "icmp",
            "security_group_id": "sg-0639731139300b004",
            "security_group_rule_id": "sgr-073817aa3166d9e0e",
            "self": false,
            "source_security_group_id": null,
            "timeouts": null,
            "to_port": -1,
            "type": "ingress"
          },
          "sensitive_attributes": [],
          "private": "eyJlMmJmYjczMC1lY2FhLTExZTYtOGY4OC0zNDM2M2JjN2M0YzAiOnsiY3JlYXRlIjozMDAwMDAwMDAwMDB9LCJzY2hlbWFfdmVyc2lvbiI6IjIifQ==",
          "dependencies": [
            "aws_security_group.dpt12_sg",
            "aws_vpc.dpt12-vpc"
          ]
        }
      ]
    },
    {
      "mode": "managed",
      "type": "aws_subnet",
      "name": "firewall-subnet",
      "provider": "provider[\"registry.terraform.io/hashicorp/aws\"]",
      "instances": [
        {
          "schema_version": 1,
          "attributes": {
            "arn": "arn:aws:ec2:us-east-1:337636137060:subnet/subnet-0eea85d7626b7acfb",
            "assign_ipv6_address_on_creation": false,
            "availability_zone": "us-east-1a",
            "availability_zone_id": "use1-az6",
            "cidr_block": "192.168.1.0/24",
            "customer_owned_ipv4_pool": "",
            "enable_dns64": false,
            "enable_lni_at_device_index": 0,
            "enable_resource_name_dns_a_record_on_launch": false,
            "enable_resource_name_dns_aaaa_record_on_launch": false,
            "id": "subnet-0eea85d7626b7acfb",
            "ipv6_cidr_block": "",
            "ipv6_cidr_block_association_id": "",
            "ipv6_native": false,
            "map_customer_owned_ip_on_launch": false,
            "map_public_ip_on_launch": true,
            "outpost_arn": "",
            "owner_id": "337636137060",
            "private_dns_hostname_type_on_launch": "ip-name",
            "tags": {
              "Name": "public-subnet"
            },
            "tags_all": {
              "Name": "public-subnet"
            },
            "timeouts": null,
            "vpc_id": "vpc-01913a357672e1261"
          },
          "sensitive_attributes": [],
          "private": "eyJlMmJmYjczMC1lY2FhLTExZTYtOGY4OC0zNDM2M2JjN2M0YzAiOnsiY3JlYXRlIjo2MDAwMDAwMDAwMDAsImRlbGV0ZSI6MTIwMDAwMDAwMDAwMH0sInNjaGVtYV92ZXJzaW9uIjoiMSJ9",
          "dependencies": [
            "aws_vpc.dpt12-vpc"
          ]
        }
      ]
    },
    {
      "mode": "managed",
      "type": "aws_subnet",
      "name": "private-subnet",
      "provider": "provider[\"registry.terraform.io/hashicorp/aws\"]",
      "instances": [
        {
          "schema_version": 1,
          "attributes": {
            "arn": "arn:aws:ec2:us-east-1:337636137060:subnet/subnet-0a6da36d1eec81eca",
            "assign_ipv6_address_on_creation": false,
            "availability_zone": "us-east-1b",
            "availability_zone_id": "use1-az1",
            "cidr_block": "192.168.2.0/24",
            "customer_owned_ipv4_pool": "",
            "enable_dns64": false,
            "enable_lni_at_device_index": 0,
            "enable_resource_name_dns_a_record_on_launch": false,
            "enable_resource_name_dns_aaaa_record_on_launch": false,
            "id": "subnet-0a6da36d1eec81eca",
            "ipv6_cidr_block": "",
            "ipv6_cidr_block_association_id": "",
            "ipv6_native": false,
            "map_customer_owned_ip_on_launch": false,
            "map_public_ip_on_launch": false,
            "outpost_arn": "",
            "owner_id": "337636137060",
            "private_dns_hostname_type_on_launch": "ip-name",
            "tags": {
              "Name": "private-subnet"
            },
            "tags_all": {
              "Name": "private-subnet"
            },
            "timeouts": null,
            "vpc_id": "vpc-01913a357672e1261"
          },
          "sensitive_attributes": [],
          "private": "eyJlMmJmYjczMC1lY2FhLTExZTYtOGY4OC0zNDM2M2JjN2M0YzAiOnsiY3JlYXRlIjo2MDAwMDAwMDAwMDAsImRlbGV0ZSI6MTIwMDAwMDAwMDAwMH0sInNjaGVtYV92ZXJzaW9uIjoiMSJ9",
          "dependencies": [
            "aws_vpc.dpt12-vpc"
          ]
        }
      ]
    },
    {
      "mode": "managed",
      "type": "aws_vpc",
      "name": "dpt12-vpc",
      "provider": "provider[\"registry.terraform.io/hashicorp/aws\"]",
      "instances": [
        {
          "schema_version": 1,
          "attributes": {
            "arn": "arn:aws:ec2:us-east-1:337636137060:vpc/vpc-01913a357672e1261",
            "assign_generated_ipv6_cidr_block": false,
            "cidr_block": "192.168.0.0/16",
            "default_network_acl_id": "acl-0068db3e954609ff6",
            "default_route_table_id": "rtb-0071aefaf44ca0124",
            "default_security_group_id": "sg-0734dd56fa132dbb0",
            "dhcp_options_id": "dopt-4638863c",
            "enable_dns_hostnames": true,
            "enable_dns_support": true,
            "enable_network_address_usage_metrics": false,
            "id": "vpc-01913a357672e1261",
            "instance_tenancy": "default",
            "ipv4_ipam_pool_id": null,
            "ipv4_netmask_length": null,
            "ipv6_association_id": "",
            "ipv6_cidr_block": "",
            "ipv6_cidr_block_network_border_group": "",
            "ipv6_ipam_pool_id": "",
            "ipv6_netmask_length": 0,
            "main_route_table_id": "rtb-0071aefaf44ca0124",
            "owner_id": "337636137060",
            "tags": {
              "Name": "dpt12-vpc"
            },
            "tags_all": {
              "Name": "dpt12-vpc"
            }
          },
          "sensitive_attributes": [],
          "private": "eyJzY2hlbWFfdmVyc2lvbiI6IjEifQ=="
        }
      ]
    },
    {
      "mode": "managed",
      "type": "local_file",
      "name": "ssh_key",
      "provider": "provider[\"registry.terraform.io/hashicorp/local\"]",
      "instances": [
        {
          "schema_version": 0,
          "attributes": {
            "content": "-----BEGIN RSA PRIVATE KEY-----\nMIIJKgIBAAKCAgEA5/+o88tRqLAvsb5h6I0rB6Tee79xfTelqtL+j94B+zUam6rQ\n6cSmIBQQ6WWRflS7D+oaEBTdtesFLayw+fBx7/FDDLbeXhDDOllEUZsHTT0lzZKb\noeYpoXMZvb9Kfyu+LWRdctC7Ryunm90TtUqX60ZzW+Miq1/vqeaVixl6d9Ajr79n\nozQ/u3ihKDuw3eqXECnkUJtxOziwWcPFEoQdekAb9kg/PrqwmBfYi5B7l/1ctZiy\ngABe3xP26giNlXyBCeu/WQamt44jT6qD5Z+ifbI0c1oc9Giglx4TlkzWSCDCbh58\nA4fXNUMP5ETzS3zaAfLZpzwscliQT1oj4IakfqGKZIaKnji2k7CW/QdfLRE/MWoF\noJnzvcttVGKkWY45XT06MzA1AofjUqNMQohydwvz64H8eZRlEDAavMbtdW9Krfq5\nzgxxN3CFF6+/O54VosKYVupE/a3qSu/SF9fIzKlySoK2wjiJxcaVEOCD9T5D+T/w\nz7j7iZKT7dwsde1XQArPm6FkoBlaWSYVOgcPYrPl/taX7CUkuHnsKQ6RbWYZpmg2\n/FSxXGCGSDlPN4696D1vslcXZOuDFWeBaXsDyqPcfk9kTkIwMCqQBZDivEMtCGL/\nPGzbjDHlgzI2FcZz9ibbmTU3n08BMeelJckCUdksGT0zHat+pnSyCyFjNrUCAwEA\nAQKCAgEA1AXMbHHmQRoznGd3p0ZMiwHb6pA9schHeWS3DNhCS0hu9tEXeG0lva9Y\n/VS7sQ7Snmq+QvAu53DQHLv0SZe7KSP+uQHvG1yKbyrhywq5k5dMkyFnZoCoj0pX\nvheyh6J8fZN569JjNVnqJgHXXxm62WRbTSC5sJFOwKFhDezNBe6MjrOIjZjUngpS\njihvLYCVako+xIQq6YqXcJH/6zoejnlElMHWOwf3GCjC2FnE+lSsg7H3gA/WpFzk\njWIfsvxEGcL/7uarOpmGH+qf/Bz2LZXNZZZ3W8665SCxmezC8MwvpN/rSna88YpG\nXcG978E8pAdDbxkJLb9Os5aXrzyd2vdVuUo6ifzDQA5ItR5nVHz4btgTyB2aV8Tg\nw3tkWLnTt56XVUdlX4whPixqGkWlV8baV0hH4C1Cdm3z+1svoxLrxrkkrvmnxBEC\n7bgQS7ix45Le47GAZnne55s54dzj7h4BOg6K0lFT0ekjJ1XODUK7HCpF8iV+rqKy\ngnrbku4EIX/U/1WnPpuT0p+533W6vNNtLvNe9M6BGFlGRTDE1W1/xrTAD/I/7///\nDitxlViaaAWGy5CgAm77EcPTUc2yzF2ocIA4qPBEJGJV/lpcG20WYZTkl58ldIqn\n2Ee+1/fKPmSmVJd6Iqp2ndr4o2kTa99GzJ4x8bzL2u9/hMhfroECggEBAO9KUOCE\nK8HdQ4zunz6gO4jhhmLTreWqNmjaD9YWUvYamSX1K4ZA9gR/MENSOIw15W+XQaEr\nh2ovp2cPQ5+/ZEqRabNjXvwfcQM1a5+jqngpTz6Ig1iPI7isRss6aq7i0TBYoFQV\nDwawmOu6qW47BgQi42Y4hu59ZW66rmz3B0lM0BCdgvMUQ2S6kIJzXiN84yJfDDCD\njh+nU83QJsxczaYrdfNsp0Df0gtdLNknnWjK3wNGSH0HabISu/td9/wfmEFrPtEw\n1Udn1NK84GGNfy12jamRUFFgNBDYcQiJWbziUpwQOmfk/8W+Fb/XO5sBuOeFsbL+\ntPyg3/39RUSPMnECggEBAPgy/rav0yz5/67zgEfpFV3OzrLT8top00xqWnmhGMjY\nKIQ/5JP2xZSYhI4et6gJQUfB8eM2nnzpeZKbS4rKZk8jLL/bI6XjY+24uIFU5vqP\nAHbt8CLp5yWlaWg62lOOUoWkw8BjI4vR7ez/Ni19XbQl5PBfa+s8/jRpHOj0jxwH\n1zvp9+C2iCu8eLAGfp5hYGrR3V6L8SjP962cfWT2oULpt7LiBo8HEdEtQJFVvBOA\nvaRoIyIRVgWI7nGHIwRFIsO8uuMGX+cxjRNo+IJe2RSCIDvTk/2+6ZSMHSHW7kp5\n7Li0eOjnyvN88oSPspcnMIfGV4QOVaAdCxoSx2J7IoUCggEBAIWhk+7+AM2/+jRf\nIjFAHF9ByuGv4wJJ/x6pAIUHbIchrXskIo1UA8/ZE6PU691pT9r0tmMCQxpKyIrm\nXFZ+9MwrzsKucOIN0PgAwjyhktaOA0IhzHANZ95+3v4pfmByLG56X/b017JdttiW\nIn57mc1/ikyQrtHK13Vx7WzOu5P0wJE21WVYYJaFFaS0NtNMsC+GsvD41srYkBV0\n8+XWwcXVqYYqnHC/Tbao7x3KYL6f5NEYU+z20dDvY2lqPc3f+xA1ixwZ0FGTK6gQ\ncKIp+ebyuQQEMb1wI0NxDBa/VY0FOysKaQOSQEA2+kBrO09CM/efkvAqC/q1AMH/\nycoSyhECggEBALdHmPY4sj2VQuzjXUg8441JKTO+9aeKmUDljHgisRWnIYw/TkDB\nSrfnRINaRY6tfupJWqDJdZGSKzdKvCb6PUCVHfdzEEjwuJsT/BNtKb++l747CEgP\n56PSGRth0lU/VMrhl7favaYDWKnY8B35ZJeiIAQswpmMib8UG8geyAsP8y2IIYZr\n4/RAEfMSaK/2Amf/H3Qw7N2RbTljxOkogn7R7dgHtoYp10tbGkH4SJEyUVg1mjQP\nDzG5IzLscrw1fW2DUZJR48Hqwl2h91j2R2EwkjL7k14ee4g5S03w1Dhk/pyKkHqU\nqDbTfpbLMjsSMnEg0wFuQGai687OLTQY760CggEABlx0Fvt+OcamOZP/WxpCS06B\nGDqTcv2B9A0Ue1NqV8Oe50LjP3XJA7TNv7qM+on5KqW+yvtevmUxAP0lLEMHuRDt\nZewzB2nyLLKP2+8xq1MqjqtgizpcC87s0eHxfSD4T0EaQ236fCXEEVV8MFLpIe9C\nr1T9ajbpp7s3MunuRU5Ni//7ekeXj9Co+LVPQVLfl+46tEFcsHaVol4MM4p/nbGT\nDTwwRkdcAzTmc90i3lWfBuEjFqFX4wRK3+/QI1KrkNEmdnccHRk1ntcVoVdoTOYy\npEsW425SYOv57kCgQOpR/MZWIVr8nbZm6YEKsMJIRg8B+ZPsxnGj1h2PmGdidg==\n-----END RSA PRIVATE KEY-----\n",
            "content_base64": null,
            "content_base64sha256": "Haw8v5ONbu9cKYx8BcZZg1uzzTqrY8H0E+N/sVtUxjo=",
            "content_base64sha512": "qvhD5Jc+l/GiIQk7MU8bh1ztYdetDkCmDZh2t+8LjXlL2dMJC0mXYhqO/UsDllm7XixZ5r8rvnFBzdUyGo7ZaQ==",
            "content_md5": "7c120befb213308eda78a254ebd5049d",
            "content_sha1": "2b94a6fb6f81443f318846e7f6c32810b51c785f",
            "content_sha256": "1dac3cbf938d6eef5c298c7c05c659835bb3cd3aab63c1f413e37fb15b54c63a",
            "content_sha512": "aaf843e4973e97f1a221093b314f1b875ced61d7ad0e40a60d9876b7ef0b8d794bd9d3090b4997621a8efd4b039659bb5e2c59e6bf2bbe7141cdd5321a8ed969",
            "directory_permission": "0777",
            "file_permission": "0777",
            "filename": "AWSB56Key-kp.pem",
            "id": "2b94a6fb6f81443f318846e7f6c32810b51c785f",
            "sensitive_content": null,
            "source": null
          },
          "sensitive_attributes": [
            [
              {
                "type": "get_attr",
                "value": "content"
              }
            ],
            [
              {
                "type": "get_attr",
                "value": "sensitive_content"
              }
            ]
          ],
          "dependencies": [
            "aws_key_pair.AWSB56Key-kp",
            "tls_private_key.AWSB56Key"
          ]
        }
      ]
    },
    {
      "mode": "managed",
      "type": "tls_private_key",
      "name": "AWSB56Key",
      "provider": "provider[\"registry.terraform.io/hashicorp/tls\"]",
      "instances": [
        {
          "schema_version": 1,
          "attributes": {
            "algorithm": "RSA",
            "ecdsa_curve": "P224",
            "id": "c452e1c5956c86d48e6579a00b6207de1c0f52c0",
            "private_key_openssh": "-----BEGIN OPENSSH PRIVATE KEY-----\nb3BlbnNzaC1rZXktdjEAAAAABG5vbmUAAAAEbm9uZQAAAAAAAAABAAACFwAAAAdz\nc2gtcnNhAAAAAwEAAQAAAgEA5/+o88tRqLAvsb5h6I0rB6Tee79xfTelqtL+j94B\n+zUam6rQ6cSmIBQQ6WWRflS7D+oaEBTdtesFLayw+fBx7/FDDLbeXhDDOllEUZsH\nTT0lzZKboeYpoXMZvb9Kfyu+LWRdctC7Ryunm90TtUqX60ZzW+Miq1/vqeaVixl6\nd9Ajr79nozQ/u3ihKDuw3eqXECnkUJtxOziwWcPFEoQdekAb9kg/PrqwmBfYi5B7\nl/1ctZiygABe3xP26giNlXyBCeu/WQamt44jT6qD5Z+ifbI0c1oc9Giglx4TlkzW\nSCDCbh58A4fXNUMP5ETzS3zaAfLZpzwscliQT1oj4IakfqGKZIaKnji2k7CW/Qdf\nLRE/MWoFoJnzvcttVGKkWY45XT06MzA1AofjUqNMQohydwvz64H8eZRlEDAavMbt\ndW9Krfq5zgxxN3CFF6+/O54VosKYVupE/a3qSu/SF9fIzKlySoK2wjiJxcaVEOCD\n9T5D+T/wz7j7iZKT7dwsde1XQArPm6FkoBlaWSYVOgcPYrPl/taX7CUkuHnsKQ6R\nbWYZpmg2/FSxXGCGSDlPN4696D1vslcXZOuDFWeBaXsDyqPcfk9kTkIwMCqQBZDi\nvEMtCGL/PGzbjDHlgzI2FcZz9ibbmTU3n08BMeelJckCUdksGT0zHat+pnSyCyFj\nNrUAAAc4HcfyiB3H8ogAAAAHc3NoLXJzYQAAAgEA5/+o88tRqLAvsb5h6I0rB6Te\ne79xfTelqtL+j94B+zUam6rQ6cSmIBQQ6WWRflS7D+oaEBTdtesFLayw+fBx7/FD\nDLbeXhDDOllEUZsHTT0lzZKboeYpoXMZvb9Kfyu+LWRdctC7Ryunm90TtUqX60Zz\nW+Miq1/vqeaVixl6d9Ajr79nozQ/u3ihKDuw3eqXECnkUJtxOziwWcPFEoQdekAb\n9kg/PrqwmBfYi5B7l/1ctZiygABe3xP26giNlXyBCeu/WQamt44jT6qD5Z+ifbI0\nc1oc9Giglx4TlkzWSCDCbh58A4fXNUMP5ETzS3zaAfLZpzwscliQT1oj4IakfqGK\nZIaKnji2k7CW/QdfLRE/MWoFoJnzvcttVGKkWY45XT06MzA1AofjUqNMQohydwvz\n64H8eZRlEDAavMbtdW9Krfq5zgxxN3CFF6+/O54VosKYVupE/a3qSu/SF9fIzKly\nSoK2wjiJxcaVEOCD9T5D+T/wz7j7iZKT7dwsde1XQArPm6FkoBlaWSYVOgcPYrPl\n/taX7CUkuHnsKQ6RbWYZpmg2/FSxXGCGSDlPN4696D1vslcXZOuDFWeBaXsDyqPc\nfk9kTkIwMCqQBZDivEMtCGL/PGzbjDHlgzI2FcZz9ibbmTU3n08BMeelJckCUdks\nGT0zHat+pnSyCyFjNrUAAAADAQABAAACAQDUBcxsceZBGjOcZ3enRkyLAdvqkD2x\nyEd5ZLcM2EJLSG720Rd4bSW9r1j9VLuxDtKear5C8C7ncNAcu/RJl7spI/65Ae8b\nXIpvKuHLCrmTl0yTIWdmgKiPSle+F7KHonx9k3nr0mM1WeomAddfGbrZZFtNILmw\nkU7AoWEN7M0F7oyOs4iNmNSeClKOKG8tgJVqSj7EhCrpipdwkf/rOh6OeUSUwdY7\nB/cYKMLYWcT6VKyDsfeAD9akXOSNYh+y/EQZwv/u5qs6mYYf6p/8HPYtlc1llndb\nzrrlILGZ7MLwzC+k3+tKdrzxikZdwb3vwTykB0NvGQktv06zlpevPJ3a91W5SjqJ\n/MNADki1HmdUfPhu2BPIHZpXxODDe2RYudO3npdVR2VfjCE+LGoaRaVXxtpXSEfg\nLUJ2bfP7Wy+jEuvGuSSu+afEEQLtuBBLuLHjkt7jsYBmed7nmznh3OPuHgE6DorS\nUVPR6SMnVc4NQrscKkXyJX6uorKCetuS7gQhf9T/Vac+m5PSn7nfdbq8020u8170\nzoEYWUZFMMTVbX/GtMAP8j/v//8OK3GVWJpoBYbLkKACbvsRw9NRzbLMXahwgDio\n8EQkYlX+WlwbbRZhlOSXnyV0iqfYR77X98o+ZKZUl3oiqnad2vijaRNr30bMnjHx\nvMva73+EyF+ugQAAAQAGXHQW+345xqY5k/9bGkJLToEYOpNy/YH0DRR7U2pXw57n\nQuM/dckDtM2/uoz6ifkqpb7K+16+ZTEA/SUsQwe5EO1l7DMHafIsso/b7zGrUyqO\nq2CLOlwLzuzR4fF9IPhPQRpDbfp8JcQRVXwwUukh70KvVP1qNumnuzcy6e5FTk2L\n//t6R5eP0Kj4tU9BUt+X7jq0QVywdpWiXgwzin+dsZMNPDBGR1wDNOZz3SLeVZ8G\n4SMWoVfjBErf79AjUquQ0SZ2dxwdGTWe1xWhV2hM5jKkSxbjblJg6/nuQKBA6lH8\nxlYhWvydtmbpgQqwwkhGDwH5k+zGcaPWHY+YZ2J2AAABAQDvSlDghCvB3UOM7p8+\noDuI4YZi063lqjZo2g/WFlL2Gpkl9SuGQPYEfzBDUjiMNeVvl0GhK4dqL6dnD0Of\nv2RKkWmzY178H3EDNWufo6p4KU8+iINYjyO4rEbLOmqu4tEwWKBUFQ8GsJjruqlu\nOwYEIuNmOIbufWVuuq5s9wdJTNAQnYLzFENkupCCc14jfOMiXwwwg44fp1PN0CbM\nXM2mK3XzbKdA39ILXSzZJ51oyt8DRkh9B2myErv7Xff8H5hBaz7RMNVHZ9TSvOBh\njX8tdo2pkVBRYDQQ2HEIiVm84lKcEDpn5P/FvhW/1zubAbjnhbGy/rT8oN/9/UVE\njzJxAAABAQD4Mv62r9Ms+f+u84BH6RVdzs6y0/LaKdNMalp5oRjI2CiEP+ST9sWU\nmISOHreoCUFHwfHjNp586XmSm0uKymZPIyy/2yOl42PtuLiBVOb6jwB27fAi6ecl\npWloOtpTjlKFpMPAYyOL0e3s/zYtfV20JeTwX2vrPP40aRzo9I8cB9c76ffgtogr\nvHiwBn6eYWBq0d1ei/Eoz/etnH1k9qFC6bey4gaPBxHRLUCRVbwTgL2kaCMiEVYF\niO5xhyMERSLDvLrjBl/nMY0TaPiCXtkUgiA705P9vumUjB0h1u5Keey4tHjo58rz\nfPKEj7KXJzCHxleEDlWgHQsaEsdieyKFAAAAAAEC\n-----END OPENSSH PRIVATE KEY-----\n",
            "private_key_pem": "-----BEGIN RSA PRIVATE KEY-----\nMIIJKgIBAAKCAgEA5/+o88tRqLAvsb5h6I0rB6Tee79xfTelqtL+j94B+zUam6rQ\n6cSmIBQQ6WWRflS7D+oaEBTdtesFLayw+fBx7/FDDLbeXhDDOllEUZsHTT0lzZKb\noeYpoXMZvb9Kfyu+LWRdctC7Ryunm90TtUqX60ZzW+Miq1/vqeaVixl6d9Ajr79n\nozQ/u3ihKDuw3eqXECnkUJtxOziwWcPFEoQdekAb9kg/PrqwmBfYi5B7l/1ctZiy\ngABe3xP26giNlXyBCeu/WQamt44jT6qD5Z+ifbI0c1oc9Giglx4TlkzWSCDCbh58\nA4fXNUMP5ETzS3zaAfLZpzwscliQT1oj4IakfqGKZIaKnji2k7CW/QdfLRE/MWoF\noJnzvcttVGKkWY45XT06MzA1AofjUqNMQohydwvz64H8eZRlEDAavMbtdW9Krfq5\nzgxxN3CFF6+/O54VosKYVupE/a3qSu/SF9fIzKlySoK2wjiJxcaVEOCD9T5D+T/w\nz7j7iZKT7dwsde1XQArPm6FkoBlaWSYVOgcPYrPl/taX7CUkuHnsKQ6RbWYZpmg2\n/FSxXGCGSDlPN4696D1vslcXZOuDFWeBaXsDyqPcfk9kTkIwMCqQBZDivEMtCGL/\nPGzbjDHlgzI2FcZz9ibbmTU3n08BMeelJckCUdksGT0zHat+pnSyCyFjNrUCAwEA\nAQKCAgEA1AXMbHHmQRoznGd3p0ZMiwHb6pA9schHeWS3DNhCS0hu9tEXeG0lva9Y\n/VS7sQ7Snmq+QvAu53DQHLv0SZe7KSP+uQHvG1yKbyrhywq5k5dMkyFnZoCoj0pX\nvheyh6J8fZN569JjNVnqJgHXXxm62WRbTSC5sJFOwKFhDezNBe6MjrOIjZjUngpS\njihvLYCVako+xIQq6YqXcJH/6zoejnlElMHWOwf3GCjC2FnE+lSsg7H3gA/WpFzk\njWIfsvxEGcL/7uarOpmGH+qf/Bz2LZXNZZZ3W8665SCxmezC8MwvpN/rSna88YpG\nXcG978E8pAdDbxkJLb9Os5aXrzyd2vdVuUo6ifzDQA5ItR5nVHz4btgTyB2aV8Tg\nw3tkWLnTt56XVUdlX4whPixqGkWlV8baV0hH4C1Cdm3z+1svoxLrxrkkrvmnxBEC\n7bgQS7ix45Le47GAZnne55s54dzj7h4BOg6K0lFT0ekjJ1XODUK7HCpF8iV+rqKy\ngnrbku4EIX/U/1WnPpuT0p+533W6vNNtLvNe9M6BGFlGRTDE1W1/xrTAD/I/7///\nDitxlViaaAWGy5CgAm77EcPTUc2yzF2ocIA4qPBEJGJV/lpcG20WYZTkl58ldIqn\n2Ee+1/fKPmSmVJd6Iqp2ndr4o2kTa99GzJ4x8bzL2u9/hMhfroECggEBAO9KUOCE\nK8HdQ4zunz6gO4jhhmLTreWqNmjaD9YWUvYamSX1K4ZA9gR/MENSOIw15W+XQaEr\nh2ovp2cPQ5+/ZEqRabNjXvwfcQM1a5+jqngpTz6Ig1iPI7isRss6aq7i0TBYoFQV\nDwawmOu6qW47BgQi42Y4hu59ZW66rmz3B0lM0BCdgvMUQ2S6kIJzXiN84yJfDDCD\njh+nU83QJsxczaYrdfNsp0Df0gtdLNknnWjK3wNGSH0HabISu/td9/wfmEFrPtEw\n1Udn1NK84GGNfy12jamRUFFgNBDYcQiJWbziUpwQOmfk/8W+Fb/XO5sBuOeFsbL+\ntPyg3/39RUSPMnECggEBAPgy/rav0yz5/67zgEfpFV3OzrLT8top00xqWnmhGMjY\nKIQ/5JP2xZSYhI4et6gJQUfB8eM2nnzpeZKbS4rKZk8jLL/bI6XjY+24uIFU5vqP\nAHbt8CLp5yWlaWg62lOOUoWkw8BjI4vR7ez/Ni19XbQl5PBfa+s8/jRpHOj0jxwH\n1zvp9+C2iCu8eLAGfp5hYGrR3V6L8SjP962cfWT2oULpt7LiBo8HEdEtQJFVvBOA\nvaRoIyIRVgWI7nGHIwRFIsO8uuMGX+cxjRNo+IJe2RSCIDvTk/2+6ZSMHSHW7kp5\n7Li0eOjnyvN88oSPspcnMIfGV4QOVaAdCxoSx2J7IoUCggEBAIWhk+7+AM2/+jRf\nIjFAHF9ByuGv4wJJ/x6pAIUHbIchrXskIo1UA8/ZE6PU691pT9r0tmMCQxpKyIrm\nXFZ+9MwrzsKucOIN0PgAwjyhktaOA0IhzHANZ95+3v4pfmByLG56X/b017JdttiW\nIn57mc1/ikyQrtHK13Vx7WzOu5P0wJE21WVYYJaFFaS0NtNMsC+GsvD41srYkBV0\n8+XWwcXVqYYqnHC/Tbao7x3KYL6f5NEYU+z20dDvY2lqPc3f+xA1ixwZ0FGTK6gQ\ncKIp+ebyuQQEMb1wI0NxDBa/VY0FOysKaQOSQEA2+kBrO09CM/efkvAqC/q1AMH/\nycoSyhECggEBALdHmPY4sj2VQuzjXUg8441JKTO+9aeKmUDljHgisRWnIYw/TkDB\nSrfnRINaRY6tfupJWqDJdZGSKzdKvCb6PUCVHfdzEEjwuJsT/BNtKb++l747CEgP\n56PSGRth0lU/VMrhl7favaYDWKnY8B35ZJeiIAQswpmMib8UG8geyAsP8y2IIYZr\n4/RAEfMSaK/2Amf/H3Qw7N2RbTljxOkogn7R7dgHtoYp10tbGkH4SJEyUVg1mjQP\nDzG5IzLscrw1fW2DUZJR48Hqwl2h91j2R2EwkjL7k14ee4g5S03w1Dhk/pyKkHqU\nqDbTfpbLMjsSMnEg0wFuQGai687OLTQY760CggEABlx0Fvt+OcamOZP/WxpCS06B\nGDqTcv2B9A0Ue1NqV8Oe50LjP3XJA7TNv7qM+on5KqW+yvtevmUxAP0lLEMHuRDt\nZewzB2nyLLKP2+8xq1MqjqtgizpcC87s0eHxfSD4T0EaQ236fCXEEVV8MFLpIe9C\nr1T9ajbpp7s3MunuRU5Ni//7ekeXj9Co+LVPQVLfl+46tEFcsHaVol4MM4p/nbGT\nDTwwRkdcAzTmc90i3lWfBuEjFqFX4wRK3+/QI1KrkNEmdnccHRk1ntcVoVdoTOYy\npEsW425SYOv57kCgQOpR/MZWIVr8nbZm6YEKsMJIRg8B+ZPsxnGj1h2PmGdidg==\n-----END RSA PRIVATE KEY-----\n",
            "private_key_pem_pkcs8": "-----BEGIN PRIVATE KEY-----\nMIIJRAIBADANBgkqhkiG9w0BAQEFAASCCS4wggkqAgEAAoICAQDn/6jzy1GosC+x\nvmHojSsHpN57v3F9N6Wq0v6P3gH7NRqbqtDpxKYgFBDpZZF+VLsP6hoQFN216wUt\nrLD58HHv8UMMtt5eEMM6WURRmwdNPSXNkpuh5imhcxm9v0p/K74tZF1y0LtHK6eb\n3RO1SpfrRnNb4yKrX++p5pWLGXp30COvv2ejND+7eKEoO7Dd6pcQKeRQm3E7OLBZ\nw8UShB16QBv2SD8+urCYF9iLkHuX/Vy1mLKAAF7fE/bqCI2VfIEJ679ZBqa3jiNP\nqoPln6J9sjRzWhz0aKCXHhOWTNZIIMJuHnwDh9c1Qw/kRPNLfNoB8tmnPCxyWJBP\nWiPghqR+oYpkhoqeOLaTsJb9B18tET8xagWgmfO9y21UYqRZjjldPTozMDUCh+NS\no0xCiHJ3C/Prgfx5lGUQMBq8xu11b0qt+rnODHE3cIUXr787nhWiwphW6kT9repK\n79IX18jMqXJKgrbCOInFxpUQ4IP1PkP5P/DPuPuJkpPt3Cx17VdACs+boWSgGVpZ\nJhU6Bw9is+X+1pfsJSS4eewpDpFtZhmmaDb8VLFcYIZIOU83jr3oPW+yVxdk64MV\nZ4FpewPKo9x+T2ROQjAwKpAFkOK8Qy0IYv88bNuMMeWDMjYVxnP2JtuZNTefTwEx\n56UlyQJR2SwZPTMdq36mdLILIWM2tQIDAQABAoICAQDUBcxsceZBGjOcZ3enRkyL\nAdvqkD2xyEd5ZLcM2EJLSG720Rd4bSW9r1j9VLuxDtKear5C8C7ncNAcu/RJl7sp\nI/65Ae8bXIpvKuHLCrmTl0yTIWdmgKiPSle+F7KHonx9k3nr0mM1WeomAddfGbrZ\nZFtNILmwkU7AoWEN7M0F7oyOs4iNmNSeClKOKG8tgJVqSj7EhCrpipdwkf/rOh6O\neUSUwdY7B/cYKMLYWcT6VKyDsfeAD9akXOSNYh+y/EQZwv/u5qs6mYYf6p/8HPYt\nlc1llndbzrrlILGZ7MLwzC+k3+tKdrzxikZdwb3vwTykB0NvGQktv06zlpevPJ3a\n91W5SjqJ/MNADki1HmdUfPhu2BPIHZpXxODDe2RYudO3npdVR2VfjCE+LGoaRaVX\nxtpXSEfgLUJ2bfP7Wy+jEuvGuSSu+afEEQLtuBBLuLHjkt7jsYBmed7nmznh3OPu\nHgE6DorSUVPR6SMnVc4NQrscKkXyJX6uorKCetuS7gQhf9T/Vac+m5PSn7nfdbq8\n020u8170zoEYWUZFMMTVbX/GtMAP8j/v//8OK3GVWJpoBYbLkKACbvsRw9NRzbLM\nXahwgDio8EQkYlX+WlwbbRZhlOSXnyV0iqfYR77X98o+ZKZUl3oiqnad2vijaRNr\n30bMnjHxvMva73+EyF+ugQKCAQEA70pQ4IQrwd1DjO6fPqA7iOGGYtOt5ao2aNoP\n1hZS9hqZJfUrhkD2BH8wQ1I4jDXlb5dBoSuHai+nZw9Dn79kSpFps2Ne/B9xAzVr\nn6OqeClPPoiDWI8juKxGyzpqruLRMFigVBUPBrCY67qpbjsGBCLjZjiG7n1lbrqu\nbPcHSUzQEJ2C8xRDZLqQgnNeI3zjIl8MMIOOH6dTzdAmzFzNpit182ynQN/SC10s\n2SedaMrfA0ZIfQdpshK7+133/B+YQWs+0TDVR2fU0rzgYY1/LXaNqZFQUWA0ENhx\nCIlZvOJSnBA6Z+T/xb4Vv9c7mwG454Wxsv60/KDf/f1FRI8ycQKCAQEA+DL+tq/T\nLPn/rvOAR+kVXc7OstPy2inTTGpaeaEYyNgohD/kk/bFlJiEjh63qAlBR8Hx4zae\nfOl5kptLispmTyMsv9sjpeNj7bi4gVTm+o8Adu3wIunnJaVpaDraU45ShaTDwGMj\ni9Ht7P82LX1dtCXk8F9r6zz+NGkc6PSPHAfXO+n34LaIK7x4sAZ+nmFgatHdXovx\nKM/3rZx9ZPahQum3suIGjwcR0S1AkVW8E4C9pGgjIhFWBYjucYcjBEUiw7y64wZf\n5zGNE2j4gl7ZFIIgO9OT/b7plIwdIdbuSnnsuLR46OfK83zyhI+ylycwh8ZXhA5V\noB0LGhLHYnsihQKCAQEAhaGT7v4Azb/6NF8iMUAcX0HK4a/jAkn/HqkAhQdshyGt\neyQijVQDz9kTo9Tr3WlP2vS2YwJDGkrIiuZcVn70zCvOwq5w4g3Q+ADCPKGS1o4D\nQiHMcA1n3n7e/il+YHIsbnpf9vTXsl222JYifnuZzX+KTJCu0crXdXHtbM67k/TA\nkTbVZVhgloUVpLQ200ywL4ay8PjWytiQFXTz5dbBxdWphiqccL9NtqjvHcpgvp/k\n0RhT7PbR0O9jaWo9zd/7EDWLHBnQUZMrqBBwoin55vK5BAQxvXAjQ3EMFr9VjQU7\nKwppA5JAQDb6QGs7T0Iz95+S8CoL+rUAwf/JyhLKEQKCAQEAt0eY9jiyPZVC7ONd\nSDzjjUkpM771p4qZQOWMeCKxFachjD9OQMFKt+dEg1pFjq1+6klaoMl1kZIrN0q8\nJvo9QJUd93MQSPC4mxP8E20pv76XvjsISA/no9IZG2HSVT9UyuGXt9q9pgNYqdjw\nHflkl6IgBCzCmYyJvxQbyB7ICw/zLYghhmvj9EAR8xJor/YCZ/8fdDDs3ZFtOWPE\n6SiCftHt2Ae2hinXS1saQfhIkTJRWDWaNA8PMbkjMuxyvDV9bYNRklHjwerCXaH3\nWPZHYTCSMvuTXh57iDlLTfDUOGT+nIqQepSoNtN+lssyOxIycSDTAW5AZqLrzs4t\nNBjvrQKCAQAGXHQW+345xqY5k/9bGkJLToEYOpNy/YH0DRR7U2pXw57nQuM/dckD\ntM2/uoz6ifkqpb7K+16+ZTEA/SUsQwe5EO1l7DMHafIsso/b7zGrUyqOq2CLOlwL\nzuzR4fF9IPhPQRpDbfp8JcQRVXwwUukh70KvVP1qNumnuzcy6e5FTk2L//t6R5eP\n0Kj4tU9BUt+X7jq0QVywdpWiXgwzin+dsZMNPDBGR1wDNOZz3SLeVZ8G4SMWoVfj\nBErf79AjUquQ0SZ2dxwdGTWe1xWhV2hM5jKkSxbjblJg6/nuQKBA6lH8xlYhWvyd\ntmbpgQqwwkhGDwH5k+zGcaPWHY+YZ2J2\n-----END PRIVATE KEY-----\n",
            "public_key_fingerprint_md5": "97:9d:56:c3:76:f5:08:21:e7:d4:d1:a7:1c:4d:05:76",
            "public_key_fingerprint_sha256": "SHA256:1O47FVmJJB0Zd8NKHCQzm0Wswvebj9mfBi97rcirEv8",
            "public_key_openssh": "ssh-rsa AAAAB3NzaC1yc2EAAAADAQABAAACAQDn/6jzy1GosC+xvmHojSsHpN57v3F9N6Wq0v6P3gH7NRqbqtDpxKYgFBDpZZF+VLsP6hoQFN216wUtrLD58HHv8UMMtt5eEMM6WURRmwdNPSXNkpuh5imhcxm9v0p/K74tZF1y0LtHK6eb3RO1SpfrRnNb4yKrX++p5pWLGXp30COvv2ejND+7eKEoO7Dd6pcQKeRQm3E7OLBZw8UShB16QBv2SD8+urCYF9iLkHuX/Vy1mLKAAF7fE/bqCI2VfIEJ679ZBqa3jiNPqoPln6J9sjRzWhz0aKCXHhOWTNZIIMJuHnwDh9c1Qw/kRPNLfNoB8tmnPCxyWJBPWiPghqR+oYpkhoqeOLaTsJb9B18tET8xagWgmfO9y21UYqRZjjldPTozMDUCh+NSo0xCiHJ3C/Prgfx5lGUQMBq8xu11b0qt+rnODHE3cIUXr787nhWiwphW6kT9repK79IX18jMqXJKgrbCOInFxpUQ4IP1PkP5P/DPuPuJkpPt3Cx17VdACs+boWSgGVpZJhU6Bw9is+X+1pfsJSS4eewpDpFtZhmmaDb8VLFcYIZIOU83jr3oPW+yVxdk64MVZ4FpewPKo9x+T2ROQjAwKpAFkOK8Qy0IYv88bNuMMeWDMjYVxnP2JtuZNTefTwEx56UlyQJR2SwZPTMdq36mdLILIWM2tQ==\n",
            "public_key_pem": "-----BEGIN PUBLIC KEY-----\nMIICIjANBgkqhkiG9w0BAQEFAAOCAg8AMIICCgKCAgEA5/+o88tRqLAvsb5h6I0r\nB6Tee79xfTelqtL+j94B+zUam6rQ6cSmIBQQ6WWRflS7D+oaEBTdtesFLayw+fBx\n7/FDDLbeXhDDOllEUZsHTT0lzZKboeYpoXMZvb9Kfyu+LWRdctC7Ryunm90TtUqX\n60ZzW+Miq1/vqeaVixl6d9Ajr79nozQ/u3ihKDuw3eqXECnkUJtxOziwWcPFEoQd\nekAb9kg/PrqwmBfYi5B7l/1ctZiygABe3xP26giNlXyBCeu/WQamt44jT6qD5Z+i\nfbI0c1oc9Giglx4TlkzWSCDCbh58A4fXNUMP5ETzS3zaAfLZpzwscliQT1oj4Iak\nfqGKZIaKnji2k7CW/QdfLRE/MWoFoJnzvcttVGKkWY45XT06MzA1AofjUqNMQohy\ndwvz64H8eZRlEDAavMbtdW9Krfq5zgxxN3CFF6+/O54VosKYVupE/a3qSu/SF9fI\nzKlySoK2wjiJxcaVEOCD9T5D+T/wz7j7iZKT7dwsde1XQArPm6FkoBlaWSYVOgcP\nYrPl/taX7CUkuHnsKQ6RbWYZpmg2/FSxXGCGSDlPN4696D1vslcXZOuDFWeBaXsD\nyqPcfk9kTkIwMCqQBZDivEMtCGL/PGzbjDHlgzI2FcZz9ibbmTU3n08BMeelJckC\nUdksGT0zHat+pnSyCyFjNrUCAwEAAQ==\n-----END PUBLIC KEY-----\n",
            "rsa_bits": 4096
          },
          "sensitive_attributes": [
            [
              {
                "type": "get_attr",
                "value": "private_key_openssh"
              }
            ],
            [
              {
                "type": "get_attr",
                "value": "private_key_pem_pkcs8"
              }
            ],
            [
              {
                "type": "get_attr",
                "value": "private_key_pem"
              }
            ]
          ]
        }
      ]
    }
  ],
  "check_results": null
}
