{
  "version": 4,
  "terraform_version": "1.9.6",
  "serial": 189,
  "lineage": "88a87740-edcf-f128-5864-9721c38d7d2c",
  "outputs": {
    "eip-value": {
      "value": "eipalloc-0f0d3e1f720447023",
      "type": "string"
    },
    "private-subnet1-id": {
      "value": "subnet-08b980b085cb31e32",
      "type": "string"
    },
    "private-subnet2-id": {
      "value": "subnet-0e530b8151e22caae",
      "type": "string"
    },
    "private-subnet3-id": {
      "value": "subnet-0563a375fcaf3c6a1",
      "type": "string"
    },
    "public-subnet1-id": {
      "value": "subnet-014ba2af022fa4ba5",
      "type": "string"
    },
    "public-subnet2-id": {
      "value": "subnet-08d36c6edb84a1d62",
      "type": "string"
    },
    "public-subnet3-id": {
      "value": "subnet-009796cb998b9b74f",
      "type": "string"
    },
    "vpc_id": {
      "value": "vpc-03f75ee338cb2c21a",
      "type": "string"
    }
  },
  "resources": [
    {
      "mode": "managed",
      "type": "aws_eip",
      "name": "AWSB56-eip",
      "provider": "provider[\"registry.terraform.io/hashicorp/aws\"]",
      "instances": [
        {
          "schema_version": 0,
          "attributes": {
            "address": null,
            "allocation_id": "eipalloc-0f0d3e1f720447023",
            "arn": "arn:aws:ec2:us-east-1:337636137060:elastic-ip/eipalloc-0f0d3e1f720447023",
            "associate_with_private_ip": null,
            "association_id": "eipassoc-0af9cf2e0324be42f",
            "carrier_ip": "",
            "customer_owned_ip": "",
            "customer_owned_ipv4_pool": "",
            "domain": "vpc",
            "id": "eipalloc-0f0d3e1f720447023",
            "instance": "",
            "ipam_pool_id": null,
            "network_border_group": "us-east-1",
            "network_interface": "eni-01ba042345a3d61c6",
            "private_dns": "ip-10-56-1-69.ec2.internal",
            "private_ip": "10.56.1.69",
            "ptr_record": "",
            "public_dns": "ec2-18-209-126-30.compute-1.amazonaws.com",
            "public_ip": "18.209.126.30",
            "public_ipv4_pool": "amazon",
            "tags": {},
            "tags_all": {},
            "timeouts": null,
            "vpc": true
          },
          "sensitive_attributes": [],
          "private": "eyJlMmJmYjczMC1lY2FhLTExZTYtOGY4OC0zNDM2M2JjN2M0YzAiOnsiZGVsZXRlIjoxODAwMDAwMDAwMDAsInJlYWQiOjkwMDAwMDAwMDAwMCwidXBkYXRlIjozMDAwMDAwMDAwMDB9fQ=="
        }
      ]
    },
    {
      "mode": "managed",
      "type": "aws_instance",
      "name": "AWSB56-private-Linux1",
      "provider": "provider[\"registry.terraform.io/hashicorp/aws\"]",
      "instances": [
        {
          "schema_version": 1,
          "attributes": {
            "ami": "ami-0fff1b9a61dec8a5f",
            "arn": "arn:aws:ec2:us-east-1:337636137060:instance/i-056b6dce788fc9ac9",
            "associate_public_ip_address": true,
            "availability_zone": "us-east-1a",
            "capacity_reservation_specification": [
              {
                "capacity_reservation_preference": "open",
                "capacity_reservation_target": []
              }
            ],
            "cpu_core_count": 1,
            "cpu_options": [
              {
                "amd_sev_snp": "",
                "core_count": 1,
                "threads_per_core": 1
              }
            ],
            "cpu_threads_per_core": 1,
            "credit_specification": [
              {
                "cpu_credits": "standard"
              }
            ],
            "disable_api_stop": false,
            "disable_api_termination": false,
            "ebs_block_device": [],
            "ebs_optimized": false,
            "enclave_options": [
              {
                "enabled": false
              }
            ],
            "ephemeral_block_device": [],
            "get_password_data": false,
            "hibernation": false,
            "host_id": "",
            "host_resource_group_arn": null,
            "iam_instance_profile": "",
            "id": "i-056b6dce788fc9ac9",
            "instance_initiated_shutdown_behavior": "stop",
            "instance_lifecycle": "",
            "instance_market_options": [],
            "instance_state": "running",
            "instance_type": "t2.micro",
            "ipv6_address_count": 0,
            "ipv6_addresses": [],
            "key_name": "AWSB56Key-kp",
            "launch_template": [],
            "maintenance_options": [
              {
                "auto_recovery": "default"
              }
            ],
            "metadata_options": [
              {
                "http_endpoint": "enabled",
                "http_protocol_ipv6": "disabled",
                "http_put_response_hop_limit": 2,
                "http_tokens": "required",
                "instance_metadata_tags": "disabled"
              }
            ],
            "monitoring": false,
            "network_interface": [],
            "outpost_arn": "",
            "password_data": "",
            "placement_group": "",
            "placement_partition_number": 0,
            "primary_network_interface_id": "eni-0c9700edf16dc1b71",
            "private_dns": "ip-10-56-10-205.ec2.internal",
            "private_dns_name_options": [
              {
                "enable_resource_name_dns_a_record": false,
                "enable_resource_name_dns_aaaa_record": false,
                "hostname_type": "ip-name"
              }
            ],
            "private_ip": "10.56.10.205",
            "public_dns": "ec2-54-82-208-153.compute-1.amazonaws.com",
            "public_ip": "54.82.208.153",
            "root_block_device": [
              {
                "delete_on_termination": true,
                "device_name": "/dev/xvda",
                "encrypted": false,
                "iops": 3000,
                "kms_key_id": "",
                "tags": {},
                "tags_all": {},
                "throughput": 125,
                "volume_id": "vol-03a753091d3ff1bc3",
                "volume_size": 8,
                "volume_type": "gp3"
              }
            ],
            "secondary_private_ips": [],
            "security_groups": [],
            "source_dest_check": true,
            "spot_instance_request_id": "",
            "subnet_id": "subnet-08b980b085cb31e32",
            "tags": {
              "Name": "AWSB56-EC2_private1"
            },
            "tags_all": {
              "Name": "AWSB56-EC2_private1"
            },
            "tenancy": "default",
            "timeouts": null,
            "user_data": "446bc8eee22192df8e14004f82f9b64f69f1b785",
            "user_data_base64": null,
            "user_data_replace_on_change": false,
            "volume_tags": null,
            "vpc_security_group_ids": [
              "sg-0b40beabaa2bddf3e"
            ]
          },
          "sensitive_attributes": [],
          "private": "eyJlMmJmYjczMC1lY2FhLTExZTYtOGY4OC0zNDM2M2JjN2M0YzAiOnsiY3JlYXRlIjo2MDAwMDAwMDAwMDAsImRlbGV0ZSI6MTIwMDAwMDAwMDAwMCwicmVhZCI6OTAwMDAwMDAwMDAwLCJ1cGRhdGUiOjYwMDAwMDAwMDAwMH0sInNjaGVtYV92ZXJzaW9uIjoiMSJ9",
          "dependencies": [
            "aws_key_pair.AWSB56Key-kp",
            "aws_security_group.AWSB56_sg",
            "aws_subnet.private-subnet1",
            "aws_vpc.AWSB56-VPC1",
            "tls_private_key.AWSB56Key"
          ]
        }
      ]
    },
    {
      "mode": "managed",
      "type": "aws_instance",
      "name": "AWSB56-private-Linux2",
      "provider": "provider[\"registry.terraform.io/hashicorp/aws\"]",
      "instances": [
        {
          "schema_version": 1,
          "attributes": {
            "ami": "ami-0fff1b9a61dec8a5f",
            "arn": "arn:aws:ec2:us-east-1:337636137060:instance/i-0b7bf69dd54d22469",
            "associate_public_ip_address": false,
            "availability_zone": "us-east-1b",
            "capacity_reservation_specification": [
              {
                "capacity_reservation_preference": "open",
                "capacity_reservation_target": []
              }
            ],
            "cpu_core_count": 1,
            "cpu_options": [
              {
                "amd_sev_snp": "",
                "core_count": 1,
                "threads_per_core": 1
              }
            ],
            "cpu_threads_per_core": 1,
            "credit_specification": [
              {
                "cpu_credits": "standard"
              }
            ],
            "disable_api_stop": false,
            "disable_api_termination": false,
            "ebs_block_device": [],
            "ebs_optimized": false,
            "enclave_options": [
              {
                "enabled": false
              }
            ],
            "ephemeral_block_device": [],
            "get_password_data": false,
            "hibernation": false,
            "host_id": "",
            "host_resource_group_arn": null,
            "iam_instance_profile": "",
            "id": "i-0b7bf69dd54d22469",
            "instance_initiated_shutdown_behavior": "stop",
            "instance_lifecycle": "",
            "instance_market_options": [],
            "instance_state": "running",
            "instance_type": "t2.micro",
            "ipv6_address_count": 0,
            "ipv6_addresses": [],
            "key_name": "AWSB56Key-kp",
            "launch_template": [],
            "maintenance_options": [
              {
                "auto_recovery": "default"
              }
            ],
            "metadata_options": [
              {
                "http_endpoint": "enabled",
                "http_protocol_ipv6": "disabled",
                "http_put_response_hop_limit": 2,
                "http_tokens": "required",
                "instance_metadata_tags": "disabled"
              }
            ],
            "monitoring": false,
            "network_interface": [],
            "outpost_arn": "",
            "password_data": "",
            "placement_group": "",
            "placement_partition_number": 0,
            "primary_network_interface_id": "eni-0c01e0896229ccb77",
            "private_dns": "ip-10-56-20-204.ec2.internal",
            "private_dns_name_options": [
              {
                "enable_resource_name_dns_a_record": false,
                "enable_resource_name_dns_aaaa_record": false,
                "hostname_type": "ip-name"
              }
            ],
            "private_ip": "10.56.20.204",
            "public_dns": "",
            "public_ip": "",
            "root_block_device": [
              {
                "delete_on_termination": true,
                "device_name": "/dev/xvda",
                "encrypted": false,
                "iops": 3000,
                "kms_key_id": "",
                "tags": {},
                "tags_all": {},
                "throughput": 125,
                "volume_id": "vol-01fb1e940adb4dc2e",
                "volume_size": 8,
                "volume_type": "gp3"
              }
            ],
            "secondary_private_ips": [],
            "security_groups": [],
            "source_dest_check": true,
            "spot_instance_request_id": "",
            "subnet_id": "subnet-0e530b8151e22caae",
            "tags": {
              "Name": "AWSB56-EC2_private2"
            },
            "tags_all": {
              "Name": "AWSB56-EC2_private2"
            },
            "tenancy": "default",
            "timeouts": null,
            "user_data": "446bc8eee22192df8e14004f82f9b64f69f1b785",
            "user_data_base64": null,
            "user_data_replace_on_change": false,
            "volume_tags": null,
            "vpc_security_group_ids": [
              "sg-0b40beabaa2bddf3e"
            ]
          },
          "sensitive_attributes": [],
          "private": "eyJlMmJmYjczMC1lY2FhLTExZTYtOGY4OC0zNDM2M2JjN2M0YzAiOnsiY3JlYXRlIjo2MDAwMDAwMDAwMDAsImRlbGV0ZSI6MTIwMDAwMDAwMDAwMCwicmVhZCI6OTAwMDAwMDAwMDAwLCJ1cGRhdGUiOjYwMDAwMDAwMDAwMH0sInNjaGVtYV92ZXJzaW9uIjoiMSJ9",
          "dependencies": [
            "aws_key_pair.AWSB56Key-kp",
            "aws_security_group.AWSB56_sg",
            "aws_subnet.private-subnet2",
            "aws_vpc.AWSB56-VPC1",
            "tls_private_key.AWSB56Key"
          ]
        }
      ]
    },
    {
      "mode": "managed",
      "type": "aws_instance",
      "name": "AWSB56-private-Linux3",
      "provider": "provider[\"registry.terraform.io/hashicorp/aws\"]",
      "instances": [
        {
          "schema_version": 1,
          "attributes": {
            "ami": "ami-0fff1b9a61dec8a5f",
            "arn": "arn:aws:ec2:us-east-1:337636137060:instance/i-07831a88e6dab9f30",
            "associate_public_ip_address": false,
            "availability_zone": "us-east-1c",
            "capacity_reservation_specification": [
              {
                "capacity_reservation_preference": "open",
                "capacity_reservation_target": []
              }
            ],
            "cpu_core_count": 1,
            "cpu_options": [
              {
                "amd_sev_snp": "",
                "core_count": 1,
                "threads_per_core": 1
              }
            ],
            "cpu_threads_per_core": 1,
            "credit_specification": [
              {
                "cpu_credits": "standard"
              }
            ],
            "disable_api_stop": false,
            "disable_api_termination": false,
            "ebs_block_device": [],
            "ebs_optimized": false,
            "enclave_options": [
              {
                "enabled": false
              }
            ],
            "ephemeral_block_device": [],
            "get_password_data": false,
            "hibernation": false,
            "host_id": "",
            "host_resource_group_arn": null,
            "iam_instance_profile": "",
            "id": "i-07831a88e6dab9f30",
            "instance_initiated_shutdown_behavior": "stop",
            "instance_lifecycle": "",
            "instance_market_options": [],
            "instance_state": "running",
            "instance_type": "t2.micro",
            "ipv6_address_count": 0,
            "ipv6_addresses": [],
            "key_name": "AWSB56Key-kp",
            "launch_template": [],
            "maintenance_options": [
              {
                "auto_recovery": "default"
              }
            ],
            "metadata_options": [
              {
                "http_endpoint": "enabled",
                "http_protocol_ipv6": "disabled",
                "http_put_response_hop_limit": 2,
                "http_tokens": "required",
                "instance_metadata_tags": "disabled"
              }
            ],
            "monitoring": false,
            "network_interface": [],
            "outpost_arn": "",
            "password_data": "",
            "placement_group": "",
            "placement_partition_number": 0,
            "primary_network_interface_id": "eni-047a984fd1518b94b",
            "private_dns": "ip-10-56-30-141.ec2.internal",
            "private_dns_name_options": [
              {
                "enable_resource_name_dns_a_record": false,
                "enable_resource_name_dns_aaaa_record": false,
                "hostname_type": "ip-name"
              }
            ],
            "private_ip": "10.56.30.141",
            "public_dns": "",
            "public_ip": "",
            "root_block_device": [
              {
                "delete_on_termination": true,
                "device_name": "/dev/xvda",
                "encrypted": false,
                "iops": 3000,
                "kms_key_id": "",
                "tags": {},
                "tags_all": {},
                "throughput": 125,
                "volume_id": "vol-0efa02d51b860cebf",
                "volume_size": 8,
                "volume_type": "gp3"
              }
            ],
            "secondary_private_ips": [],
            "security_groups": [],
            "source_dest_check": true,
            "spot_instance_request_id": "",
            "subnet_id": "subnet-0563a375fcaf3c6a1",
            "tags": {
              "Name": "AWSB56-EC2_private3"
            },
            "tags_all": {
              "Name": "AWSB56-EC2_private3"
            },
            "tenancy": "default",
            "timeouts": null,
            "user_data": "446bc8eee22192df8e14004f82f9b64f69f1b785",
            "user_data_base64": null,
            "user_data_replace_on_change": false,
            "volume_tags": null,
            "vpc_security_group_ids": [
              "sg-0b40beabaa2bddf3e"
            ]
          },
          "sensitive_attributes": [],
          "private": "eyJlMmJmYjczMC1lY2FhLTExZTYtOGY4OC0zNDM2M2JjN2M0YzAiOnsiY3JlYXRlIjo2MDAwMDAwMDAwMDAsImRlbGV0ZSI6MTIwMDAwMDAwMDAwMCwicmVhZCI6OTAwMDAwMDAwMDAwLCJ1cGRhdGUiOjYwMDAwMDAwMDAwMH0sInNjaGVtYV92ZXJzaW9uIjoiMSJ9",
          "dependencies": [
            "aws_key_pair.AWSB56Key-kp",
            "aws_security_group.AWSB56_sg",
            "aws_subnet.private-subnet3",
            "aws_vpc.AWSB56-VPC1",
            "tls_private_key.AWSB56Key"
          ]
        }
      ]
    },
    {
      "mode": "managed",
      "type": "aws_instance",
      "name": "AWSB56-private-Linux4",
      "provider": "provider[\"registry.terraform.io/hashicorp/aws\"]",
      "instances": [
        {
          "schema_version": 1,
          "attributes": {
            "ami": "ami-0fff1b9a61dec8a5f",
            "arn": "arn:aws:ec2:us-east-1:337636137060:instance/i-03e91270571e39386",
            "associate_public_ip_address": false,
            "availability_zone": "us-east-1c",
            "capacity_reservation_specification": [
              {
                "capacity_reservation_preference": "open",
                "capacity_reservation_target": []
              }
            ],
            "cpu_core_count": 1,
            "cpu_options": [
              {
                "amd_sev_snp": "",
                "core_count": 1,
                "threads_per_core": 1
              }
            ],
            "cpu_threads_per_core": 1,
            "credit_specification": [
              {
                "cpu_credits": "standard"
              }
            ],
            "disable_api_stop": false,
            "disable_api_termination": false,
            "ebs_block_device": [],
            "ebs_optimized": false,
            "enclave_options": [
              {
                "enabled": false
              }
            ],
            "ephemeral_block_device": [],
            "get_password_data": false,
            "hibernation": false,
            "host_id": "",
            "host_resource_group_arn": null,
            "iam_instance_profile": "",
            "id": "i-03e91270571e39386",
            "instance_initiated_shutdown_behavior": "stop",
            "instance_lifecycle": "",
            "instance_market_options": [],
            "instance_state": "running",
            "instance_type": "t2.micro",
            "ipv6_address_count": 0,
            "ipv6_addresses": [],
            "key_name": "AWSB56Key-kp",
            "launch_template": [],
            "maintenance_options": [
              {
                "auto_recovery": "default"
              }
            ],
            "metadata_options": [
              {
                "http_endpoint": "enabled",
                "http_protocol_ipv6": "disabled",
                "http_put_response_hop_limit": 2,
                "http_tokens": "required",
                "instance_metadata_tags": "disabled"
              }
            ],
            "monitoring": false,
            "network_interface": [],
            "outpost_arn": "",
            "password_data": "",
            "placement_group": "",
            "placement_partition_number": 0,
            "primary_network_interface_id": "eni-03aff1be654fd4a69",
            "private_dns": "ip-10-56-30-90.ec2.internal",
            "private_dns_name_options": [
              {
                "enable_resource_name_dns_a_record": false,
                "enable_resource_name_dns_aaaa_record": false,
                "hostname_type": "ip-name"
              }
            ],
            "private_ip": "10.56.30.90",
            "public_dns": "",
            "public_ip": "",
            "root_block_device": [
              {
                "delete_on_termination": true,
                "device_name": "/dev/xvda",
                "encrypted": false,
                "iops": 3000,
                "kms_key_id": "",
                "tags": {},
                "tags_all": {},
                "throughput": 125,
                "volume_id": "vol-0687fa74d7797d0a3",
                "volume_size": 8,
                "volume_type": "gp3"
              }
            ],
            "secondary_private_ips": [],
            "security_groups": [],
            "source_dest_check": true,
            "spot_instance_request_id": "",
            "subnet_id": "subnet-0563a375fcaf3c6a1",
            "tags": {
              "Name": "AWSB56-EC2_private4"
            },
            "tags_all": {
              "Name": "AWSB56-EC2_private4"
            },
            "tenancy": "default",
            "timeouts": null,
            "user_data": "446bc8eee22192df8e14004f82f9b64f69f1b785",
            "user_data_base64": null,
            "user_data_replace_on_change": false,
            "volume_tags": null,
            "vpc_security_group_ids": [
              "sg-0b40beabaa2bddf3e"
            ]
          },
          "sensitive_attributes": [],
          "private": "eyJlMmJmYjczMC1lY2FhLTExZTYtOGY4OC0zNDM2M2JjN2M0YzAiOnsiY3JlYXRlIjo2MDAwMDAwMDAwMDAsImRlbGV0ZSI6MTIwMDAwMDAwMDAwMCwicmVhZCI6OTAwMDAwMDAwMDAwLCJ1cGRhdGUiOjYwMDAwMDAwMDAwMH0sInNjaGVtYV92ZXJzaW9uIjoiMSJ9",
          "dependencies": [
            "aws_key_pair.AWSB56Key-kp",
            "aws_security_group.AWSB56_sg",
            "aws_subnet.private-subnet3",
            "aws_vpc.AWSB56-VPC1",
            "tls_private_key.AWSB56Key"
          ]
        }
      ]
    },
    {
      "mode": "managed",
      "type": "aws_instance",
      "name": "AWSB56-private-Linux5",
      "provider": "provider[\"registry.terraform.io/hashicorp/aws\"]",
      "instances": [
        {
          "schema_version": 1,
          "attributes": {
            "ami": "ami-0fff1b9a61dec8a5f",
            "arn": "arn:aws:ec2:us-east-1:337636137060:instance/i-062b1a70a6a364a7e",
            "associate_public_ip_address": false,
            "availability_zone": "us-east-1c",
            "capacity_reservation_specification": [
              {
                "capacity_reservation_preference": "open",
                "capacity_reservation_target": []
              }
            ],
            "cpu_core_count": 1,
            "cpu_options": [
              {
                "amd_sev_snp": "",
                "core_count": 1,
                "threads_per_core": 1
              }
            ],
            "cpu_threads_per_core": 1,
            "credit_specification": [
              {
                "cpu_credits": "standard"
              }
            ],
            "disable_api_stop": false,
            "disable_api_termination": false,
            "ebs_block_device": [],
            "ebs_optimized": false,
            "enclave_options": [
              {
                "enabled": false
              }
            ],
            "ephemeral_block_device": [],
            "get_password_data": false,
            "hibernation": false,
            "host_id": "",
            "host_resource_group_arn": null,
            "iam_instance_profile": "",
            "id": "i-062b1a70a6a364a7e",
            "instance_initiated_shutdown_behavior": "stop",
            "instance_lifecycle": "",
            "instance_market_options": [],
            "instance_state": "running",
            "instance_type": "t2.micro",
            "ipv6_address_count": 0,
            "ipv6_addresses": [],
            "key_name": "AWSB56Key-kp",
            "launch_template": [],
            "maintenance_options": [
              {
                "auto_recovery": "default"
              }
            ],
            "metadata_options": [
              {
                "http_endpoint": "enabled",
                "http_protocol_ipv6": "disabled",
                "http_put_response_hop_limit": 2,
                "http_tokens": "required",
                "instance_metadata_tags": "disabled"
              }
            ],
            "monitoring": false,
            "network_interface": [],
            "outpost_arn": "",
            "password_data": "",
            "placement_group": "",
            "placement_partition_number": 0,
            "primary_network_interface_id": "eni-0e2938825e0e80a4b",
            "private_dns": "ip-10-56-30-182.ec2.internal",
            "private_dns_name_options": [
              {
                "enable_resource_name_dns_a_record": false,
                "enable_resource_name_dns_aaaa_record": false,
                "hostname_type": "ip-name"
              }
            ],
            "private_ip": "10.56.30.182",
            "public_dns": "",
            "public_ip": "",
            "root_block_device": [
              {
                "delete_on_termination": true,
                "device_name": "/dev/xvda",
                "encrypted": false,
                "iops": 3000,
                "kms_key_id": "",
                "tags": {},
                "tags_all": {},
                "throughput": 125,
                "volume_id": "vol-0ef4067cc0f231a3f",
                "volume_size": 8,
                "volume_type": "gp3"
              }
            ],
            "secondary_private_ips": [],
            "security_groups": [],
            "source_dest_check": true,
            "spot_instance_request_id": "",
            "subnet_id": "subnet-0563a375fcaf3c6a1",
            "tags": {
              "Name": "AWSB56-EC2_private5"
            },
            "tags_all": {
              "Name": "AWSB56-EC2_private5"
            },
            "tenancy": "default",
            "timeouts": null,
            "user_data": "446bc8eee22192df8e14004f82f9b64f69f1b785",
            "user_data_base64": null,
            "user_data_replace_on_change": false,
            "volume_tags": null,
            "vpc_security_group_ids": [
              "sg-0b40beabaa2bddf3e"
            ]
          },
          "sensitive_attributes": [],
          "private": "eyJlMmJmYjczMC1lY2FhLTExZTYtOGY4OC0zNDM2M2JjN2M0YzAiOnsiY3JlYXRlIjo2MDAwMDAwMDAwMDAsImRlbGV0ZSI6MTIwMDAwMDAwMDAwMCwicmVhZCI6OTAwMDAwMDAwMDAwLCJ1cGRhdGUiOjYwMDAwMDAwMDAwMH0sInNjaGVtYV92ZXJzaW9uIjoiMSJ9",
          "dependencies": [
            "aws_key_pair.AWSB56Key-kp",
            "aws_security_group.AWSB56_sg",
            "aws_subnet.private-subnet3",
            "aws_vpc.AWSB56-VPC1",
            "tls_private_key.AWSB56Key"
          ]
        }
      ]
    },
    {
      "mode": "managed",
      "type": "aws_instance",
      "name": "AWSB56-private-Linux6",
      "provider": "provider[\"registry.terraform.io/hashicorp/aws\"]",
      "instances": [
        {
          "schema_version": 1,
          "attributes": {
            "ami": "ami-0fff1b9a61dec8a5f",
            "arn": "arn:aws:ec2:us-east-1:337636137060:instance/i-0331773c23609e96c",
            "associate_public_ip_address": false,
            "availability_zone": "us-east-1c",
            "capacity_reservation_specification": [
              {
                "capacity_reservation_preference": "open",
                "capacity_reservation_target": []
              }
            ],
            "cpu_core_count": 1,
            "cpu_options": [
              {
                "amd_sev_snp": "",
                "core_count": 1,
                "threads_per_core": 1
              }
            ],
            "cpu_threads_per_core": 1,
            "credit_specification": [
              {
                "cpu_credits": "standard"
              }
            ],
            "disable_api_stop": false,
            "disable_api_termination": false,
            "ebs_block_device": [],
            "ebs_optimized": false,
            "enclave_options": [
              {
                "enabled": false
              }
            ],
            "ephemeral_block_device": [],
            "get_password_data": false,
            "hibernation": false,
            "host_id": "",
            "host_resource_group_arn": null,
            "iam_instance_profile": "",
            "id": "i-0331773c23609e96c",
            "instance_initiated_shutdown_behavior": "stop",
            "instance_lifecycle": "",
            "instance_market_options": [],
            "instance_state": "running",
            "instance_type": "t2.micro",
            "ipv6_address_count": 0,
            "ipv6_addresses": [],
            "key_name": "AWSB56Key-kp",
            "launch_template": [],
            "maintenance_options": [
              {
                "auto_recovery": "default"
              }
            ],
            "metadata_options": [
              {
                "http_endpoint": "enabled",
                "http_protocol_ipv6": "disabled",
                "http_put_response_hop_limit": 2,
                "http_tokens": "required",
                "instance_metadata_tags": "disabled"
              }
            ],
            "monitoring": false,
            "network_interface": [],
            "outpost_arn": "",
            "password_data": "",
            "placement_group": "",
            "placement_partition_number": 0,
            "primary_network_interface_id": "eni-0d9c340630c675ef1",
            "private_dns": "ip-10-56-30-62.ec2.internal",
            "private_dns_name_options": [
              {
                "enable_resource_name_dns_a_record": false,
                "enable_resource_name_dns_aaaa_record": false,
                "hostname_type": "ip-name"
              }
            ],
            "private_ip": "10.56.30.62",
            "public_dns": "",
            "public_ip": "",
            "root_block_device": [
              {
                "delete_on_termination": true,
                "device_name": "/dev/xvda",
                "encrypted": false,
                "iops": 3000,
                "kms_key_id": "",
                "tags": {},
                "tags_all": {},
                "throughput": 125,
                "volume_id": "vol-0c27478698a773a17",
                "volume_size": 8,
                "volume_type": "gp3"
              }
            ],
            "secondary_private_ips": [],
            "security_groups": [],
            "source_dest_check": true,
            "spot_instance_request_id": "",
            "subnet_id": "subnet-0563a375fcaf3c6a1",
            "tags": {
              "Name": "AWSB56-EC2_private6"
            },
            "tags_all": {
              "Name": "AWSB56-EC2_private6"
            },
            "tenancy": "default",
            "timeouts": null,
            "user_data": "446bc8eee22192df8e14004f82f9b64f69f1b785",
            "user_data_base64": null,
            "user_data_replace_on_change": false,
            "volume_tags": null,
            "vpc_security_group_ids": [
              "sg-0b40beabaa2bddf3e"
            ]
          },
          "sensitive_attributes": [],
          "private": "eyJlMmJmYjczMC1lY2FhLTExZTYtOGY4OC0zNDM2M2JjN2M0YzAiOnsiY3JlYXRlIjo2MDAwMDAwMDAwMDAsImRlbGV0ZSI6MTIwMDAwMDAwMDAwMCwicmVhZCI6OTAwMDAwMDAwMDAwLCJ1cGRhdGUiOjYwMDAwMDAwMDAwMH0sInNjaGVtYV92ZXJzaW9uIjoiMSJ9",
          "dependencies": [
            "aws_key_pair.AWSB56Key-kp",
            "aws_security_group.AWSB56_sg",
            "aws_subnet.private-subnet3",
            "aws_vpc.AWSB56-VPC1",
            "tls_private_key.AWSB56Key"
          ]
        }
      ]
    },
    {
      "mode": "managed",
      "type": "aws_instance",
      "name": "AWSB56-public-Linux1",
      "provider": "provider[\"registry.terraform.io/hashicorp/aws\"]",
      "instances": [
        {
          "schema_version": 1,
          "attributes": {
            "ami": "ami-0fff1b9a61dec8a5f",
            "arn": "arn:aws:ec2:us-east-1:337636137060:instance/i-07f4b392653811e57",
            "associate_public_ip_address": true,
            "availability_zone": "us-east-1a",
            "capacity_reservation_specification": [
              {
                "capacity_reservation_preference": "open",
                "capacity_reservation_target": []
              }
            ],
            "cpu_core_count": 1,
            "cpu_options": [
              {
                "amd_sev_snp": "",
                "core_count": 1,
                "threads_per_core": 1
              }
            ],
            "cpu_threads_per_core": 1,
            "credit_specification": [
              {
                "cpu_credits": "standard"
              }
            ],
            "disable_api_stop": false,
            "disable_api_termination": false,
            "ebs_block_device": [],
            "ebs_optimized": false,
            "enclave_options": [
              {
                "enabled": false
              }
            ],
            "ephemeral_block_device": [],
            "get_password_data": false,
            "hibernation": false,
            "host_id": "",
            "host_resource_group_arn": null,
            "iam_instance_profile": "",
            "id": "i-07f4b392653811e57",
            "instance_initiated_shutdown_behavior": "stop",
            "instance_lifecycle": "",
            "instance_market_options": [],
            "instance_state": "running",
            "instance_type": "t2.micro",
            "ipv6_address_count": 0,
            "ipv6_addresses": [],
            "key_name": "AWSB56Key-kp",
            "launch_template": [],
            "maintenance_options": [
              {
                "auto_recovery": "default"
              }
            ],
            "metadata_options": [
              {
                "http_endpoint": "enabled",
                "http_protocol_ipv6": "disabled",
                "http_put_response_hop_limit": 2,
                "http_tokens": "required",
                "instance_metadata_tags": "disabled"
              }
            ],
            "monitoring": false,
            "network_interface": [],
            "outpost_arn": "",
            "password_data": "",
            "placement_group": "",
            "placement_partition_number": 0,
            "primary_network_interface_id": "eni-0188944ed10192c6a",
            "private_dns": "ip-10-56-1-220.ec2.internal",
            "private_dns_name_options": [
              {
                "enable_resource_name_dns_a_record": false,
                "enable_resource_name_dns_aaaa_record": false,
                "hostname_type": "ip-name"
              }
            ],
            "private_ip": "10.56.1.220",
            "public_dns": "ec2-54-224-220-169.compute-1.amazonaws.com",
            "public_ip": "54.224.220.169",
            "root_block_device": [
              {
                "delete_on_termination": true,
                "device_name": "/dev/xvda",
                "encrypted": false,
                "iops": 3000,
                "kms_key_id": "",
                "tags": {},
                "tags_all": {},
                "throughput": 125,
                "volume_id": "vol-05672fafaf46a2cff",
                "volume_size": 8,
                "volume_type": "gp3"
              }
            ],
            "secondary_private_ips": [],
            "security_groups": [],
            "source_dest_check": true,
            "spot_instance_request_id": "",
            "subnet_id": "subnet-014ba2af022fa4ba5",
            "tags": {
              "Name": "AWSB56-EC2_public1"
            },
            "tags_all": {
              "Name": "AWSB56-EC2_public1"
            },
            "tenancy": "default",
            "timeouts": null,
            "user_data": "446bc8eee22192df8e14004f82f9b64f69f1b785",
            "user_data_base64": null,
            "user_data_replace_on_change": false,
            "volume_tags": null,
            "vpc_security_group_ids": [
              "sg-0b40beabaa2bddf3e"
            ]
          },
          "sensitive_attributes": [],
          "private": "eyJlMmJmYjczMC1lY2FhLTExZTYtOGY4OC0zNDM2M2JjN2M0YzAiOnsiY3JlYXRlIjo2MDAwMDAwMDAwMDAsImRlbGV0ZSI6MTIwMDAwMDAwMDAwMCwicmVhZCI6OTAwMDAwMDAwMDAwLCJ1cGRhdGUiOjYwMDAwMDAwMDAwMH0sInNjaGVtYV92ZXJzaW9uIjoiMSJ9",
          "dependencies": [
            "aws_key_pair.AWSB56Key-kp",
            "aws_security_group.AWSB56_sg",
            "aws_subnet.public-subnet1",
            "aws_vpc.AWSB56-VPC1",
            "tls_private_key.AWSB56Key"
          ]
        }
      ]
    },
    {
      "mode": "managed",
      "type": "aws_internet_gateway",
      "name": "AWSB56-igw",
      "provider": "provider[\"registry.terraform.io/hashicorp/aws\"]",
      "instances": [
        {
          "schema_version": 0,
          "attributes": {
            "arn": "arn:aws:ec2:us-east-1:337636137060:internet-gateway/igw-010471c30c89f9e75",
            "id": "igw-010471c30c89f9e75",
            "owner_id": "337636137060",
            "tags": {
              "name": "AWSB56-internet gateway"
            },
            "tags_all": {
              "name": "AWSB56-internet gateway"
            },
            "timeouts": null,
            "vpc_id": "vpc-03f75ee338cb2c21a"
          },
          "sensitive_attributes": [],
          "private": "eyJlMmJmYjczMC1lY2FhLTExZTYtOGY4OC0zNDM2M2JjN2M0YzAiOnsiY3JlYXRlIjoxMjAwMDAwMDAwMDAwLCJkZWxldGUiOjEyMDAwMDAwMDAwMDAsInVwZGF0ZSI6MTIwMDAwMDAwMDAwMH19",
          "dependencies": [
            "aws_vpc.AWSB56-VPC1"
          ]
        }
      ]
    },
    {
      "mode": "managed",
      "type": "aws_key_pair",
      "name": "AWSB56Key-kp",
      "provider": "provider[\"registry.terraform.io/hashicorp/aws\"]",
      "instances": [
        {
          "schema_version": 1,
          "attributes": {
            "arn": "arn:aws:ec2:us-east-1:337636137060:key-pair/AWSB56Key-kp",
            "fingerprint": "f6:2e:82:df:34:ac:29:0e:4a:48:cc:6a:ad:97:9d:0c",
            "id": "AWSB56Key-kp",
            "key_name": "AWSB56Key-kp",
            "key_name_prefix": "",
            "key_pair_id": "key-0a864565ec172489d",
            "key_type": "rsa",
            "public_key": "ssh-rsa AAAAB3NzaC1yc2EAAAADAQABAAACAQDeOq5dIE+l+gwrhUf2U5jp29wKOGgWKF/vjnTbSIFvf978VKIu7dHc5k8RCYRsxf5ScfZS9x7bcxq+B0t9gtkIXCIvcSYVl7vtzY0rX2db7HY8HbuxVaajhhyh0an9MAJVnoTmxdgQRQwqQv11TR66bWiInSFd7bPoS4k8zGBUDLnKoQFroVwZXRaRC5+N+k7UAxafurKHcs7SdjRJAUUJ42iHfRXZpnEVYb6mOgWnwp/t8HEJL0P0Z/sTwiDp0bhR5lSilMQtRVfspAUq0QPrY1ygDtAC5b/jCTsteMGCGAVEJ8wQ/kUBHsrd/Dd45rWtpKARsplcQCHAeiWHPBbhHW5ts5Vr3f8QP890do4meivKegvbcJSEpU7NbNh7r7zyng7HfM2HOTca+uohk91FwX/4rOeg17oy3GCuyv3asR++S+aCeIJnEdBX5IV3uLXhNB43zUEx/FBJ+Ve4o06ANrG6vU4Xx4c7V+S0PQWQyvkbw57Ue8oQWeSyTIuwjwLy3QTAqpKV5goB/uKEXlwApXpmxSp25cHHp5x2c8Iti/ZwU3wC/cS7qb/fspChRA2aNKv7AZgPkkzfpAoMq0BNuTQGUXuPyo4FGc9vFl+UJBD8JszmPC5W52F/zkLI1cA29iN8ejixa7HUMtqbxMMfUQQh7ohYcMxnxC7uDdjRCw==",
            "tags": {},
            "tags_all": {}
          },
          "sensitive_attributes": [],
          "private": "eyJzY2hlbWFfdmVyc2lvbiI6IjEifQ==",
          "dependencies": [
            "tls_private_key.AWSB56Key"
          ]
        }
      ]
    },
    {
      "mode": "managed",
      "type": "aws_nat_gateway",
      "name": "AWSB56-ngw",
      "provider": "provider[\"registry.terraform.io/hashicorp/aws\"]",
      "instances": [
        {
          "schema_version": 0,
          "attributes": {
            "allocation_id": "eipalloc-0f0d3e1f720447023",
            "association_id": "eipassoc-0af9cf2e0324be42f",
            "connectivity_type": "public",
            "id": "nat-0351b7978f74fd793",
            "network_interface_id": "eni-01ba042345a3d61c6",
            "private_ip": "10.56.1.69",
            "public_ip": "18.209.126.30",
            "secondary_allocation_ids": [],
            "secondary_private_ip_address_count": 0,
            "secondary_private_ip_addresses": [],
            "subnet_id": "subnet-014ba2af022fa4ba5",
            "tags": {
              "name": "AWSB56 NAT Gateway"
            },
            "tags_all": {
              "name": "AWSB56 NAT Gateway"
            },
            "timeouts": null
          },
          "sensitive_attributes": [],
          "private": "eyJlMmJmYjczMC1lY2FhLTExZTYtOGY4OC0zNDM2M2JjN2M0YzAiOnsiY3JlYXRlIjo2MDAwMDAwMDAwMDAsImRlbGV0ZSI6MTgwMDAwMDAwMDAwMCwidXBkYXRlIjo2MDAwMDAwMDAwMDB9fQ==",
          "dependencies": [
            "aws_eip.AWSB56-eip",
            "aws_subnet.public-subnet1",
            "aws_vpc.AWSB56-VPC1"
          ]
        }
      ]
    },
    {
      "mode": "managed",
      "type": "aws_route_table",
      "name": "private-rt",
      "provider": "provider[\"registry.terraform.io/hashicorp/aws\"]",
      "instances": [
        {
          "schema_version": 0,
          "attributes": {
            "arn": "arn:aws:ec2:us-east-1:337636137060:route-table/rtb-044f30173760a59fc",
            "id": "rtb-044f30173760a59fc",
            "owner_id": "337636137060",
            "propagating_vgws": [],
            "route": [
              {
                "carrier_gateway_id": "",
                "cidr_block": "0.0.0.0/0",
                "core_network_arn": "",
                "destination_prefix_list_id": "",
                "egress_only_gateway_id": "",
                "gateway_id": "nat-0351b7978f74fd793",
                "ipv6_cidr_block": "",
                "local_gateway_id": "",
                "nat_gateway_id": "",
                "network_interface_id": "",
                "transit_gateway_id": "",
                "vpc_endpoint_id": "",
                "vpc_peering_connection_id": ""
              }
            ],
            "tags": {
              "Name": "private RT"
            },
            "tags_all": {
              "Name": "private RT"
            },
            "timeouts": null,
            "vpc_id": "vpc-03f75ee338cb2c21a"
          },
          "sensitive_attributes": [],
          "private": "eyJlMmJmYjczMC1lY2FhLTExZTYtOGY4OC0zNDM2M2JjN2M0YzAiOnsiY3JlYXRlIjozMDAwMDAwMDAwMDAsImRlbGV0ZSI6MzAwMDAwMDAwMDAwLCJ1cGRhdGUiOjEyMDAwMDAwMDAwMH19",
          "dependencies": [
            "aws_eip.AWSB56-eip",
            "aws_nat_gateway.AWSB56-ngw",
            "aws_subnet.public-subnet1",
            "aws_vpc.AWSB56-VPC1"
          ]
        }
      ]
    },
    {
      "mode": "managed",
      "type": "aws_route_table",
      "name": "public-rt",
      "provider": "provider[\"registry.terraform.io/hashicorp/aws\"]",
      "instances": [
        {
          "schema_version": 0,
          "attributes": {
            "arn": "arn:aws:ec2:us-east-1:337636137060:route-table/rtb-0ec1fd034ff2b616c",
            "id": "rtb-0ec1fd034ff2b616c",
            "owner_id": "337636137060",
            "propagating_vgws": [],
            "route": [
              {
                "carrier_gateway_id": "",
                "cidr_block": "0.0.0.0/0",
                "core_network_arn": "",
                "destination_prefix_list_id": "",
                "egress_only_gateway_id": "",
                "gateway_id": "igw-010471c30c89f9e75",
                "ipv6_cidr_block": "",
                "local_gateway_id": "",
                "nat_gateway_id": "",
                "network_interface_id": "",
                "transit_gateway_id": "",
                "vpc_endpoint_id": "",
                "vpc_peering_connection_id": ""
              }
            ],
            "tags": {
              "Name": "public RT"
            },
            "tags_all": {
              "Name": "public RT"
            },
            "timeouts": null,
            "vpc_id": "vpc-03f75ee338cb2c21a"
          },
          "sensitive_attributes": [],
          "private": "eyJlMmJmYjczMC1lY2FhLTExZTYtOGY4OC0zNDM2M2JjN2M0YzAiOnsiY3JlYXRlIjozMDAwMDAwMDAwMDAsImRlbGV0ZSI6MzAwMDAwMDAwMDAwLCJ1cGRhdGUiOjEyMDAwMDAwMDAwMH19",
          "dependencies": [
            "aws_internet_gateway.AWSB56-igw",
            "aws_vpc.AWSB56-VPC1"
          ]
        }
      ]
    },
    {
      "mode": "managed",
      "type": "aws_route_table_association",
      "name": "AWSB56-private-rt-association1",
      "provider": "provider[\"registry.terraform.io/hashicorp/aws\"]",
      "instances": [
        {
          "schema_version": 0,
          "attributes": {
            "gateway_id": "",
            "id": "rtbassoc-0edaeac275e7b9ee0",
            "route_table_id": "rtb-044f30173760a59fc",
            "subnet_id": "subnet-08b980b085cb31e32",
            "timeouts": null
          },
          "sensitive_attributes": [],
          "private": "eyJlMmJmYjczMC1lY2FhLTExZTYtOGY4OC0zNDM2M2JjN2M0YzAiOnsiY3JlYXRlIjozMDAwMDAwMDAwMDAsImRlbGV0ZSI6MzAwMDAwMDAwMDAwLCJ1cGRhdGUiOjEyMDAwMDAwMDAwMH19",
          "dependencies": [
            "aws_eip.AWSB56-eip",
            "aws_nat_gateway.AWSB56-ngw",
            "aws_route_table.private-rt",
            "aws_subnet.private-subnet1",
            "aws_subnet.public-subnet1",
            "aws_vpc.AWSB56-VPC1"
          ]
        }
      ]
    },
    {
      "mode": "managed",
      "type": "aws_route_table_association",
      "name": "AWSB56-private-rt-association2",
      "provider": "provider[\"registry.terraform.io/hashicorp/aws\"]",
      "instances": [
        {
          "schema_version": 0,
          "attributes": {
            "gateway_id": "",
            "id": "rtbassoc-0b057712d6aeea442",
            "route_table_id": "rtb-044f30173760a59fc",
            "subnet_id": "subnet-0e530b8151e22caae",
            "timeouts": null
          },
          "sensitive_attributes": [],
          "private": "eyJlMmJmYjczMC1lY2FhLTExZTYtOGY4OC0zNDM2M2JjN2M0YzAiOnsiY3JlYXRlIjozMDAwMDAwMDAwMDAsImRlbGV0ZSI6MzAwMDAwMDAwMDAwLCJ1cGRhdGUiOjEyMDAwMDAwMDAwMH19",
          "dependencies": [
            "aws_eip.AWSB56-eip",
            "aws_nat_gateway.AWSB56-ngw",
            "aws_route_table.private-rt",
            "aws_subnet.private-subnet2",
            "aws_subnet.public-subnet1",
            "aws_vpc.AWSB56-VPC1"
          ]
        }
      ]
    },
    {
      "mode": "managed",
      "type": "aws_route_table_association",
      "name": "AWSB56-private-rt-association3",
      "provider": "provider[\"registry.terraform.io/hashicorp/aws\"]",
      "instances": [
        {
          "schema_version": 0,
          "attributes": {
            "gateway_id": "",
            "id": "rtbassoc-0101f2c8d114847e2",
            "route_table_id": "rtb-044f30173760a59fc",
            "subnet_id": "subnet-0563a375fcaf3c6a1",
            "timeouts": null
          },
          "sensitive_attributes": [],
          "private": "eyJlMmJmYjczMC1lY2FhLTExZTYtOGY4OC0zNDM2M2JjN2M0YzAiOnsiY3JlYXRlIjozMDAwMDAwMDAwMDAsImRlbGV0ZSI6MzAwMDAwMDAwMDAwLCJ1cGRhdGUiOjEyMDAwMDAwMDAwMH19",
          "dependencies": [
            "aws_eip.AWSB56-eip",
            "aws_nat_gateway.AWSB56-ngw",
            "aws_route_table.private-rt",
            "aws_subnet.private-subnet3",
            "aws_subnet.public-subnet1",
            "aws_vpc.AWSB56-VPC1"
          ]
        }
      ]
    },
    {
      "mode": "managed",
      "type": "aws_route_table_association",
      "name": "AWSB56-public-rt-association1",
      "provider": "provider[\"registry.terraform.io/hashicorp/aws\"]",
      "instances": [
        {
          "schema_version": 0,
          "attributes": {
            "gateway_id": "",
            "id": "rtbassoc-069258abbb1005460",
            "route_table_id": "rtb-0ec1fd034ff2b616c",
            "subnet_id": "subnet-014ba2af022fa4ba5",
            "timeouts": null
          },
          "sensitive_attributes": [],
          "private": "eyJlMmJmYjczMC1lY2FhLTExZTYtOGY4OC0zNDM2M2JjN2M0YzAiOnsiY3JlYXRlIjozMDAwMDAwMDAwMDAsImRlbGV0ZSI6MzAwMDAwMDAwMDAwLCJ1cGRhdGUiOjEyMDAwMDAwMDAwMH19",
          "dependencies": [
            "aws_internet_gateway.AWSB56-igw",
            "aws_route_table.public-rt",
            "aws_subnet.public-subnet1",
            "aws_vpc.AWSB56-VPC1"
          ]
        }
      ]
    },
    {
      "mode": "managed",
      "type": "aws_route_table_association",
      "name": "AWSB56-public-rt-association2",
      "provider": "provider[\"registry.terraform.io/hashicorp/aws\"]",
      "instances": [
        {
          "schema_version": 0,
          "attributes": {
            "gateway_id": "",
            "id": "rtbassoc-026354543848a03fa",
            "route_table_id": "rtb-0ec1fd034ff2b616c",
            "subnet_id": "subnet-08d36c6edb84a1d62",
            "timeouts": null
          },
          "sensitive_attributes": [],
          "private": "eyJlMmJmYjczMC1lY2FhLTExZTYtOGY4OC0zNDM2M2JjN2M0YzAiOnsiY3JlYXRlIjozMDAwMDAwMDAwMDAsImRlbGV0ZSI6MzAwMDAwMDAwMDAwLCJ1cGRhdGUiOjEyMDAwMDAwMDAwMH19",
          "dependencies": [
            "aws_internet_gateway.AWSB56-igw",
            "aws_route_table.public-rt",
            "aws_subnet.public-subnet2",
            "aws_vpc.AWSB56-VPC1"
          ]
        }
      ]
    },
    {
      "mode": "managed",
      "type": "aws_route_table_association",
      "name": "AWSB56-public-rt-association3",
      "provider": "provider[\"registry.terraform.io/hashicorp/aws\"]",
      "instances": [
        {
          "schema_version": 0,
          "attributes": {
            "gateway_id": "",
            "id": "rtbassoc-038ca0bcd0569b2b9",
            "route_table_id": "rtb-0ec1fd034ff2b616c",
            "subnet_id": "subnet-009796cb998b9b74f",
            "timeouts": null
          },
          "sensitive_attributes": [],
          "private": "eyJlMmJmYjczMC1lY2FhLTExZTYtOGY4OC0zNDM2M2JjN2M0YzAiOnsiY3JlYXRlIjozMDAwMDAwMDAwMDAsImRlbGV0ZSI6MzAwMDAwMDAwMDAwLCJ1cGRhdGUiOjEyMDAwMDAwMDAwMH19",
          "dependencies": [
            "aws_internet_gateway.AWSB56-igw",
            "aws_route_table.public-rt",
            "aws_subnet.public-subnet3",
            "aws_vpc.AWSB56-VPC1"
          ]
        }
      ]
    },
    {
      "mode": "managed",
      "type": "aws_security_group",
      "name": "AWSB56_sg",
      "provider": "provider[\"registry.terraform.io/hashicorp/aws\"]",
      "instances": [
        {
          "schema_version": 1,
          "attributes": {
            "arn": "arn:aws:ec2:us-east-1:337636137060:security-group/sg-0b40beabaa2bddf3e",
            "description": "AWSB56-sg",
            "egress": [
              {
                "cidr_blocks": [
                  "0.0.0.0/0"
                ],
                "description": "Allow inbounoutboubd all access",
                "from_port": 0,
                "ipv6_cidr_blocks": [],
                "prefix_list_ids": [],
                "protocol": "-1",
                "security_groups": [],
                "self": false,
                "to_port": 0
              }
            ],
            "id": "sg-0b40beabaa2bddf3e",
            "ingress": [
              {
                "cidr_blocks": [
                  "0.0.0.0/0"
                ],
                "description": "Allow inbound HTTP access",
                "from_port": 80,
                "ipv6_cidr_blocks": [],
                "prefix_list_ids": [],
                "protocol": "tcp",
                "security_groups": [],
                "self": false,
                "to_port": 80
              },
              {
                "cidr_blocks": [
                  "0.0.0.0/0"
                ],
                "description": "Allow inbound HTTPs access",
                "from_port": 443,
                "ipv6_cidr_blocks": [],
                "prefix_list_ids": [],
                "protocol": "tcp",
                "security_groups": [],
                "self": false,
                "to_port": 443
              },
              {
                "cidr_blocks": [
                  "0.0.0.0/0"
                ],
                "description": "Allow inbound ICMP access",
                "from_port": -1,
                "ipv6_cidr_blocks": [],
                "prefix_list_ids": [],
                "protocol": "icmp",
                "security_groups": [],
                "self": false,
                "to_port": -1
              },
              {
                "cidr_blocks": [
                  "0.0.0.0/0"
                ],
                "description": "Allow inbound RDP access",
                "from_port": 3389,
                "ipv6_cidr_blocks": [],
                "prefix_list_ids": [],
                "protocol": "tcp",
                "security_groups": [],
                "self": false,
                "to_port": 3389
              },
              {
                "cidr_blocks": [
                  "0.0.0.0/0"
                ],
                "description": "Allow inbound SSH access",
                "from_port": 22,
                "ipv6_cidr_blocks": [],
                "prefix_list_ids": [],
                "protocol": "tcp",
                "security_groups": [],
                "self": false,
                "to_port": 22
              }
            ],
            "name": "AWSB56-sg",
            "name_prefix": "",
            "owner_id": "337636137060",
            "revoke_rules_on_delete": false,
            "tags": {
              "Name": "AWSB56-sg"
            },
            "tags_all": {
              "Name": "AWSB56-sg"
            },
            "timeouts": null,
            "vpc_id": "vpc-03f75ee338cb2c21a"
          },
          "sensitive_attributes": [],
          "private": "eyJlMmJmYjczMC1lY2FhLTExZTYtOGY4OC0zNDM2M2JjN2M0YzAiOnsiY3JlYXRlIjo2MDAwMDAwMDAwMDAsImRlbGV0ZSI6OTAwMDAwMDAwMDAwfSwic2NoZW1hX3ZlcnNpb24iOiIxIn0=",
          "dependencies": [
            "aws_vpc.AWSB56-VPC1"
          ]
        }
      ]
    },
    {
      "mode": "managed",
      "type": "aws_security_group_rule",
      "name": "AWSB56_sg_rule1",
      "provider": "provider[\"registry.terraform.io/hashicorp/aws\"]",
      "instances": [
        {
          "schema_version": 2,
          "attributes": {
            "cidr_blocks": [
              "0.0.0.0/0"
            ],
            "description": "Allow inbound SSH access",
            "from_port": 22,
            "id": "sgrule-459132072",
            "ipv6_cidr_blocks": null,
            "prefix_list_ids": null,
            "protocol": "tcp",
            "security_group_id": "sg-0b40beabaa2bddf3e",
            "security_group_rule_id": "sgr-03796eec592d97463",
            "self": false,
            "source_security_group_id": null,
            "timeouts": null,
            "to_port": 22,
            "type": "ingress"
          },
          "sensitive_attributes": [],
          "private": "eyJlMmJmYjczMC1lY2FhLTExZTYtOGY4OC0zNDM2M2JjN2M0YzAiOnsiY3JlYXRlIjozMDAwMDAwMDAwMDB9LCJzY2hlbWFfdmVyc2lvbiI6IjIifQ==",
          "dependencies": [
            "aws_security_group.AWSB56_sg",
            "aws_vpc.AWSB56-VPC1"
          ]
        }
      ]
    },
    {
      "mode": "managed",
      "type": "aws_security_group_rule",
      "name": "AWSB56_sg_rule2",
      "provider": "provider[\"registry.terraform.io/hashicorp/aws\"]",
      "instances": [
        {
          "schema_version": 2,
          "attributes": {
            "cidr_blocks": [
              "0.0.0.0/0"
            ],
            "description": "Allow inbound HTTP access",
            "from_port": 80,
            "id": "sgrule-1378381549",
            "ipv6_cidr_blocks": null,
            "prefix_list_ids": null,
            "protocol": "tcp",
            "security_group_id": "sg-0b40beabaa2bddf3e",
            "security_group_rule_id": "sgr-0e34df39177746d93",
            "self": false,
            "source_security_group_id": null,
            "timeouts": null,
            "to_port": 80,
            "type": "ingress"
          },
          "sensitive_attributes": [],
          "private": "eyJlMmJmYjczMC1lY2FhLTExZTYtOGY4OC0zNDM2M2JjN2M0YzAiOnsiY3JlYXRlIjozMDAwMDAwMDAwMDB9LCJzY2hlbWFfdmVyc2lvbiI6IjIifQ==",
          "dependencies": [
            "aws_security_group.AWSB56_sg",
            "aws_vpc.AWSB56-VPC1"
          ]
        }
      ]
    },
    {
      "mode": "managed",
      "type": "aws_security_group_rule",
      "name": "AWSB56_sg_rule3",
      "provider": "provider[\"registry.terraform.io/hashicorp/aws\"]",
      "instances": [
        {
          "schema_version": 2,
          "attributes": {
            "cidr_blocks": [
              "0.0.0.0/0"
            ],
            "description": "Allow inbound HTTPs access",
            "from_port": 443,
            "id": "sgrule-403050204",
            "ipv6_cidr_blocks": null,
            "prefix_list_ids": null,
            "protocol": "tcp",
            "security_group_id": "sg-0b40beabaa2bddf3e",
            "security_group_rule_id": "sgr-0b9f5d10a3b36e452",
            "self": false,
            "source_security_group_id": null,
            "timeouts": null,
            "to_port": 443,
            "type": "ingress"
          },
          "sensitive_attributes": [],
          "private": "eyJlMmJmYjczMC1lY2FhLTExZTYtOGY4OC0zNDM2M2JjN2M0YzAiOnsiY3JlYXRlIjozMDAwMDAwMDAwMDB9LCJzY2hlbWFfdmVyc2lvbiI6IjIifQ==",
          "dependencies": [
            "aws_security_group.AWSB56_sg",
            "aws_vpc.AWSB56-VPC1"
          ]
        }
      ]
    },
    {
      "mode": "managed",
      "type": "aws_security_group_rule",
      "name": "AWSB56_sg_rule4",
      "provider": "provider[\"registry.terraform.io/hashicorp/aws\"]",
      "instances": [
        {
          "schema_version": 2,
          "attributes": {
            "cidr_blocks": [
              "0.0.0.0/0"
            ],
            "description": "Allow inbound RDP access",
            "from_port": 3389,
            "id": "sgrule-1338563359",
            "ipv6_cidr_blocks": null,
            "prefix_list_ids": null,
            "protocol": "tcp",
            "security_group_id": "sg-0b40beabaa2bddf3e",
            "security_group_rule_id": "sgr-04de4fd3dcc59e139",
            "self": false,
            "source_security_group_id": null,
            "timeouts": null,
            "to_port": 3389,
            "type": "ingress"
          },
          "sensitive_attributes": [],
          "private": "eyJlMmJmYjczMC1lY2FhLTExZTYtOGY4OC0zNDM2M2JjN2M0YzAiOnsiY3JlYXRlIjozMDAwMDAwMDAwMDB9LCJzY2hlbWFfdmVyc2lvbiI6IjIifQ==",
          "dependencies": [
            "aws_security_group.AWSB56_sg",
            "aws_vpc.AWSB56-VPC1"
          ]
        }
      ]
    },
    {
      "mode": "managed",
      "type": "aws_security_group_rule",
      "name": "AWSB56_sg_rule5",
      "provider": "provider[\"registry.terraform.io/hashicorp/aws\"]",
      "instances": [
        {
          "schema_version": 2,
          "attributes": {
            "cidr_blocks": [
              "0.0.0.0/0"
            ],
            "description": "Allow inbounoutboubd all access",
            "from_port": 0,
            "id": "sgrule-880683790",
            "ipv6_cidr_blocks": null,
            "prefix_list_ids": null,
            "protocol": "-1",
            "security_group_id": "sg-0b40beabaa2bddf3e",
            "security_group_rule_id": "sgr-08998eb1472dfe150",
            "self": false,
            "source_security_group_id": null,
            "timeouts": null,
            "to_port": 0,
            "type": "egress"
          },
          "sensitive_attributes": [],
          "private": "eyJlMmJmYjczMC1lY2FhLTExZTYtOGY4OC0zNDM2M2JjN2M0YzAiOnsiY3JlYXRlIjozMDAwMDAwMDAwMDB9LCJzY2hlbWFfdmVyc2lvbiI6IjIifQ==",
          "dependencies": [
            "aws_security_group.AWSB56_sg",
            "aws_vpc.AWSB56-VPC1"
          ]
        }
      ]
    },
    {
      "mode": "managed",
      "type": "aws_security_group_rule",
      "name": "AWSB56_sg_rule6",
      "provider": "provider[\"registry.terraform.io/hashicorp/aws\"]",
      "instances": [
        {
          "schema_version": 2,
          "attributes": {
            "cidr_blocks": [
              "0.0.0.0/0"
            ],
            "description": "Allow inbound ICMP access",
            "from_port": -1,
            "id": "sgrule-205115759",
            "ipv6_cidr_blocks": null,
            "prefix_list_ids": null,
            "protocol": "icmp",
            "security_group_id": "sg-0b40beabaa2bddf3e",
            "security_group_rule_id": "sgr-0ec6a29ed7f4de598",
            "self": false,
            "source_security_group_id": null,
            "timeouts": null,
            "to_port": -1,
            "type": "ingress"
          },
          "sensitive_attributes": [],
          "private": "eyJlMmJmYjczMC1lY2FhLTExZTYtOGY4OC0zNDM2M2JjN2M0YzAiOnsiY3JlYXRlIjozMDAwMDAwMDAwMDB9LCJzY2hlbWFfdmVyc2lvbiI6IjIifQ==",
          "dependencies": [
            "aws_security_group.AWSB56_sg",
            "aws_vpc.AWSB56-VPC1"
          ]
        }
      ]
    },
    {
      "mode": "managed",
      "type": "aws_subnet",
      "name": "private-subnet1",
      "provider": "provider[\"registry.terraform.io/hashicorp/aws\"]",
      "instances": [
        {
          "schema_version": 1,
          "attributes": {
            "arn": "arn:aws:ec2:us-east-1:337636137060:subnet/subnet-08b980b085cb31e32",
            "assign_ipv6_address_on_creation": false,
            "availability_zone": "us-east-1a",
            "availability_zone_id": "use1-az6",
            "cidr_block": "10.56.10.0/24",
            "customer_owned_ipv4_pool": "",
            "enable_dns64": false,
            "enable_lni_at_device_index": 0,
            "enable_resource_name_dns_a_record_on_launch": false,
            "enable_resource_name_dns_aaaa_record_on_launch": false,
            "id": "subnet-08b980b085cb31e32",
            "ipv6_cidr_block": "",
            "ipv6_cidr_block_association_id": "",
            "ipv6_native": false,
            "map_customer_owned_ip_on_launch": false,
            "map_public_ip_on_launch": false,
            "outpost_arn": "",
            "owner_id": "337636137060",
            "private_dns_hostname_type_on_launch": "ip-name",
            "tags": {
              "Name": "private-subnet1"
            },
            "tags_all": {
              "Name": "private-subnet1"
            },
            "timeouts": null,
            "vpc_id": "vpc-03f75ee338cb2c21a"
          },
          "sensitive_attributes": [],
          "private": "eyJlMmJmYjczMC1lY2FhLTExZTYtOGY4OC0zNDM2M2JjN2M0YzAiOnsiY3JlYXRlIjo2MDAwMDAwMDAwMDAsImRlbGV0ZSI6MTIwMDAwMDAwMDAwMH0sInNjaGVtYV92ZXJzaW9uIjoiMSJ9",
          "dependencies": [
            "aws_vpc.AWSB56-VPC1"
          ]
        }
      ]
    },
    {
      "mode": "managed",
      "type": "aws_subnet",
      "name": "private-subnet2",
      "provider": "provider[\"registry.terraform.io/hashicorp/aws\"]",
      "instances": [
        {
          "schema_version": 1,
          "attributes": {
            "arn": "arn:aws:ec2:us-east-1:337636137060:subnet/subnet-0e530b8151e22caae",
            "assign_ipv6_address_on_creation": false,
            "availability_zone": "us-east-1b",
            "availability_zone_id": "use1-az1",
            "cidr_block": "10.56.20.0/24",
            "customer_owned_ipv4_pool": "",
            "enable_dns64": false,
            "enable_lni_at_device_index": 0,
            "enable_resource_name_dns_a_record_on_launch": false,
            "enable_resource_name_dns_aaaa_record_on_launch": false,
            "id": "subnet-0e530b8151e22caae",
            "ipv6_cidr_block": "",
            "ipv6_cidr_block_association_id": "",
            "ipv6_native": false,
            "map_customer_owned_ip_on_launch": false,
            "map_public_ip_on_launch": false,
            "outpost_arn": "",
            "owner_id": "337636137060",
            "private_dns_hostname_type_on_launch": "ip-name",
            "tags": {
              "Name": "private-subnet2"
            },
            "tags_all": {
              "Name": "private-subnet2"
            },
            "timeouts": null,
            "vpc_id": "vpc-03f75ee338cb2c21a"
          },
          "sensitive_attributes": [],
          "private": "eyJlMmJmYjczMC1lY2FhLTExZTYtOGY4OC0zNDM2M2JjN2M0YzAiOnsiY3JlYXRlIjo2MDAwMDAwMDAwMDAsImRlbGV0ZSI6MTIwMDAwMDAwMDAwMH0sInNjaGVtYV92ZXJzaW9uIjoiMSJ9",
          "dependencies": [
            "aws_vpc.AWSB56-VPC1"
          ]
        }
      ]
    },
    {
      "mode": "managed",
      "type": "aws_subnet",
      "name": "private-subnet3",
      "provider": "provider[\"registry.terraform.io/hashicorp/aws\"]",
      "instances": [
        {
          "schema_version": 1,
          "attributes": {
            "arn": "arn:aws:ec2:us-east-1:337636137060:subnet/subnet-0563a375fcaf3c6a1",
            "assign_ipv6_address_on_creation": false,
            "availability_zone": "us-east-1c",
            "availability_zone_id": "use1-az2",
            "cidr_block": "10.56.30.0/24",
            "customer_owned_ipv4_pool": "",
            "enable_dns64": false,
            "enable_lni_at_device_index": 0,
            "enable_resource_name_dns_a_record_on_launch": false,
            "enable_resource_name_dns_aaaa_record_on_launch": false,
            "id": "subnet-0563a375fcaf3c6a1",
            "ipv6_cidr_block": "",
            "ipv6_cidr_block_association_id": "",
            "ipv6_native": false,
            "map_customer_owned_ip_on_launch": false,
            "map_public_ip_on_launch": false,
            "outpost_arn": "",
            "owner_id": "337636137060",
            "private_dns_hostname_type_on_launch": "ip-name",
            "tags": {
              "Name": "private-subnet3"
            },
            "tags_all": {
              "Name": "private-subnet3"
            },
            "timeouts": null,
            "vpc_id": "vpc-03f75ee338cb2c21a"
          },
          "sensitive_attributes": [],
          "private": "eyJlMmJmYjczMC1lY2FhLTExZTYtOGY4OC0zNDM2M2JjN2M0YzAiOnsiY3JlYXRlIjo2MDAwMDAwMDAwMDAsImRlbGV0ZSI6MTIwMDAwMDAwMDAwMH0sInNjaGVtYV92ZXJzaW9uIjoiMSJ9",
          "dependencies": [
            "aws_vpc.AWSB56-VPC1"
          ]
        }
      ]
    },
    {
      "mode": "managed",
      "type": "aws_subnet",
      "name": "public-subnet1",
      "provider": "provider[\"registry.terraform.io/hashicorp/aws\"]",
      "instances": [
        {
          "schema_version": 1,
          "attributes": {
            "arn": "arn:aws:ec2:us-east-1:337636137060:subnet/subnet-014ba2af022fa4ba5",
            "assign_ipv6_address_on_creation": false,
            "availability_zone": "us-east-1a",
            "availability_zone_id": "use1-az6",
            "cidr_block": "10.56.1.0/24",
            "customer_owned_ipv4_pool": "",
            "enable_dns64": false,
            "enable_lni_at_device_index": 0,
            "enable_resource_name_dns_a_record_on_launch": false,
            "enable_resource_name_dns_aaaa_record_on_launch": false,
            "id": "subnet-014ba2af022fa4ba5",
            "ipv6_cidr_block": "",
            "ipv6_cidr_block_association_id": "",
            "ipv6_native": false,
            "map_customer_owned_ip_on_launch": false,
            "map_public_ip_on_launch": true,
            "outpost_arn": "",
            "owner_id": "337636137060",
            "private_dns_hostname_type_on_launch": "ip-name",
            "tags": {
              "Name": "public-subnet1"
            },
            "tags_all": {
              "Name": "public-subnet1"
            },
            "timeouts": null,
            "vpc_id": "vpc-03f75ee338cb2c21a"
          },
          "sensitive_attributes": [],
          "private": "eyJlMmJmYjczMC1lY2FhLTExZTYtOGY4OC0zNDM2M2JjN2M0YzAiOnsiY3JlYXRlIjo2MDAwMDAwMDAwMDAsImRlbGV0ZSI6MTIwMDAwMDAwMDAwMH0sInNjaGVtYV92ZXJzaW9uIjoiMSJ9",
          "dependencies": [
            "aws_vpc.AWSB56-VPC1"
          ]
        }
      ]
    },
    {
      "mode": "managed",
      "type": "aws_subnet",
      "name": "public-subnet2",
      "provider": "provider[\"registry.terraform.io/hashicorp/aws\"]",
      "instances": [
        {
          "schema_version": 1,
          "attributes": {
            "arn": "arn:aws:ec2:us-east-1:337636137060:subnet/subnet-08d36c6edb84a1d62",
            "assign_ipv6_address_on_creation": false,
            "availability_zone": "us-east-1b",
            "availability_zone_id": "use1-az1",
            "cidr_block": "10.56.2.0/24",
            "customer_owned_ipv4_pool": "",
            "enable_dns64": false,
            "enable_lni_at_device_index": 0,
            "enable_resource_name_dns_a_record_on_launch": false,
            "enable_resource_name_dns_aaaa_record_on_launch": false,
            "id": "subnet-08d36c6edb84a1d62",
            "ipv6_cidr_block": "",
            "ipv6_cidr_block_association_id": "",
            "ipv6_native": false,
            "map_customer_owned_ip_on_launch": false,
            "map_public_ip_on_launch": true,
            "outpost_arn": "",
            "owner_id": "337636137060",
            "private_dns_hostname_type_on_launch": "ip-name",
            "tags": {
              "Name": "public-subnet2"
            },
            "tags_all": {
              "Name": "public-subnet2"
            },
            "timeouts": null,
            "vpc_id": "vpc-03f75ee338cb2c21a"
          },
          "sensitive_attributes": [],
          "private": "eyJlMmJmYjczMC1lY2FhLTExZTYtOGY4OC0zNDM2M2JjN2M0YzAiOnsiY3JlYXRlIjo2MDAwMDAwMDAwMDAsImRlbGV0ZSI6MTIwMDAwMDAwMDAwMH0sInNjaGVtYV92ZXJzaW9uIjoiMSJ9",
          "dependencies": [
            "aws_vpc.AWSB56-VPC1"
          ]
        }
      ]
    },
    {
      "mode": "managed",
      "type": "aws_subnet",
      "name": "public-subnet3",
      "provider": "provider[\"registry.terraform.io/hashicorp/aws\"]",
      "instances": [
        {
          "schema_version": 1,
          "attributes": {
            "arn": "arn:aws:ec2:us-east-1:337636137060:subnet/subnet-009796cb998b9b74f",
            "assign_ipv6_address_on_creation": false,
            "availability_zone": "us-east-1c",
            "availability_zone_id": "use1-az2",
            "cidr_block": "10.56.3.0/24",
            "customer_owned_ipv4_pool": "",
            "enable_dns64": false,
            "enable_lni_at_device_index": 0,
            "enable_resource_name_dns_a_record_on_launch": false,
            "enable_resource_name_dns_aaaa_record_on_launch": false,
            "id": "subnet-009796cb998b9b74f",
            "ipv6_cidr_block": "",
            "ipv6_cidr_block_association_id": "",
            "ipv6_native": false,
            "map_customer_owned_ip_on_launch": false,
            "map_public_ip_on_launch": true,
            "outpost_arn": "",
            "owner_id": "337636137060",
            "private_dns_hostname_type_on_launch": "ip-name",
            "tags": {
              "Name": "public-subnet3"
            },
            "tags_all": {
              "Name": "public-subnet3"
            },
            "timeouts": null,
            "vpc_id": "vpc-03f75ee338cb2c21a"
          },
          "sensitive_attributes": [],
          "private": "eyJlMmJmYjczMC1lY2FhLTExZTYtOGY4OC0zNDM2M2JjN2M0YzAiOnsiY3JlYXRlIjo2MDAwMDAwMDAwMDAsImRlbGV0ZSI6MTIwMDAwMDAwMDAwMH0sInNjaGVtYV92ZXJzaW9uIjoiMSJ9",
          "dependencies": [
            "aws_vpc.AWSB56-VPC1"
          ]
        }
      ]
    },
    {
      "mode": "managed",
      "type": "aws_vpc",
      "name": "AWSB56-VPC1",
      "provider": "provider[\"registry.terraform.io/hashicorp/aws\"]",
      "instances": [
        {
          "schema_version": 1,
          "attributes": {
            "arn": "arn:aws:ec2:us-east-1:337636137060:vpc/vpc-03f75ee338cb2c21a",
            "assign_generated_ipv6_cidr_block": false,
            "cidr_block": "10.56.0.0/16",
            "default_network_acl_id": "acl-0e84db3cb291479fb",
            "default_route_table_id": "rtb-0e8f89e700d7c4250",
            "default_security_group_id": "sg-0756a14fd5af958d5",
            "dhcp_options_id": "dopt-4638863c",
            "enable_dns_hostnames": true,
            "enable_dns_support": true,
            "enable_network_address_usage_metrics": false,
            "id": "vpc-03f75ee338cb2c21a",
            "instance_tenancy": "default",
            "ipv4_ipam_pool_id": null,
            "ipv4_netmask_length": null,
            "ipv6_association_id": "",
            "ipv6_cidr_block": "",
            "ipv6_cidr_block_network_border_group": "",
            "ipv6_ipam_pool_id": "",
            "ipv6_netmask_length": 0,
            "main_route_table_id": "rtb-0e8f89e700d7c4250",
            "owner_id": "337636137060",
            "tags": {
              "Name": "AWSB56-VPC1"
            },
            "tags_all": {
              "Name": "AWSB56-VPC1"
            }
          },
          "sensitive_attributes": [],
          "private": "eyJzY2hlbWFfdmVyc2lvbiI6IjEifQ=="
        }
      ]
    },
    {
      "mode": "managed",
      "type": "local_file",
      "name": "ssh_key",
      "provider": "provider[\"registry.terraform.io/hashicorp/local\"]",
      "instances": [
        {
          "schema_version": 0,
          "attributes": {
            "content": "-----BEGIN RSA PRIVATE KEY-----\nMIIJKQIBAAKCAgEA3jquXSBPpfoMK4VH9lOY6dvcCjhoFihf745020iBb3/e/FSi\nLu3R3OZPEQmEbMX+UnH2Uvce23MavgdLfYLZCFwiL3EmFZe77c2NK19nW+x2PB27\nsVWmo4YcodGp/TACVZ6E5sXYEEUMKkL9dU0eum1oiJ0hXe2z6EuJPMxgVAy5yqEB\na6FcGV0WkQufjfpO1AMWn7qyh3LO0nY0SQFFCeNoh30V2aZxFWG+pjoFp8Kf7fBx\nCS9D9Gf7E8Ig6dG4UeZUopTELUVX7KQFKtED62NcoA7QAuW/4wk7LXjBghgFRCfM\nEP5FAR7K3fw3eOa1raSgEbKZXEAhwHolhzwW4R1ubbOVa93/ED/PdHaOJnorynoL\n23CUhKVOzWzYe6+88p4Ox3zNhzk3GvrqIZPdRcF/+KznoNe6Mtxgrsr92rEfvkvm\ngniCZxHQV+SFd7i14TQeN81BMfxQSflXuKNOgDaxur1OF8eHO1fktD0FkMr5G8Oe\n1HvKEFnkskyLsI8C8t0EwKqSleYKAf7ihF5cAKV6ZsUqduXBx6ecdnPCLYv2cFN8\nAv3Eu6m/37KQoUQNmjSr+wGYD5JM36QKDKtATbk0BlF7j8qOBRnPbxZflCQQ/CbM\n5jwuVudhf85CyNXANvYjfHo4sWux1DLam8TDH1EEIe6IWHDMZ8Qu7g3Y0QsCAwEA\nAQKCAgEA3ba8CYtYC6caBz2VG0wyTnec49F8/0ZO2KlPKwv+nyh7Z1Jk8N8ytupM\nThoptYAgCU9Ly2Bjt9vx/U834MPwFmgdbym7LmXRCCNAydoIO+0B1V5wyS9D7ve5\njzSoHUONwLBDth4DP9Azn+JwD1ze4G6RkWL7TEQAby0VgcQCAzkjD+dsjF5TjbaS\n8ikfib4GcX2XT8srnPlNISrvZTrQD1qEClEgwKJPRl7bn+pZhBMoDnMJw3kVmj03\ngXH39m/XLlbXb9FunCAH5b+KrDoWZ/0dB09f9tQTisbF9Mr6fPnMH0B5Vybn34NC\nMREWoxfCgLizPpTqbuBJDEiRMogf5aLOs09C5Y9R+NYOJ6BeyFzMJvPCRxsKR+Th\nBEi7gNyki6aT2YFyI5EJTsfFQfrStSTrWcVSg5i0DUO4pT/G2OG5w38r4ylVIrGx\nDDqleXowua1Ncmw33lfR7D8sTAcTQGzkXEm1RM41fywu+7vNFvNSfeCJGOrCUqFC\ncDGuM6sTCs01WTBY58B676E0pH6xCnpZI61zzpeystZGIHetuBBN4v6r38hGKGfZ\nCcGi3W/hxwMIHpl9JNW/0PGfGG5c6hU43HiWjUbHF4CX2i5QlzjPS0145r2LstHN\nJqseDCfZWw9lKubwc6Gke53U66jw1qBOLurbP3oc0+6BeIwnqJECggEBAO/ojdqo\n2xb8lZyVloA2XPuC3F3QrLTZfYmaA/zRzECfZ0sJpzo9z1E//7AYUE7hxm4LNyaa\niW9EuG0rXSxFQSiPXDZbzGXq+Ff0Ud25epREhXk9se78e0jadGdtkQcQKR9eRex/\nQarE9MUBIAkalneYLSQKFoDXqE7AurB67r92D2leoSk9pwI1F0DkibYXP4l0x4Jf\njcung0EsWhM22mfUMmM0O6vO4bf01w0HVLO5WcwTSa4VSmAdR+LZBu2l0w8rcKrC\nDlQCYfG5dfrujKYtzOydR9Py9RNuuVoQf/5JzKjjYdpoN561ZyHHMcE0KfXRIYvo\nH1YBKSpiG4POYEkCggEBAO0ijyZdCUvhUewu6NE4e0v0gfCEKuspnmfJwKQWmzsN\nbYZR4nPPH0rFgzkLS2vzy9DyR9/fo+4grHHvBC6fYgA8U0fgBA5epTQqbFl1CrvL\nbf2exFt2RF5VW1i54O8u+4gtPBdH2Pn4dCYXP8NTvl6aHCZoS090AxoErLLCv3Lh\nhH5jTrJ40vX47d+ylnzZm72XTipeBNPzmQ5mN8zqD0cU58Xl6SPCqRH1kCDGXoMr\nRlhJ8T6asfv19RDK73kCrK1ln9ZIiPaj0yS0n+mp5X9vlO1oIIaI0SMafmlvOILv\nC4ubqFRKkz/nGDm32YN255nxM1mlwwnK6VwwFAgLjrMCggEAJ8bVDjYE7VC/tZCP\nvX5F+GWACAX7PJj62X+xvY9DYEuNosFc+qkY4I3N5PKDDjEc503wvPPOaaZpNaCE\n+DwbS5BJZ7Hct+E3f83AbRS9oCukPa/e+pLeFfwyZJuj+hnR16OX0FhhGOFC/A7t\nstS3seiHQ3xwsrgO7c/CpFQdlZ0LfRr1eZMBR7ppupapxokgPbghBBq3tdZ2Sq4B\n2UG1AJYMLKqSYjAQ+KEdrslSX+IRY2anRre89yajrpbxMSHXVqKLMaSvH3qtpphr\nWUmIBF1/ppOFPzz/KVOoY6hssEqoJjBdHws8fZHyIYWXWEM/2cPs3feEiovyuVY+\n3aGwEQKCAQAm7u2h1tSX6L6SkIEZGLTlm5dZ7dk+Eu83CyDdz/hcka/Rxc/wQ6lX\nlWYeD4SqjLSB8cVrNESt7B9j9WIyZWipsT3bJySDV3a4Qd7YMSc5/gRpB5AllB1V\nf54nyxzrKEOT8BlVmS4+nFQ1jMujPjSbQ6IrjCQRP3Li6rGQB/l22x/twFBDbSL1\nz5D+kUuz4+Z2Ekl7G0Sfp/cRLicrNaKcgQosq7rDbEpl8HNhbjBGSOybwkghhzSB\nsbgysZ7vt0iyj2TWwcH6/JrGBAHdU0+ixKcm81mjvQLZSJhIp0IX/TdgDIZukG/s\npfyMPWsw8mzEEZ3kshp7mR0HTb18NKmRAoIBAQCn2Xv4FdTfFqKtgPtK+04B8e4c\nlfTvFNlNB3Ig7vPrf6yaV3E3xvM+iHQ8uOOyM3sAwd0jNjHz9tmW48Uffh81bj6X\nBwkUyXah19JjMrxOqo2oVisVN71Q1FBL3TH3NTySiFZ0X/jyWnUGJXgQ/PT8weoi\nz7MJGJZaKuKMLeM1JsRXi3Ly6U/zXL6lqfdnrHjPi0ocL1W9n/d162PzcRtB5z0e\nezl32uK4/ZdgtLK5ze4DtKqygEhk9sMUzQkmn6G2doa8/XiuODVzt5XJObjrXE4k\nPZjhHeiRXxHB0YlWuR1I9P46ZVN+59SlIGNz6Xr0bUg0KuI1/vsVfXUN3dUu\n-----END RSA PRIVATE KEY-----\n",
            "content_base64": null,
            "content_base64sha256": "9BApkglrog+fJo/Vr4ZaXDyvXLYpbvPcCcLxByG/Hq0=",
            "content_base64sha512": "aDyNTrAVVgNbiWEdHJy+ablAV5LQ0x+M++wpCZQob6BJv07Omv91/lzBJoY6a5UXJZnvde4IvKBAUlJo8b2I5w==",
            "content_md5": "c0a4d9a4db4eeedde7f1147710de4947",
            "content_sha1": "bff00c32de22c27c71ad28061513ac3039b93c10",
            "content_sha256": "f4102992096ba20f9f268fd5af865a5c3caf5cb6296ef3dc09c2f10721bf1ead",
            "content_sha512": "683c8d4eb01556035b89611d1c9cbe69b9405792d0d31f8cfbec290994286fa049bf4ece9aff75fe5cc126863a6b95172599ef75ee08bca040525268f1bd88e7",
            "directory_permission": "0777",
            "file_permission": "0777",
            "filename": "AWSB56Key-kp.pem",
            "id": "bff00c32de22c27c71ad28061513ac3039b93c10",
            "sensitive_content": null,
            "source": null
          },
          "sensitive_attributes": [
            [
              {
                "type": "get_attr",
                "value": "content"
              }
            ],
            [
              {
                "type": "get_attr",
                "value": "sensitive_content"
              }
            ]
          ],
          "dependencies": [
            "aws_key_pair.AWSB56Key-kp",
            "tls_private_key.AWSB56Key"
          ]
        }
      ]
    },
    {
      "mode": "managed",
      "type": "tls_private_key",
      "name": "AWSB56Key",
      "provider": "provider[\"registry.terraform.io/hashicorp/tls\"]",
      "instances": [
        {
          "schema_version": 1,
          "attributes": {
            "algorithm": "RSA",
            "ecdsa_curve": "P224",
            "id": "4066579469f362acee0cc8bbd614d4ca971644e0",
            "private_key_openssh": "-----BEGIN OPENSSH PRIVATE KEY-----\nb3BlbnNzaC1rZXktdjEAAAAABG5vbmUAAAAEbm9uZQAAAAAAAAABAAACFwAAAAdz\nc2gtcnNhAAAAAwEAAQAAAgEA3jquXSBPpfoMK4VH9lOY6dvcCjhoFihf745020iB\nb3/e/FSiLu3R3OZPEQmEbMX+UnH2Uvce23MavgdLfYLZCFwiL3EmFZe77c2NK19n\nW+x2PB27sVWmo4YcodGp/TACVZ6E5sXYEEUMKkL9dU0eum1oiJ0hXe2z6EuJPMxg\nVAy5yqEBa6FcGV0WkQufjfpO1AMWn7qyh3LO0nY0SQFFCeNoh30V2aZxFWG+pjoF\np8Kf7fBxCS9D9Gf7E8Ig6dG4UeZUopTELUVX7KQFKtED62NcoA7QAuW/4wk7LXjB\nghgFRCfMEP5FAR7K3fw3eOa1raSgEbKZXEAhwHolhzwW4R1ubbOVa93/ED/PdHaO\nJnorynoL23CUhKVOzWzYe6+88p4Ox3zNhzk3GvrqIZPdRcF/+KznoNe6Mtxgrsr9\n2rEfvkvmgniCZxHQV+SFd7i14TQeN81BMfxQSflXuKNOgDaxur1OF8eHO1fktD0F\nkMr5G8Oe1HvKEFnkskyLsI8C8t0EwKqSleYKAf7ihF5cAKV6ZsUqduXBx6ecdnPC\nLYv2cFN8Av3Eu6m/37KQoUQNmjSr+wGYD5JM36QKDKtATbk0BlF7j8qOBRnPbxZf\nlCQQ/CbM5jwuVudhf85CyNXANvYjfHo4sWux1DLam8TDH1EEIe6IWHDMZ8Qu7g3Y\n0QsAAAc46I/3yuiP98oAAAAHc3NoLXJzYQAAAgEA3jquXSBPpfoMK4VH9lOY6dvc\nCjhoFihf745020iBb3/e/FSiLu3R3OZPEQmEbMX+UnH2Uvce23MavgdLfYLZCFwi\nL3EmFZe77c2NK19nW+x2PB27sVWmo4YcodGp/TACVZ6E5sXYEEUMKkL9dU0eum1o\niJ0hXe2z6EuJPMxgVAy5yqEBa6FcGV0WkQufjfpO1AMWn7qyh3LO0nY0SQFFCeNo\nh30V2aZxFWG+pjoFp8Kf7fBxCS9D9Gf7E8Ig6dG4UeZUopTELUVX7KQFKtED62Nc\noA7QAuW/4wk7LXjBghgFRCfMEP5FAR7K3fw3eOa1raSgEbKZXEAhwHolhzwW4R1u\nbbOVa93/ED/PdHaOJnorynoL23CUhKVOzWzYe6+88p4Ox3zNhzk3GvrqIZPdRcF/\n+KznoNe6Mtxgrsr92rEfvkvmgniCZxHQV+SFd7i14TQeN81BMfxQSflXuKNOgDax\nur1OF8eHO1fktD0FkMr5G8Oe1HvKEFnkskyLsI8C8t0EwKqSleYKAf7ihF5cAKV6\nZsUqduXBx6ecdnPCLYv2cFN8Av3Eu6m/37KQoUQNmjSr+wGYD5JM36QKDKtATbk0\nBlF7j8qOBRnPbxZflCQQ/CbM5jwuVudhf85CyNXANvYjfHo4sWux1DLam8TDH1EE\nIe6IWHDMZ8Qu7g3Y0QsAAAADAQABAAACAQDdtrwJi1gLpxoHPZUbTDJOd5zj0Xz/\nRk7YqU8rC/6fKHtnUmTw3zK26kxOGim1gCAJT0vLYGO32/H9Tzfgw/AWaB1vKbsu\nZdEII0DJ2gg77QHVXnDJL0Pu97mPNKgdQ43AsEO2HgM/0DOf4nAPXN7gbpGRYvtM\nRABvLRWBxAIDOSMP52yMXlONtpLyKR+JvgZxfZdPyyuc+U0hKu9lOtAPWoQKUSDA\nok9GXtuf6lmEEygOcwnDeRWaPTeBcff2b9cuVtdv0W6cIAflv4qsOhZn/R0HT1/2\n1BOKxsX0yvp8+cwfQHlXJuffg0IxERajF8KAuLM+lOpu4EkMSJEyiB/los6zT0Ll\nj1H41g4noF7IXMwm88JHGwpH5OEESLuA3KSLppPZgXIjkQlOx8VB+tK1JOtZxVKD\nmLQNQ7ilP8bY4bnDfyvjKVUisbEMOqV5ejC5rU1ybDfeV9HsPyxMBxNAbORcSbVE\nzjV/LC77u80W81J94IkY6sJSoUJwMa4zqxMKzTVZMFjnwHrvoTSkfrEKelkjrXPO\nl7Ky1kYgd624EE3i/qvfyEYoZ9kJwaLdb+HHAwgemX0k1b/Q8Z8YblzqFTjceJaN\nRscXgJfaLlCXOM9LTXjmvYuy0c0mqx4MJ9lbD2Uq5vBzoaR7ndTrqPDWoE4u6ts/\nehzT7oF4jCeokQAAAQEAp9l7+BXU3xairYD7SvtOAfHuHJX07xTZTQdyIO7z63+s\nmldxN8bzPoh0PLjjsjN7AMHdIzYx8/bZluPFH34fNW4+lwcJFMl2odfSYzK8TqqN\nqFYrFTe9UNRQS90x9zU8kohWdF/48lp1BiV4EPz0/MHqIs+zCRiWWirijC3jNSbE\nV4ty8ulP81y+pan3Z6x4z4tKHC9VvZ/3detj83EbQec9Hns5d9riuP2XYLSyuc3u\nA7SqsoBIZPbDFM0JJp+htnaGvP14rjg1c7eVyTm461xOJD2Y4R3okV8RwdGJVrkd\nSPT+OmVTfufUpSBjc+l69G1INCriNf77FX11Dd3VLgAAAQEA7+iN2qjbFvyVnJWW\ngDZc+4LcXdCstNl9iZoD/NHMQJ9nSwmnOj3PUT//sBhQTuHGbgs3JpqJb0S4bStd\nLEVBKI9cNlvMZer4V/RR3bl6lESFeT2x7vx7SNp0Z22RBxApH15F7H9BqsT0xQEg\nCRqWd5gtJAoWgNeoTsC6sHruv3YPaV6hKT2nAjUXQOSJthc/iXTHgl+Ny6eDQSxa\nEzbaZ9QyYzQ7q87ht/TXDQdUs7lZzBNJrhVKYB1H4tkG7aXTDytwqsIOVAJh8bl1\n+u6Mpi3M7J1H0/L1E265WhB//knMqONh2mg3nrVnIccxwTQp9dEhi+gfVgEpKmIb\ng85gSQAAAQEA7SKPJl0JS+FR7C7o0Th7S/SB8IQq6ymeZ8nApBabOw1thlHic88f\nSsWDOQtLa/PL0PJH39+j7iCsce8ELp9iADxTR+AEDl6lNCpsWXUKu8tt/Z7EW3ZE\nXlVbWLng7y77iC08F0fY+fh0Jhc/w1O+XpocJmhLT3QDGgSsssK/cuGEfmNOsnjS\n9fjt37KWfNmbvZdOKl4E0/OZDmY3zOoPRxTnxeXpI8KpEfWQIMZegytGWEnxPpqx\n+/X1EMrveQKsrWWf1kiI9qPTJLSf6anlf2+U7WgghojRIxp+aW84gu8Li5uoVEqT\nP+cYObfZg3bnmfEzWaXDCcrpXDAUCAuOswAAAAAB\n-----END OPENSSH PRIVATE KEY-----\n",
            "private_key_pem": "-----BEGIN RSA PRIVATE KEY-----\nMIIJKQIBAAKCAgEA3jquXSBPpfoMK4VH9lOY6dvcCjhoFihf745020iBb3/e/FSi\nLu3R3OZPEQmEbMX+UnH2Uvce23MavgdLfYLZCFwiL3EmFZe77c2NK19nW+x2PB27\nsVWmo4YcodGp/TACVZ6E5sXYEEUMKkL9dU0eum1oiJ0hXe2z6EuJPMxgVAy5yqEB\na6FcGV0WkQufjfpO1AMWn7qyh3LO0nY0SQFFCeNoh30V2aZxFWG+pjoFp8Kf7fBx\nCS9D9Gf7E8Ig6dG4UeZUopTELUVX7KQFKtED62NcoA7QAuW/4wk7LXjBghgFRCfM\nEP5FAR7K3fw3eOa1raSgEbKZXEAhwHolhzwW4R1ubbOVa93/ED/PdHaOJnorynoL\n23CUhKVOzWzYe6+88p4Ox3zNhzk3GvrqIZPdRcF/+KznoNe6Mtxgrsr92rEfvkvm\ngniCZxHQV+SFd7i14TQeN81BMfxQSflXuKNOgDaxur1OF8eHO1fktD0FkMr5G8Oe\n1HvKEFnkskyLsI8C8t0EwKqSleYKAf7ihF5cAKV6ZsUqduXBx6ecdnPCLYv2cFN8\nAv3Eu6m/37KQoUQNmjSr+wGYD5JM36QKDKtATbk0BlF7j8qOBRnPbxZflCQQ/CbM\n5jwuVudhf85CyNXANvYjfHo4sWux1DLam8TDH1EEIe6IWHDMZ8Qu7g3Y0QsCAwEA\nAQKCAgEA3ba8CYtYC6caBz2VG0wyTnec49F8/0ZO2KlPKwv+nyh7Z1Jk8N8ytupM\nThoptYAgCU9Ly2Bjt9vx/U834MPwFmgdbym7LmXRCCNAydoIO+0B1V5wyS9D7ve5\njzSoHUONwLBDth4DP9Azn+JwD1ze4G6RkWL7TEQAby0VgcQCAzkjD+dsjF5TjbaS\n8ikfib4GcX2XT8srnPlNISrvZTrQD1qEClEgwKJPRl7bn+pZhBMoDnMJw3kVmj03\ngXH39m/XLlbXb9FunCAH5b+KrDoWZ/0dB09f9tQTisbF9Mr6fPnMH0B5Vybn34NC\nMREWoxfCgLizPpTqbuBJDEiRMogf5aLOs09C5Y9R+NYOJ6BeyFzMJvPCRxsKR+Th\nBEi7gNyki6aT2YFyI5EJTsfFQfrStSTrWcVSg5i0DUO4pT/G2OG5w38r4ylVIrGx\nDDqleXowua1Ncmw33lfR7D8sTAcTQGzkXEm1RM41fywu+7vNFvNSfeCJGOrCUqFC\ncDGuM6sTCs01WTBY58B676E0pH6xCnpZI61zzpeystZGIHetuBBN4v6r38hGKGfZ\nCcGi3W/hxwMIHpl9JNW/0PGfGG5c6hU43HiWjUbHF4CX2i5QlzjPS0145r2LstHN\nJqseDCfZWw9lKubwc6Gke53U66jw1qBOLurbP3oc0+6BeIwnqJECggEBAO/ojdqo\n2xb8lZyVloA2XPuC3F3QrLTZfYmaA/zRzECfZ0sJpzo9z1E//7AYUE7hxm4LNyaa\niW9EuG0rXSxFQSiPXDZbzGXq+Ff0Ud25epREhXk9se78e0jadGdtkQcQKR9eRex/\nQarE9MUBIAkalneYLSQKFoDXqE7AurB67r92D2leoSk9pwI1F0DkibYXP4l0x4Jf\njcung0EsWhM22mfUMmM0O6vO4bf01w0HVLO5WcwTSa4VSmAdR+LZBu2l0w8rcKrC\nDlQCYfG5dfrujKYtzOydR9Py9RNuuVoQf/5JzKjjYdpoN561ZyHHMcE0KfXRIYvo\nH1YBKSpiG4POYEkCggEBAO0ijyZdCUvhUewu6NE4e0v0gfCEKuspnmfJwKQWmzsN\nbYZR4nPPH0rFgzkLS2vzy9DyR9/fo+4grHHvBC6fYgA8U0fgBA5epTQqbFl1CrvL\nbf2exFt2RF5VW1i54O8u+4gtPBdH2Pn4dCYXP8NTvl6aHCZoS090AxoErLLCv3Lh\nhH5jTrJ40vX47d+ylnzZm72XTipeBNPzmQ5mN8zqD0cU58Xl6SPCqRH1kCDGXoMr\nRlhJ8T6asfv19RDK73kCrK1ln9ZIiPaj0yS0n+mp5X9vlO1oIIaI0SMafmlvOILv\nC4ubqFRKkz/nGDm32YN255nxM1mlwwnK6VwwFAgLjrMCggEAJ8bVDjYE7VC/tZCP\nvX5F+GWACAX7PJj62X+xvY9DYEuNosFc+qkY4I3N5PKDDjEc503wvPPOaaZpNaCE\n+DwbS5BJZ7Hct+E3f83AbRS9oCukPa/e+pLeFfwyZJuj+hnR16OX0FhhGOFC/A7t\nstS3seiHQ3xwsrgO7c/CpFQdlZ0LfRr1eZMBR7ppupapxokgPbghBBq3tdZ2Sq4B\n2UG1AJYMLKqSYjAQ+KEdrslSX+IRY2anRre89yajrpbxMSHXVqKLMaSvH3qtpphr\nWUmIBF1/ppOFPzz/KVOoY6hssEqoJjBdHws8fZHyIYWXWEM/2cPs3feEiovyuVY+\n3aGwEQKCAQAm7u2h1tSX6L6SkIEZGLTlm5dZ7dk+Eu83CyDdz/hcka/Rxc/wQ6lX\nlWYeD4SqjLSB8cVrNESt7B9j9WIyZWipsT3bJySDV3a4Qd7YMSc5/gRpB5AllB1V\nf54nyxzrKEOT8BlVmS4+nFQ1jMujPjSbQ6IrjCQRP3Li6rGQB/l22x/twFBDbSL1\nz5D+kUuz4+Z2Ekl7G0Sfp/cRLicrNaKcgQosq7rDbEpl8HNhbjBGSOybwkghhzSB\nsbgysZ7vt0iyj2TWwcH6/JrGBAHdU0+ixKcm81mjvQLZSJhIp0IX/TdgDIZukG/s\npfyMPWsw8mzEEZ3kshp7mR0HTb18NKmRAoIBAQCn2Xv4FdTfFqKtgPtK+04B8e4c\nlfTvFNlNB3Ig7vPrf6yaV3E3xvM+iHQ8uOOyM3sAwd0jNjHz9tmW48Uffh81bj6X\nBwkUyXah19JjMrxOqo2oVisVN71Q1FBL3TH3NTySiFZ0X/jyWnUGJXgQ/PT8weoi\nz7MJGJZaKuKMLeM1JsRXi3Ly6U/zXL6lqfdnrHjPi0ocL1W9n/d162PzcRtB5z0e\nezl32uK4/ZdgtLK5ze4DtKqygEhk9sMUzQkmn6G2doa8/XiuODVzt5XJObjrXE4k\nPZjhHeiRXxHB0YlWuR1I9P46ZVN+59SlIGNz6Xr0bUg0KuI1/vsVfXUN3dUu\n-----END RSA PRIVATE KEY-----\n",
            "private_key_pem_pkcs8": "-----BEGIN PRIVATE KEY-----\nMIIJQwIBADANBgkqhkiG9w0BAQEFAASCCS0wggkpAgEAAoICAQDeOq5dIE+l+gwr\nhUf2U5jp29wKOGgWKF/vjnTbSIFvf978VKIu7dHc5k8RCYRsxf5ScfZS9x7bcxq+\nB0t9gtkIXCIvcSYVl7vtzY0rX2db7HY8HbuxVaajhhyh0an9MAJVnoTmxdgQRQwq\nQv11TR66bWiInSFd7bPoS4k8zGBUDLnKoQFroVwZXRaRC5+N+k7UAxafurKHcs7S\ndjRJAUUJ42iHfRXZpnEVYb6mOgWnwp/t8HEJL0P0Z/sTwiDp0bhR5lSilMQtRVfs\npAUq0QPrY1ygDtAC5b/jCTsteMGCGAVEJ8wQ/kUBHsrd/Dd45rWtpKARsplcQCHA\neiWHPBbhHW5ts5Vr3f8QP890do4meivKegvbcJSEpU7NbNh7r7zyng7HfM2HOTca\n+uohk91FwX/4rOeg17oy3GCuyv3asR++S+aCeIJnEdBX5IV3uLXhNB43zUEx/FBJ\n+Ve4o06ANrG6vU4Xx4c7V+S0PQWQyvkbw57Ue8oQWeSyTIuwjwLy3QTAqpKV5goB\n/uKEXlwApXpmxSp25cHHp5x2c8Iti/ZwU3wC/cS7qb/fspChRA2aNKv7AZgPkkzf\npAoMq0BNuTQGUXuPyo4FGc9vFl+UJBD8JszmPC5W52F/zkLI1cA29iN8ejixa7HU\nMtqbxMMfUQQh7ohYcMxnxC7uDdjRCwIDAQABAoICAQDdtrwJi1gLpxoHPZUbTDJO\nd5zj0Xz/Rk7YqU8rC/6fKHtnUmTw3zK26kxOGim1gCAJT0vLYGO32/H9Tzfgw/AW\naB1vKbsuZdEII0DJ2gg77QHVXnDJL0Pu97mPNKgdQ43AsEO2HgM/0DOf4nAPXN7g\nbpGRYvtMRABvLRWBxAIDOSMP52yMXlONtpLyKR+JvgZxfZdPyyuc+U0hKu9lOtAP\nWoQKUSDAok9GXtuf6lmEEygOcwnDeRWaPTeBcff2b9cuVtdv0W6cIAflv4qsOhZn\n/R0HT1/21BOKxsX0yvp8+cwfQHlXJuffg0IxERajF8KAuLM+lOpu4EkMSJEyiB/l\nos6zT0Llj1H41g4noF7IXMwm88JHGwpH5OEESLuA3KSLppPZgXIjkQlOx8VB+tK1\nJOtZxVKDmLQNQ7ilP8bY4bnDfyvjKVUisbEMOqV5ejC5rU1ybDfeV9HsPyxMBxNA\nbORcSbVEzjV/LC77u80W81J94IkY6sJSoUJwMa4zqxMKzTVZMFjnwHrvoTSkfrEK\nelkjrXPOl7Ky1kYgd624EE3i/qvfyEYoZ9kJwaLdb+HHAwgemX0k1b/Q8Z8Yblzq\nFTjceJaNRscXgJfaLlCXOM9LTXjmvYuy0c0mqx4MJ9lbD2Uq5vBzoaR7ndTrqPDW\noE4u6ts/ehzT7oF4jCeokQKCAQEA7+iN2qjbFvyVnJWWgDZc+4LcXdCstNl9iZoD\n/NHMQJ9nSwmnOj3PUT//sBhQTuHGbgs3JpqJb0S4bStdLEVBKI9cNlvMZer4V/RR\n3bl6lESFeT2x7vx7SNp0Z22RBxApH15F7H9BqsT0xQEgCRqWd5gtJAoWgNeoTsC6\nsHruv3YPaV6hKT2nAjUXQOSJthc/iXTHgl+Ny6eDQSxaEzbaZ9QyYzQ7q87ht/TX\nDQdUs7lZzBNJrhVKYB1H4tkG7aXTDytwqsIOVAJh8bl1+u6Mpi3M7J1H0/L1E265\nWhB//knMqONh2mg3nrVnIccxwTQp9dEhi+gfVgEpKmIbg85gSQKCAQEA7SKPJl0J\nS+FR7C7o0Th7S/SB8IQq6ymeZ8nApBabOw1thlHic88fSsWDOQtLa/PL0PJH39+j\n7iCsce8ELp9iADxTR+AEDl6lNCpsWXUKu8tt/Z7EW3ZEXlVbWLng7y77iC08F0fY\n+fh0Jhc/w1O+XpocJmhLT3QDGgSsssK/cuGEfmNOsnjS9fjt37KWfNmbvZdOKl4E\n0/OZDmY3zOoPRxTnxeXpI8KpEfWQIMZegytGWEnxPpqx+/X1EMrveQKsrWWf1kiI\n9qPTJLSf6anlf2+U7WgghojRIxp+aW84gu8Li5uoVEqTP+cYObfZg3bnmfEzWaXD\nCcrpXDAUCAuOswKCAQAnxtUONgTtUL+1kI+9fkX4ZYAIBfs8mPrZf7G9j0NgS42i\nwVz6qRjgjc3k8oMOMRznTfC8885ppmk1oIT4PBtLkElnsdy34Td/zcBtFL2gK6Q9\nr976kt4V/DJkm6P6GdHXo5fQWGEY4UL8Du2y1Lex6IdDfHCyuA7tz8KkVB2VnQt9\nGvV5kwFHumm6lqnGiSA9uCEEGre11nZKrgHZQbUAlgwsqpJiMBD4oR2uyVJf4hFj\nZqdGt7z3JqOulvExIddWoosxpK8feq2mmGtZSYgEXX+mk4U/PP8pU6hjqGywSqgm\nMF0fCzx9kfIhhZdYQz/Zw+zd94SKi/K5Vj7dobARAoIBACbu7aHW1JfovpKQgRkY\ntOWbl1nt2T4S7zcLIN3P+FyRr9HFz/BDqVeVZh4PhKqMtIHxxWs0RK3sH2P1YjJl\naKmxPdsnJINXdrhB3tgxJzn+BGkHkCWUHVV/nifLHOsoQ5PwGVWZLj6cVDWMy6M+\nNJtDoiuMJBE/cuLqsZAH+XbbH+3AUENtIvXPkP6RS7Pj5nYSSXsbRJ+n9xEuJys1\nopyBCiyrusNsSmXwc2FuMEZI7JvCSCGHNIGxuDKxnu+3SLKPZNbBwfr8msYEAd1T\nT6LEpybzWaO9AtlImEinQhf9N2AMhm6Qb+yl/Iw9azDybMQRneSyGnuZHQdNvXw0\nqZECggEBAKfZe/gV1N8Woq2A+0r7TgHx7hyV9O8U2U0HciDu8+t/rJpXcTfG8z6I\ndDy447IzewDB3SM2MfP22ZbjxR9+HzVuPpcHCRTJdqHX0mMyvE6qjahWKxU3vVDU\nUEvdMfc1PJKIVnRf+PJadQYleBD89PzB6iLPswkYlloq4owt4zUmxFeLcvLpT/Nc\nvqWp92eseM+LShwvVb2f93XrY/NxG0HnPR57OXfa4rj9l2C0srnN7gO0qrKASGT2\nwxTNCSafobZ2hrz9eK44NXO3lck5uOtcTiQ9mOEd6JFfEcHRiVa5HUj0/jplU37n\n1KUgY3PpevRtSDQq4jX++xV9dQ3d1S4=\n-----END PRIVATE KEY-----\n",
            "public_key_fingerprint_md5": "3e:50:18:dc:75:3f:9a:d8:f5:58:b3:ca:85:9a:98:f6",
            "public_key_fingerprint_sha256": "SHA256:3iWYK1TIPfM9yRlkFbX1t4DxgfL+8ILvIHeSL8+9ShY",
            "public_key_openssh": "ssh-rsa AAAAB3NzaC1yc2EAAAADAQABAAACAQDeOq5dIE+l+gwrhUf2U5jp29wKOGgWKF/vjnTbSIFvf978VKIu7dHc5k8RCYRsxf5ScfZS9x7bcxq+B0t9gtkIXCIvcSYVl7vtzY0rX2db7HY8HbuxVaajhhyh0an9MAJVnoTmxdgQRQwqQv11TR66bWiInSFd7bPoS4k8zGBUDLnKoQFroVwZXRaRC5+N+k7UAxafurKHcs7SdjRJAUUJ42iHfRXZpnEVYb6mOgWnwp/t8HEJL0P0Z/sTwiDp0bhR5lSilMQtRVfspAUq0QPrY1ygDtAC5b/jCTsteMGCGAVEJ8wQ/kUBHsrd/Dd45rWtpKARsplcQCHAeiWHPBbhHW5ts5Vr3f8QP890do4meivKegvbcJSEpU7NbNh7r7zyng7HfM2HOTca+uohk91FwX/4rOeg17oy3GCuyv3asR++S+aCeIJnEdBX5IV3uLXhNB43zUEx/FBJ+Ve4o06ANrG6vU4Xx4c7V+S0PQWQyvkbw57Ue8oQWeSyTIuwjwLy3QTAqpKV5goB/uKEXlwApXpmxSp25cHHp5x2c8Iti/ZwU3wC/cS7qb/fspChRA2aNKv7AZgPkkzfpAoMq0BNuTQGUXuPyo4FGc9vFl+UJBD8JszmPC5W52F/zkLI1cA29iN8ejixa7HUMtqbxMMfUQQh7ohYcMxnxC7uDdjRCw==\n",
            "public_key_pem": "-----BEGIN PUBLIC KEY-----\nMIICIjANBgkqhkiG9w0BAQEFAAOCAg8AMIICCgKCAgEA3jquXSBPpfoMK4VH9lOY\n6dvcCjhoFihf745020iBb3/e/FSiLu3R3OZPEQmEbMX+UnH2Uvce23MavgdLfYLZ\nCFwiL3EmFZe77c2NK19nW+x2PB27sVWmo4YcodGp/TACVZ6E5sXYEEUMKkL9dU0e\num1oiJ0hXe2z6EuJPMxgVAy5yqEBa6FcGV0WkQufjfpO1AMWn7qyh3LO0nY0SQFF\nCeNoh30V2aZxFWG+pjoFp8Kf7fBxCS9D9Gf7E8Ig6dG4UeZUopTELUVX7KQFKtED\n62NcoA7QAuW/4wk7LXjBghgFRCfMEP5FAR7K3fw3eOa1raSgEbKZXEAhwHolhzwW\n4R1ubbOVa93/ED/PdHaOJnorynoL23CUhKVOzWzYe6+88p4Ox3zNhzk3GvrqIZPd\nRcF/+KznoNe6Mtxgrsr92rEfvkvmgniCZxHQV+SFd7i14TQeN81BMfxQSflXuKNO\ngDaxur1OF8eHO1fktD0FkMr5G8Oe1HvKEFnkskyLsI8C8t0EwKqSleYKAf7ihF5c\nAKV6ZsUqduXBx6ecdnPCLYv2cFN8Av3Eu6m/37KQoUQNmjSr+wGYD5JM36QKDKtA\nTbk0BlF7j8qOBRnPbxZflCQQ/CbM5jwuVudhf85CyNXANvYjfHo4sWux1DLam8TD\nH1EEIe6IWHDMZ8Qu7g3Y0QsCAwEAAQ==\n-----END PUBLIC KEY-----\n",
            "rsa_bits": 4096
          },
          "sensitive_attributes": [
            [
              {
                "type": "get_attr",
                "value": "private_key_openssh"
              }
            ],
            [
              {
                "type": "get_attr",
                "value": "private_key_pem_pkcs8"
              }
            ],
            [
              {
                "type": "get_attr",
                "value": "private_key_pem"
              }
            ]
          ]
        }
      ]
    }
  ],
  "check_results": null
}
