{
  "version": 4,
  "terraform_version": "1.9.6",
  "serial": 44,
  "lineage": "52a3aeec-548c-78ea-f166-6f3c5aa81e37",
  "outputs": {
    "private-subnet-id": {
      "value": "subnet-054020bb94e2c1287",
      "type": "string"
    },
    "public-subnet-id": {
      "value": "subnet-011c78b55b9c89d76",
      "type": "string"
    },
    "vpc_id": {
      "value": "vpc-0acfae980155ec7ae",
      "type": "string"
    }
  },
  "resources": [
    {
      "mode": "managed",
      "type": "aws_eip",
      "name": "dpt12-eip",
      "provider": "provider[\"registry.terraform.io/hashicorp/aws\"]",
      "instances": [
        {
          "schema_version": 0,
          "attributes": {
            "address": null,
            "allocation_id": "eipalloc-0923f4efbc6f3d1b5",
            "arn": "arn:aws:ec2:us-east-1:337636137060:elastic-ip/eipalloc-0923f4efbc6f3d1b5",
            "associate_with_private_ip": null,
            "association_id": "eipassoc-0c98e1ea36194b60c",
            "carrier_ip": "",
            "customer_owned_ip": "",
            "customer_owned_ipv4_pool": "",
            "domain": "vpc",
            "id": "eipalloc-0923f4efbc6f3d1b5",
            "instance": "",
            "network_border_group": "us-east-1",
            "network_interface": "eni-0214376ad7e7668a5",
            "private_dns": "ip-192-168-1-73.ec2.internal",
            "private_ip": "192.168.1.73",
            "ptr_record": "",
            "public_dns": "ec2-98-82-76-1.compute-1.amazonaws.com",
            "public_ip": "98.82.76.1",
            "public_ipv4_pool": "amazon",
            "tags": {},
            "tags_all": {},
            "timeouts": null,
            "vpc": true
          },
          "sensitive_attributes": [],
          "private": "eyJlMmJmYjczMC1lY2FhLTExZTYtOGY4OC0zNDM2M2JjN2M0YzAiOnsiZGVsZXRlIjoxODAwMDAwMDAwMDAsInJlYWQiOjkwMDAwMDAwMDAwMCwidXBkYXRlIjozMDAwMDAwMDAwMDB9fQ=="
        }
      ]
    },
    {
      "mode": "managed",
      "type": "aws_instance",
      "name": "dpt12_ec2_private",
      "provider": "provider[\"registry.terraform.io/hashicorp/aws\"]",
      "instances": [
        {
          "schema_version": 1,
          "attributes": {
            "ami": "ami-079db87dc4c10ac91",
            "arn": "arn:aws:ec2:us-east-1:337636137060:instance/i-05da0c575fd585aa6",
            "associate_public_ip_address": true,
            "availability_zone": "us-east-1b",
            "capacity_reservation_specification": [
              {
                "capacity_reservation_preference": "open",
                "capacity_reservation_target": []
              }
            ],
            "cpu_core_count": 1,
            "cpu_options": [
              {
                "amd_sev_snp": "",
                "core_count": 1,
                "threads_per_core": 1
              }
            ],
            "cpu_threads_per_core": 1,
            "credit_specification": [
              {
                "cpu_credits": "standard"
              }
            ],
            "disable_api_stop": false,
            "disable_api_termination": false,
            "ebs_block_device": [],
            "ebs_optimized": false,
            "enclave_options": [
              {
                "enabled": false
              }
            ],
            "ephemeral_block_device": [],
            "get_password_data": false,
            "hibernation": false,
            "host_id": "",
            "host_resource_group_arn": null,
            "iam_instance_profile": "",
            "id": "i-05da0c575fd585aa6",
            "instance_initiated_shutdown_behavior": "stop",
            "instance_lifecycle": "",
            "instance_market_options": [],
            "instance_state": "running",
            "instance_type": "t2.micro",
            "ipv6_address_count": 0,
            "ipv6_addresses": [],
            "key_name": "myKey",
            "launch_template": [],
            "maintenance_options": [
              {
                "auto_recovery": "default"
              }
            ],
            "metadata_options": [
              {
                "http_endpoint": "enabled",
                "http_protocol_ipv6": "disabled",
                "http_put_response_hop_limit": 2,
                "http_tokens": "required",
                "instance_metadata_tags": "disabled"
              }
            ],
            "monitoring": false,
            "network_interface": [],
            "outpost_arn": "",
            "password_data": "",
            "placement_group": "",
            "placement_partition_number": 0,
            "primary_network_interface_id": "eni-0e8d79560a85c45f9",
            "private_dns": "ip-192-168-2-46.ec2.internal",
            "private_dns_name_options": [
              {
                "enable_resource_name_dns_a_record": false,
                "enable_resource_name_dns_aaaa_record": false,
                "hostname_type": "ip-name"
              }
            ],
            "private_ip": "192.168.2.46",
            "public_dns": "",
            "public_ip": "34.201.56.125",
            "root_block_device": [
              {
                "delete_on_termination": true,
                "device_name": "/dev/xvda",
                "encrypted": false,
                "iops": 3000,
                "kms_key_id": "",
                "tags": {},
                "tags_all": {},
                "throughput": 125,
                "volume_id": "vol-0001be540680ccfe6",
                "volume_size": 8,
                "volume_type": "gp3"
              }
            ],
            "secondary_private_ips": [],
            "security_groups": [],
            "source_dest_check": true,
            "spot_instance_request_id": "",
            "subnet_id": "subnet-054020bb94e2c1287",
            "tags": {
              "Name": "DPT12_EC2_private"
            },
            "tags_all": {
              "Name": "DPT12_EC2_private"
            },
            "tenancy": "default",
            "timeouts": null,
            "user_data": null,
            "user_data_base64": null,
            "user_data_replace_on_change": false,
            "volume_tags": null,
            "vpc_security_group_ids": [
              "sg-05ebbba51b53b669d"
            ]
          },
          "sensitive_attributes": [],
          "private": "eyJlMmJmYjczMC1lY2FhLTExZTYtOGY4OC0zNDM2M2JjN2M0YzAiOnsiY3JlYXRlIjo2MDAwMDAwMDAwMDAsImRlbGV0ZSI6MTIwMDAwMDAwMDAwMCwicmVhZCI6OTAwMDAwMDAwMDAwLCJ1cGRhdGUiOjYwMDAwMDAwMDAwMH0sInNjaGVtYV92ZXJzaW9uIjoiMSJ9",
          "dependencies": [
            "aws_key_pair.dpt12_kp",
            "aws_security_group.dpt12_sg",
            "aws_subnet.private-subnet",
            "aws_vpc.dpt12-vpc",
            "tls_private_key.dpt12_pk"
          ]
        }
      ]
    },
    {
      "mode": "managed",
      "type": "aws_instance",
      "name": "dpt12_ec2_public",
      "provider": "provider[\"registry.terraform.io/hashicorp/aws\"]",
      "instances": [
        {
          "schema_version": 1,
          "attributes": {
            "ami": "ami-079db87dc4c10ac91",
            "arn": "arn:aws:ec2:us-east-1:337636137060:instance/i-0dfe3e42a2b0ac99a",
            "associate_public_ip_address": true,
            "availability_zone": "us-east-1a",
            "capacity_reservation_specification": [
              {
                "capacity_reservation_preference": "open",
                "capacity_reservation_target": []
              }
            ],
            "cpu_core_count": 1,
            "cpu_options": [
              {
                "amd_sev_snp": "",
                "core_count": 1,
                "threads_per_core": 1
              }
            ],
            "cpu_threads_per_core": 1,
            "credit_specification": [
              {
                "cpu_credits": "standard"
              }
            ],
            "disable_api_stop": false,
            "disable_api_termination": false,
            "ebs_block_device": [],
            "ebs_optimized": false,
            "enclave_options": [
              {
                "enabled": false
              }
            ],
            "ephemeral_block_device": [],
            "get_password_data": false,
            "hibernation": false,
            "host_id": "",
            "host_resource_group_arn": null,
            "iam_instance_profile": "",
            "id": "i-0dfe3e42a2b0ac99a",
            "instance_initiated_shutdown_behavior": "stop",
            "instance_lifecycle": "",
            "instance_market_options": [],
            "instance_state": "running",
            "instance_type": "t2.micro",
            "ipv6_address_count": 0,
            "ipv6_addresses": [],
            "key_name": "myKey",
            "launch_template": [],
            "maintenance_options": [
              {
                "auto_recovery": "default"
              }
            ],
            "metadata_options": [
              {
                "http_endpoint": "enabled",
                "http_protocol_ipv6": "disabled",
                "http_put_response_hop_limit": 2,
                "http_tokens": "required",
                "instance_metadata_tags": "disabled"
              }
            ],
            "monitoring": false,
            "network_interface": [],
            "outpost_arn": "",
            "password_data": "",
            "placement_group": "",
            "placement_partition_number": 0,
            "primary_network_interface_id": "eni-06754d7f67aae11dd",
            "private_dns": "ip-192-168-1-4.ec2.internal",
            "private_dns_name_options": [
              {
                "enable_resource_name_dns_a_record": false,
                "enable_resource_name_dns_aaaa_record": false,
                "hostname_type": "ip-name"
              }
            ],
            "private_ip": "192.168.1.4",
            "public_dns": "",
            "public_ip": "52.90.219.65",
            "root_block_device": [
              {
                "delete_on_termination": true,
                "device_name": "/dev/xvda",
                "encrypted": false,
                "iops": 3000,
                "kms_key_id": "",
                "tags": {},
                "tags_all": {},
                "throughput": 125,
                "volume_id": "vol-07f931a4e19be3836",
                "volume_size": 8,
                "volume_type": "gp3"
              }
            ],
            "secondary_private_ips": [],
            "security_groups": [],
            "source_dest_check": true,
            "spot_instance_request_id": "",
            "subnet_id": "subnet-011c78b55b9c89d76",
            "tags": {
              "Name": "DPT12_EC2_public"
            },
            "tags_all": {
              "Name": "DPT12_EC2_public"
            },
            "tenancy": "default",
            "timeouts": null,
            "user_data": null,
            "user_data_base64": null,
            "user_data_replace_on_change": false,
            "volume_tags": null,
            "vpc_security_group_ids": [
              "sg-05ebbba51b53b669d"
            ]
          },
          "sensitive_attributes": [],
          "private": "eyJlMmJmYjczMC1lY2FhLTExZTYtOGY4OC0zNDM2M2JjN2M0YzAiOnsiY3JlYXRlIjo2MDAwMDAwMDAwMDAsImRlbGV0ZSI6MTIwMDAwMDAwMDAwMCwicmVhZCI6OTAwMDAwMDAwMDAwLCJ1cGRhdGUiOjYwMDAwMDAwMDAwMH0sInNjaGVtYV92ZXJzaW9uIjoiMSJ9",
          "dependencies": [
            "aws_key_pair.dpt12_kp",
            "aws_security_group.dpt12_sg",
            "aws_subnet.public-subnet",
            "aws_vpc.dpt12-vpc",
            "tls_private_key.dpt12_pk"
          ]
        }
      ]
    },
    {
      "mode": "managed",
      "type": "aws_internet_gateway",
      "name": "dpt12-igw",
      "provider": "provider[\"registry.terraform.io/hashicorp/aws\"]",
      "instances": [
        {
          "schema_version": 0,
          "attributes": {
            "arn": "arn:aws:ec2:us-east-1:337636137060:internet-gateway/igw-094be05c7d6d4409c",
            "id": "igw-094be05c7d6d4409c",
            "owner_id": "337636137060",
            "tags": {
              "name": "dpt12-internet gateway"
            },
            "tags_all": {
              "name": "dpt12-internet gateway"
            },
            "timeouts": null,
            "vpc_id": "vpc-0acfae980155ec7ae"
          },
          "sensitive_attributes": [],
          "private": "eyJlMmJmYjczMC1lY2FhLTExZTYtOGY4OC0zNDM2M2JjN2M0YzAiOnsiY3JlYXRlIjoxMjAwMDAwMDAwMDAwLCJkZWxldGUiOjEyMDAwMDAwMDAwMDAsInVwZGF0ZSI6MTIwMDAwMDAwMDAwMH19",
          "dependencies": [
            "aws_vpc.dpt12-vpc"
          ]
        }
      ]
    },
    {
      "mode": "managed",
      "type": "aws_key_pair",
      "name": "dpt12_kp",
      "provider": "provider[\"registry.terraform.io/hashicorp/aws\"]",
      "instances": [
        {
          "schema_version": 1,
          "attributes": {
            "arn": "arn:aws:ec2:us-east-1:337636137060:key-pair/myKey",
            "fingerprint": "3e:e1:46:81:81:35:c9:c9:d2:fb:74:7d:96:af:ba:78",
            "id": "myKey",
            "key_name": "myKey",
            "key_name_prefix": "",
            "key_pair_id": "key-068746b3969554c97",
            "key_type": "rsa",
            "public_key": "ssh-rsa AAAAB3NzaC1yc2EAAAADAQABAAACAQDVFoG9bncNyjtFdAB/5/iSKnIN5M/ZXgmA1pAzNt6IPNyc2G7FOYjiyEwrv4FalWURXBACS5XvR/aI1SbI3gO8MZlPk3JxaYIorOiluO6F2JX8rvmMKC9j61XsT2Qlwo1Z5CN9rmU9SbbiFYb/hh3xPex/qkGg7kfTgymzBdD5gb58iMP9boXBTgXoMw+H8PCONLwiJO94s4lxl2sSskITHmYX3kmcCgM3ekQsimVVH2Oti7ZAN0Oe+ta34pwPZ8lBDKFJmWQc1L3Ninlb7sr1iKo6Fa0BZnHacHx6PXxKuV48CI8DVn8UrRbay7iDEdLbNnKxVJhIJRY5I2oP8EtKPTXVL53EkJG/XAHgLb9QXKKnV4trlRWchwnt3ueGdXSj7boWsj8puwWeTTAQeT6lU8epUPXY4avy61PZcgwW+DRwYpPnvFMLfjO22AxtY6y7wEpTGppgQwIQbd94LEgzRPqxi354D9++oOdkTt7jYLZbKECimWcPRSK+xWPjAs21bPeFLqXurI1brmZ0KaN/JdFa9Yl8uTvSz8NJgpuHvCNIjrSy+EMYutN/EIFbnNIMKe7lHG1syUmuXSTRYTLC+QP+hn4th0Moi/PbJXK3RA2YOcnz3Q0Ffwuo/79qlbhM4SLa6ZeNSZ7aZghmz/4WUE1aYf5k9cn8UiwawIKWbw==",
            "tags": {},
            "tags_all": {}
          },
          "sensitive_attributes": [],
          "private": "eyJzY2hlbWFfdmVyc2lvbiI6IjEifQ==",
          "dependencies": [
            "tls_private_key.dpt12_pk"
          ]
        }
      ]
    },
    {
      "mode": "managed",
      "type": "aws_nat_gateway",
      "name": "dpt12-ngw",
      "provider": "provider[\"registry.terraform.io/hashicorp/aws\"]",
      "instances": [
        {
          "schema_version": 0,
          "attributes": {
            "allocation_id": "eipalloc-0923f4efbc6f3d1b5",
            "association_id": "eipassoc-0c98e1ea36194b60c",
            "connectivity_type": "public",
            "id": "nat-0d0fecc91ce8a646d",
            "network_interface_id": "eni-0214376ad7e7668a5",
            "private_ip": "192.168.1.73",
            "public_ip": "98.82.76.1",
            "secondary_allocation_ids": [],
            "secondary_private_ip_address_count": 0,
            "secondary_private_ip_addresses": [],
            "subnet_id": "subnet-011c78b55b9c89d76",
            "tags": {
              "name": "dpt12 NAT Gateway"
            },
            "tags_all": {
              "name": "dpt12 NAT Gateway"
            },
            "timeouts": null
          },
          "sensitive_attributes": [],
          "private": "eyJlMmJmYjczMC1lY2FhLTExZTYtOGY4OC0zNDM2M2JjN2M0YzAiOnsiY3JlYXRlIjo2MDAwMDAwMDAwMDAsImRlbGV0ZSI6MTgwMDAwMDAwMDAwMCwidXBkYXRlIjo2MDAwMDAwMDAwMDB9fQ==",
          "dependencies": [
            "aws_eip.dpt12-eip",
            "aws_subnet.public-subnet",
            "aws_vpc.dpt12-vpc"
          ]
        }
      ]
    },
    {
      "mode": "managed",
      "type": "aws_route_table",
      "name": "private-rt",
      "provider": "provider[\"registry.terraform.io/hashicorp/aws\"]",
      "instances": [
        {
          "schema_version": 0,
          "attributes": {
            "arn": "arn:aws:ec2:us-east-1:337636137060:route-table/rtb-01768d49b7b598a94",
            "id": "rtb-01768d49b7b598a94",
            "owner_id": "337636137060",
            "propagating_vgws": [],
            "route": [
              {
                "carrier_gateway_id": "",
                "cidr_block": "0.0.0.0/0",
                "core_network_arn": "",
                "destination_prefix_list_id": "",
                "egress_only_gateway_id": "",
                "gateway_id": "nat-0d0fecc91ce8a646d",
                "ipv6_cidr_block": "",
                "local_gateway_id": "",
                "nat_gateway_id": "",
                "network_interface_id": "",
                "transit_gateway_id": "",
                "vpc_endpoint_id": "",
                "vpc_peering_connection_id": ""
              }
            ],
            "tags": {
              "Name": "private RT"
            },
            "tags_all": {
              "Name": "private RT"
            },
            "timeouts": null,
            "vpc_id": "vpc-0acfae980155ec7ae"
          },
          "sensitive_attributes": [],
          "private": "eyJlMmJmYjczMC1lY2FhLTExZTYtOGY4OC0zNDM2M2JjN2M0YzAiOnsiY3JlYXRlIjozMDAwMDAwMDAwMDAsImRlbGV0ZSI6MzAwMDAwMDAwMDAwLCJ1cGRhdGUiOjEyMDAwMDAwMDAwMH19",
          "dependencies": [
            "aws_eip.dpt12-eip",
            "aws_nat_gateway.dpt12-ngw",
            "aws_subnet.public-subnet",
            "aws_vpc.dpt12-vpc"
          ]
        }
      ]
    },
    {
      "mode": "managed",
      "type": "aws_route_table",
      "name": "public-rt",
      "provider": "provider[\"registry.terraform.io/hashicorp/aws\"]",
      "instances": [
        {
          "schema_version": 0,
          "attributes": {
            "arn": "arn:aws:ec2:us-east-1:337636137060:route-table/rtb-0105fc09cc62847cb",
            "id": "rtb-0105fc09cc62847cb",
            "owner_id": "337636137060",
            "propagating_vgws": [],
            "route": [
              {
                "carrier_gateway_id": "",
                "cidr_block": "0.0.0.0/0",
                "core_network_arn": "",
                "destination_prefix_list_id": "",
                "egress_only_gateway_id": "",
                "gateway_id": "igw-094be05c7d6d4409c",
                "ipv6_cidr_block": "",
                "local_gateway_id": "",
                "nat_gateway_id": "",
                "network_interface_id": "",
                "transit_gateway_id": "",
                "vpc_endpoint_id": "",
                "vpc_peering_connection_id": ""
              }
            ],
            "tags": {
              "Name": "public RT"
            },
            "tags_all": {
              "Name": "public RT"
            },
            "timeouts": null,
            "vpc_id": "vpc-0acfae980155ec7ae"
          },
          "sensitive_attributes": [],
          "private": "eyJlMmJmYjczMC1lY2FhLTExZTYtOGY4OC0zNDM2M2JjN2M0YzAiOnsiY3JlYXRlIjozMDAwMDAwMDAwMDAsImRlbGV0ZSI6MzAwMDAwMDAwMDAwLCJ1cGRhdGUiOjEyMDAwMDAwMDAwMH19",
          "dependencies": [
            "aws_internet_gateway.dpt12-igw",
            "aws_vpc.dpt12-vpc"
          ]
        }
      ]
    },
    {
      "mode": "managed",
      "type": "aws_route_table_association",
      "name": "dpt12-private-rt-association",
      "provider": "provider[\"registry.terraform.io/hashicorp/aws\"]",
      "instances": [
        {
          "schema_version": 0,
          "attributes": {
            "gateway_id": "",
            "id": "rtbassoc-01d2f7a54a5392f90",
            "route_table_id": "rtb-01768d49b7b598a94",
            "subnet_id": "subnet-054020bb94e2c1287",
            "timeouts": null
          },
          "sensitive_attributes": [],
          "private": "eyJlMmJmYjczMC1lY2FhLTExZTYtOGY4OC0zNDM2M2JjN2M0YzAiOnsiY3JlYXRlIjozMDAwMDAwMDAwMDAsImRlbGV0ZSI6MzAwMDAwMDAwMDAwLCJ1cGRhdGUiOjEyMDAwMDAwMDAwMH19",
          "dependencies": [
            "aws_eip.dpt12-eip",
            "aws_nat_gateway.dpt12-ngw",
            "aws_route_table.private-rt",
            "aws_subnet.private-subnet",
            "aws_subnet.public-subnet",
            "aws_vpc.dpt12-vpc"
          ]
        }
      ]
    },
    {
      "mode": "managed",
      "type": "aws_route_table_association",
      "name": "dpt12-public-rt-association",
      "provider": "provider[\"registry.terraform.io/hashicorp/aws\"]",
      "instances": [
        {
          "schema_version": 0,
          "attributes": {
            "gateway_id": "",
            "id": "rtbassoc-0cc1146aa41144f3f",
            "route_table_id": "rtb-0105fc09cc62847cb",
            "subnet_id": "subnet-011c78b55b9c89d76",
            "timeouts": null
          },
          "sensitive_attributes": [],
          "private": "eyJlMmJmYjczMC1lY2FhLTExZTYtOGY4OC0zNDM2M2JjN2M0YzAiOnsiY3JlYXRlIjozMDAwMDAwMDAwMDAsImRlbGV0ZSI6MzAwMDAwMDAwMDAwLCJ1cGRhdGUiOjEyMDAwMDAwMDAwMH19",
          "dependencies": [
            "aws_internet_gateway.dpt12-igw",
            "aws_route_table.public-rt",
            "aws_subnet.public-subnet",
            "aws_vpc.dpt12-vpc"
          ]
        }
      ]
    },
    {
      "mode": "managed",
      "type": "aws_security_group",
      "name": "dpt12_sg",
      "provider": "provider[\"registry.terraform.io/hashicorp/aws\"]",
      "instances": [
        {
          "schema_version": 1,
          "attributes": {
            "arn": "arn:aws:ec2:us-east-1:337636137060:security-group/sg-05ebbba51b53b669d",
            "description": "dpt06-sg",
            "egress": [
              {
                "cidr_blocks": [
                  "0.0.0.0/0"
                ],
                "description": "Allow inbound ICMP access",
                "from_port": -1,
                "ipv6_cidr_blocks": [],
                "prefix_list_ids": [],
                "protocol": "icmp",
                "security_groups": [],
                "self": false,
                "to_port": -1
              },
              {
                "cidr_blocks": [
                  "0.0.0.0/0"
                ],
                "description": "Allow inbounoutboubd all access",
                "from_port": 0,
                "ipv6_cidr_blocks": [],
                "prefix_list_ids": [],
                "protocol": "-1",
                "security_groups": [],
                "self": false,
                "to_port": 0
              }
            ],
            "id": "sg-05ebbba51b53b669d",
            "ingress": [
              {
                "cidr_blocks": [
                  "0.0.0.0/0"
                ],
                "description": "Allow inbound HTTP access",
                "from_port": 80,
                "ipv6_cidr_blocks": [],
                "prefix_list_ids": [],
                "protocol": "tcp",
                "security_groups": [],
                "self": false,
                "to_port": 80
              },
              {
                "cidr_blocks": [
                  "0.0.0.0/0"
                ],
                "description": "Allow inbound HTTPs access",
                "from_port": 443,
                "ipv6_cidr_blocks": [],
                "prefix_list_ids": [],
                "protocol": "tcp",
                "security_groups": [],
                "self": false,
                "to_port": 443
              },
              {
                "cidr_blocks": [
                  "0.0.0.0/0"
                ],
                "description": "Allow inbound SSH access",
                "from_port": 22,
                "ipv6_cidr_blocks": [],
                "prefix_list_ids": [],
                "protocol": "tcp",
                "security_groups": [],
                "self": false,
                "to_port": 22
              }
            ],
            "name": "dpt06-sg",
            "name_prefix": "",
            "owner_id": "337636137060",
            "revoke_rules_on_delete": false,
            "tags": {
              "Name": "DPT12-SG"
            },
            "tags_all": {
              "Name": "DPT12-SG"
            },
            "timeouts": null,
            "vpc_id": "vpc-0acfae980155ec7ae"
          },
          "sensitive_attributes": [],
          "private": "eyJlMmJmYjczMC1lY2FhLTExZTYtOGY4OC0zNDM2M2JjN2M0YzAiOnsiY3JlYXRlIjo2MDAwMDAwMDAwMDAsImRlbGV0ZSI6OTAwMDAwMDAwMDAwfSwic2NoZW1hX3ZlcnNpb24iOiIxIn0=",
          "dependencies": [
            "aws_vpc.dpt12-vpc"
          ]
        }
      ]
    },
    {
      "mode": "managed",
      "type": "aws_security_group_rule",
      "name": "dpt12_sg_rule1",
      "provider": "provider[\"registry.terraform.io/hashicorp/aws\"]",
      "instances": [
        {
          "schema_version": 2,
          "attributes": {
            "cidr_blocks": [
              "0.0.0.0/0"
            ],
            "description": "Allow inbound SSH access",
            "from_port": 22,
            "id": "sgrule-1092754480",
            "ipv6_cidr_blocks": null,
            "prefix_list_ids": null,
            "protocol": "tcp",
            "security_group_id": "sg-05ebbba51b53b669d",
            "security_group_rule_id": "sgr-06d53b6fd3016f54e",
            "self": false,
            "source_security_group_id": null,
            "timeouts": null,
            "to_port": 22,
            "type": "ingress"
          },
          "sensitive_attributes": [],
          "private": "eyJlMmJmYjczMC1lY2FhLTExZTYtOGY4OC0zNDM2M2JjN2M0YzAiOnsiY3JlYXRlIjozMDAwMDAwMDAwMDB9LCJzY2hlbWFfdmVyc2lvbiI6IjIifQ==",
          "dependencies": [
            "aws_security_group.dpt12_sg",
            "aws_vpc.dpt12-vpc"
          ]
        }
      ]
    },
    {
      "mode": "managed",
      "type": "aws_security_group_rule",
      "name": "dpt12_sg_rule2",
      "provider": "provider[\"registry.terraform.io/hashicorp/aws\"]",
      "instances": [
        {
          "schema_version": 2,
          "attributes": {
            "cidr_blocks": [
              "0.0.0.0/0"
            ],
            "description": "Allow inbound HTTP access",
            "from_port": 80,
            "id": "sgrule-139968101",
            "ipv6_cidr_blocks": null,
            "prefix_list_ids": null,
            "protocol": "tcp",
            "security_group_id": "sg-05ebbba51b53b669d",
            "security_group_rule_id": "sgr-0c2020690ae4d3184",
            "self": false,
            "source_security_group_id": null,
            "timeouts": null,
            "to_port": 80,
            "type": "ingress"
          },
          "sensitive_attributes": [],
          "private": "eyJlMmJmYjczMC1lY2FhLTExZTYtOGY4OC0zNDM2M2JjN2M0YzAiOnsiY3JlYXRlIjozMDAwMDAwMDAwMDB9LCJzY2hlbWFfdmVyc2lvbiI6IjIifQ==",
          "dependencies": [
            "aws_security_group.dpt12_sg",
            "aws_vpc.dpt12-vpc"
          ]
        }
      ]
    },
    {
      "mode": "managed",
      "type": "aws_security_group_rule",
      "name": "dpt12_sg_rule3",
      "provider": "provider[\"registry.terraform.io/hashicorp/aws\"]",
      "instances": [
        {
          "schema_version": 2,
          "attributes": {
            "cidr_blocks": [
              "0.0.0.0/0"
            ],
            "description": "Allow inbound HTTPs access",
            "from_port": 443,
            "id": "sgrule-1838126132",
            "ipv6_cidr_blocks": null,
            "prefix_list_ids": null,
            "protocol": "tcp",
            "security_group_id": "sg-05ebbba51b53b669d",
            "security_group_rule_id": "sgr-0bf94f2a300b9fdac",
            "self": false,
            "source_security_group_id": null,
            "timeouts": null,
            "to_port": 443,
            "type": "ingress"
          },
          "sensitive_attributes": [],
          "private": "eyJlMmJmYjczMC1lY2FhLTExZTYtOGY4OC0zNDM2M2JjN2M0YzAiOnsiY3JlYXRlIjozMDAwMDAwMDAwMDB9LCJzY2hlbWFfdmVyc2lvbiI6IjIifQ==",
          "dependencies": [
            "aws_security_group.dpt12_sg",
            "aws_vpc.dpt12-vpc"
          ]
        }
      ]
    },
    {
      "mode": "managed",
      "type": "aws_security_group_rule",
      "name": "dpt12_sg_rule4",
      "provider": "provider[\"registry.terraform.io/hashicorp/aws\"]",
      "instances": [
        {
          "schema_version": 2,
          "attributes": {
            "cidr_blocks": [
              "0.0.0.0/0"
            ],
            "description": "Allow inbounoutboubd all access",
            "from_port": 0,
            "id": "sgrule-1681949092",
            "ipv6_cidr_blocks": null,
            "prefix_list_ids": null,
            "protocol": "-1",
            "security_group_id": "sg-05ebbba51b53b669d",
            "security_group_rule_id": "sgr-03a3e40945d7830ef",
            "self": false,
            "source_security_group_id": null,
            "timeouts": null,
            "to_port": 0,
            "type": "egress"
          },
          "sensitive_attributes": [],
          "private": "eyJlMmJmYjczMC1lY2FhLTExZTYtOGY4OC0zNDM2M2JjN2M0YzAiOnsiY3JlYXRlIjozMDAwMDAwMDAwMDB9LCJzY2hlbWFfdmVyc2lvbiI6IjIifQ==",
          "dependencies": [
            "aws_security_group.dpt12_sg",
            "aws_vpc.dpt12-vpc"
          ]
        }
      ]
    },
    {
      "mode": "managed",
      "type": "aws_security_group_rule",
      "name": "dpt12_sg_rule5",
      "provider": "provider[\"registry.terraform.io/hashicorp/aws\"]",
      "instances": [
        {
          "schema_version": 2,
          "attributes": {
            "cidr_blocks": [
              "0.0.0.0/0"
            ],
            "description": "Allow inbound ICMP access",
            "from_port": -1,
            "id": "sgrule-1247209629",
            "ipv6_cidr_blocks": null,
            "prefix_list_ids": null,
            "protocol": "icmp",
            "security_group_id": "sg-05ebbba51b53b669d",
            "security_group_rule_id": "sgr-0e5b73d3184938255",
            "self": false,
            "source_security_group_id": null,
            "timeouts": null,
            "to_port": -1,
            "type": "ingress"
          },
          "sensitive_attributes": [],
          "private": "eyJlMmJmYjczMC1lY2FhLTExZTYtOGY4OC0zNDM2M2JjN2M0YzAiOnsiY3JlYXRlIjozMDAwMDAwMDAwMDB9LCJzY2hlbWFfdmVyc2lvbiI6IjIifQ==",
          "dependencies": [
            "aws_security_group.dpt12_sg",
            "aws_vpc.dpt12-vpc"
          ]
        }
      ]
    },
    {
      "mode": "managed",
      "type": "aws_subnet",
      "name": "private-subnet",
      "provider": "provider[\"registry.terraform.io/hashicorp/aws\"]",
      "instances": [
        {
          "schema_version": 1,
          "attributes": {
            "arn": "arn:aws:ec2:us-east-1:337636137060:subnet/subnet-054020bb94e2c1287",
            "assign_ipv6_address_on_creation": false,
            "availability_zone": "us-east-1b",
            "availability_zone_id": "use1-az1",
            "cidr_block": "192.168.2.0/24",
            "customer_owned_ipv4_pool": "",
            "enable_dns64": false,
            "enable_lni_at_device_index": 0,
            "enable_resource_name_dns_a_record_on_launch": false,
            "enable_resource_name_dns_aaaa_record_on_launch": false,
            "id": "subnet-054020bb94e2c1287",
            "ipv6_cidr_block": "",
            "ipv6_cidr_block_association_id": "",
            "ipv6_native": false,
            "map_customer_owned_ip_on_launch": false,
            "map_public_ip_on_launch": false,
            "outpost_arn": "",
            "owner_id": "337636137060",
            "private_dns_hostname_type_on_launch": "ip-name",
            "tags": {
              "Name": "private-subnet"
            },
            "tags_all": {
              "Name": "private-subnet"
            },
            "timeouts": null,
            "vpc_id": "vpc-0acfae980155ec7ae"
          },
          "sensitive_attributes": [],
          "private": "eyJlMmJmYjczMC1lY2FhLTExZTYtOGY4OC0zNDM2M2JjN2M0YzAiOnsiY3JlYXRlIjo2MDAwMDAwMDAwMDAsImRlbGV0ZSI6MTIwMDAwMDAwMDAwMH0sInNjaGVtYV92ZXJzaW9uIjoiMSJ9",
          "dependencies": [
            "aws_vpc.dpt12-vpc"
          ]
        }
      ]
    },
    {
      "mode": "managed",
      "type": "aws_subnet",
      "name": "public-subnet",
      "provider": "provider[\"registry.terraform.io/hashicorp/aws\"]",
      "instances": [
        {
          "schema_version": 1,
          "attributes": {
            "arn": "arn:aws:ec2:us-east-1:337636137060:subnet/subnet-011c78b55b9c89d76",
            "assign_ipv6_address_on_creation": false,
            "availability_zone": "us-east-1a",
            "availability_zone_id": "use1-az6",
            "cidr_block": "192.168.1.0/24",
            "customer_owned_ipv4_pool": "",
            "enable_dns64": false,
            "enable_lni_at_device_index": 0,
            "enable_resource_name_dns_a_record_on_launch": false,
            "enable_resource_name_dns_aaaa_record_on_launch": false,
            "id": "subnet-011c78b55b9c89d76",
            "ipv6_cidr_block": "",
            "ipv6_cidr_block_association_id": "",
            "ipv6_native": false,
            "map_customer_owned_ip_on_launch": false,
            "map_public_ip_on_launch": false,
            "outpost_arn": "",
            "owner_id": "337636137060",
            "private_dns_hostname_type_on_launch": "ip-name",
            "tags": {
              "Name": "public-subnet"
            },
            "tags_all": {
              "Name": "public-subnet"
            },
            "timeouts": null,
            "vpc_id": "vpc-0acfae980155ec7ae"
          },
          "sensitive_attributes": [],
          "private": "eyJlMmJmYjczMC1lY2FhLTExZTYtOGY4OC0zNDM2M2JjN2M0YzAiOnsiY3JlYXRlIjo2MDAwMDAwMDAwMDAsImRlbGV0ZSI6MTIwMDAwMDAwMDAwMH0sInNjaGVtYV92ZXJzaW9uIjoiMSJ9",
          "dependencies": [
            "aws_vpc.dpt12-vpc"
          ]
        }
      ]
    },
    {
      "mode": "managed",
      "type": "aws_vpc",
      "name": "dpt12-vpc",
      "provider": "provider[\"registry.terraform.io/hashicorp/aws\"]",
      "instances": [
        {
          "schema_version": 1,
          "attributes": {
            "arn": "arn:aws:ec2:us-east-1:337636137060:vpc/vpc-0acfae980155ec7ae",
            "assign_generated_ipv6_cidr_block": false,
            "cidr_block": "192.168.0.0/16",
            "default_network_acl_id": "acl-0bc35ec200734f146",
            "default_route_table_id": "rtb-0c8718b19d8dd7289",
            "default_security_group_id": "sg-03457109a387bcabb",
            "dhcp_options_id": "dopt-4638863c",
            "enable_dns_hostnames": false,
            "enable_dns_support": true,
            "enable_network_address_usage_metrics": false,
            "id": "vpc-0acfae980155ec7ae",
            "instance_tenancy": "default",
            "ipv4_ipam_pool_id": null,
            "ipv4_netmask_length": null,
            "ipv6_association_id": "",
            "ipv6_cidr_block": "",
            "ipv6_cidr_block_network_border_group": "",
            "ipv6_ipam_pool_id": "",
            "ipv6_netmask_length": 0,
            "main_route_table_id": "rtb-0c8718b19d8dd7289",
            "owner_id": "337636137060",
            "tags": {
              "Name": "dpt12-vpc"
            },
            "tags_all": {
              "Name": "dpt12-vpc"
            }
          },
          "sensitive_attributes": [],
          "private": "eyJzY2hlbWFfdmVyc2lvbiI6IjEifQ=="
        }
      ]
    },
    {
      "mode": "managed",
      "type": "local_file",
      "name": "ssh_key",
      "provider": "provider[\"registry.terraform.io/hashicorp/local\"]",
      "instances": [
        {
          "schema_version": 0,
          "attributes": {
            "content": "-----BEGIN RSA PRIVATE KEY-----\nMIIJKAIBAAKCAgEA1RaBvW53Dco7RXQAf+f4kipyDeTP2V4JgNaQMzbeiDzcnNhu\nxTmI4shMK7+BWpVlEVwQAkuV70f2iNUmyN4DvDGZT5NycWmCKKzopbjuhdiV/K75\njCgvY+tV7E9kJcKNWeQjfa5lPUm24hWG/4Yd8T3sf6pBoO5H04MpswXQ+YG+fIjD\n/W6FwU4F6DMPh/DwjjS8IiTveLOJcZdrErJCEx5mF95JnAoDN3pELIplVR9jrYu2\nQDdDnvrWt+KcD2fJQQyhSZlkHNS9zYp5W+7K9YiqOhWtAWZx2nB8ej18SrlePAiP\nA1Z/FK0W2su4gxHS2zZysVSYSCUWOSNqD/BLSj011S+dxJCRv1wB4C2/UFyip1eL\na5UVnIcJ7d7nhnV0o+26FrI/KbsFnk0wEHk+pVPHqVD12OGr8utT2XIMFvg0cGKT\n57xTC34zttgMbWOsu8BKUxqaYEMCEG3feCxIM0T6sYt+eA/fvqDnZE7e42C2WyhA\noplnD0UivsVj4wLNtWz3hS6l7qyNW65mdCmjfyXRWvWJfLk70s/DSYKbh7wjSI60\nsvhDGLrTfxCBW5zSDCnu5RxtbMlJrl0k0WEywvkD/oZ+LYdDKIvz2yVyt0QNmDnJ\n890NBX8LqP+/apW4TOEi2umXjUme2mYIZs/+FlBNWmH+ZPXJ/FIsGsCClm8CAwEA\nAQKCAgA6kisrRJfY5IOSPaZ9geejVaNwCjrPhreaAGA2k5hrXj9NpXgdIglsPJ4j\nUEpf+byEHwgPeXNHCELNrbkxcUUZj5CSfPbyEYxDXfO8ya5WgAgKIpZZXhpYnrFJ\neTEP6AAuezT+MNeHFyH71ur6hYTpcJn3JXdQou5/RwhJOwoL6wvO81Db8ms1jRq2\njoJwXVvh2sDzqa9hQAhBftthkjnzQ2HQobsd9uqXbzYaABiGY1BkvYhk8kvWASDP\n/qvi2CZLiQs0TcNk4V0iiDN/f42uG9ieiqK5Rc15u32bpBbr+zPZ0Ihu5HGd303u\n6hxXeqi4tKil8ZjCC9+l6QQYSXaH+w6nK3q5E168BArAkvEk2uU0yKvXfxYb/U9a\nF8IZL/6KjJ7YZq4Me1RiSPnc5fjvZsBGMJFyH94iaVx9clAbkinjRyXe0BJmVe+w\n8UzGq02xcQGGupAHMWzviCAwCVMH51TLshx61NybtYwCwbdoMFwRtZVYY0iRfeF8\naqArDvRtBazpvHQbJbTQlc+fIIQZjP119NMZKejOuEseN2YdzXZcWyy9+x8SdYCc\nez8AD8R1yrXyl2atpxKJgQ9zvoXCJQ23k8aNaxa7Fhxc52kxbEJ6AAoEyp7OPnJm\nY3rNDnbD/9ZR3wLgFIr2CoO9i9orv4j+FPERWI88Y5UsCO81IQKCAQEA5qhSB0qZ\nvbx/7YJ846daTM6gW2O7Ud3xKnKgcKphVpbmp+hY2IyN10v2UmiHajKNio0w8QvV\nyBT1N92h3/BhIQXYBvIjeh7MNIVR+Z9Xk63bN5q/r1soN0eq9n4xrqJn3GPOKG9x\n367jK3Vge8LoqS+Uv7KG7XqXx044oz3Qqo+ou1P11w8aEuHeAhAOpw3HzYKxaKma\nA+mJcUmrnTtDte1Dve9mBPHO4Uqa2fLvXuQCm/hhFKJbYbJptYB6OPXmllpxZeji\nFw5CQqdT3MJnYmbPPcMSXyN3xNAN3kYJNgA4cYsQyBez+1xesXtnRfFU9q+G2Pu+\npePCtd14VIvrqQKCAQEA7IACLNEvHTBDzDH05sLz7fnyfoT336jcOln5vU6cfjoa\nrjHZ94Ge6UFZkkv8OnqbnQIClJ1DD1qlfDlwSlHbRNfUZk1o4bFp1M7ljRXbhGMV\nav/JlzSe8UPckbtCF5/sD4hDuc0ZcITAe9gpFxfcBirbMKlsIFP4S5DKD6p3p4UF\nPu1hkBENXMLoImakCYuKQGsK8xg/Sz/qtP62Gr+bB/FEi4SuIN0TU9lphBJIrLZz\nEe57bX+tTgISNf7wfv1iYpuAbgD4Tt14Tu80GFABW7oUhhLri1VY5qXWOPZnEZ3z\n/1k8dHtmQqYJ0w0RggnrMSHwU/U68BRQBi/F8rmAVwKCAQEAt8GzD/IDx1/L/vjs\n7CTgUL5wjD5I9nC9d9a4MOncADLZ8Tyuw14+hh4TUBXMg/NgRdgz/GU0XGEt9uLP\n2mtTxg40y1vOnbS5dMIdy6OBDrr8ITFcsqQJxviGoDdq9ziVS8QLcrVOYCig/HdX\ndWGTH24zsADXc4wuLO8JOiu9+JPYldzOxxVV7WMaDkSil73nxrbvBXXQqHs+Lw3E\n9c9II0Cxrjhx61CFQ4C/GxFqWAuIdJ+NH/Y0nQGZK6r+NDDbEj9dhhXhQQLwEM/j\nhMUvvfov8oFdOoQ0H4ys776WCfpk/TgQF4iir4coPXcVkGgyCxFNecIdYWWxMlgN\nTDXoeQKCAQAYiBaxq2klr/H4Zl4u6Z3/22Np+ET18EAX1WlwV40oEsLdutIPOGTR\ncTPnVvZs4nbtzF2UKNPh7dcokZSyQNdrxq+DhRgSASMnLeblwZSpoNWB6dJxWsX5\n5L4mZ7QtWytTWSEdTscKwtpsfjmU6aarBRsDay+KEuu4euZaxaXvvH6Uzm7GUN5/\n9r+5gcgWLWFD2VajbKp0Fcc0yw78q09bfY1Mo5CkXAo7MlwdlP/w2mQJQiGPdCT3\n6IMXEsDDi2j/LX4e6v7Wv2ZRWcKfmvzpFN44IhJIu6ujESStd/GtBCNhI1KACqTK\n2Qo/2CUuxfSdfhW9v7xDVvgODDqOOOu1AoIBADeHqEx99eNy/TCiq0neaZTGo7D0\nmiIQ2IWzRXES2bGfoe+JJ4Bc14xjW4q2NtNT3gFnqoYyyBrPn1xOMhkY/jFkwWpp\nzafzNTvwkorMKrDSm8Ne549sydjAAYA1tUIyRBs6K3gz4ljV7Wk90J0bEwjUI0AH\nuCaXa8rjgAySJkrWT6n+2pK2h02EuUaQKXLzi5tEaaRpPn1JCn0z147fkmopxtP0\nA85hGXFgEGrRA7Jjf33VPZS/6c0HsF8/nciBJXeXgD+tY9XwZuFhH5D41Xb4trNJ\nz8P5Ox5fAwJyPz+qCN0lrbbr6tmjIjEBCn463TOslJjXiprP+9y8vyy16Ww=\n-----END RSA PRIVATE KEY-----\n",
            "content_base64": null,
            "content_base64sha256": "+h9BDN3ps1y7Zq9LHa68Z334rs8cOuJX2Oi+kQU882c=",
            "content_base64sha512": "Idhhwb1zFJ9JPMIS+X2NN+SixZUBHsoqn18cua9NDvEutEDac4+I3j2IDHfVEfjRZ6Lqx+e1/RPQFBqxs02Z9g==",
            "content_md5": "912f0ea29d30ca05acb8428c01c98fb5",
            "content_sha1": "937897d0b1de04fcb6c62eb35a029bb935161959",
            "content_sha256": "fa1f410cdde9b35cbb66af4b1daebc677df8aecf1c3ae257d8e8be91053cf367",
            "content_sha512": "21d861c1bd73149f493cc212f97d8d37e4a2c595011eca2a9f5f1cb9af4d0ef12eb440da738f88de3d880c77d511f8d167a2eac7e7b5fd13d0141ab1b34d99f6",
            "directory_permission": "0777",
            "file_permission": "0777",
            "filename": "myKey.pem",
            "id": "937897d0b1de04fcb6c62eb35a029bb935161959",
            "sensitive_content": null,
            "source": null
          },
          "sensitive_attributes": [
            [
              {
                "type": "get_attr",
                "value": "sensitive_content"
              }
            ],
            [
              {
                "type": "get_attr",
                "value": "content"
              }
            ]
          ],
          "dependencies": [
            "aws_key_pair.dpt12_kp",
            "tls_private_key.dpt12_pk"
          ]
        }
      ]
    },
    {
      "mode": "managed",
      "type": "tls_private_key",
      "name": "dpt12_pk",
      "provider": "provider[\"registry.terraform.io/hashicorp/tls\"]",
      "instances": [
        {
          "schema_version": 1,
          "attributes": {
            "algorithm": "RSA",
            "ecdsa_curve": "P224",
            "id": "2fbe3d96c9ddbebfa493b3810770d337ea73dac0",
            "private_key_openssh": "-----BEGIN OPENSSH PRIVATE KEY-----\nb3BlbnNzaC1rZXktdjEAAAAABG5vbmUAAAAEbm9uZQAAAAAAAAABAAACFwAAAAdz\nc2gtcnNhAAAAAwEAAQAAAgEA1RaBvW53Dco7RXQAf+f4kipyDeTP2V4JgNaQMzbe\niDzcnNhuxTmI4shMK7+BWpVlEVwQAkuV70f2iNUmyN4DvDGZT5NycWmCKKzopbju\nhdiV/K75jCgvY+tV7E9kJcKNWeQjfa5lPUm24hWG/4Yd8T3sf6pBoO5H04MpswXQ\n+YG+fIjD/W6FwU4F6DMPh/DwjjS8IiTveLOJcZdrErJCEx5mF95JnAoDN3pELIpl\nVR9jrYu2QDdDnvrWt+KcD2fJQQyhSZlkHNS9zYp5W+7K9YiqOhWtAWZx2nB8ej18\nSrlePAiPA1Z/FK0W2su4gxHS2zZysVSYSCUWOSNqD/BLSj011S+dxJCRv1wB4C2/\nUFyip1eLa5UVnIcJ7d7nhnV0o+26FrI/KbsFnk0wEHk+pVPHqVD12OGr8utT2XIM\nFvg0cGKT57xTC34zttgMbWOsu8BKUxqaYEMCEG3feCxIM0T6sYt+eA/fvqDnZE7e\n42C2WyhAoplnD0UivsVj4wLNtWz3hS6l7qyNW65mdCmjfyXRWvWJfLk70s/DSYKb\nh7wjSI60svhDGLrTfxCBW5zSDCnu5RxtbMlJrl0k0WEywvkD/oZ+LYdDKIvz2yVy\nt0QNmDnJ890NBX8LqP+/apW4TOEi2umXjUme2mYIZs/+FlBNWmH+ZPXJ/FIsGsCC\nlm8AAAc42anvEtmp7xIAAAAHc3NoLXJzYQAAAgEA1RaBvW53Dco7RXQAf+f4kipy\nDeTP2V4JgNaQMzbeiDzcnNhuxTmI4shMK7+BWpVlEVwQAkuV70f2iNUmyN4DvDGZ\nT5NycWmCKKzopbjuhdiV/K75jCgvY+tV7E9kJcKNWeQjfa5lPUm24hWG/4Yd8T3s\nf6pBoO5H04MpswXQ+YG+fIjD/W6FwU4F6DMPh/DwjjS8IiTveLOJcZdrErJCEx5m\nF95JnAoDN3pELIplVR9jrYu2QDdDnvrWt+KcD2fJQQyhSZlkHNS9zYp5W+7K9Yiq\nOhWtAWZx2nB8ej18SrlePAiPA1Z/FK0W2su4gxHS2zZysVSYSCUWOSNqD/BLSj01\n1S+dxJCRv1wB4C2/UFyip1eLa5UVnIcJ7d7nhnV0o+26FrI/KbsFnk0wEHk+pVPH\nqVD12OGr8utT2XIMFvg0cGKT57xTC34zttgMbWOsu8BKUxqaYEMCEG3feCxIM0T6\nsYt+eA/fvqDnZE7e42C2WyhAoplnD0UivsVj4wLNtWz3hS6l7qyNW65mdCmjfyXR\nWvWJfLk70s/DSYKbh7wjSI60svhDGLrTfxCBW5zSDCnu5RxtbMlJrl0k0WEywvkD\n/oZ+LYdDKIvz2yVyt0QNmDnJ890NBX8LqP+/apW4TOEi2umXjUme2mYIZs/+FlBN\nWmH+ZPXJ/FIsGsCClm8AAAADAQABAAACADqSKytEl9jkg5I9pn2B56NVo3AKOs+G\nt5oAYDaTmGteP02leB0iCWw8niNQSl/5vIQfCA95c0cIQs2tuTFxRRmPkJJ89vIR\njENd87zJrlaACAoillleGliesUl5MQ/oAC57NP4w14cXIfvW6vqFhOlwmfcld1Ci\n7n9HCEk7CgvrC87zUNvyazWNGraOgnBdW+HawPOpr2FACEF+22GSOfNDYdChux32\n6pdvNhoAGIZjUGS9iGTyS9YBIM/+q+LYJkuJCzRNw2ThXSKIM39/ja4b2J6KorlF\nzXm7fZukFuv7M9nQiG7kcZ3fTe7qHFd6qLi0qKXxmMIL36XpBBhJdof7DqcrerkT\nXrwECsCS8STa5TTIq9d/Fhv9T1oXwhkv/oqMnthmrgx7VGJI+dzl+O9mwEYwkXIf\n3iJpXH1yUBuSKeNHJd7QEmZV77DxTMarTbFxAYa6kAcxbO+IIDAJUwfnVMuyHHrU\n3Ju1jALBt2gwXBG1lVhjSJF94XxqoCsO9G0FrOm8dBsltNCVz58ghBmM/XX00xkp\n6M64Sx43Zh3NdlxbLL37HxJ1gJx7PwAPxHXKtfKXZq2nEomBD3O+hcIlDbeTxo1r\nFrsWHFznaTFsQnoACgTKns4+cmZjes0OdsP/1lHfAuAUivYKg72L2iu/iP4U8RFY\njzxjlSwI7zUhAAABADeHqEx99eNy/TCiq0neaZTGo7D0miIQ2IWzRXES2bGfoe+J\nJ4Bc14xjW4q2NtNT3gFnqoYyyBrPn1xOMhkY/jFkwWppzafzNTvwkorMKrDSm8Ne\n549sydjAAYA1tUIyRBs6K3gz4ljV7Wk90J0bEwjUI0AHuCaXa8rjgAySJkrWT6n+\n2pK2h02EuUaQKXLzi5tEaaRpPn1JCn0z147fkmopxtP0A85hGXFgEGrRA7Jjf33V\nPZS/6c0HsF8/nciBJXeXgD+tY9XwZuFhH5D41Xb4trNJz8P5Ox5fAwJyPz+qCN0l\nrbbr6tmjIjEBCn463TOslJjXiprP+9y8vyy16WwAAAEBAOaoUgdKmb28f+2CfOOn\nWkzOoFtju1Hd8SpyoHCqYVaW5qfoWNiMjddL9lJoh2oyjYqNMPEL1cgU9Tfdod/w\nYSEF2AbyI3oezDSFUfmfV5Ot2zeav69bKDdHqvZ+Ma6iZ9xjzihvcd+u4yt1YHvC\n6KkvlL+yhu16l8dOOKM90KqPqLtT9dcPGhLh3gIQDqcNx82CsWipmgPpiXFJq507\nQ7XtQ73vZgTxzuFKmtny717kApv4YRSiW2GyabWAejj15pZacWXo4hcOQkKnU9zC\nZ2Jmzz3DEl8jd8TQDd5GCTYAOHGLEMgXs/tcXrF7Z0XxVPavhtj7vqXjwrXdeFSL\n66kAAAEBAOyAAizRLx0wQ8wx9ObC8+358n6E99+o3DpZ+b1OnH46Gq4x2feBnulB\nWZJL/Dp6m50CApSdQw9apXw5cEpR20TX1GZNaOGxadTO5Y0V24RjFWr/yZc0nvFD\n3JG7Qhef7A+IQ7nNGXCEwHvYKRcX3AYq2zCpbCBT+EuQyg+qd6eFBT7tYZARDVzC\n6CJmpAmLikBrCvMYP0s/6rT+thq/mwfxRIuEriDdE1PZaYQSSKy2cxHue21/rU4C\nEjX+8H79YmKbgG4A+E7deE7vNBhQAVu6FIYS64tVWOal1jj2ZxGd8/9ZPHR7ZkKm\nCdMNEYIJ6zEh8FP1OvAUUAYvxfK5gFcAAAAAAQID\n-----END OPENSSH PRIVATE KEY-----\n",
            "private_key_pem": "-----BEGIN RSA PRIVATE KEY-----\nMIIJKAIBAAKCAgEA1RaBvW53Dco7RXQAf+f4kipyDeTP2V4JgNaQMzbeiDzcnNhu\nxTmI4shMK7+BWpVlEVwQAkuV70f2iNUmyN4DvDGZT5NycWmCKKzopbjuhdiV/K75\njCgvY+tV7E9kJcKNWeQjfa5lPUm24hWG/4Yd8T3sf6pBoO5H04MpswXQ+YG+fIjD\n/W6FwU4F6DMPh/DwjjS8IiTveLOJcZdrErJCEx5mF95JnAoDN3pELIplVR9jrYu2\nQDdDnvrWt+KcD2fJQQyhSZlkHNS9zYp5W+7K9YiqOhWtAWZx2nB8ej18SrlePAiP\nA1Z/FK0W2su4gxHS2zZysVSYSCUWOSNqD/BLSj011S+dxJCRv1wB4C2/UFyip1eL\na5UVnIcJ7d7nhnV0o+26FrI/KbsFnk0wEHk+pVPHqVD12OGr8utT2XIMFvg0cGKT\n57xTC34zttgMbWOsu8BKUxqaYEMCEG3feCxIM0T6sYt+eA/fvqDnZE7e42C2WyhA\noplnD0UivsVj4wLNtWz3hS6l7qyNW65mdCmjfyXRWvWJfLk70s/DSYKbh7wjSI60\nsvhDGLrTfxCBW5zSDCnu5RxtbMlJrl0k0WEywvkD/oZ+LYdDKIvz2yVyt0QNmDnJ\n890NBX8LqP+/apW4TOEi2umXjUme2mYIZs/+FlBNWmH+ZPXJ/FIsGsCClm8CAwEA\nAQKCAgA6kisrRJfY5IOSPaZ9geejVaNwCjrPhreaAGA2k5hrXj9NpXgdIglsPJ4j\nUEpf+byEHwgPeXNHCELNrbkxcUUZj5CSfPbyEYxDXfO8ya5WgAgKIpZZXhpYnrFJ\neTEP6AAuezT+MNeHFyH71ur6hYTpcJn3JXdQou5/RwhJOwoL6wvO81Db8ms1jRq2\njoJwXVvh2sDzqa9hQAhBftthkjnzQ2HQobsd9uqXbzYaABiGY1BkvYhk8kvWASDP\n/qvi2CZLiQs0TcNk4V0iiDN/f42uG9ieiqK5Rc15u32bpBbr+zPZ0Ihu5HGd303u\n6hxXeqi4tKil8ZjCC9+l6QQYSXaH+w6nK3q5E168BArAkvEk2uU0yKvXfxYb/U9a\nF8IZL/6KjJ7YZq4Me1RiSPnc5fjvZsBGMJFyH94iaVx9clAbkinjRyXe0BJmVe+w\n8UzGq02xcQGGupAHMWzviCAwCVMH51TLshx61NybtYwCwbdoMFwRtZVYY0iRfeF8\naqArDvRtBazpvHQbJbTQlc+fIIQZjP119NMZKejOuEseN2YdzXZcWyy9+x8SdYCc\nez8AD8R1yrXyl2atpxKJgQ9zvoXCJQ23k8aNaxa7Fhxc52kxbEJ6AAoEyp7OPnJm\nY3rNDnbD/9ZR3wLgFIr2CoO9i9orv4j+FPERWI88Y5UsCO81IQKCAQEA5qhSB0qZ\nvbx/7YJ846daTM6gW2O7Ud3xKnKgcKphVpbmp+hY2IyN10v2UmiHajKNio0w8QvV\nyBT1N92h3/BhIQXYBvIjeh7MNIVR+Z9Xk63bN5q/r1soN0eq9n4xrqJn3GPOKG9x\n367jK3Vge8LoqS+Uv7KG7XqXx044oz3Qqo+ou1P11w8aEuHeAhAOpw3HzYKxaKma\nA+mJcUmrnTtDte1Dve9mBPHO4Uqa2fLvXuQCm/hhFKJbYbJptYB6OPXmllpxZeji\nFw5CQqdT3MJnYmbPPcMSXyN3xNAN3kYJNgA4cYsQyBez+1xesXtnRfFU9q+G2Pu+\npePCtd14VIvrqQKCAQEA7IACLNEvHTBDzDH05sLz7fnyfoT336jcOln5vU6cfjoa\nrjHZ94Ge6UFZkkv8OnqbnQIClJ1DD1qlfDlwSlHbRNfUZk1o4bFp1M7ljRXbhGMV\nav/JlzSe8UPckbtCF5/sD4hDuc0ZcITAe9gpFxfcBirbMKlsIFP4S5DKD6p3p4UF\nPu1hkBENXMLoImakCYuKQGsK8xg/Sz/qtP62Gr+bB/FEi4SuIN0TU9lphBJIrLZz\nEe57bX+tTgISNf7wfv1iYpuAbgD4Tt14Tu80GFABW7oUhhLri1VY5qXWOPZnEZ3z\n/1k8dHtmQqYJ0w0RggnrMSHwU/U68BRQBi/F8rmAVwKCAQEAt8GzD/IDx1/L/vjs\n7CTgUL5wjD5I9nC9d9a4MOncADLZ8Tyuw14+hh4TUBXMg/NgRdgz/GU0XGEt9uLP\n2mtTxg40y1vOnbS5dMIdy6OBDrr8ITFcsqQJxviGoDdq9ziVS8QLcrVOYCig/HdX\ndWGTH24zsADXc4wuLO8JOiu9+JPYldzOxxVV7WMaDkSil73nxrbvBXXQqHs+Lw3E\n9c9II0Cxrjhx61CFQ4C/GxFqWAuIdJ+NH/Y0nQGZK6r+NDDbEj9dhhXhQQLwEM/j\nhMUvvfov8oFdOoQ0H4ys776WCfpk/TgQF4iir4coPXcVkGgyCxFNecIdYWWxMlgN\nTDXoeQKCAQAYiBaxq2klr/H4Zl4u6Z3/22Np+ET18EAX1WlwV40oEsLdutIPOGTR\ncTPnVvZs4nbtzF2UKNPh7dcokZSyQNdrxq+DhRgSASMnLeblwZSpoNWB6dJxWsX5\n5L4mZ7QtWytTWSEdTscKwtpsfjmU6aarBRsDay+KEuu4euZaxaXvvH6Uzm7GUN5/\n9r+5gcgWLWFD2VajbKp0Fcc0yw78q09bfY1Mo5CkXAo7MlwdlP/w2mQJQiGPdCT3\n6IMXEsDDi2j/LX4e6v7Wv2ZRWcKfmvzpFN44IhJIu6ujESStd/GtBCNhI1KACqTK\n2Qo/2CUuxfSdfhW9v7xDVvgODDqOOOu1AoIBADeHqEx99eNy/TCiq0neaZTGo7D0\nmiIQ2IWzRXES2bGfoe+JJ4Bc14xjW4q2NtNT3gFnqoYyyBrPn1xOMhkY/jFkwWpp\nzafzNTvwkorMKrDSm8Ne549sydjAAYA1tUIyRBs6K3gz4ljV7Wk90J0bEwjUI0AH\nuCaXa8rjgAySJkrWT6n+2pK2h02EuUaQKXLzi5tEaaRpPn1JCn0z147fkmopxtP0\nA85hGXFgEGrRA7Jjf33VPZS/6c0HsF8/nciBJXeXgD+tY9XwZuFhH5D41Xb4trNJ\nz8P5Ox5fAwJyPz+qCN0lrbbr6tmjIjEBCn463TOslJjXiprP+9y8vyy16Ww=\n-----END RSA PRIVATE KEY-----\n",
            "private_key_pem_pkcs8": "-----BEGIN PRIVATE KEY-----\nMIIJQgIBADANBgkqhkiG9w0BAQEFAASCCSwwggkoAgEAAoICAQDVFoG9bncNyjtF\ndAB/5/iSKnIN5M/ZXgmA1pAzNt6IPNyc2G7FOYjiyEwrv4FalWURXBACS5XvR/aI\n1SbI3gO8MZlPk3JxaYIorOiluO6F2JX8rvmMKC9j61XsT2Qlwo1Z5CN9rmU9Sbbi\nFYb/hh3xPex/qkGg7kfTgymzBdD5gb58iMP9boXBTgXoMw+H8PCONLwiJO94s4lx\nl2sSskITHmYX3kmcCgM3ekQsimVVH2Oti7ZAN0Oe+ta34pwPZ8lBDKFJmWQc1L3N\ninlb7sr1iKo6Fa0BZnHacHx6PXxKuV48CI8DVn8UrRbay7iDEdLbNnKxVJhIJRY5\nI2oP8EtKPTXVL53EkJG/XAHgLb9QXKKnV4trlRWchwnt3ueGdXSj7boWsj8puwWe\nTTAQeT6lU8epUPXY4avy61PZcgwW+DRwYpPnvFMLfjO22AxtY6y7wEpTGppgQwIQ\nbd94LEgzRPqxi354D9++oOdkTt7jYLZbKECimWcPRSK+xWPjAs21bPeFLqXurI1b\nrmZ0KaN/JdFa9Yl8uTvSz8NJgpuHvCNIjrSy+EMYutN/EIFbnNIMKe7lHG1syUmu\nXSTRYTLC+QP+hn4th0Moi/PbJXK3RA2YOcnz3Q0Ffwuo/79qlbhM4SLa6ZeNSZ7a\nZghmz/4WUE1aYf5k9cn8UiwawIKWbwIDAQABAoICADqSKytEl9jkg5I9pn2B56NV\no3AKOs+Gt5oAYDaTmGteP02leB0iCWw8niNQSl/5vIQfCA95c0cIQs2tuTFxRRmP\nkJJ89vIRjENd87zJrlaACAoillleGliesUl5MQ/oAC57NP4w14cXIfvW6vqFhOlw\nmfcld1Ci7n9HCEk7CgvrC87zUNvyazWNGraOgnBdW+HawPOpr2FACEF+22GSOfND\nYdChux326pdvNhoAGIZjUGS9iGTyS9YBIM/+q+LYJkuJCzRNw2ThXSKIM39/ja4b\n2J6KorlFzXm7fZukFuv7M9nQiG7kcZ3fTe7qHFd6qLi0qKXxmMIL36XpBBhJdof7\nDqcrerkTXrwECsCS8STa5TTIq9d/Fhv9T1oXwhkv/oqMnthmrgx7VGJI+dzl+O9m\nwEYwkXIf3iJpXH1yUBuSKeNHJd7QEmZV77DxTMarTbFxAYa6kAcxbO+IIDAJUwfn\nVMuyHHrU3Ju1jALBt2gwXBG1lVhjSJF94XxqoCsO9G0FrOm8dBsltNCVz58ghBmM\n/XX00xkp6M64Sx43Zh3NdlxbLL37HxJ1gJx7PwAPxHXKtfKXZq2nEomBD3O+hcIl\nDbeTxo1rFrsWHFznaTFsQnoACgTKns4+cmZjes0OdsP/1lHfAuAUivYKg72L2iu/\niP4U8RFYjzxjlSwI7zUhAoIBAQDmqFIHSpm9vH/tgnzjp1pMzqBbY7tR3fEqcqBw\nqmFWluan6FjYjI3XS/ZSaIdqMo2KjTDxC9XIFPU33aHf8GEhBdgG8iN6Hsw0hVH5\nn1eTrds3mr+vWyg3R6r2fjGuomfcY84ob3HfruMrdWB7wuipL5S/sobtepfHTjij\nPdCqj6i7U/XXDxoS4d4CEA6nDcfNgrFoqZoD6YlxSaudO0O17UO972YE8c7hSprZ\n8u9e5AKb+GEUolthsmm1gHo49eaWWnFl6OIXDkJCp1PcwmdiZs89wxJfI3fE0A3e\nRgk2ADhxixDIF7P7XF6xe2dF8VT2r4bY+76l48K13XhUi+upAoIBAQDsgAIs0S8d\nMEPMMfTmwvPt+fJ+hPffqNw6Wfm9Tpx+OhquMdn3gZ7pQVmSS/w6epudAgKUnUMP\nWqV8OXBKUdtE19RmTWjhsWnUzuWNFduEYxVq/8mXNJ7xQ9yRu0IXn+wPiEO5zRlw\nhMB72CkXF9wGKtswqWwgU/hLkMoPqnenhQU+7WGQEQ1cwugiZqQJi4pAawrzGD9L\nP+q0/rYav5sH8USLhK4g3RNT2WmEEkistnMR7nttf61OAhI1/vB+/WJim4BuAPhO\n3XhO7zQYUAFbuhSGEuuLVVjmpdY49mcRnfP/WTx0e2ZCpgnTDRGCCesxIfBT9Trw\nFFAGL8XyuYBXAoIBAQC3wbMP8gPHX8v++OzsJOBQvnCMPkj2cL131rgw6dwAMtnx\nPK7DXj6GHhNQFcyD82BF2DP8ZTRcYS324s/aa1PGDjTLW86dtLl0wh3Lo4EOuvwh\nMVyypAnG+IagN2r3OJVLxAtytU5gKKD8d1d1YZMfbjOwANdzjC4s7wk6K734k9iV\n3M7HFVXtYxoORKKXvefGtu8FddCoez4vDcT1z0gjQLGuOHHrUIVDgL8bEWpYC4h0\nn40f9jSdAZkrqv40MNsSP12GFeFBAvAQz+OExS+9+i/ygV06hDQfjKzvvpYJ+mT9\nOBAXiKKvhyg9dxWQaDILEU15wh1hZbEyWA1MNeh5AoIBABiIFrGraSWv8fhmXi7p\nnf/bY2n4RPXwQBfVaXBXjSgSwt260g84ZNFxM+dW9mzidu3MXZQo0+Ht1yiRlLJA\n12vGr4OFGBIBIyct5uXBlKmg1YHp0nFaxfnkviZntC1bK1NZIR1OxwrC2mx+OZTp\npqsFGwNrL4oS67h65lrFpe+8fpTObsZQ3n/2v7mByBYtYUPZVqNsqnQVxzTLDvyr\nT1t9jUyjkKRcCjsyXB2U//DaZAlCIY90JPfogxcSwMOLaP8tfh7q/ta/ZlFZwp+a\n/OkU3jgiEki7q6MRJK138a0EI2EjUoAKpMrZCj/YJS7F9J1+Fb2/vENW+A4MOo44\n67UCggEAN4eoTH3143L9MKKrSd5plMajsPSaIhDYhbNFcRLZsZ+h74kngFzXjGNb\nirY201PeAWeqhjLIGs+fXE4yGRj+MWTBamnNp/M1O/CSiswqsNKbw17nj2zJ2MAB\ngDW1QjJEGzoreDPiWNXtaT3QnRsTCNQjQAe4JpdryuOADJImStZPqf7akraHTYS5\nRpApcvOLm0RppGk+fUkKfTPXjt+SainG0/QDzmEZcWAQatEDsmN/fdU9lL/pzQew\nXz+dyIEld5eAP61j1fBm4WEfkPjVdvi2s0nPw/k7Hl8DAnI/P6oI3SWttuvq2aMi\nMQEKfjrdM6yUmNeKms/73Ly/LLXpbA==\n-----END PRIVATE KEY-----\n",
            "public_key_fingerprint_md5": "99:b1:24:2c:ed:96:a0:29:78:d1:ba:b3:7c:2d:99:71",
            "public_key_fingerprint_sha256": "SHA256:77VNI179MfJDcfbHuZF/qOI7PMMBNWcJApvEgNd8EnU",
            "public_key_openssh": "ssh-rsa AAAAB3NzaC1yc2EAAAADAQABAAACAQDVFoG9bncNyjtFdAB/5/iSKnIN5M/ZXgmA1pAzNt6IPNyc2G7FOYjiyEwrv4FalWURXBACS5XvR/aI1SbI3gO8MZlPk3JxaYIorOiluO6F2JX8rvmMKC9j61XsT2Qlwo1Z5CN9rmU9SbbiFYb/hh3xPex/qkGg7kfTgymzBdD5gb58iMP9boXBTgXoMw+H8PCONLwiJO94s4lxl2sSskITHmYX3kmcCgM3ekQsimVVH2Oti7ZAN0Oe+ta34pwPZ8lBDKFJmWQc1L3Ninlb7sr1iKo6Fa0BZnHacHx6PXxKuV48CI8DVn8UrRbay7iDEdLbNnKxVJhIJRY5I2oP8EtKPTXVL53EkJG/XAHgLb9QXKKnV4trlRWchwnt3ueGdXSj7boWsj8puwWeTTAQeT6lU8epUPXY4avy61PZcgwW+DRwYpPnvFMLfjO22AxtY6y7wEpTGppgQwIQbd94LEgzRPqxi354D9++oOdkTt7jYLZbKECimWcPRSK+xWPjAs21bPeFLqXurI1brmZ0KaN/JdFa9Yl8uTvSz8NJgpuHvCNIjrSy+EMYutN/EIFbnNIMKe7lHG1syUmuXSTRYTLC+QP+hn4th0Moi/PbJXK3RA2YOcnz3Q0Ffwuo/79qlbhM4SLa6ZeNSZ7aZghmz/4WUE1aYf5k9cn8UiwawIKWbw==\n",
            "public_key_pem": "-----BEGIN PUBLIC KEY-----\nMIICIjANBgkqhkiG9w0BAQEFAAOCAg8AMIICCgKCAgEA1RaBvW53Dco7RXQAf+f4\nkipyDeTP2V4JgNaQMzbeiDzcnNhuxTmI4shMK7+BWpVlEVwQAkuV70f2iNUmyN4D\nvDGZT5NycWmCKKzopbjuhdiV/K75jCgvY+tV7E9kJcKNWeQjfa5lPUm24hWG/4Yd\n8T3sf6pBoO5H04MpswXQ+YG+fIjD/W6FwU4F6DMPh/DwjjS8IiTveLOJcZdrErJC\nEx5mF95JnAoDN3pELIplVR9jrYu2QDdDnvrWt+KcD2fJQQyhSZlkHNS9zYp5W+7K\n9YiqOhWtAWZx2nB8ej18SrlePAiPA1Z/FK0W2su4gxHS2zZysVSYSCUWOSNqD/BL\nSj011S+dxJCRv1wB4C2/UFyip1eLa5UVnIcJ7d7nhnV0o+26FrI/KbsFnk0wEHk+\npVPHqVD12OGr8utT2XIMFvg0cGKT57xTC34zttgMbWOsu8BKUxqaYEMCEG3feCxI\nM0T6sYt+eA/fvqDnZE7e42C2WyhAoplnD0UivsVj4wLNtWz3hS6l7qyNW65mdCmj\nfyXRWvWJfLk70s/DSYKbh7wjSI60svhDGLrTfxCBW5zSDCnu5RxtbMlJrl0k0WEy\nwvkD/oZ+LYdDKIvz2yVyt0QNmDnJ890NBX8LqP+/apW4TOEi2umXjUme2mYIZs/+\nFlBNWmH+ZPXJ/FIsGsCClm8CAwEAAQ==\n-----END PUBLIC KEY-----\n",
            "rsa_bits": 4096
          },
          "sensitive_attributes": [
            [
              {
                "type": "get_attr",
                "value": "private_key_openssh"
              }
            ],
            [
              {
                "type": "get_attr",
                "value": "private_key_pem"
              }
            ],
            [
              {
                "type": "get_attr",
                "value": "private_key_pem_pkcs8"
              }
            ]
          ]
        }
      ]
    }
  ],
  "check_results": null
}
