{
  "version": 4,
  "terraform_version": "1.9.6",
  "serial": 156,
  "lineage": "585da41a-3476-0cd9-3593-3c4cd0938afc",
  "outputs": {
    "eip-value": {
      "value": "eipalloc-027cc21409bb3f2e1",
      "type": "string"
    },
    "private-subnet1-id": {
      "value": "subnet-0ff0c6f2160398a8a",
      "type": "string"
    },
    "private-subnet2-id": {
      "value": "subnet-0816f6092b40af5d6",
      "type": "string"
    },
    "private-subnet3-id": {
      "value": "subnet-026cf2ae3f767a31c",
      "type": "string"
    },
    "public-subnet1-id": {
      "value": "subnet-0e9103f3b28d51fd6",
      "type": "string"
    },
    "public-subnet2-id": {
      "value": "subnet-0890ebc57bed3157c",
      "type": "string"
    },
    "public-subnet3-id": {
      "value": "subnet-068aacd24f04bb3a6",
      "type": "string"
    },
    "vpc_id": {
      "value": "vpc-09bc102cc60d700ea",
      "type": "string"
    }
  },
  "resources": [
    {
      "mode": "managed",
      "type": "aws_eip",
      "name": "AWSB56-eip",
      "provider": "provider[\"registry.terraform.io/hashicorp/aws\"]",
      "instances": [
        {
          "schema_version": 0,
          "attributes": {
            "address": null,
            "allocation_id": "eipalloc-027cc21409bb3f2e1",
            "arn": "arn:aws:ec2:us-east-1:337636137060:elastic-ip/eipalloc-027cc21409bb3f2e1",
            "associate_with_private_ip": null,
            "association_id": "",
            "carrier_ip": "",
            "customer_owned_ip": "",
            "customer_owned_ipv4_pool": "",
            "domain": "vpc",
            "id": "eipalloc-027cc21409bb3f2e1",
            "instance": "",
            "ipam_pool_id": null,
            "network_border_group": "us-east-1",
            "network_interface": "",
            "private_dns": null,
            "private_ip": "",
            "ptr_record": "",
            "public_dns": "ec2-44-199-50-244.compute-1.amazonaws.com",
            "public_ip": "44.199.50.244",
            "public_ipv4_pool": "amazon",
            "tags": null,
            "tags_all": {},
            "timeouts": null,
            "vpc": true
          },
          "sensitive_attributes": [],
          "private": "eyJlMmJmYjczMC1lY2FhLTExZTYtOGY4OC0zNDM2M2JjN2M0YzAiOnsiZGVsZXRlIjoxODAwMDAwMDAwMDAsInJlYWQiOjkwMDAwMDAwMDAwMCwidXBkYXRlIjozMDAwMDAwMDAwMDB9fQ=="
        }
      ]
    },
    {
      "mode": "managed",
      "type": "aws_instance",
      "name": "AWSB56-private-Linux1",
      "provider": "provider[\"registry.terraform.io/hashicorp/aws\"]",
      "instances": [
        {
          "schema_version": 1,
          "attributes": {
            "ami": "ami-0fff1b9a61dec8a5f",
            "arn": "arn:aws:ec2:us-east-1:337636137060:instance/i-0367c8472f7f1ea67",
            "associate_public_ip_address": true,
            "availability_zone": "us-east-1d",
            "capacity_reservation_specification": [
              {
                "capacity_reservation_preference": "open",
                "capacity_reservation_target": []
              }
            ],
            "cpu_core_count": 1,
            "cpu_options": [
              {
                "amd_sev_snp": "",
                "core_count": 1,
                "threads_per_core": 1
              }
            ],
            "cpu_threads_per_core": 1,
            "credit_specification": [
              {
                "cpu_credits": "standard"
              }
            ],
            "disable_api_stop": false,
            "disable_api_termination": false,
            "ebs_block_device": [],
            "ebs_optimized": false,
            "enclave_options": [
              {
                "enabled": false
              }
            ],
            "ephemeral_block_device": [],
            "get_password_data": false,
            "hibernation": false,
            "host_id": "",
            "host_resource_group_arn": null,
            "iam_instance_profile": "",
            "id": "i-0367c8472f7f1ea67",
            "instance_initiated_shutdown_behavior": "stop",
            "instance_lifecycle": "",
            "instance_market_options": [],
            "instance_state": "running",
            "instance_type": "t2.micro",
            "ipv6_address_count": 0,
            "ipv6_addresses": [],
            "key_name": "AWSB56Key-kp",
            "launch_template": [],
            "maintenance_options": [
              {
                "auto_recovery": "default"
              }
            ],
            "metadata_options": [
              {
                "http_endpoint": "enabled",
                "http_protocol_ipv6": "disabled",
                "http_put_response_hop_limit": 2,
                "http_tokens": "required",
                "instance_metadata_tags": "disabled"
              }
            ],
            "monitoring": false,
            "network_interface": [],
            "outpost_arn": "",
            "password_data": "",
            "placement_group": "",
            "placement_partition_number": 0,
            "primary_network_interface_id": "eni-0b98338f282365bd5",
            "private_dns": "ip-10-56-10-109.ec2.internal",
            "private_dns_name_options": [
              {
                "enable_resource_name_dns_a_record": false,
                "enable_resource_name_dns_aaaa_record": false,
                "hostname_type": "ip-name"
              }
            ],
            "private_ip": "10.56.10.109",
            "public_dns": "ec2-34-224-88-56.compute-1.amazonaws.com",
            "public_ip": "34.224.88.56",
            "root_block_device": [
              {
                "delete_on_termination": true,
                "device_name": "/dev/xvda",
                "encrypted": false,
                "iops": 3000,
                "kms_key_id": "",
                "tags": {},
                "tags_all": {},
                "throughput": 125,
                "volume_id": "vol-0dcb72e969d9f2922",
                "volume_size": 8,
                "volume_type": "gp3"
              }
            ],
            "secondary_private_ips": [],
            "security_groups": [],
            "source_dest_check": true,
            "spot_instance_request_id": "",
            "subnet_id": "subnet-0ff0c6f2160398a8a",
            "tags": {
              "Name": "AWSB56-EC2_private1"
            },
            "tags_all": {
              "Name": "AWSB56-EC2_private1"
            },
            "tenancy": "default",
            "timeouts": null,
            "user_data": "ca464fb455b55814ce21da1dfb48c810885c274a",
            "user_data_base64": null,
            "user_data_replace_on_change": false,
            "volume_tags": null,
            "vpc_security_group_ids": [
              "sg-0c97b8fe2ed1a7c8f"
            ]
          },
          "sensitive_attributes": [],
          "private": "eyJlMmJmYjczMC1lY2FhLTExZTYtOGY4OC0zNDM2M2JjN2M0YzAiOnsiY3JlYXRlIjo2MDAwMDAwMDAwMDAsImRlbGV0ZSI6MTIwMDAwMDAwMDAwMCwicmVhZCI6OTAwMDAwMDAwMDAwLCJ1cGRhdGUiOjYwMDAwMDAwMDAwMH0sInNjaGVtYV92ZXJzaW9uIjoiMSJ9",
          "dependencies": [
            "aws_key_pair.AWSB56Key-kp",
            "aws_security_group.AWSB56_sg",
            "aws_subnet.private-subnet1",
            "aws_vpc.AWSB56-VPC1",
            "tls_private_key.AWSB56Key"
          ]
        }
      ]
    },
    {
      "mode": "managed",
      "type": "aws_instance",
      "name": "AWSB56-private-Linux2",
      "provider": "provider[\"registry.terraform.io/hashicorp/aws\"]",
      "instances": [
        {
          "schema_version": 1,
          "attributes": {
            "ami": "ami-0fff1b9a61dec8a5f",
            "arn": "arn:aws:ec2:us-east-1:337636137060:instance/i-01818da20a0cef35d",
            "associate_public_ip_address": false,
            "availability_zone": "us-east-1e",
            "capacity_reservation_specification": [
              {
                "capacity_reservation_preference": "open",
                "capacity_reservation_target": []
              }
            ],
            "cpu_core_count": 1,
            "cpu_options": [
              {
                "amd_sev_snp": "",
                "core_count": 1,
                "threads_per_core": 1
              }
            ],
            "cpu_threads_per_core": 1,
            "credit_specification": [
              {
                "cpu_credits": "standard"
              }
            ],
            "disable_api_stop": false,
            "disable_api_termination": false,
            "ebs_block_device": [],
            "ebs_optimized": false,
            "enclave_options": [
              {
                "enabled": false
              }
            ],
            "ephemeral_block_device": [],
            "get_password_data": false,
            "hibernation": false,
            "host_id": "",
            "host_resource_group_arn": null,
            "iam_instance_profile": "",
            "id": "i-01818da20a0cef35d",
            "instance_initiated_shutdown_behavior": "stop",
            "instance_lifecycle": "",
            "instance_market_options": [],
            "instance_state": "running",
            "instance_type": "t2.micro",
            "ipv6_address_count": 0,
            "ipv6_addresses": [],
            "key_name": "AWSB56Key-kp",
            "launch_template": [],
            "maintenance_options": [
              {
                "auto_recovery": "default"
              }
            ],
            "metadata_options": [
              {
                "http_endpoint": "enabled",
                "http_protocol_ipv6": "disabled",
                "http_put_response_hop_limit": 2,
                "http_tokens": "required",
                "instance_metadata_tags": "disabled"
              }
            ],
            "monitoring": false,
            "network_interface": [],
            "outpost_arn": "",
            "password_data": "",
            "placement_group": "",
            "placement_partition_number": 0,
            "primary_network_interface_id": "eni-0d6dad80b42878961",
            "private_dns": "ip-10-56-20-170.ec2.internal",
            "private_dns_name_options": [
              {
                "enable_resource_name_dns_a_record": false,
                "enable_resource_name_dns_aaaa_record": false,
                "hostname_type": "ip-name"
              }
            ],
            "private_ip": "10.56.20.170",
            "public_dns": "",
            "public_ip": "",
            "root_block_device": [
              {
                "delete_on_termination": true,
                "device_name": "/dev/xvda",
                "encrypted": false,
                "iops": 3000,
                "kms_key_id": "",
                "tags": {},
                "tags_all": {},
                "throughput": 125,
                "volume_id": "vol-009f74d23f51f6673",
                "volume_size": 8,
                "volume_type": "gp3"
              }
            ],
            "secondary_private_ips": [],
            "security_groups": [],
            "source_dest_check": true,
            "spot_instance_request_id": "",
            "subnet_id": "subnet-0816f6092b40af5d6",
            "tags": {
              "Name": "AWSB56-Private2"
            },
            "tags_all": {
              "Name": "AWSB56-Private2"
            },
            "tenancy": "default",
            "timeouts": null,
            "user_data": "ca464fb455b55814ce21da1dfb48c810885c274a",
            "user_data_base64": null,
            "user_data_replace_on_change": false,
            "volume_tags": null,
            "vpc_security_group_ids": [
              "sg-0c97b8fe2ed1a7c8f"
            ]
          },
          "sensitive_attributes": [],
          "private": "eyJlMmJmYjczMC1lY2FhLTExZTYtOGY4OC0zNDM2M2JjN2M0YzAiOnsiY3JlYXRlIjo2MDAwMDAwMDAwMDAsImRlbGV0ZSI6MTIwMDAwMDAwMDAwMCwicmVhZCI6OTAwMDAwMDAwMDAwLCJ1cGRhdGUiOjYwMDAwMDAwMDAwMH0sInNjaGVtYV92ZXJzaW9uIjoiMSJ9",
          "dependencies": [
            "aws_key_pair.AWSB56Key-kp",
            "aws_security_group.AWSB56_sg",
            "aws_subnet.private-subnet2",
            "aws_vpc.AWSB56-VPC1",
            "tls_private_key.AWSB56Key"
          ]
        }
      ]
    },
    {
      "mode": "managed",
      "type": "aws_instance",
      "name": "AWSB56-private-Linux3",
      "provider": "provider[\"registry.terraform.io/hashicorp/aws\"]",
      "instances": [
        {
          "schema_version": 1,
          "attributes": {
            "ami": "ami-0fff1b9a61dec8a5f",
            "arn": "arn:aws:ec2:us-east-1:337636137060:instance/i-0dbd4f5c68aaf8a9c",
            "associate_public_ip_address": false,
            "availability_zone": "us-east-1f",
            "capacity_reservation_specification": [
              {
                "capacity_reservation_preference": "open",
                "capacity_reservation_target": []
              }
            ],
            "cpu_core_count": 1,
            "cpu_options": [
              {
                "amd_sev_snp": "",
                "core_count": 1,
                "threads_per_core": 1
              }
            ],
            "cpu_threads_per_core": 1,
            "credit_specification": [
              {
                "cpu_credits": "standard"
              }
            ],
            "disable_api_stop": false,
            "disable_api_termination": false,
            "ebs_block_device": [],
            "ebs_optimized": false,
            "enclave_options": [
              {
                "enabled": false
              }
            ],
            "ephemeral_block_device": [],
            "get_password_data": false,
            "hibernation": false,
            "host_id": "",
            "host_resource_group_arn": null,
            "iam_instance_profile": "",
            "id": "i-0dbd4f5c68aaf8a9c",
            "instance_initiated_shutdown_behavior": "stop",
            "instance_lifecycle": "",
            "instance_market_options": [],
            "instance_state": "running",
            "instance_type": "t2.micro",
            "ipv6_address_count": 0,
            "ipv6_addresses": [],
            "key_name": "AWSB56Key-kp",
            "launch_template": [],
            "maintenance_options": [
              {
                "auto_recovery": "default"
              }
            ],
            "metadata_options": [
              {
                "http_endpoint": "enabled",
                "http_protocol_ipv6": "disabled",
                "http_put_response_hop_limit": 2,
                "http_tokens": "required",
                "instance_metadata_tags": "disabled"
              }
            ],
            "monitoring": false,
            "network_interface": [],
            "outpost_arn": "",
            "password_data": "",
            "placement_group": "",
            "placement_partition_number": 0,
            "primary_network_interface_id": "eni-0228a96d0d3420e67",
            "private_dns": "ip-10-56-30-187.ec2.internal",
            "private_dns_name_options": [
              {
                "enable_resource_name_dns_a_record": false,
                "enable_resource_name_dns_aaaa_record": false,
                "hostname_type": "ip-name"
              }
            ],
            "private_ip": "10.56.30.187",
            "public_dns": "",
            "public_ip": "",
            "root_block_device": [
              {
                "delete_on_termination": true,
                "device_name": "/dev/xvda",
                "encrypted": false,
                "iops": 3000,
                "kms_key_id": "",
                "tags": {},
                "tags_all": {},
                "throughput": 125,
                "volume_id": "vol-0426666eca7aff632",
                "volume_size": 8,
                "volume_type": "gp3"
              }
            ],
            "secondary_private_ips": [],
            "security_groups": [],
            "source_dest_check": true,
            "spot_instance_request_id": "",
            "subnet_id": "subnet-026cf2ae3f767a31c",
            "tags": {
              "Name": "AWSB56-EC2_private3"
            },
            "tags_all": {
              "Name": "AWSB56-EC2_private3"
            },
            "tenancy": "default",
            "timeouts": null,
            "user_data": "ca464fb455b55814ce21da1dfb48c810885c274a",
            "user_data_base64": null,
            "user_data_replace_on_change": false,
            "volume_tags": null,
            "vpc_security_group_ids": [
              "sg-0c97b8fe2ed1a7c8f"
            ]
          },
          "sensitive_attributes": [],
          "private": "eyJlMmJmYjczMC1lY2FhLTExZTYtOGY4OC0zNDM2M2JjN2M0YzAiOnsiY3JlYXRlIjo2MDAwMDAwMDAwMDAsImRlbGV0ZSI6MTIwMDAwMDAwMDAwMCwicmVhZCI6OTAwMDAwMDAwMDAwLCJ1cGRhdGUiOjYwMDAwMDAwMDAwMH0sInNjaGVtYV92ZXJzaW9uIjoiMSJ9",
          "dependencies": [
            "aws_key_pair.AWSB56Key-kp",
            "aws_security_group.AWSB56_sg",
            "aws_subnet.private-subnet3",
            "aws_vpc.AWSB56-VPC1",
            "tls_private_key.AWSB56Key"
          ]
        }
      ]
    },
    {
      "mode": "managed",
      "type": "aws_instance",
      "name": "AWSB56-public-Linux",
      "provider": "provider[\"registry.terraform.io/hashicorp/aws\"]",
      "instances": [
        {
          "schema_version": 1,
          "attributes": {
            "ami": "ami-0fff1b9a61dec8a5f",
            "arn": "arn:aws:ec2:us-east-1:337636137060:instance/i-060c301dbe79adfa2",
            "associate_public_ip_address": true,
            "availability_zone": "us-east-1a",
            "capacity_reservation_specification": [
              {
                "capacity_reservation_preference": "open",
                "capacity_reservation_target": []
              }
            ],
            "cpu_core_count": 1,
            "cpu_options": [
              {
                "amd_sev_snp": "",
                "core_count": 1,
                "threads_per_core": 1
              }
            ],
            "cpu_threads_per_core": 1,
            "credit_specification": [
              {
                "cpu_credits": "standard"
              }
            ],
            "disable_api_stop": false,
            "disable_api_termination": false,
            "ebs_block_device": [],
            "ebs_optimized": false,
            "enclave_options": [
              {
                "enabled": false
              }
            ],
            "ephemeral_block_device": [],
            "get_password_data": false,
            "hibernation": false,
            "host_id": "",
            "host_resource_group_arn": null,
            "iam_instance_profile": "",
            "id": "i-060c301dbe79adfa2",
            "instance_initiated_shutdown_behavior": "stop",
            "instance_lifecycle": "",
            "instance_market_options": [],
            "instance_state": "running",
            "instance_type": "t2.micro",
            "ipv6_address_count": 0,
            "ipv6_addresses": [],
            "key_name": "AWSB56Key-kp",
            "launch_template": [],
            "maintenance_options": [
              {
                "auto_recovery": "default"
              }
            ],
            "metadata_options": [
              {
                "http_endpoint": "enabled",
                "http_protocol_ipv6": "disabled",
                "http_put_response_hop_limit": 2,
                "http_tokens": "required",
                "instance_metadata_tags": "disabled"
              }
            ],
            "monitoring": false,
            "network_interface": [],
            "outpost_arn": "",
            "password_data": "",
            "placement_group": "",
            "placement_partition_number": 0,
            "primary_network_interface_id": "eni-029da6933e287a9ac",
            "private_dns": "ip-10-56-1-198.ec2.internal",
            "private_dns_name_options": [
              {
                "enable_resource_name_dns_a_record": false,
                "enable_resource_name_dns_aaaa_record": false,
                "hostname_type": "ip-name"
              }
            ],
            "private_ip": "10.56.1.198",
            "public_dns": "ec2-184-73-59-48.compute-1.amazonaws.com",
            "public_ip": "184.73.59.48",
            "root_block_device": [
              {
                "delete_on_termination": true,
                "device_name": "/dev/xvda",
                "encrypted": false,
                "iops": 3000,
                "kms_key_id": "",
                "tags": {},
                "tags_all": {},
                "throughput": 125,
                "volume_id": "vol-00de647a7be550cc8",
                "volume_size": 8,
                "volume_type": "gp3"
              }
            ],
            "secondary_private_ips": [],
            "security_groups": [],
            "source_dest_check": true,
            "spot_instance_request_id": "",
            "subnet_id": "subnet-0e9103f3b28d51fd6",
            "tags": {
              "Name": "AWSB56-EC2_public"
            },
            "tags_all": {
              "Name": "AWSB56-EC2_public"
            },
            "tenancy": "default",
            "timeouts": null,
            "user_data": "ca464fb455b55814ce21da1dfb48c810885c274a",
            "user_data_base64": null,
            "user_data_replace_on_change": false,
            "volume_tags": null,
            "vpc_security_group_ids": [
              "sg-0c97b8fe2ed1a7c8f"
            ]
          },
          "sensitive_attributes": [],
          "private": "eyJlMmJmYjczMC1lY2FhLTExZTYtOGY4OC0zNDM2M2JjN2M0YzAiOnsiY3JlYXRlIjo2MDAwMDAwMDAwMDAsImRlbGV0ZSI6MTIwMDAwMDAwMDAwMCwicmVhZCI6OTAwMDAwMDAwMDAwLCJ1cGRhdGUiOjYwMDAwMDAwMDAwMH0sInNjaGVtYV92ZXJzaW9uIjoiMSJ9",
          "dependencies": [
            "aws_key_pair.AWSB56Key-kp",
            "aws_security_group.AWSB56_sg",
            "aws_subnet.public-subnet1",
            "aws_vpc.AWSB56-VPC1",
            "tls_private_key.AWSB56Key"
          ]
        }
      ]
    },
    {
      "mode": "managed",
      "type": "aws_internet_gateway",
      "name": "AWSB56-igw",
      "provider": "provider[\"registry.terraform.io/hashicorp/aws\"]",
      "instances": [
        {
          "schema_version": 0,
          "attributes": {
            "arn": "arn:aws:ec2:us-east-1:337636137060:internet-gateway/igw-0637fd220f3bf9a8c",
            "id": "igw-0637fd220f3bf9a8c",
            "owner_id": "337636137060",
            "tags": {
              "name": "AWSB56-internet gateway"
            },
            "tags_all": {
              "name": "AWSB56-internet gateway"
            },
            "timeouts": null,
            "vpc_id": "vpc-09bc102cc60d700ea"
          },
          "sensitive_attributes": [],
          "private": "eyJlMmJmYjczMC1lY2FhLTExZTYtOGY4OC0zNDM2M2JjN2M0YzAiOnsiY3JlYXRlIjoxMjAwMDAwMDAwMDAwLCJkZWxldGUiOjEyMDAwMDAwMDAwMDAsInVwZGF0ZSI6MTIwMDAwMDAwMDAwMH19",
          "dependencies": [
            "aws_vpc.AWSB56-VPC1"
          ]
        }
      ]
    },
    {
      "mode": "managed",
      "type": "aws_key_pair",
      "name": "AWSB56Key-kp",
      "provider": "provider[\"registry.terraform.io/hashicorp/aws\"]",
      "instances": [
        {
          "schema_version": 1,
          "attributes": {
            "arn": "arn:aws:ec2:us-east-1:337636137060:key-pair/AWSB56Key-kp",
            "fingerprint": "a6:31:83:f7:b9:8a:06:a7:6a:c3:e5:c2:37:2f:2c:e0",
            "id": "AWSB56Key-kp",
            "key_name": "AWSB56Key-kp",
            "key_name_prefix": "",
            "key_pair_id": "key-0858ba0b8cc904cf0",
            "key_type": "rsa",
            "public_key": "ssh-rsa AAAAB3NzaC1yc2EAAAADAQABAAACAQDe23K7i+8IMBrfB3c4VrdQAmYLBrHjnHc1CdJaOjHIwB8ayLOIe1Rn/qrjFOjfPC1q0SwVua4rtKP85znwIzVaAMQ8VSPDMSCbzVZc86z3M+JcDd6nAZ+bIV8RlyNLoT4aWVCsbSZTYlRMDtd+qZ86S3510pToFpsK1/ZmX3uOLDjAiwVreMiL8Ypj/taGhKihIgdI0+JTBl73LNumGgvoW3UDPNyr2fVMrBQlQtMExIZNEhWcRw3DVGb/9sKVDCg1mqsM/Gtwf5FKnV2k2t2A3hnngHL5KH3yBCq1wxXrPjA/ZKANb/B3XghmtPKbCZERstYbe5AfKu+KXWNasShw8xzyb7yFGjRyC1+OhkeM9P0d1OIHVFzTcPornubuSrh7+lmcuF5YpMl4UZBWT7tWeUzsGiJajlTJqN7CSAP0pynXq3nNAkLJS6JyEyZhq3N2yI5jbq90CxBU0TEBo4sVP5jKQYC8AHfm7cvEDhhxTyuT4j8veVQKxZs01CPzk67m1h+WOYSkzVjKHXSNuc6U1oXNmO2HsPz75EUWz83KI/qaj54e7tTKKBDIwaiWvzQ64emmVf2ZWqMdxFxyLJqcrxslluKB7M5w1IoTMu2otMFfniqMljppziEnQboOn1JXiTtlhsJXsf4ADpL2hhpAFJOMUWfkVEnUe0kVal1SZw==",
            "tags": null,
            "tags_all": {}
          },
          "sensitive_attributes": [],
          "private": "eyJzY2hlbWFfdmVyc2lvbiI6IjEifQ==",
          "dependencies": [
            "tls_private_key.AWSB56Key"
          ]
        }
      ]
    },
    {
      "mode": "managed",
      "type": "aws_nat_gateway",
      "name": "AWSB56-ngw",
      "provider": "provider[\"registry.terraform.io/hashicorp/aws\"]",
      "instances": [
        {
          "schema_version": 0,
          "attributes": {
            "allocation_id": "eipalloc-027cc21409bb3f2e1",
            "association_id": "eipassoc-0f907e5f2136357da",
            "connectivity_type": "public",
            "id": "nat-0d429a95419c467c3",
            "network_interface_id": "eni-0f0a394f3f8127336",
            "private_ip": "10.56.10.5",
            "public_ip": "44.199.50.244",
            "secondary_allocation_ids": null,
            "secondary_private_ip_address_count": 0,
            "secondary_private_ip_addresses": [],
            "subnet_id": "subnet-0ff0c6f2160398a8a",
            "tags": {
              "name": "AWSB56 NAT Gateway"
            },
            "tags_all": {
              "name": "AWSB56 NAT Gateway"
            },
            "timeouts": null
          },
          "sensitive_attributes": [],
          "private": "eyJlMmJmYjczMC1lY2FhLTExZTYtOGY4OC0zNDM2M2JjN2M0YzAiOnsiY3JlYXRlIjo2MDAwMDAwMDAwMDAsImRlbGV0ZSI6MTgwMDAwMDAwMDAwMCwidXBkYXRlIjo2MDAwMDAwMDAwMDB9fQ==",
          "dependencies": [
            "aws_eip.AWSB56-eip",
            "aws_subnet.private-subnet1",
            "aws_vpc.AWSB56-VPC1"
          ]
        }
      ]
    },
    {
      "mode": "managed",
      "type": "aws_route_table",
      "name": "private-rt",
      "provider": "provider[\"registry.terraform.io/hashicorp/aws\"]",
      "instances": [
        {
          "schema_version": 0,
          "attributes": {
            "arn": "arn:aws:ec2:us-east-1:337636137060:route-table/rtb-07eec0b610306d657",
            "id": "rtb-07eec0b610306d657",
            "owner_id": "337636137060",
            "propagating_vgws": [],
            "route": [
              {
                "carrier_gateway_id": "",
                "cidr_block": "0.0.0.0/0",
                "core_network_arn": "",
                "destination_prefix_list_id": "",
                "egress_only_gateway_id": "",
                "gateway_id": "nat-0d429a95419c467c3",
                "ipv6_cidr_block": "",
                "local_gateway_id": "",
                "nat_gateway_id": "",
                "network_interface_id": "",
                "transit_gateway_id": "",
                "vpc_endpoint_id": "",
                "vpc_peering_connection_id": ""
              }
            ],
            "tags": {
              "Name": "private RT"
            },
            "tags_all": {
              "Name": "private RT"
            },
            "timeouts": null,
            "vpc_id": "vpc-09bc102cc60d700ea"
          },
          "sensitive_attributes": [],
          "private": "eyJlMmJmYjczMC1lY2FhLTExZTYtOGY4OC0zNDM2M2JjN2M0YzAiOnsiY3JlYXRlIjozMDAwMDAwMDAwMDAsImRlbGV0ZSI6MzAwMDAwMDAwMDAwLCJ1cGRhdGUiOjEyMDAwMDAwMDAwMH19",
          "dependencies": [
            "aws_eip.AWSB56-eip",
            "aws_nat_gateway.AWSB56-ngw",
            "aws_subnet.private-subnet1",
            "aws_vpc.AWSB56-VPC1"
          ]
        }
      ]
    },
    {
      "mode": "managed",
      "type": "aws_route_table",
      "name": "public-rt",
      "provider": "provider[\"registry.terraform.io/hashicorp/aws\"]",
      "instances": [
        {
          "schema_version": 0,
          "attributes": {
            "arn": "arn:aws:ec2:us-east-1:337636137060:route-table/rtb-059bb1ce3f39feb28",
            "id": "rtb-059bb1ce3f39feb28",
            "owner_id": "337636137060",
            "propagating_vgws": [],
            "route": [
              {
                "carrier_gateway_id": "",
                "cidr_block": "0.0.0.0/0",
                "core_network_arn": "",
                "destination_prefix_list_id": "",
                "egress_only_gateway_id": "",
                "gateway_id": "igw-0637fd220f3bf9a8c",
                "ipv6_cidr_block": "",
                "local_gateway_id": "",
                "nat_gateway_id": "",
                "network_interface_id": "",
                "transit_gateway_id": "",
                "vpc_endpoint_id": "",
                "vpc_peering_connection_id": ""
              }
            ],
            "tags": {
              "Name": "public RT"
            },
            "tags_all": {
              "Name": "public RT"
            },
            "timeouts": null,
            "vpc_id": "vpc-09bc102cc60d700ea"
          },
          "sensitive_attributes": [],
          "private": "eyJlMmJmYjczMC1lY2FhLTExZTYtOGY4OC0zNDM2M2JjN2M0YzAiOnsiY3JlYXRlIjozMDAwMDAwMDAwMDAsImRlbGV0ZSI6MzAwMDAwMDAwMDAwLCJ1cGRhdGUiOjEyMDAwMDAwMDAwMH19",
          "dependencies": [
            "aws_internet_gateway.AWSB56-igw",
            "aws_vpc.AWSB56-VPC1"
          ]
        }
      ]
    },
    {
      "mode": "managed",
      "type": "aws_route_table_association",
      "name": "AWSB56-private-rt-association1",
      "provider": "provider[\"registry.terraform.io/hashicorp/aws\"]",
      "instances": [
        {
          "schema_version": 0,
          "attributes": {
            "gateway_id": "",
            "id": "rtbassoc-077fbf2f162d3081f",
            "route_table_id": "rtb-07eec0b610306d657",
            "subnet_id": "subnet-0ff0c6f2160398a8a",
            "timeouts": null
          },
          "sensitive_attributes": [],
          "private": "eyJlMmJmYjczMC1lY2FhLTExZTYtOGY4OC0zNDM2M2JjN2M0YzAiOnsiY3JlYXRlIjozMDAwMDAwMDAwMDAsImRlbGV0ZSI6MzAwMDAwMDAwMDAwLCJ1cGRhdGUiOjEyMDAwMDAwMDAwMH19",
          "dependencies": [
            "aws_eip.AWSB56-eip",
            "aws_nat_gateway.AWSB56-ngw",
            "aws_route_table.private-rt",
            "aws_subnet.private-subnet1",
            "aws_vpc.AWSB56-VPC1"
          ]
        }
      ]
    },
    {
      "mode": "managed",
      "type": "aws_route_table_association",
      "name": "AWSB56-private-rt-association2",
      "provider": "provider[\"registry.terraform.io/hashicorp/aws\"]",
      "instances": [
        {
          "schema_version": 0,
          "attributes": {
            "gateway_id": "",
            "id": "rtbassoc-0af9b847d714a65ec",
            "route_table_id": "rtb-07eec0b610306d657",
            "subnet_id": "subnet-0816f6092b40af5d6",
            "timeouts": null
          },
          "sensitive_attributes": [],
          "private": "eyJlMmJmYjczMC1lY2FhLTExZTYtOGY4OC0zNDM2M2JjN2M0YzAiOnsiY3JlYXRlIjozMDAwMDAwMDAwMDAsImRlbGV0ZSI6MzAwMDAwMDAwMDAwLCJ1cGRhdGUiOjEyMDAwMDAwMDAwMH19",
          "dependencies": [
            "aws_eip.AWSB56-eip",
            "aws_nat_gateway.AWSB56-ngw",
            "aws_route_table.private-rt",
            "aws_subnet.private-subnet1",
            "aws_subnet.private-subnet2",
            "aws_vpc.AWSB56-VPC1"
          ]
        }
      ]
    },
    {
      "mode": "managed",
      "type": "aws_route_table_association",
      "name": "AWSB56-private-rt-association3",
      "provider": "provider[\"registry.terraform.io/hashicorp/aws\"]",
      "instances": [
        {
          "schema_version": 0,
          "attributes": {
            "gateway_id": "",
            "id": "rtbassoc-04ecd9c748d0a684a",
            "route_table_id": "rtb-07eec0b610306d657",
            "subnet_id": "subnet-026cf2ae3f767a31c",
            "timeouts": null
          },
          "sensitive_attributes": [],
          "private": "eyJlMmJmYjczMC1lY2FhLTExZTYtOGY4OC0zNDM2M2JjN2M0YzAiOnsiY3JlYXRlIjozMDAwMDAwMDAwMDAsImRlbGV0ZSI6MzAwMDAwMDAwMDAwLCJ1cGRhdGUiOjEyMDAwMDAwMDAwMH19",
          "dependencies": [
            "aws_eip.AWSB56-eip",
            "aws_nat_gateway.AWSB56-ngw",
            "aws_route_table.private-rt",
            "aws_subnet.private-subnet1",
            "aws_subnet.private-subnet3",
            "aws_vpc.AWSB56-VPC1"
          ]
        }
      ]
    },
    {
      "mode": "managed",
      "type": "aws_route_table_association",
      "name": "AWSB56-public-rt-association1",
      "provider": "provider[\"registry.terraform.io/hashicorp/aws\"]",
      "instances": [
        {
          "schema_version": 0,
          "attributes": {
            "gateway_id": "",
            "id": "rtbassoc-04f7db9e8ca8cddee",
            "route_table_id": "rtb-059bb1ce3f39feb28",
            "subnet_id": "subnet-0e9103f3b28d51fd6",
            "timeouts": null
          },
          "sensitive_attributes": [],
          "private": "eyJlMmJmYjczMC1lY2FhLTExZTYtOGY4OC0zNDM2M2JjN2M0YzAiOnsiY3JlYXRlIjozMDAwMDAwMDAwMDAsImRlbGV0ZSI6MzAwMDAwMDAwMDAwLCJ1cGRhdGUiOjEyMDAwMDAwMDAwMH19",
          "dependencies": [
            "aws_internet_gateway.AWSB56-igw",
            "aws_route_table.public-rt",
            "aws_subnet.public-subnet1",
            "aws_vpc.AWSB56-VPC1"
          ]
        }
      ]
    },
    {
      "mode": "managed",
      "type": "aws_route_table_association",
      "name": "AWSB56-public-rt-association2",
      "provider": "provider[\"registry.terraform.io/hashicorp/aws\"]",
      "instances": [
        {
          "schema_version": 0,
          "attributes": {
            "gateway_id": "",
            "id": "rtbassoc-0cffd6542f1845958",
            "route_table_id": "rtb-059bb1ce3f39feb28",
            "subnet_id": "subnet-0890ebc57bed3157c",
            "timeouts": null
          },
          "sensitive_attributes": [],
          "private": "eyJlMmJmYjczMC1lY2FhLTExZTYtOGY4OC0zNDM2M2JjN2M0YzAiOnsiY3JlYXRlIjozMDAwMDAwMDAwMDAsImRlbGV0ZSI6MzAwMDAwMDAwMDAwLCJ1cGRhdGUiOjEyMDAwMDAwMDAwMH19",
          "dependencies": [
            "aws_internet_gateway.AWSB56-igw",
            "aws_route_table.public-rt",
            "aws_subnet.public-subnet2",
            "aws_vpc.AWSB56-VPC1"
          ]
        }
      ]
    },
    {
      "mode": "managed",
      "type": "aws_route_table_association",
      "name": "AWSB56-public-rt-association3",
      "provider": "provider[\"registry.terraform.io/hashicorp/aws\"]",
      "instances": [
        {
          "schema_version": 0,
          "attributes": {
            "gateway_id": "",
            "id": "rtbassoc-08ff40f91e3b5f1d1",
            "route_table_id": "rtb-059bb1ce3f39feb28",
            "subnet_id": "subnet-068aacd24f04bb3a6",
            "timeouts": null
          },
          "sensitive_attributes": [],
          "private": "eyJlMmJmYjczMC1lY2FhLTExZTYtOGY4OC0zNDM2M2JjN2M0YzAiOnsiY3JlYXRlIjozMDAwMDAwMDAwMDAsImRlbGV0ZSI6MzAwMDAwMDAwMDAwLCJ1cGRhdGUiOjEyMDAwMDAwMDAwMH19",
          "dependencies": [
            "aws_internet_gateway.AWSB56-igw",
            "aws_route_table.public-rt",
            "aws_subnet.public-subnet3",
            "aws_vpc.AWSB56-VPC1"
          ]
        }
      ]
    },
    {
      "mode": "managed",
      "type": "aws_security_group",
      "name": "AWSB56_sg",
      "provider": "provider[\"registry.terraform.io/hashicorp/aws\"]",
      "instances": [
        {
          "schema_version": 1,
          "attributes": {
            "arn": "arn:aws:ec2:us-east-1:337636137060:security-group/sg-0c97b8fe2ed1a7c8f",
            "description": "AWSB56-sg",
            "egress": [],
            "id": "sg-0c97b8fe2ed1a7c8f",
            "ingress": [],
            "name": "AWSB56-sg",
            "name_prefix": "",
            "owner_id": "337636137060",
            "revoke_rules_on_delete": false,
            "tags": {
              "Name": "AWSB56-sg"
            },
            "tags_all": {
              "Name": "AWSB56-sg"
            },
            "timeouts": null,
            "vpc_id": "vpc-09bc102cc60d700ea"
          },
          "sensitive_attributes": [],
          "private": "eyJlMmJmYjczMC1lY2FhLTExZTYtOGY4OC0zNDM2M2JjN2M0YzAiOnsiY3JlYXRlIjo2MDAwMDAwMDAwMDAsImRlbGV0ZSI6OTAwMDAwMDAwMDAwfSwic2NoZW1hX3ZlcnNpb24iOiIxIn0=",
          "dependencies": [
            "aws_vpc.AWSB56-VPC1"
          ]
        }
      ]
    },
    {
      "mode": "managed",
      "type": "aws_security_group_rule",
      "name": "AWSB56_sg_rule1",
      "provider": "provider[\"registry.terraform.io/hashicorp/aws\"]",
      "instances": [
        {
          "schema_version": 2,
          "attributes": {
            "cidr_blocks": [
              "0.0.0.0/0"
            ],
            "description": "Allow inbound SSH access",
            "from_port": 22,
            "id": "sgrule-484743909",
            "ipv6_cidr_blocks": null,
            "prefix_list_ids": null,
            "protocol": "tcp",
            "security_group_id": "sg-0c97b8fe2ed1a7c8f",
            "security_group_rule_id": "sgr-025f5e9df25e626e2",
            "self": false,
            "source_security_group_id": null,
            "timeouts": null,
            "to_port": 22,
            "type": "ingress"
          },
          "sensitive_attributes": [],
          "private": "eyJlMmJmYjczMC1lY2FhLTExZTYtOGY4OC0zNDM2M2JjN2M0YzAiOnsiY3JlYXRlIjozMDAwMDAwMDAwMDB9LCJzY2hlbWFfdmVyc2lvbiI6IjIifQ==",
          "dependencies": [
            "aws_security_group.AWSB56_sg",
            "aws_vpc.AWSB56-VPC1"
          ]
        }
      ]
    },
    {
      "mode": "managed",
      "type": "aws_security_group_rule",
      "name": "AWSB56_sg_rule2",
      "provider": "provider[\"registry.terraform.io/hashicorp/aws\"]",
      "instances": [
        {
          "schema_version": 2,
          "attributes": {
            "cidr_blocks": [
              "0.0.0.0/0"
            ],
            "description": "Allow inbound HTTP access",
            "from_port": 80,
            "id": "sgrule-1435580590",
            "ipv6_cidr_blocks": null,
            "prefix_list_ids": null,
            "protocol": "tcp",
            "security_group_id": "sg-0c97b8fe2ed1a7c8f",
            "security_group_rule_id": "sgr-053883780df013ea5",
            "self": false,
            "source_security_group_id": null,
            "timeouts": null,
            "to_port": 80,
            "type": "ingress"
          },
          "sensitive_attributes": [],
          "private": "eyJlMmJmYjczMC1lY2FhLTExZTYtOGY4OC0zNDM2M2JjN2M0YzAiOnsiY3JlYXRlIjozMDAwMDAwMDAwMDB9LCJzY2hlbWFfdmVyc2lvbiI6IjIifQ==",
          "dependencies": [
            "aws_security_group.AWSB56_sg",
            "aws_vpc.AWSB56-VPC1"
          ]
        }
      ]
    },
    {
      "mode": "managed",
      "type": "aws_security_group_rule",
      "name": "AWSB56_sg_rule3",
      "provider": "provider[\"registry.terraform.io/hashicorp/aws\"]",
      "instances": [
        {
          "schema_version": 2,
          "attributes": {
            "cidr_blocks": [
              "0.0.0.0/0"
            ],
            "description": "Allow inbound HTTPs access",
            "from_port": 443,
            "id": "sgrule-1096474982",
            "ipv6_cidr_blocks": null,
            "prefix_list_ids": null,
            "protocol": "tcp",
            "security_group_id": "sg-0c97b8fe2ed1a7c8f",
            "security_group_rule_id": "sgr-08c54a2edf9ca4f76",
            "self": false,
            "source_security_group_id": null,
            "timeouts": null,
            "to_port": 443,
            "type": "ingress"
          },
          "sensitive_attributes": [],
          "private": "eyJlMmJmYjczMC1lY2FhLTExZTYtOGY4OC0zNDM2M2JjN2M0YzAiOnsiY3JlYXRlIjozMDAwMDAwMDAwMDB9LCJzY2hlbWFfdmVyc2lvbiI6IjIifQ==",
          "dependencies": [
            "aws_security_group.AWSB56_sg",
            "aws_vpc.AWSB56-VPC1"
          ]
        }
      ]
    },
    {
      "mode": "managed",
      "type": "aws_security_group_rule",
      "name": "AWSB56_sg_rule4",
      "provider": "provider[\"registry.terraform.io/hashicorp/aws\"]",
      "instances": [
        {
          "schema_version": 2,
          "attributes": {
            "cidr_blocks": [
              "0.0.0.0/0"
            ],
            "description": "Allow inbound RDP access",
            "from_port": 3389,
            "id": "sgrule-87817884",
            "ipv6_cidr_blocks": null,
            "prefix_list_ids": null,
            "protocol": "tcp",
            "security_group_id": "sg-0c97b8fe2ed1a7c8f",
            "security_group_rule_id": "sgr-0788787889b8385f5",
            "self": false,
            "source_security_group_id": null,
            "timeouts": null,
            "to_port": 3389,
            "type": "ingress"
          },
          "sensitive_attributes": [],
          "private": "eyJlMmJmYjczMC1lY2FhLTExZTYtOGY4OC0zNDM2M2JjN2M0YzAiOnsiY3JlYXRlIjozMDAwMDAwMDAwMDB9LCJzY2hlbWFfdmVyc2lvbiI6IjIifQ==",
          "dependencies": [
            "aws_security_group.AWSB56_sg",
            "aws_vpc.AWSB56-VPC1"
          ]
        }
      ]
    },
    {
      "mode": "managed",
      "type": "aws_security_group_rule",
      "name": "AWSB56_sg_rule5",
      "provider": "provider[\"registry.terraform.io/hashicorp/aws\"]",
      "instances": [
        {
          "schema_version": 2,
          "attributes": {
            "cidr_blocks": [
              "0.0.0.0/0"
            ],
            "description": "Allow inbounoutboubd all access",
            "from_port": 0,
            "id": "sgrule-1999005367",
            "ipv6_cidr_blocks": null,
            "prefix_list_ids": null,
            "protocol": "-1",
            "security_group_id": "sg-0c97b8fe2ed1a7c8f",
            "security_group_rule_id": "sgr-08f3ea215e36303a1",
            "self": false,
            "source_security_group_id": null,
            "timeouts": null,
            "to_port": 0,
            "type": "egress"
          },
          "sensitive_attributes": [],
          "private": "eyJlMmJmYjczMC1lY2FhLTExZTYtOGY4OC0zNDM2M2JjN2M0YzAiOnsiY3JlYXRlIjozMDAwMDAwMDAwMDB9LCJzY2hlbWFfdmVyc2lvbiI6IjIifQ==",
          "dependencies": [
            "aws_security_group.AWSB56_sg",
            "aws_vpc.AWSB56-VPC1"
          ]
        }
      ]
    },
    {
      "mode": "managed",
      "type": "aws_security_group_rule",
      "name": "AWSB56_sg_rule6",
      "provider": "provider[\"registry.terraform.io/hashicorp/aws\"]",
      "instances": [
        {
          "schema_version": 2,
          "attributes": {
            "cidr_blocks": [
              "0.0.0.0/0"
            ],
            "description": "Allow inbound ICMP access",
            "from_port": -1,
            "id": "sgrule-467049335",
            "ipv6_cidr_blocks": null,
            "prefix_list_ids": null,
            "protocol": "icmp",
            "security_group_id": "sg-0c97b8fe2ed1a7c8f",
            "security_group_rule_id": "sgr-012249fe8fa30b734",
            "self": false,
            "source_security_group_id": null,
            "timeouts": null,
            "to_port": -1,
            "type": "ingress"
          },
          "sensitive_attributes": [],
          "private": "eyJlMmJmYjczMC1lY2FhLTExZTYtOGY4OC0zNDM2M2JjN2M0YzAiOnsiY3JlYXRlIjozMDAwMDAwMDAwMDB9LCJzY2hlbWFfdmVyc2lvbiI6IjIifQ==",
          "dependencies": [
            "aws_security_group.AWSB56_sg",
            "aws_vpc.AWSB56-VPC1"
          ]
        }
      ]
    },
    {
      "mode": "managed",
      "type": "aws_subnet",
      "name": "private-subnet1",
      "provider": "provider[\"registry.terraform.io/hashicorp/aws\"]",
      "instances": [
        {
          "schema_version": 1,
          "attributes": {
            "arn": "arn:aws:ec2:us-east-1:337636137060:subnet/subnet-0ff0c6f2160398a8a",
            "assign_ipv6_address_on_creation": false,
            "availability_zone": "us-east-1d",
            "availability_zone_id": "use1-az4",
            "cidr_block": "10.56.10.0/24",
            "customer_owned_ipv4_pool": "",
            "enable_dns64": false,
            "enable_lni_at_device_index": 0,
            "enable_resource_name_dns_a_record_on_launch": false,
            "enable_resource_name_dns_aaaa_record_on_launch": false,
            "id": "subnet-0ff0c6f2160398a8a",
            "ipv6_cidr_block": "",
            "ipv6_cidr_block_association_id": "",
            "ipv6_native": false,
            "map_customer_owned_ip_on_launch": false,
            "map_public_ip_on_launch": false,
            "outpost_arn": "",
            "owner_id": "337636137060",
            "private_dns_hostname_type_on_launch": "ip-name",
            "tags": {
              "Name": "private-subnet1"
            },
            "tags_all": {
              "Name": "private-subnet1"
            },
            "timeouts": null,
            "vpc_id": "vpc-09bc102cc60d700ea"
          },
          "sensitive_attributes": [],
          "private": "eyJlMmJmYjczMC1lY2FhLTExZTYtOGY4OC0zNDM2M2JjN2M0YzAiOnsiY3JlYXRlIjo2MDAwMDAwMDAwMDAsImRlbGV0ZSI6MTIwMDAwMDAwMDAwMH0sInNjaGVtYV92ZXJzaW9uIjoiMSJ9",
          "dependencies": [
            "aws_vpc.AWSB56-VPC1"
          ]
        }
      ]
    },
    {
      "mode": "managed",
      "type": "aws_subnet",
      "name": "private-subnet2",
      "provider": "provider[\"registry.terraform.io/hashicorp/aws\"]",
      "instances": [
        {
          "schema_version": 1,
          "attributes": {
            "arn": "arn:aws:ec2:us-east-1:337636137060:subnet/subnet-0816f6092b40af5d6",
            "assign_ipv6_address_on_creation": false,
            "availability_zone": "us-east-1e",
            "availability_zone_id": "use1-az3",
            "cidr_block": "10.56.20.0/24",
            "customer_owned_ipv4_pool": "",
            "enable_dns64": false,
            "enable_lni_at_device_index": 0,
            "enable_resource_name_dns_a_record_on_launch": false,
            "enable_resource_name_dns_aaaa_record_on_launch": false,
            "id": "subnet-0816f6092b40af5d6",
            "ipv6_cidr_block": "",
            "ipv6_cidr_block_association_id": "",
            "ipv6_native": false,
            "map_customer_owned_ip_on_launch": false,
            "map_public_ip_on_launch": false,
            "outpost_arn": "",
            "owner_id": "337636137060",
            "private_dns_hostname_type_on_launch": "ip-name",
            "tags": {
              "Name": "private-subnet2"
            },
            "tags_all": {
              "Name": "private-subnet2"
            },
            "timeouts": null,
            "vpc_id": "vpc-09bc102cc60d700ea"
          },
          "sensitive_attributes": [],
          "private": "eyJlMmJmYjczMC1lY2FhLTExZTYtOGY4OC0zNDM2M2JjN2M0YzAiOnsiY3JlYXRlIjo2MDAwMDAwMDAwMDAsImRlbGV0ZSI6MTIwMDAwMDAwMDAwMH0sInNjaGVtYV92ZXJzaW9uIjoiMSJ9",
          "dependencies": [
            "aws_vpc.AWSB56-VPC1"
          ]
        }
      ]
    },
    {
      "mode": "managed",
      "type": "aws_subnet",
      "name": "private-subnet3",
      "provider": "provider[\"registry.terraform.io/hashicorp/aws\"]",
      "instances": [
        {
          "schema_version": 1,
          "attributes": {
            "arn": "arn:aws:ec2:us-east-1:337636137060:subnet/subnet-026cf2ae3f767a31c",
            "assign_ipv6_address_on_creation": false,
            "availability_zone": "us-east-1f",
            "availability_zone_id": "use1-az5",
            "cidr_block": "10.56.30.0/24",
            "customer_owned_ipv4_pool": "",
            "enable_dns64": false,
            "enable_lni_at_device_index": 0,
            "enable_resource_name_dns_a_record_on_launch": false,
            "enable_resource_name_dns_aaaa_record_on_launch": false,
            "id": "subnet-026cf2ae3f767a31c",
            "ipv6_cidr_block": "",
            "ipv6_cidr_block_association_id": "",
            "ipv6_native": false,
            "map_customer_owned_ip_on_launch": false,
            "map_public_ip_on_launch": false,
            "outpost_arn": "",
            "owner_id": "337636137060",
            "private_dns_hostname_type_on_launch": "ip-name",
            "tags": {
              "Name": "private-subnet3"
            },
            "tags_all": {
              "Name": "private-subnet3"
            },
            "timeouts": null,
            "vpc_id": "vpc-09bc102cc60d700ea"
          },
          "sensitive_attributes": [],
          "private": "eyJlMmJmYjczMC1lY2FhLTExZTYtOGY4OC0zNDM2M2JjN2M0YzAiOnsiY3JlYXRlIjo2MDAwMDAwMDAwMDAsImRlbGV0ZSI6MTIwMDAwMDAwMDAwMH0sInNjaGVtYV92ZXJzaW9uIjoiMSJ9",
          "dependencies": [
            "aws_vpc.AWSB56-VPC1"
          ]
        }
      ]
    },
    {
      "mode": "managed",
      "type": "aws_subnet",
      "name": "public-subnet1",
      "provider": "provider[\"registry.terraform.io/hashicorp/aws\"]",
      "instances": [
        {
          "schema_version": 1,
          "attributes": {
            "arn": "arn:aws:ec2:us-east-1:337636137060:subnet/subnet-0e9103f3b28d51fd6",
            "assign_ipv6_address_on_creation": false,
            "availability_zone": "us-east-1a",
            "availability_zone_id": "use1-az6",
            "cidr_block": "10.56.1.0/24",
            "customer_owned_ipv4_pool": "",
            "enable_dns64": false,
            "enable_lni_at_device_index": 0,
            "enable_resource_name_dns_a_record_on_launch": false,
            "enable_resource_name_dns_aaaa_record_on_launch": false,
            "id": "subnet-0e9103f3b28d51fd6",
            "ipv6_cidr_block": "",
            "ipv6_cidr_block_association_id": "",
            "ipv6_native": false,
            "map_customer_owned_ip_on_launch": false,
            "map_public_ip_on_launch": true,
            "outpost_arn": "",
            "owner_id": "337636137060",
            "private_dns_hostname_type_on_launch": "ip-name",
            "tags": {
              "Name": "public-subnet1"
            },
            "tags_all": {
              "Name": "public-subnet1"
            },
            "timeouts": null,
            "vpc_id": "vpc-09bc102cc60d700ea"
          },
          "sensitive_attributes": [],
          "private": "eyJlMmJmYjczMC1lY2FhLTExZTYtOGY4OC0zNDM2M2JjN2M0YzAiOnsiY3JlYXRlIjo2MDAwMDAwMDAwMDAsImRlbGV0ZSI6MTIwMDAwMDAwMDAwMH0sInNjaGVtYV92ZXJzaW9uIjoiMSJ9",
          "dependencies": [
            "aws_vpc.AWSB56-VPC1"
          ]
        }
      ]
    },
    {
      "mode": "managed",
      "type": "aws_subnet",
      "name": "public-subnet2",
      "provider": "provider[\"registry.terraform.io/hashicorp/aws\"]",
      "instances": [
        {
          "schema_version": 1,
          "attributes": {
            "arn": "arn:aws:ec2:us-east-1:337636137060:subnet/subnet-0890ebc57bed3157c",
            "assign_ipv6_address_on_creation": false,
            "availability_zone": "us-east-1b",
            "availability_zone_id": "use1-az1",
            "cidr_block": "10.56.2.0/24",
            "customer_owned_ipv4_pool": "",
            "enable_dns64": false,
            "enable_lni_at_device_index": 0,
            "enable_resource_name_dns_a_record_on_launch": false,
            "enable_resource_name_dns_aaaa_record_on_launch": false,
            "id": "subnet-0890ebc57bed3157c",
            "ipv6_cidr_block": "",
            "ipv6_cidr_block_association_id": "",
            "ipv6_native": false,
            "map_customer_owned_ip_on_launch": false,
            "map_public_ip_on_launch": true,
            "outpost_arn": "",
            "owner_id": "337636137060",
            "private_dns_hostname_type_on_launch": "ip-name",
            "tags": {
              "Name": "public-subnet2"
            },
            "tags_all": {
              "Name": "public-subnet2"
            },
            "timeouts": null,
            "vpc_id": "vpc-09bc102cc60d700ea"
          },
          "sensitive_attributes": [],
          "private": "eyJlMmJmYjczMC1lY2FhLTExZTYtOGY4OC0zNDM2M2JjN2M0YzAiOnsiY3JlYXRlIjo2MDAwMDAwMDAwMDAsImRlbGV0ZSI6MTIwMDAwMDAwMDAwMH0sInNjaGVtYV92ZXJzaW9uIjoiMSJ9",
          "dependencies": [
            "aws_vpc.AWSB56-VPC1"
          ]
        }
      ]
    },
    {
      "mode": "managed",
      "type": "aws_subnet",
      "name": "public-subnet3",
      "provider": "provider[\"registry.terraform.io/hashicorp/aws\"]",
      "instances": [
        {
          "schema_version": 1,
          "attributes": {
            "arn": "arn:aws:ec2:us-east-1:337636137060:subnet/subnet-068aacd24f04bb3a6",
            "assign_ipv6_address_on_creation": false,
            "availability_zone": "us-east-1c",
            "availability_zone_id": "use1-az2",
            "cidr_block": "10.56.3.0/24",
            "customer_owned_ipv4_pool": "",
            "enable_dns64": false,
            "enable_lni_at_device_index": 0,
            "enable_resource_name_dns_a_record_on_launch": false,
            "enable_resource_name_dns_aaaa_record_on_launch": false,
            "id": "subnet-068aacd24f04bb3a6",
            "ipv6_cidr_block": "",
            "ipv6_cidr_block_association_id": "",
            "ipv6_native": false,
            "map_customer_owned_ip_on_launch": false,
            "map_public_ip_on_launch": true,
            "outpost_arn": "",
            "owner_id": "337636137060",
            "private_dns_hostname_type_on_launch": "ip-name",
            "tags": {
              "Name": "public-subnet3"
            },
            "tags_all": {
              "Name": "public-subnet3"
            },
            "timeouts": null,
            "vpc_id": "vpc-09bc102cc60d700ea"
          },
          "sensitive_attributes": [],
          "private": "eyJlMmJmYjczMC1lY2FhLTExZTYtOGY4OC0zNDM2M2JjN2M0YzAiOnsiY3JlYXRlIjo2MDAwMDAwMDAwMDAsImRlbGV0ZSI6MTIwMDAwMDAwMDAwMH0sInNjaGVtYV92ZXJzaW9uIjoiMSJ9",
          "dependencies": [
            "aws_vpc.AWSB56-VPC1"
          ]
        }
      ]
    },
    {
      "mode": "managed",
      "type": "aws_vpc",
      "name": "AWSB56-VPC1",
      "provider": "provider[\"registry.terraform.io/hashicorp/aws\"]",
      "instances": [
        {
          "schema_version": 1,
          "attributes": {
            "arn": "arn:aws:ec2:us-east-1:337636137060:vpc/vpc-09bc102cc60d700ea",
            "assign_generated_ipv6_cidr_block": false,
            "cidr_block": "10.56.0.0/16",
            "default_network_acl_id": "acl-05f80465425c89b2c",
            "default_route_table_id": "rtb-08fe1b63caef5293f",
            "default_security_group_id": "sg-0fe82f51b92ada173",
            "dhcp_options_id": "dopt-4638863c",
            "enable_dns_hostnames": true,
            "enable_dns_support": true,
            "enable_network_address_usage_metrics": false,
            "id": "vpc-09bc102cc60d700ea",
            "instance_tenancy": "default",
            "ipv4_ipam_pool_id": null,
            "ipv4_netmask_length": null,
            "ipv6_association_id": "",
            "ipv6_cidr_block": "",
            "ipv6_cidr_block_network_border_group": "",
            "ipv6_ipam_pool_id": "",
            "ipv6_netmask_length": 0,
            "main_route_table_id": "rtb-08fe1b63caef5293f",
            "owner_id": "337636137060",
            "tags": {
              "Name": "AWSB56-VPC1"
            },
            "tags_all": {
              "Name": "AWSB56-VPC1"
            }
          },
          "sensitive_attributes": [],
          "private": "eyJzY2hlbWFfdmVyc2lvbiI6IjEifQ=="
        }
      ]
    },
    {
      "mode": "managed",
      "type": "local_file",
      "name": "ssh_key",
      "provider": "provider[\"registry.terraform.io/hashicorp/local\"]",
      "instances": [
        {
          "schema_version": 0,
          "attributes": {
            "content": "-----BEGIN RSA PRIVATE KEY-----\nMIIJKgIBAAKCAgEA3ttyu4vvCDAa3wd3OFa3UAJmCwax45x3NQnSWjoxyMAfGsiz\niHtUZ/6q4xTo3zwtatEsFbmuK7Sj/Oc58CM1WgDEPFUjwzEgm81WXPOs9zPiXA3e\npwGfmyFfEZcjS6E+GllQrG0mU2JUTA7XfqmfOkt+ddKU6BabCtf2Zl97jiw4wIsF\na3jIi/GKY/7WhoSooSIHSNPiUwZe9yzbphoL6Ft1Azzcq9n1TKwUJULTBMSGTRIV\nnEcNw1Rm//bClQwoNZqrDPxrcH+RSp1dpNrdgN4Z54By+Sh98gQqtcMV6z4wP2Sg\nDW/wd14IZrTymwmREbLWG3uQHyrvil1jWrEocPMc8m+8hRo0cgtfjoZHjPT9HdTi\nB1Rc03D6K57m7kq4e/pZnLheWKTJeFGQVk+7VnlM7BoiWo5UyajewkgD9Kcp16t5\nzQJCyUuichMmYatzdsiOY26vdAsQVNExAaOLFT+YykGAvAB35u3LxA4YcU8rk+I/\nL3lUCsWbNNQj85Ou5tYfljmEpM1Yyh10jbnOlNaFzZjth7D8++RFFs/NyiP6mo+e\nHu7UyigQyMGolr80OuHpplX9mVqjHcRcciyanK8bJZbigezOcNSKEzLtqLTBX54q\njJY6ac4hJ0G6Dp9SV4k7ZYbCV7H+AA6S9oYaQBSTjFFn5FRJ1HtJFWpdUmcCAwEA\nAQKCAgEAlWujqJWxRdcjHSifSdnyfKWvD3OEsCyHTLtyG2brXENcV5P7s+Wk+Tkq\nEKlDXfG2LeljWomtesZaMUZDdXvV2Kus5xraqJP23h+16QrEjNZvzfLKt0UCY3vj\nhyLD2oCY6Ae8bG+eg8fo5zoISHeoN+jIOG1hw57sgz+7iHY6nF+QCaDsmFtac2IW\nvObvpS+q9KahJbZTCAG8iJO+Dcdm9nrjoLEc7+hqbObvdvAwFgFCXshiTu7hDnc3\nvCUR3+dPymkSiNlxm/McUl/impbYbv/7dFmOPPpmP2+Fx2qu9pQyuz5Xhcro+s/E\naECobUTjzG8Q2Upmnk8mXqow5GzlxFyH2LndlgS7L31mGqTw7vvQAFGDKoxYCc8e\nX+UrxIU2RA/7GGNBUxaW+6U6WbfFi4e4OdVs4kYE3nh9GvZPV/XXDzNSE0RIlDzH\nL38rWK77DTXT4r2wNKpyzgg7QXJRga+yNb0yOhGk84aT3UHTMOydwSPx+IZTxISI\nVM3Afiw5WKyDE83TAHij3hrmoM5YTJIBYbAy9YjtmUfecjw6ivZLIw218hljsoyl\n2/BZf1tdRY6TlRVhu8u3iaCbpraIrBEKm72Ni6z75i4BKJdeT5vGbyH7PZgMXmwL\nd+FCaNkHyUFWdXhpnrgOBgaWEvcsb1uB3mFcD9hy3lmHwdhNjTkCggEBAOC3HoNq\nwqDnh/06EpOxzYreH/jB/uXEujq+GuTeDRn9YJ1UykA2F2RX8b52AOaLpdKX8qrX\noSvd54nty3tQO6F1tW4kBNMlCA6eq36mG09j1ipgSzLANdOceMCwurzxNhRmxRr+\n7KUutvD4Hgo5qAt+ppXSJxatLChGyx2g9Jj269bEmRt2PmTFO6Lb39MxLDcEbJqv\n5C2kGQZW8+wuSTWQoXBXC74prXL7Y3VdwOfoNBym4if/100tNloovtXF9DZbzDzG\nwPK2ASwBBECQTaWdUvfwvbA/GIrHA79INc7kKg5WuYzYtsT8tBZ1Bb+BdAHacGwG\nKckoBkSSkLDmumMCggEBAP3iGz8iUbuxOZacbWrUgXlbKuXLH+Jt0AHgFx1Ytw0S\nO6fIbALqp5d1yHoe+6whmd073EEd4J4QP+3Oq20i8HwTedTJOHpdnEsrYRPaNilU\nb+bRZ9ZP4e9UcWzdXdcXsJyuN1PMbYKAIyHjszf4Md8HCfzLqt7fOa9MSKHoxU87\nvGRlp3/J1ogmu/szcVV+nOvWfJ3aDPzOh37ApvLn62z0N1PDltaQlLcJ6kH0WCVf\nj7wXAl9SLPZ4IKMM5cYTaAgybOK28321BroXzC8AjzUFbDXu9VMvMfakUk+0Vp+7\np+gh3n//UWoeqkVhdejx0LSD9AiCihvo4AV+jUDc5S0CggEARjZRLWSlLVtKbT/A\n4C709wfSW4pZ13bxbTtK8enDlDRMBLyieQ+tnWexG/6I54AIrtVVODYpoKg0GS+Y\nnY4DI77Akopki4iNjOvcz7Sc4eBi4Vi3BkNyTg0c2bAemLyRViyKN5YhYLdI59/O\nmwlKzVSkPjmshvRS0L7V5gsNgeHc7Hz/DcqTUi8iJA+pTraVhxc1y9tbYztbqlRu\n4IPR0g+/sXcxLxicnkmX2OsTRCKUbcNi9HaG0hFnYyJKBkdUt8tU9ERxsyRVF2e1\n6WptKGsQqnGpAzGjvHDUZebtERjPXy2PykdITCJdLosf4adUFOQorkf6tGRyGOjm\nlq9w2wKCAQEA6WrenhcRij0Qs1YyiwvB1i9pq0grkmRf37mFxudvtMbUrhfopm3T\nk78oiI6/2Kwz6GFGyV+MygYqoJtopLiA3bKSSn6OPIKgVcQWRshTD4CgOVjB3Roo\noX/DoNGNm1oeeI78M0E6Vcc1hczxUz4Pq/uuxQsDmFEnmfHKvYFjFsvXE38alrSd\nVyQ1pGjRhEcaQwI6JG77jdrcXD8Hv0BXBR8rVwn2PmNDN14YUHc0K3hGkCmfdr/4\nssoTR5VuE8R320FxNqf6CdNL0gBbK8OZ5qeLq7J9PvOfPiIpwzoMgmNnplatWIUG\n90gmSA+o9niM58qBrOlHzQ04GhUWDVKKKQKCAQEAlfiXy+mcrcfF0AvE8xhor5Rf\n84AwjNFs0mkaJT/McuQ1mrWNra1sN0Jxr9vP9adgX8/JC3YyX8Y4f8HYuk8PhtLo\no5ie2KHa+ZOO1Y+W8666+KOEvUAA7yJAedxHCZ5+TuVM+tAQLvAkDPZP9BX6ho1Z\n7UsssIJo7SP1pXAURdRYvQYyCf0erBU44KS9VuXt9emuyT9CBve4bWCiQcdh4Tj+\n+EtZ2qeZcFWm+VCS1DftwNpayCbFkX3IoIIRHqcOq2jRIFbWNOqE7oD1M08QlPsn\nVQiyOR97d9XUbFhKA7mE8tBkRdZ4ppiMYgRwNC9hyoO6JSzYjqL0fLZUW2O3tA==\n-----END RSA PRIVATE KEY-----\n",
            "content_base64": null,
            "content_base64sha256": "XQ1Lw+HywIycpZsZgjmb9zCLV2ZXd/5CNjphwkv+/gc=",
            "content_base64sha512": "AfMuewg0jD+JJb1Q+s0HoP6tOhF8O1zfQ3C93FJHk34AM/m1WvNCFlm9EUWPdBAc6bpmSuuiTAtZVYYn2ox41w==",
            "content_md5": "9f30dfd9f946c026b674c493eec96c1d",
            "content_sha1": "bfdd65408fea9de7924ee473f3ce4b1cfba32009",
            "content_sha256": "5d0d4bc3e1f2c08c9ca59b1982399bf7308b57665777fe42363a61c24bfefe07",
            "content_sha512": "01f32e7b08348c3f8925bd50facd07a0fead3a117c3b5cdf4370bddc5247937e0033f9b55af3421659bd11458f74101ce9ba664aeba24c0b59558627da8c78d7",
            "directory_permission": "0777",
            "file_permission": "0777",
            "filename": "AWSB56Key-kp.pem",
            "id": "bfdd65408fea9de7924ee473f3ce4b1cfba32009",
            "sensitive_content": null,
            "source": null
          },
          "sensitive_attributes": [
            [
              {
                "type": "get_attr",
                "value": "content"
              }
            ],
            [
              {
                "type": "get_attr",
                "value": "sensitive_content"
              }
            ]
          ],
          "dependencies": [
            "aws_key_pair.AWSB56Key-kp",
            "tls_private_key.AWSB56Key"
          ]
        }
      ]
    },
    {
      "mode": "managed",
      "type": "tls_private_key",
      "name": "AWSB56Key",
      "provider": "provider[\"registry.terraform.io/hashicorp/tls\"]",
      "instances": [
        {
          "schema_version": 1,
          "attributes": {
            "algorithm": "RSA",
            "ecdsa_curve": "P224",
            "id": "15f6e85998310a6c54ad6a2b83cbecc9f51856e4",
            "private_key_openssh": "-----BEGIN OPENSSH PRIVATE KEY-----\nb3BlbnNzaC1rZXktdjEAAAAABG5vbmUAAAAEbm9uZQAAAAAAAAABAAACFwAAAAdz\nc2gtcnNhAAAAAwEAAQAAAgEA3ttyu4vvCDAa3wd3OFa3UAJmCwax45x3NQnSWjox\nyMAfGsiziHtUZ/6q4xTo3zwtatEsFbmuK7Sj/Oc58CM1WgDEPFUjwzEgm81WXPOs\n9zPiXA3epwGfmyFfEZcjS6E+GllQrG0mU2JUTA7XfqmfOkt+ddKU6BabCtf2Zl97\njiw4wIsFa3jIi/GKY/7WhoSooSIHSNPiUwZe9yzbphoL6Ft1Azzcq9n1TKwUJULT\nBMSGTRIVnEcNw1Rm//bClQwoNZqrDPxrcH+RSp1dpNrdgN4Z54By+Sh98gQqtcMV\n6z4wP2SgDW/wd14IZrTymwmREbLWG3uQHyrvil1jWrEocPMc8m+8hRo0cgtfjoZH\njPT9HdTiB1Rc03D6K57m7kq4e/pZnLheWKTJeFGQVk+7VnlM7BoiWo5UyajewkgD\n9Kcp16t5zQJCyUuichMmYatzdsiOY26vdAsQVNExAaOLFT+YykGAvAB35u3LxA4Y\ncU8rk+I/L3lUCsWbNNQj85Ou5tYfljmEpM1Yyh10jbnOlNaFzZjth7D8++RFFs/N\nyiP6mo+eHu7UyigQyMGolr80OuHpplX9mVqjHcRcciyanK8bJZbigezOcNSKEzLt\nqLTBX54qjJY6ac4hJ0G6Dp9SV4k7ZYbCV7H+AA6S9oYaQBSTjFFn5FRJ1HtJFWpd\nUmcAAAc4QSOjJEEjoyQAAAAHc3NoLXJzYQAAAgEA3ttyu4vvCDAa3wd3OFa3UAJm\nCwax45x3NQnSWjoxyMAfGsiziHtUZ/6q4xTo3zwtatEsFbmuK7Sj/Oc58CM1WgDE\nPFUjwzEgm81WXPOs9zPiXA3epwGfmyFfEZcjS6E+GllQrG0mU2JUTA7XfqmfOkt+\nddKU6BabCtf2Zl97jiw4wIsFa3jIi/GKY/7WhoSooSIHSNPiUwZe9yzbphoL6Ft1\nAzzcq9n1TKwUJULTBMSGTRIVnEcNw1Rm//bClQwoNZqrDPxrcH+RSp1dpNrdgN4Z\n54By+Sh98gQqtcMV6z4wP2SgDW/wd14IZrTymwmREbLWG3uQHyrvil1jWrEocPMc\n8m+8hRo0cgtfjoZHjPT9HdTiB1Rc03D6K57m7kq4e/pZnLheWKTJeFGQVk+7VnlM\n7BoiWo5UyajewkgD9Kcp16t5zQJCyUuichMmYatzdsiOY26vdAsQVNExAaOLFT+Y\nykGAvAB35u3LxA4YcU8rk+I/L3lUCsWbNNQj85Ou5tYfljmEpM1Yyh10jbnOlNaF\nzZjth7D8++RFFs/NyiP6mo+eHu7UyigQyMGolr80OuHpplX9mVqjHcRcciyanK8b\nJZbigezOcNSKEzLtqLTBX54qjJY6ac4hJ0G6Dp9SV4k7ZYbCV7H+AA6S9oYaQBST\njFFn5FRJ1HtJFWpdUmcAAAADAQABAAACAQCVa6OolbFF1yMdKJ9J2fJ8pa8Pc4Sw\nLIdMu3IbZutcQ1xXk/uz5aT5OSoQqUNd8bYt6WNaia16xloxRkN1e9XYq6znGtqo\nk/beH7XpCsSM1m/N8sq3RQJje+OHIsPagJjoB7xsb56Dx+jnOghId6g36Mg4bWHD\nnuyDP7uIdjqcX5AJoOyYW1pzYha85u+lL6r0pqEltlMIAbyIk74Nx2b2euOgsRzv\n6Gps5u928DAWAUJeyGJO7uEOdze8JRHf50/KaRKI2XGb8xxSX+Kalthu//t0WY48\n+mY/b4XHaq72lDK7PleFyuj6z8RoQKhtROPMbxDZSmaeTyZeqjDkbOXEXIfYud2W\nBLsvfWYapPDu+9AAUYMqjFgJzx5f5SvEhTZED/sYY0FTFpb7pTpZt8WLh7g51Wzi\nRgTeeH0a9k9X9dcPM1ITREiUPMcvfytYrvsNNdPivbA0qnLOCDtBclGBr7I1vTI6\nEaTzhpPdQdMw7J3BI/H4hlPEhIhUzcB+LDlYrIMTzdMAeKPeGuagzlhMkgFhsDL1\niO2ZR95yPDqK9ksjDbXyGWOyjKXb8Fl/W11FjpOVFWG7y7eJoJumtoisEQqbvY2L\nrPvmLgEol15Pm8ZvIfs9mAxebAt34UJo2QfJQVZ1eGmeuA4GBpYS9yxvW4HeYVwP\n2HLeWYfB2E2NOQAAAQEAlfiXy+mcrcfF0AvE8xhor5Rf84AwjNFs0mkaJT/McuQ1\nmrWNra1sN0Jxr9vP9adgX8/JC3YyX8Y4f8HYuk8PhtLoo5ie2KHa+ZOO1Y+W8666\n+KOEvUAA7yJAedxHCZ5+TuVM+tAQLvAkDPZP9BX6ho1Z7UsssIJo7SP1pXAURdRY\nvQYyCf0erBU44KS9VuXt9emuyT9CBve4bWCiQcdh4Tj++EtZ2qeZcFWm+VCS1Dft\nwNpayCbFkX3IoIIRHqcOq2jRIFbWNOqE7oD1M08QlPsnVQiyOR97d9XUbFhKA7mE\n8tBkRdZ4ppiMYgRwNC9hyoO6JSzYjqL0fLZUW2O3tAAAAQEA4Lceg2rCoOeH/ToS\nk7HNit4f+MH+5cS6Or4a5N4NGf1gnVTKQDYXZFfxvnYA5oul0pfyqtehK93nie3L\ne1A7oXW1biQE0yUIDp6rfqYbT2PWKmBLMsA105x4wLC6vPE2FGbFGv7spS628Pge\nCjmoC36mldInFq0sKEbLHaD0mPbr1sSZG3Y+ZMU7otvf0zEsNwRsmq/kLaQZBlbz\n7C5JNZChcFcLvimtcvtjdV3A5+g0HKbiJ//XTS02Wii+1cX0NlvMPMbA8rYBLAEE\nQJBNpZ1S9/C9sD8YiscDv0g1zuQqDla5jNi2xPy0FnUFv4F0AdpwbAYpySgGRJKQ\nsOa6YwAAAQEA/eIbPyJRu7E5lpxtatSBeVsq5csf4m3QAeAXHVi3DRI7p8hsAuqn\nl3XIeh77rCGZ3TvcQR3gnhA/7c6rbSLwfBN51Mk4el2cSythE9o2KVRv5tFn1k/h\n71RxbN1d1xewnK43U8xtgoAjIeOzN/gx3wcJ/Muq3t85r0xIoejFTzu8ZGWnf8nW\niCa7+zNxVX6c69Z8ndoM/M6HfsCm8ufrbPQ3U8OW1pCUtwnqQfRYJV+PvBcCX1Is\n9nggowzlxhNoCDJs4rbzfbUGuhfMLwCPNQVsNe71Uy8x9qRST7RWn7un6CHef/9R\nah6qRWF16PHQtIP0CIKKG+jgBX6NQNzlLQAAAAAB\n-----END OPENSSH PRIVATE KEY-----\n",
            "private_key_pem": "-----BEGIN RSA PRIVATE KEY-----\nMIIJKgIBAAKCAgEA3ttyu4vvCDAa3wd3OFa3UAJmCwax45x3NQnSWjoxyMAfGsiz\niHtUZ/6q4xTo3zwtatEsFbmuK7Sj/Oc58CM1WgDEPFUjwzEgm81WXPOs9zPiXA3e\npwGfmyFfEZcjS6E+GllQrG0mU2JUTA7XfqmfOkt+ddKU6BabCtf2Zl97jiw4wIsF\na3jIi/GKY/7WhoSooSIHSNPiUwZe9yzbphoL6Ft1Azzcq9n1TKwUJULTBMSGTRIV\nnEcNw1Rm//bClQwoNZqrDPxrcH+RSp1dpNrdgN4Z54By+Sh98gQqtcMV6z4wP2Sg\nDW/wd14IZrTymwmREbLWG3uQHyrvil1jWrEocPMc8m+8hRo0cgtfjoZHjPT9HdTi\nB1Rc03D6K57m7kq4e/pZnLheWKTJeFGQVk+7VnlM7BoiWo5UyajewkgD9Kcp16t5\nzQJCyUuichMmYatzdsiOY26vdAsQVNExAaOLFT+YykGAvAB35u3LxA4YcU8rk+I/\nL3lUCsWbNNQj85Ou5tYfljmEpM1Yyh10jbnOlNaFzZjth7D8++RFFs/NyiP6mo+e\nHu7UyigQyMGolr80OuHpplX9mVqjHcRcciyanK8bJZbigezOcNSKEzLtqLTBX54q\njJY6ac4hJ0G6Dp9SV4k7ZYbCV7H+AA6S9oYaQBSTjFFn5FRJ1HtJFWpdUmcCAwEA\nAQKCAgEAlWujqJWxRdcjHSifSdnyfKWvD3OEsCyHTLtyG2brXENcV5P7s+Wk+Tkq\nEKlDXfG2LeljWomtesZaMUZDdXvV2Kus5xraqJP23h+16QrEjNZvzfLKt0UCY3vj\nhyLD2oCY6Ae8bG+eg8fo5zoISHeoN+jIOG1hw57sgz+7iHY6nF+QCaDsmFtac2IW\nvObvpS+q9KahJbZTCAG8iJO+Dcdm9nrjoLEc7+hqbObvdvAwFgFCXshiTu7hDnc3\nvCUR3+dPymkSiNlxm/McUl/impbYbv/7dFmOPPpmP2+Fx2qu9pQyuz5Xhcro+s/E\naECobUTjzG8Q2Upmnk8mXqow5GzlxFyH2LndlgS7L31mGqTw7vvQAFGDKoxYCc8e\nX+UrxIU2RA/7GGNBUxaW+6U6WbfFi4e4OdVs4kYE3nh9GvZPV/XXDzNSE0RIlDzH\nL38rWK77DTXT4r2wNKpyzgg7QXJRga+yNb0yOhGk84aT3UHTMOydwSPx+IZTxISI\nVM3Afiw5WKyDE83TAHij3hrmoM5YTJIBYbAy9YjtmUfecjw6ivZLIw218hljsoyl\n2/BZf1tdRY6TlRVhu8u3iaCbpraIrBEKm72Ni6z75i4BKJdeT5vGbyH7PZgMXmwL\nd+FCaNkHyUFWdXhpnrgOBgaWEvcsb1uB3mFcD9hy3lmHwdhNjTkCggEBAOC3HoNq\nwqDnh/06EpOxzYreH/jB/uXEujq+GuTeDRn9YJ1UykA2F2RX8b52AOaLpdKX8qrX\noSvd54nty3tQO6F1tW4kBNMlCA6eq36mG09j1ipgSzLANdOceMCwurzxNhRmxRr+\n7KUutvD4Hgo5qAt+ppXSJxatLChGyx2g9Jj269bEmRt2PmTFO6Lb39MxLDcEbJqv\n5C2kGQZW8+wuSTWQoXBXC74prXL7Y3VdwOfoNBym4if/100tNloovtXF9DZbzDzG\nwPK2ASwBBECQTaWdUvfwvbA/GIrHA79INc7kKg5WuYzYtsT8tBZ1Bb+BdAHacGwG\nKckoBkSSkLDmumMCggEBAP3iGz8iUbuxOZacbWrUgXlbKuXLH+Jt0AHgFx1Ytw0S\nO6fIbALqp5d1yHoe+6whmd073EEd4J4QP+3Oq20i8HwTedTJOHpdnEsrYRPaNilU\nb+bRZ9ZP4e9UcWzdXdcXsJyuN1PMbYKAIyHjszf4Md8HCfzLqt7fOa9MSKHoxU87\nvGRlp3/J1ogmu/szcVV+nOvWfJ3aDPzOh37ApvLn62z0N1PDltaQlLcJ6kH0WCVf\nj7wXAl9SLPZ4IKMM5cYTaAgybOK28321BroXzC8AjzUFbDXu9VMvMfakUk+0Vp+7\np+gh3n//UWoeqkVhdejx0LSD9AiCihvo4AV+jUDc5S0CggEARjZRLWSlLVtKbT/A\n4C709wfSW4pZ13bxbTtK8enDlDRMBLyieQ+tnWexG/6I54AIrtVVODYpoKg0GS+Y\nnY4DI77Akopki4iNjOvcz7Sc4eBi4Vi3BkNyTg0c2bAemLyRViyKN5YhYLdI59/O\nmwlKzVSkPjmshvRS0L7V5gsNgeHc7Hz/DcqTUi8iJA+pTraVhxc1y9tbYztbqlRu\n4IPR0g+/sXcxLxicnkmX2OsTRCKUbcNi9HaG0hFnYyJKBkdUt8tU9ERxsyRVF2e1\n6WptKGsQqnGpAzGjvHDUZebtERjPXy2PykdITCJdLosf4adUFOQorkf6tGRyGOjm\nlq9w2wKCAQEA6WrenhcRij0Qs1YyiwvB1i9pq0grkmRf37mFxudvtMbUrhfopm3T\nk78oiI6/2Kwz6GFGyV+MygYqoJtopLiA3bKSSn6OPIKgVcQWRshTD4CgOVjB3Roo\noX/DoNGNm1oeeI78M0E6Vcc1hczxUz4Pq/uuxQsDmFEnmfHKvYFjFsvXE38alrSd\nVyQ1pGjRhEcaQwI6JG77jdrcXD8Hv0BXBR8rVwn2PmNDN14YUHc0K3hGkCmfdr/4\nssoTR5VuE8R320FxNqf6CdNL0gBbK8OZ5qeLq7J9PvOfPiIpwzoMgmNnplatWIUG\n90gmSA+o9niM58qBrOlHzQ04GhUWDVKKKQKCAQEAlfiXy+mcrcfF0AvE8xhor5Rf\n84AwjNFs0mkaJT/McuQ1mrWNra1sN0Jxr9vP9adgX8/JC3YyX8Y4f8HYuk8PhtLo\no5ie2KHa+ZOO1Y+W8666+KOEvUAA7yJAedxHCZ5+TuVM+tAQLvAkDPZP9BX6ho1Z\n7UsssIJo7SP1pXAURdRYvQYyCf0erBU44KS9VuXt9emuyT9CBve4bWCiQcdh4Tj+\n+EtZ2qeZcFWm+VCS1DftwNpayCbFkX3IoIIRHqcOq2jRIFbWNOqE7oD1M08QlPsn\nVQiyOR97d9XUbFhKA7mE8tBkRdZ4ppiMYgRwNC9hyoO6JSzYjqL0fLZUW2O3tA==\n-----END RSA PRIVATE KEY-----\n",
            "private_key_pem_pkcs8": "-----BEGIN PRIVATE KEY-----\nMIIJRAIBADANBgkqhkiG9w0BAQEFAASCCS4wggkqAgEAAoICAQDe23K7i+8IMBrf\nB3c4VrdQAmYLBrHjnHc1CdJaOjHIwB8ayLOIe1Rn/qrjFOjfPC1q0SwVua4rtKP8\n5znwIzVaAMQ8VSPDMSCbzVZc86z3M+JcDd6nAZ+bIV8RlyNLoT4aWVCsbSZTYlRM\nDtd+qZ86S3510pToFpsK1/ZmX3uOLDjAiwVreMiL8Ypj/taGhKihIgdI0+JTBl73\nLNumGgvoW3UDPNyr2fVMrBQlQtMExIZNEhWcRw3DVGb/9sKVDCg1mqsM/Gtwf5FK\nnV2k2t2A3hnngHL5KH3yBCq1wxXrPjA/ZKANb/B3XghmtPKbCZERstYbe5AfKu+K\nXWNasShw8xzyb7yFGjRyC1+OhkeM9P0d1OIHVFzTcPornubuSrh7+lmcuF5YpMl4\nUZBWT7tWeUzsGiJajlTJqN7CSAP0pynXq3nNAkLJS6JyEyZhq3N2yI5jbq90CxBU\n0TEBo4sVP5jKQYC8AHfm7cvEDhhxTyuT4j8veVQKxZs01CPzk67m1h+WOYSkzVjK\nHXSNuc6U1oXNmO2HsPz75EUWz83KI/qaj54e7tTKKBDIwaiWvzQ64emmVf2ZWqMd\nxFxyLJqcrxslluKB7M5w1IoTMu2otMFfniqMljppziEnQboOn1JXiTtlhsJXsf4A\nDpL2hhpAFJOMUWfkVEnUe0kVal1SZwIDAQABAoICAQCVa6OolbFF1yMdKJ9J2fJ8\npa8Pc4SwLIdMu3IbZutcQ1xXk/uz5aT5OSoQqUNd8bYt6WNaia16xloxRkN1e9XY\nq6znGtqok/beH7XpCsSM1m/N8sq3RQJje+OHIsPagJjoB7xsb56Dx+jnOghId6g3\n6Mg4bWHDnuyDP7uIdjqcX5AJoOyYW1pzYha85u+lL6r0pqEltlMIAbyIk74Nx2b2\neuOgsRzv6Gps5u928DAWAUJeyGJO7uEOdze8JRHf50/KaRKI2XGb8xxSX+Kalthu\n//t0WY48+mY/b4XHaq72lDK7PleFyuj6z8RoQKhtROPMbxDZSmaeTyZeqjDkbOXE\nXIfYud2WBLsvfWYapPDu+9AAUYMqjFgJzx5f5SvEhTZED/sYY0FTFpb7pTpZt8WL\nh7g51WziRgTeeH0a9k9X9dcPM1ITREiUPMcvfytYrvsNNdPivbA0qnLOCDtBclGB\nr7I1vTI6EaTzhpPdQdMw7J3BI/H4hlPEhIhUzcB+LDlYrIMTzdMAeKPeGuagzlhM\nkgFhsDL1iO2ZR95yPDqK9ksjDbXyGWOyjKXb8Fl/W11FjpOVFWG7y7eJoJumtois\nEQqbvY2LrPvmLgEol15Pm8ZvIfs9mAxebAt34UJo2QfJQVZ1eGmeuA4GBpYS9yxv\nW4HeYVwP2HLeWYfB2E2NOQKCAQEA4Lceg2rCoOeH/ToSk7HNit4f+MH+5cS6Or4a\n5N4NGf1gnVTKQDYXZFfxvnYA5oul0pfyqtehK93nie3Le1A7oXW1biQE0yUIDp6r\nfqYbT2PWKmBLMsA105x4wLC6vPE2FGbFGv7spS628PgeCjmoC36mldInFq0sKEbL\nHaD0mPbr1sSZG3Y+ZMU7otvf0zEsNwRsmq/kLaQZBlbz7C5JNZChcFcLvimtcvtj\ndV3A5+g0HKbiJ//XTS02Wii+1cX0NlvMPMbA8rYBLAEEQJBNpZ1S9/C9sD8YiscD\nv0g1zuQqDla5jNi2xPy0FnUFv4F0AdpwbAYpySgGRJKQsOa6YwKCAQEA/eIbPyJR\nu7E5lpxtatSBeVsq5csf4m3QAeAXHVi3DRI7p8hsAuqnl3XIeh77rCGZ3TvcQR3g\nnhA/7c6rbSLwfBN51Mk4el2cSythE9o2KVRv5tFn1k/h71RxbN1d1xewnK43U8xt\ngoAjIeOzN/gx3wcJ/Muq3t85r0xIoejFTzu8ZGWnf8nWiCa7+zNxVX6c69Z8ndoM\n/M6HfsCm8ufrbPQ3U8OW1pCUtwnqQfRYJV+PvBcCX1Is9nggowzlxhNoCDJs4rbz\nfbUGuhfMLwCPNQVsNe71Uy8x9qRST7RWn7un6CHef/9Rah6qRWF16PHQtIP0CIKK\nG+jgBX6NQNzlLQKCAQBGNlEtZKUtW0ptP8DgLvT3B9JbilnXdvFtO0rx6cOUNEwE\nvKJ5D62dZ7Eb/ojngAiu1VU4NimgqDQZL5idjgMjvsCSimSLiI2M69zPtJzh4GLh\nWLcGQ3JODRzZsB6YvJFWLIo3liFgt0jn386bCUrNVKQ+OayG9FLQvtXmCw2B4dzs\nfP8NypNSLyIkD6lOtpWHFzXL21tjO1uqVG7gg9HSD7+xdzEvGJyeSZfY6xNEIpRt\nw2L0dobSEWdjIkoGR1S3y1T0RHGzJFUXZ7Xpam0oaxCqcakDMaO8cNRl5u0RGM9f\nLY/KR0hMIl0uix/hp1QU5CiuR/q0ZHIY6OaWr3DbAoIBAQDpat6eFxGKPRCzVjKL\nC8HWL2mrSCuSZF/fuYXG52+0xtSuF+imbdOTvyiIjr/YrDPoYUbJX4zKBiqgm2ik\nuIDdspJKfo48gqBVxBZGyFMPgKA5WMHdGiihf8Og0Y2bWh54jvwzQTpVxzWFzPFT\nPg+r+67FCwOYUSeZ8cq9gWMWy9cTfxqWtJ1XJDWkaNGERxpDAjokbvuN2txcPwe/\nQFcFHytXCfY+Y0M3XhhQdzQreEaQKZ92v/iyyhNHlW4TxHfbQXE2p/oJ00vSAFsr\nw5nmp4ursn0+858+IinDOgyCY2emVq1YhQb3SCZID6j2eIznyoGs6UfNDTgaFRYN\nUoopAoIBAQCV+JfL6Zytx8XQC8TzGGivlF/zgDCM0WzSaRolP8xy5DWatY2trWw3\nQnGv28/1p2Bfz8kLdjJfxjh/wdi6Tw+G0uijmJ7Yodr5k47Vj5bzrrr4o4S9QADv\nIkB53EcJnn5O5Uz60BAu8CQM9k/0FfqGjVntSyywgmjtI/WlcBRF1Fi9BjIJ/R6s\nFTjgpL1W5e316a7JP0IG97htYKJBx2HhOP74S1nap5lwVab5UJLUN+3A2lrIJsWR\nfcigghEepw6raNEgVtY06oTugPUzTxCU+ydVCLI5H3t31dRsWEoDuYTy0GRF1nim\nmIxiBHA0L2HKg7olLNiOovR8tlRbY7e0\n-----END PRIVATE KEY-----\n",
            "public_key_fingerprint_md5": "51:c2:ab:f1:70:80:dd:03:56:53:2b:6f:81:b3:63:fb",
            "public_key_fingerprint_sha256": "SHA256:25iXwY/1+Npyp64/Jf+K9beRPMVFEOW/+n2s8y3YiQA",
            "public_key_openssh": "ssh-rsa AAAAB3NzaC1yc2EAAAADAQABAAACAQDe23K7i+8IMBrfB3c4VrdQAmYLBrHjnHc1CdJaOjHIwB8ayLOIe1Rn/qrjFOjfPC1q0SwVua4rtKP85znwIzVaAMQ8VSPDMSCbzVZc86z3M+JcDd6nAZ+bIV8RlyNLoT4aWVCsbSZTYlRMDtd+qZ86S3510pToFpsK1/ZmX3uOLDjAiwVreMiL8Ypj/taGhKihIgdI0+JTBl73LNumGgvoW3UDPNyr2fVMrBQlQtMExIZNEhWcRw3DVGb/9sKVDCg1mqsM/Gtwf5FKnV2k2t2A3hnngHL5KH3yBCq1wxXrPjA/ZKANb/B3XghmtPKbCZERstYbe5AfKu+KXWNasShw8xzyb7yFGjRyC1+OhkeM9P0d1OIHVFzTcPornubuSrh7+lmcuF5YpMl4UZBWT7tWeUzsGiJajlTJqN7CSAP0pynXq3nNAkLJS6JyEyZhq3N2yI5jbq90CxBU0TEBo4sVP5jKQYC8AHfm7cvEDhhxTyuT4j8veVQKxZs01CPzk67m1h+WOYSkzVjKHXSNuc6U1oXNmO2HsPz75EUWz83KI/qaj54e7tTKKBDIwaiWvzQ64emmVf2ZWqMdxFxyLJqcrxslluKB7M5w1IoTMu2otMFfniqMljppziEnQboOn1JXiTtlhsJXsf4ADpL2hhpAFJOMUWfkVEnUe0kVal1SZw==\n",
            "public_key_pem": "-----BEGIN PUBLIC KEY-----\nMIICIjANBgkqhkiG9w0BAQEFAAOCAg8AMIICCgKCAgEA3ttyu4vvCDAa3wd3OFa3\nUAJmCwax45x3NQnSWjoxyMAfGsiziHtUZ/6q4xTo3zwtatEsFbmuK7Sj/Oc58CM1\nWgDEPFUjwzEgm81WXPOs9zPiXA3epwGfmyFfEZcjS6E+GllQrG0mU2JUTA7Xfqmf\nOkt+ddKU6BabCtf2Zl97jiw4wIsFa3jIi/GKY/7WhoSooSIHSNPiUwZe9yzbphoL\n6Ft1Azzcq9n1TKwUJULTBMSGTRIVnEcNw1Rm//bClQwoNZqrDPxrcH+RSp1dpNrd\ngN4Z54By+Sh98gQqtcMV6z4wP2SgDW/wd14IZrTymwmREbLWG3uQHyrvil1jWrEo\ncPMc8m+8hRo0cgtfjoZHjPT9HdTiB1Rc03D6K57m7kq4e/pZnLheWKTJeFGQVk+7\nVnlM7BoiWo5UyajewkgD9Kcp16t5zQJCyUuichMmYatzdsiOY26vdAsQVNExAaOL\nFT+YykGAvAB35u3LxA4YcU8rk+I/L3lUCsWbNNQj85Ou5tYfljmEpM1Yyh10jbnO\nlNaFzZjth7D8++RFFs/NyiP6mo+eHu7UyigQyMGolr80OuHpplX9mVqjHcRcciya\nnK8bJZbigezOcNSKEzLtqLTBX54qjJY6ac4hJ0G6Dp9SV4k7ZYbCV7H+AA6S9oYa\nQBSTjFFn5FRJ1HtJFWpdUmcCAwEAAQ==\n-----END PUBLIC KEY-----\n",
            "rsa_bits": 4096
          },
          "sensitive_attributes": [
            [
              {
                "type": "get_attr",
                "value": "private_key_pem_pkcs8"
              }
            ],
            [
              {
                "type": "get_attr",
                "value": "private_key_pem"
              }
            ],
            [
              {
                "type": "get_attr",
                "value": "private_key_openssh"
              }
            ]
          ]
        }
      ]
    }
  ],
  "check_results": null
}
