{
  "version": 4,
  "terraform_version": "1.9.6",
  "serial": 3,
  "lineage": "b896984d-ba98-7d6c-ee00-dcf86bd686f4",
  "outputs": {},
  "resources": [
    {
      "mode": "managed",
      "type": "aws_vpc",
      "name": "dpt11-vpc",
      "provider": "provider[\"registry.terraform.io/hashicorp/aws\"]",
      "instances": [
        {
          "schema_version": 1,
          "attributes": {
            "arn": "arn:aws:ec2:us-east-1:337636137060:vpc/vpc-0d8c83b6a9413f2e8",
            "assign_generated_ipv6_cidr_block": false,
            "cidr_block": "192.168.0.0/16",
            "default_network_acl_id": "acl-04f9c8d66c31dd023",
            "default_route_table_id": "rtb-01ecb8bf9ca1c162d",
            "default_security_group_id": "sg-027e7d3f3db2dfab9",
            "dhcp_options_id": "dopt-4638863c",
            "enable_dns_hostnames": false,
            "enable_dns_support": true,
            "enable_network_address_usage_metrics": false,
            "id": "vpc-0d8c83b6a9413f2e8",
            "instance_tenancy": "default",
            "ipv4_ipam_pool_id": null,
            "ipv4_netmask_length": null,
            "ipv6_association_id": "",
            "ipv6_cidr_block": "",
            "ipv6_cidr_block_network_border_group": "",
            "ipv6_ipam_pool_id": "",
            "ipv6_netmask_length": 0,
            "main_route_table_id": "rtb-01ecb8bf9ca1c162d",
            "owner_id": "337636137060",
            "tags": {
              "Name": "dpt11-vpc"
            },
            "tags_all": {
              "Name": "dpt11-vpc"
            }
          },
          "sensitive_attributes": [],
          "private": "eyJzY2hlbWFfdmVyc2lvbiI6IjEifQ=="
        }
      ]
    },
    {
      "mode": "managed",
      "type": "aws_vpc",
      "name": "dpt12-vpc",
      "provider": "provider[\"registry.terraform.io/hashicorp/aws\"]",
      "instances": [
        {
          "schema_version": 1,
          "attributes": {
            "arn": "arn:aws:ec2:us-east-1:337636137060:vpc/vpc-0fb9a4b73d844222f",
            "assign_generated_ipv6_cidr_block": false,
            "cidr_block": "192.168.0.0/16",
            "default_network_acl_id": "acl-0f5120c715f102470",
            "default_route_table_id": "rtb-03878929fd2f2f7e0",
            "default_security_group_id": "sg-0db478255d3ffae93",
            "dhcp_options_id": "dopt-4638863c",
            "enable_dns_hostnames": false,
            "enable_dns_support": true,
            "enable_network_address_usage_metrics": false,
            "id": "vpc-0fb9a4b73d844222f",
            "instance_tenancy": "default",
            "ipv4_ipam_pool_id": null,
            "ipv4_netmask_length": null,
            "ipv6_association_id": "",
            "ipv6_cidr_block": "",
            "ipv6_cidr_block_network_border_group": "",
            "ipv6_ipam_pool_id": "",
            "ipv6_netmask_length": 0,
            "main_route_table_id": "rtb-03878929fd2f2f7e0",
            "owner_id": "337636137060",
            "tags": {
              "Name": "dpt12-vpc"
            },
            "tags_all": {
              "Name": "dpt12-vpc"
            }
          },
          "sensitive_attributes": [],
          "private": "eyJzY2hlbWFfdmVyc2lvbiI6IjEifQ=="
        }
      ]
    }
  ],
  "check_results": null
}
